{
  "version": 4,
  "terraform_version": "1.5.7",
  "serial": 2380,
  "lineage": "dcf97985-fd18-4691-cce2-c19ba92c47aa",
  "outputs": {
    "application_security_group_id": {
      "value": "sg-082a1a0617aa4561b",
      "type": "string"
    },
    "application_subnets": {
      "value": [
        "subnet-0b7edacdc836bba9e",
        "subnet-0c5abbd7b5ded27e0"
      ],
      "type": [
        "tuple",
        [
          "string",
          "string"
        ]
      ]
    },
    "cognito_client_id": {
      "value": "5edsddrch1cj7akf666u16sotc",
      "type": "string"
    },
    "database_subnets": {
      "value": [],
      "type": [
        "tuple",
        []
      ]
    },
    "lab_role_arn": {
      "value": "arn:aws:iam::202815206333:role/LabRole",
      "type": "string"
    },
    "sns": {
      "value": {
        "subscriptions": {},
        "topic_arn": "arn:aws:sns:us-east-1:202815206333:Reports",
        "topic_id": "arn:aws:sns:us-east-1:202815206333:Reports",
        "topic_name": "Reports",
        "topic_owner": "202815206333"
      },
      "type": [
        "object",
        {
          "subscriptions": [
            "object",
            {}
          ],
          "topic_arn": "string",
          "topic_id": "string",
          "topic_name": "string",
          "topic_owner": "string"
        }
      ]
    },
    "vpc_arn": {
      "value": "arn:aws:ec2:us-east-1:202815206333:vpc/vpc-01bbdc243bd5b431d",
      "type": "string"
    },
    "vpc_cidr": {
      "value": "10.0.0.0/16",
      "type": "string"
    },
    "vpc_database_subnets": {
      "value": [],
      "type": [
        "tuple",
        []
      ]
    },
    "vpc_endpoints_id": {
      "value": [
        {
          "dynamodb": {
            "arn": "arn:aws:ec2:us-east-1:202815206333:vpc-endpoint/vpce-0cac4dcfdb9b41174",
            "auto_accept": null,
            "cidr_blocks": [
              "35.71.70.0/24",
              "3.218.182.0/24",
              "3.218.180.0/23",
              "35.71.68.0/23",
              "52.94.0.0/22",
              "52.119.224.0/20"
            ],
            "dns_entry": [],
            "dns_options": [],
            "id": "vpce-0cac4dcfdb9b41174",
            "ip_address_type": "",
            "network_interface_ids": [],
            "owner_id": "202815206333",
            "policy": "{\"Statement\":[{\"Action\":[\"dynamodb:UpdateItem\",\"dynamodb:Scan\",\"dynamodb:PutItem\",\"dynamodb:GetItem\"],\"Effect\":\"Allow\",\"Principal\":{\"AWS\":\"*\"},\"Resource\":\"arn:aws:dynamodb:us-east-1:202815206333:table/condor-main\"}],\"Version\":\"2012-10-17\"}",
            "prefix_list_id": "pl-02cd2c6b",
            "private_dns_enabled": false,
            "requester_managed": false,
            "route_table_ids": [
              "rtb-03d879c031a7924ba",
              "rtb-0dda614987d15ce49"
            ],
            "security_group_ids": [],
            "service_name": "com.amazonaws.us-east-1.dynamodb",
            "state": "available",
            "subnet_ids": [],
            "tags": {},
            "tags_all": {},
            "timeouts": {
              "create": "10m",
              "delete": "10m",
              "update": "10m"
            },
            "vpc_endpoint_type": "Gateway",
            "vpc_id": "vpc-01bbdc243bd5b431d"
          },
          "sns": {
            "arn": "arn:aws:ec2:us-east-1:202815206333:vpc-endpoint/vpce-06673b8c2785c8aa1",
            "auto_accept": null,
            "cidr_blocks": [],
            "dns_entry": [],
            "dns_options": [
              {
                "dns_record_ip_type": "ipv4",
                "private_dns_only_for_inbound_resolver_endpoint": false
              }
            ],
            "id": "vpce-06673b8c2785c8aa1",
            "ip_address_type": "ipv4",
            "network_interface_ids": [],
            "owner_id": "202815206333",
            "policy": "{\"Statement\":[{\"Action\":\"*\",\"Effect\":\"Allow\",\"Principal\":\"*\",\"Resource\":\"*\"}]}",
            "prefix_list_id": null,
            "private_dns_enabled": false,
            "requester_managed": false,
            "route_table_ids": [],
            "security_group_ids": [
              "sg-05949399b0703c800"
            ],
            "service_name": "com.amazonaws.us-east-1.sns",
            "state": "available",
            "subnet_ids": [],
            "tags": {},
            "tags_all": {},
            "timeouts": {
              "create": "10m",
              "delete": "10m",
              "update": "10m"
            },
            "vpc_endpoint_type": "Interface",
            "vpc_id": "vpc-01bbdc243bd5b431d"
          }
        },
        "arn:aws:ec2:us-east-1:202815206333:security-group/sg-05949399b0703c800",
        "sg-05949399b0703c800"
      ],
      "type": [
        "tuple",
        [
          [
            "object",
            {
              "dynamodb": [
                "object",
                {
                  "arn": "string",
                  "auto_accept": "bool",
                  "cidr_blocks": [
                    "list",
                    "string"
                  ],
                  "dns_entry": [
                    "list",
                    [
                      "object",
                      {
                        "dns_name": "string",
                        "hosted_zone_id": "string"
                      }
                    ]
                  ],
                  "dns_options": [
                    "list",
                    [
                      "object",
                      {
                        "dns_record_ip_type": "string",
                        "private_dns_only_for_inbound_resolver_endpoint": "bool"
                      }
                    ]
                  ],
                  "id": "string",
                  "ip_address_type": "string",
                  "network_interface_ids": [
                    "set",
                    "string"
                  ],
                  "owner_id": "string",
                  "policy": "string",
                  "prefix_list_id": "string",
                  "private_dns_enabled": "bool",
                  "requester_managed": "bool",
                  "route_table_ids": [
                    "set",
                    "string"
                  ],
                  "security_group_ids": [
                    "set",
                    "string"
                  ],
                  "service_name": "string",
                  "state": "string",
                  "subnet_ids": [
                    "set",
                    "string"
                  ],
                  "tags": [
                    "map",
                    "string"
                  ],
                  "tags_all": [
                    "map",
                    "string"
                  ],
                  "timeouts": [
                    "object",
                    {
                      "create": "string",
                      "delete": "string",
                      "update": "string"
                    }
                  ],
                  "vpc_endpoint_type": "string",
                  "vpc_id": "string"
                }
              ],
              "sns": [
                "object",
                {
                  "arn": "string",
                  "auto_accept": "bool",
                  "cidr_blocks": [
                    "list",
                    "string"
                  ],
                  "dns_entry": [
                    "list",
                    [
                      "object",
                      {
                        "dns_name": "string",
                        "hosted_zone_id": "string"
                      }
                    ]
                  ],
                  "dns_options": [
                    "list",
                    [
                      "object",
                      {
                        "dns_record_ip_type": "string",
                        "private_dns_only_for_inbound_resolver_endpoint": "bool"
                      }
                    ]
                  ],
                  "id": "string",
                  "ip_address_type": "string",
                  "network_interface_ids": [
                    "set",
                    "string"
                  ],
                  "owner_id": "string",
                  "policy": "string",
                  "prefix_list_id": "string",
                  "private_dns_enabled": "bool",
                  "requester_managed": "bool",
                  "route_table_ids": [
                    "set",
                    "string"
                  ],
                  "security_group_ids": [
                    "set",
                    "string"
                  ],
                  "service_name": "string",
                  "state": "string",
                  "subnet_ids": [
                    "set",
                    "string"
                  ],
                  "tags": [
                    "map",
                    "string"
                  ],
                  "tags_all": [
                    "map",
                    "string"
                  ],
                  "timeouts": [
                    "object",
                    {
                      "create": "string",
                      "delete": "string",
                      "update": "string"
                    }
                  ],
                  "vpc_endpoint_type": "string",
                  "vpc_id": "string"
                }
              ]
            }
          ],
          "string",
          "string"
        ]
      ]
    },
    "vpc_id": {
      "value": "vpc-01bbdc243bd5b431d",
      "type": "string"
    }
  },
  "resources": [
    {
      "mode": "data",
      "type": "aws_availability_zones",
      "name": "available",
      "provider": "provider[\"registry.terraform.io/hashicorp/aws\"]",
      "instances": [
        {
          "schema_version": 0,
          "attributes": {
            "all_availability_zones": null,
            "exclude_names": null,
            "exclude_zone_ids": null,
            "filter": null,
            "group_names": [
              "us-east-1"
            ],
            "id": "us-east-1",
            "names": [
              "us-east-1a",
              "us-east-1b",
              "us-east-1c",
              "us-east-1d",
              "us-east-1e",
              "us-east-1f"
            ],
            "state": "available",
            "timeouts": null,
            "zone_ids": [
              "use1-az2",
              "use1-az4",
              "use1-az6",
              "use1-az1",
              "use1-az3",
              "use1-az5"
            ]
          },
          "sensitive_attributes": []
        }
      ]
    },
    {
      "mode": "data",
      "type": "aws_caller_identity",
      "name": "current",
      "provider": "provider[\"registry.terraform.io/hashicorp/aws\"].aws",
      "instances": [
        {
          "schema_version": 0,
          "attributes": {
            "account_id": "202815206333",
            "arn": "arn:aws:sts::202815206333:assumed-role/voclabs/user2690933=GALARZA,_AGUSTIN_EZEQUIEL",
            "id": "202815206333",
            "user_id": "AROAS6OF2OO6ZEK6J6HT7:user2690933=GALARZA,_AGUSTIN_EZEQUIEL"
          },
          "sensitive_attributes": []
        }
      ]
    },
    {
      "mode": "data",
      "type": "aws_iam_policy_document",
      "name": "dynamodb_endpoint_policy",
      "provider": "provider[\"registry.terraform.io/hashicorp/aws\"]",
      "instances": [
        {
          "schema_version": 0,
          "attributes": {
            "id": "1091864059",
            "json": "{\n  \"Version\": \"2012-10-17\",\n  \"Statement\": [\n    {\n      \"Effect\": \"Allow\",\n      \"Action\": [\n        \"dynamodb:UpdateItem\",\n        \"dynamodb:Scan\",\n        \"dynamodb:PutItem\",\n        \"dynamodb:GetItem\"\n      ],\n      \"Resource\": \"arn:aws:dynamodb:us-east-1:202815206333:table/condor-main\",\n      \"Principal\": {\n        \"AWS\": \"*\"\n      }\n    }\n  ]\n}",
            "override_policy_documents": null,
            "policy_id": null,
            "source_policy_documents": null,
            "statement": [
              {
                "actions": [
                  "dynamodb:GetItem",
                  "dynamodb:PutItem",
                  "dynamodb:Scan",
                  "dynamodb:UpdateItem"
                ],
                "condition": [],
                "effect": "Allow",
                "not_actions": [],
                "not_principals": [],
                "not_resources": [],
                "principals": [
                  {
                    "identifiers": [
                      "*"
                    ],
                    "type": "AWS"
                  }
                ],
                "resources": [
                  "arn:aws:dynamodb:us-east-1:202815206333:table/condor-main"
                ],
                "sid": ""
              }
            ],
            "version": "2012-10-17"
          },
          "sensitive_attributes": []
        }
      ]
    },
    {
      "mode": "data",
      "type": "aws_iam_role",
      "name": "lab_role",
      "provider": "provider[\"registry.terraform.io/hashicorp/aws\"]",
      "instances": [
        {
          "schema_version": 0,
          "attributes": {
            "arn": "arn:aws:iam::202815206333:role/LabRole",
            "assume_role_policy": "{\"Version\":\"2012-10-17\",\"Statement\":[{\"Effect\":\"Allow\",\"Principal\":{\"Service\":[\"deepracer.amazonaws.com\",\"apigateway.amazonaws.com\",\"cognito-idp.amazonaws.com\",\"s3.amazonaws.com\",\"eks-fargate-pods.amazonaws.com\",\"elasticmapreduce.amazonaws.com\",\"states.amazonaws.com\",\"forecast.amazonaws.com\",\"quicksight.amazonaws.com\",\"ec2.application-autoscaling.amazonaws.com\",\"events.amazonaws.com\",\"firehose.amazonaws.com\",\"athena.amazonaws.com\",\"datapipeline.amazonaws.com\",\"rds.amazonaws.com\",\"elasticbeanstalk.amazonaws.com\",\"backup.amazonaws.com\",\"iot.amazonaws.com\",\"lex.amazonaws.com\",\"ecs-tasks.amazonaws.com\",\"robomaker.amazonaws.com\",\"servicecatalog.amazonaws.com\",\"resource-groups.amazonaws.com\",\"batch.amazonaws.com\",\"autoscaling.amazonaws.com\",\"scheduler.amazonaws.com\",\"cloud9.amazonaws.com\",\"cloudtrail.amazonaws.com\",\"ec2.amazonaws.com\",\"credentials.iot.amazonaws.com\",\"cloudfront.amazonaws.com\",\"glue.amazonaws.com\",\"elasticloadbalancing.amazonaws.com\",\"elasticfilesystem.amazonaws.com\",\"rekognition.amazonaws.com\",\"lambda.amazonaws.com\",\"eks.amazonaws.com\",\"logs.amazonaws.com\",\"personalize.amazonaws.com\",\"sqs.amazonaws.com\",\"storagegateway.amazonaws.com\",\"iotevents.amazonaws.com\",\"codecommit.amazonaws.com\",\"redshift.amazonaws.com\",\"dynamodb.amazonaws.com\",\"codedeploy.amazonaws.com\",\"kendra.amazonaws.com\",\"application-autoscaling.amazonaws.com\",\"cloudformation.amazonaws.com\",\"iotanalytics.amazonaws.com\",\"kinesisanalytics.amazonaws.com\",\"kinesis.amazonaws.com\",\"kms.amazonaws.com\",\"sns.amazonaws.com\",\"sagemaker.amazonaws.com\",\"ssm.amazonaws.com\",\"secretsmanager.amazonaws.com\",\"databrew.amazonaws.com\"],\"AWS\":\"arn:aws:iam::202815206333:role/LabRole\"},\"Action\":\"sts:AssumeRole\"}]}",
            "create_date": "2023-08-09T22:41:34Z",
            "description": "",
            "id": "LabRole",
            "max_session_duration": 3600,
            "name": "LabRole",
            "path": "/",
            "permissions_boundary": "",
            "role_last_used": [
              {
                "last_used_date": "2023-12-20T14:38:01Z",
                "region": "us-east-1"
              }
            ],
            "tags": {
              "cloudlab": "c90778a1999054l4557369t1w202815206333"
            },
            "unique_id": "AROAS6OF2OO6TYCMOMHV2"
          },
          "sensitive_attributes": []
        }
      ]
    },
    {
      "mode": "data",
      "type": "aws_region",
      "name": "current",
      "provider": "provider[\"registry.terraform.io/hashicorp/aws\"].aws",
      "instances": [
        {
          "schema_version": 0,
          "attributes": {
            "description": "US East (N. Virginia)",
            "endpoint": "ec2.us-east-1.amazonaws.com",
            "id": "us-east-1",
            "name": "us-east-1"
          },
          "sensitive_attributes": []
        }
      ]
    },
    {
      "module": "module.api_gateway",
      "mode": "managed",
      "type": "aws_api_gateway_authorizer",
      "name": "this",
      "provider": "provider[\"registry.terraform.io/hashicorp/aws\"]",
      "instances": [
        {
          "schema_version": 0,
          "attributes": {
            "arn": "arn:aws:apigateway:us-east-1::/restapis/jaq6lqpi3i/authorizers/b6jaug",
            "authorizer_credentials": "arn:aws:iam::202815206333:role/LabRole",
            "authorizer_result_ttl_in_seconds": 300,
            "authorizer_uri": "arn:aws:cognito-idp:us-east-1:202815206333:userpool/us-east-1_5NGsIq62A",
            "id": "b6jaug",
            "identity_source": "method.request.header.Authorization",
            "identity_validation_expression": "",
            "name": "main",
            "provider_arns": [
              "arn:aws:cognito-idp:us-east-1:202815206333:userpool/us-east-1_5NGsIq62A"
            ],
            "rest_api_id": "jaq6lqpi3i",
            "type": "COGNITO_USER_POOLS"
          },
          "sensitive_attributes": [],
          "private": "bnVsbA==",
          "dependencies": [
            "data.aws_caller_identity.current",
            "module.api_gateway.aws_api_gateway_rest_api.this",
            "module.cognito.aws_cognito_user_pool.this"
          ],
          "create_before_destroy": true
        }
      ]
    },
    {
      "module": "module.api_gateway",
      "mode": "managed",
      "type": "aws_api_gateway_deployment",
      "name": "this",
      "provider": "provider[\"registry.terraform.io/hashicorp/aws\"]",
      "instances": [
        {
          "schema_version": 0,
          "attributes": {
            "created_date": "2023-12-20T15:39:53Z",
            "description": "",
            "execution_arn": "arn:aws:execute-api:us-east-1:202815206333:jaq6lqpi3i/",
            "id": "a2wwc0",
            "invoke_url": "https://jaq6lqpi3i.execute-api.us-east-1.amazonaws.com/",
            "rest_api_id": "jaq6lqpi3i",
            "stage_description": null,
            "stage_name": null,
            "triggers": {
              "redeploy": "7c126453f352dc8fe917f45a7193d6172bfa0672"
            },
            "variables": null
          },
          "sensitive_attributes": [],
          "private": "bnVsbA==",
          "dependencies": [
            "data.aws_caller_identity.current",
            "data.aws_iam_role.lab_role",
            "module.api_gateway.aws_api_gateway_authorizer.this",
            "module.api_gateway.aws_api_gateway_rest_api.this",
            "module.api_gateway.module.api_gateway_endpoint.aws_api_gateway_integration.this",
            "module.api_gateway.module.api_gateway_endpoint.aws_api_gateway_integration_response.this",
            "module.api_gateway.module.api_gateway_endpoint.aws_api_gateway_method.this",
            "module.api_gateway.module.api_gateway_endpoint.aws_api_gateway_method_response.this",
            "module.api_gateway.module.api_gateway_endpoint.aws_api_gateway_resource.this",
            "module.api_gateway.module.lambda.aws_lambda_function.index",
            "module.api_gateway.module.lambda.aws_lambda_permission.apigw_lambda",
            "module.cognito.aws_cognito_user_pool.this"
          ],
          "create_before_destroy": true
        }
      ]
    },
    {
      "module": "module.api_gateway",
      "mode": "managed",
      "type": "aws_api_gateway_rest_api",
      "name": "this",
      "provider": "provider[\"registry.terraform.io/hashicorp/aws\"]",
      "instances": [
        {
          "schema_version": 0,
          "attributes": {
            "api_key_source": "HEADER",
            "arn": "arn:aws:apigateway:us-east-1::/restapis/jaq6lqpi3i",
            "binary_media_types": [],
            "body": null,
            "created_date": "2023-12-20T15:38:57Z",
            "description": "",
            "disable_execute_api_endpoint": false,
            "endpoint_configuration": [
              {
                "types": [
                  "EDGE"
                ],
                "vpc_endpoint_ids": []
              }
            ],
            "execution_arn": "arn:aws:execute-api:us-east-1:202815206333:jaq6lqpi3i",
            "fail_on_warnings": null,
            "id": "jaq6lqpi3i",
            "minimum_compression_size": "",
            "name": "main",
            "parameters": null,
            "policy": "",
            "put_rest_api_mode": null,
            "root_resource_id": "k47p5mibn9",
            "tags": {},
            "tags_all": {}
          },
          "sensitive_attributes": [],
          "private": "bnVsbA==",
          "create_before_destroy": true
        }
      ]
    },
    {
      "module": "module.api_gateway",
      "mode": "managed",
      "type": "aws_api_gateway_stage",
      "name": "this",
      "provider": "provider[\"registry.terraform.io/hashicorp/aws\"]",
      "instances": [
        {
          "schema_version": 0,
          "attributes": {
            "access_log_settings": [],
            "arn": "arn:aws:apigateway:us-east-1::/restapis/jaq6lqpi3i/stages/dev",
            "cache_cluster_enabled": false,
            "cache_cluster_size": "",
            "canary_settings": [],
            "client_certificate_id": "",
            "deployment_id": "a2wwc0",
            "description": "",
            "documentation_version": "",
            "execution_arn": "arn:aws:execute-api:us-east-1:202815206333:jaq6lqpi3i/dev",
            "id": "ags-jaq6lqpi3i-dev",
            "invoke_url": "https://jaq6lqpi3i.execute-api.us-east-1.amazonaws.com/dev",
            "rest_api_id": "jaq6lqpi3i",
            "stage_name": "dev",
            "tags": {},
            "tags_all": {},
            "variables": {},
            "web_acl_arn": "",
            "xray_tracing_enabled": false
          },
          "sensitive_attributes": [],
          "private": "bnVsbA==",
          "dependencies": [
            "data.aws_caller_identity.current",
            "data.aws_iam_role.lab_role",
            "module.api_gateway.aws_api_gateway_authorizer.this",
            "module.api_gateway.aws_api_gateway_deployment.this",
            "module.api_gateway.aws_api_gateway_rest_api.this",
            "module.api_gateway.module.api_gateway_endpoint.aws_api_gateway_integration.this",
            "module.api_gateway.module.api_gateway_endpoint.aws_api_gateway_integration_response.this",
            "module.api_gateway.module.api_gateway_endpoint.aws_api_gateway_method.this",
            "module.api_gateway.module.api_gateway_endpoint.aws_api_gateway_method_response.this",
            "module.api_gateway.module.api_gateway_endpoint.aws_api_gateway_resource.this",
            "module.api_gateway.module.lambda.aws_lambda_function.index",
            "module.api_gateway.module.lambda.aws_lambda_permission.apigw_lambda",
            "module.cognito.aws_cognito_user_pool.this"
          ]
        }
      ]
    },
    {
      "module": "module.api_gateway.module.api_gateway_endpoint[\"groups\"]",
      "mode": "managed",
      "type": "aws_api_gateway_integration",
      "name": "this",
      "provider": "provider[\"registry.terraform.io/hashicorp/aws\"]",
      "instances": [
        {
          "index_key": "GET",
          "schema_version": 0,
          "attributes": {
            "cache_key_parameters": [],
            "cache_namespace": "5pd4ll",
            "connection_id": "",
            "connection_type": "INTERNET",
            "content_handling": "",
            "credentials": "",
            "http_method": "GET",
            "id": "agi-jaq6lqpi3i-5pd4ll-GET",
            "integration_http_method": "POST",
            "passthrough_behavior": "WHEN_NO_MATCH",
            "request_parameters": {},
            "request_templates": {},
            "resource_id": "5pd4ll",
            "rest_api_id": "jaq6lqpi3i",
            "timeout_milliseconds": 29000,
            "tls_config": [],
            "type": "AWS_PROXY",
            "uri": "arn:aws:apigateway:us-east-1:lambda:path/2015-03-31/functions/arn:aws:lambda:us-east-1:202815206333:function:groups_get/invocations"
          },
          "sensitive_attributes": [],
          "private": "bnVsbA==",
          "dependencies": [
            "data.aws_caller_identity.current",
            "data.aws_iam_role.lab_role",
            "module.api_gateway.aws_api_gateway_authorizer.this",
            "module.api_gateway.aws_api_gateway_rest_api.this",
            "module.api_gateway.module.api_gateway_endpoint.aws_api_gateway_method.this",
            "module.api_gateway.module.api_gateway_endpoint.aws_api_gateway_resource.this",
            "module.api_gateway.module.lambda.aws_lambda_function.index",
            "module.api_gateway.module.lambda.aws_lambda_permission.apigw_lambda",
            "module.cognito.aws_cognito_user_pool.this"
          ],
          "create_before_destroy": true
        },
        {
          "index_key": "POST",
          "schema_version": 0,
          "attributes": {
            "cache_key_parameters": [],
            "cache_namespace": "5pd4ll",
            "connection_id": "",
            "connection_type": "INTERNET",
            "content_handling": "",
            "credentials": "",
            "http_method": "POST",
            "id": "agi-jaq6lqpi3i-5pd4ll-POST",
            "integration_http_method": "POST",
            "passthrough_behavior": "WHEN_NO_MATCH",
            "request_parameters": {},
            "request_templates": {},
            "resource_id": "5pd4ll",
            "rest_api_id": "jaq6lqpi3i",
            "timeout_milliseconds": 29000,
            "tls_config": [],
            "type": "AWS_PROXY",
            "uri": "arn:aws:apigateway:us-east-1:lambda:path/2015-03-31/functions/arn:aws:lambda:us-east-1:202815206333:function:groups_post/invocations"
          },
          "sensitive_attributes": [],
          "private": "bnVsbA==",
          "dependencies": [
            "data.aws_caller_identity.current",
            "data.aws_iam_role.lab_role",
            "module.api_gateway.aws_api_gateway_authorizer.this",
            "module.api_gateway.aws_api_gateway_rest_api.this",
            "module.api_gateway.module.api_gateway_endpoint.aws_api_gateway_method.this",
            "module.api_gateway.module.api_gateway_endpoint.aws_api_gateway_resource.this",
            "module.api_gateway.module.lambda.aws_lambda_function.index",
            "module.api_gateway.module.lambda.aws_lambda_permission.apigw_lambda",
            "module.cognito.aws_cognito_user_pool.this"
          ],
          "create_before_destroy": true
        }
      ]
    },
    {
      "module": "module.api_gateway.module.api_gateway_endpoint[\"groups\"]",
      "mode": "managed",
      "type": "aws_api_gateway_integration_response",
      "name": "this",
      "provider": "provider[\"registry.terraform.io/hashicorp/aws\"]",
      "instances": [
        {
          "index_key": "GET",
          "schema_version": 0,
          "attributes": {
            "content_handling": "",
            "http_method": "GET",
            "id": "agir-jaq6lqpi3i-5pd4ll-GET-200",
            "resource_id": "5pd4ll",
            "response_parameters": {},
            "response_templates": {},
            "rest_api_id": "jaq6lqpi3i",
            "selection_pattern": "",
            "status_code": "200"
          },
          "sensitive_attributes": [],
          "private": "bnVsbA==",
          "dependencies": [
            "data.aws_caller_identity.current",
            "data.aws_iam_role.lab_role",
            "module.api_gateway.aws_api_gateway_authorizer.this",
            "module.api_gateway.aws_api_gateway_rest_api.this",
            "module.api_gateway.module.api_gateway_endpoint.aws_api_gateway_integration.this",
            "module.api_gateway.module.api_gateway_endpoint.aws_api_gateway_method.this",
            "module.api_gateway.module.api_gateway_endpoint.aws_api_gateway_method_response.this",
            "module.api_gateway.module.api_gateway_endpoint.aws_api_gateway_resource.this",
            "module.api_gateway.module.lambda.aws_lambda_function.index",
            "module.api_gateway.module.lambda.aws_lambda_permission.apigw_lambda",
            "module.cognito.aws_cognito_user_pool.this"
          ],
          "create_before_destroy": true
        },
        {
          "index_key": "POST",
          "schema_version": 0,
          "attributes": {
            "content_handling": "",
            "http_method": "POST",
            "id": "agir-jaq6lqpi3i-5pd4ll-POST-200",
            "resource_id": "5pd4ll",
            "response_parameters": {},
            "response_templates": {},
            "rest_api_id": "jaq6lqpi3i",
            "selection_pattern": "",
            "status_code": "200"
          },
          "sensitive_attributes": [],
          "private": "bnVsbA==",
          "dependencies": [
            "data.aws_caller_identity.current",
            "data.aws_iam_role.lab_role",
            "module.api_gateway.aws_api_gateway_authorizer.this",
            "module.api_gateway.aws_api_gateway_rest_api.this",
            "module.api_gateway.module.api_gateway_endpoint.aws_api_gateway_integration.this",
            "module.api_gateway.module.api_gateway_endpoint.aws_api_gateway_method.this",
            "module.api_gateway.module.api_gateway_endpoint.aws_api_gateway_method_response.this",
            "module.api_gateway.module.api_gateway_endpoint.aws_api_gateway_resource.this",
            "module.api_gateway.module.lambda.aws_lambda_function.index",
            "module.api_gateway.module.lambda.aws_lambda_permission.apigw_lambda",
            "module.cognito.aws_cognito_user_pool.this"
          ],
          "create_before_destroy": true
        }
      ]
    },
    {
      "module": "module.api_gateway.module.api_gateway_endpoint[\"groups\"]",
      "mode": "managed",
      "type": "aws_api_gateway_method",
      "name": "this",
      "provider": "provider[\"registry.terraform.io/hashicorp/aws\"]",
      "instances": [
        {
          "index_key": "GET",
          "schema_version": 0,
          "attributes": {
            "api_key_required": false,
            "authorization": "COGNITO_USER_POOLS",
            "authorization_scopes": [],
            "authorizer_id": "b6jaug",
            "http_method": "GET",
            "id": "agm-jaq6lqpi3i-5pd4ll-GET",
            "operation_name": "",
            "request_models": {},
            "request_parameters": {
              "method.request.path.proxy": true
            },
            "request_validator_id": "",
            "resource_id": "5pd4ll",
            "rest_api_id": "jaq6lqpi3i"
          },
          "sensitive_attributes": [],
          "private": "bnVsbA==",
          "dependencies": [
            "data.aws_caller_identity.current",
            "data.aws_iam_role.lab_role",
            "module.api_gateway.aws_api_gateway_authorizer.this",
            "module.api_gateway.aws_api_gateway_rest_api.this",
            "module.api_gateway.module.api_gateway_endpoint.aws_api_gateway_resource.this",
            "module.api_gateway.module.lambda.aws_lambda_function.index",
            "module.api_gateway.module.lambda.aws_lambda_permission.apigw_lambda",
            "module.cognito.aws_cognito_user_pool.this"
          ],
          "create_before_destroy": true
        },
        {
          "index_key": "POST",
          "schema_version": 0,
          "attributes": {
            "api_key_required": false,
            "authorization": "COGNITO_USER_POOLS",
            "authorization_scopes": [],
            "authorizer_id": "b6jaug",
            "http_method": "POST",
            "id": "agm-jaq6lqpi3i-5pd4ll-POST",
            "operation_name": "",
            "request_models": {},
            "request_parameters": {
              "method.request.path.proxy": true
            },
            "request_validator_id": "",
            "resource_id": "5pd4ll",
            "rest_api_id": "jaq6lqpi3i"
          },
          "sensitive_attributes": [],
          "private": "bnVsbA==",
          "dependencies": [
            "data.aws_caller_identity.current",
            "data.aws_iam_role.lab_role",
            "module.api_gateway.aws_api_gateway_authorizer.this",
            "module.api_gateway.aws_api_gateway_rest_api.this",
            "module.api_gateway.module.api_gateway_endpoint.aws_api_gateway_resource.this",
            "module.api_gateway.module.lambda.aws_lambda_function.index",
            "module.api_gateway.module.lambda.aws_lambda_permission.apigw_lambda",
            "module.cognito.aws_cognito_user_pool.this"
          ],
          "create_before_destroy": true
        }
      ]
    },
    {
      "module": "module.api_gateway.module.api_gateway_endpoint[\"groups\"]",
      "mode": "managed",
      "type": "aws_api_gateway_method_response",
      "name": "this",
      "provider": "provider[\"registry.terraform.io/hashicorp/aws\"]",
      "instances": [
        {
          "index_key": "GET",
          "schema_version": 0,
          "attributes": {
            "http_method": "GET",
            "id": "agmr-jaq6lqpi3i-5pd4ll-GET-200",
            "resource_id": "5pd4ll",
            "response_models": {},
            "response_parameters": {
              "method.response.header.Access-Control-Allow-Origin": true
            },
            "rest_api_id": "jaq6lqpi3i",
            "status_code": "200"
          },
          "sensitive_attributes": [],
          "private": "bnVsbA==",
          "dependencies": [
            "data.aws_caller_identity.current",
            "data.aws_iam_role.lab_role",
            "module.api_gateway.aws_api_gateway_authorizer.this",
            "module.api_gateway.aws_api_gateway_rest_api.this",
            "module.api_gateway.module.api_gateway_endpoint.aws_api_gateway_method.this",
            "module.api_gateway.module.api_gateway_endpoint.aws_api_gateway_resource.this",
            "module.api_gateway.module.lambda.aws_lambda_function.index",
            "module.api_gateway.module.lambda.aws_lambda_permission.apigw_lambda",
            "module.cognito.aws_cognito_user_pool.this"
          ],
          "create_before_destroy": true
        },
        {
          "index_key": "POST",
          "schema_version": 0,
          "attributes": {
            "http_method": "POST",
            "id": "agmr-jaq6lqpi3i-5pd4ll-POST-200",
            "resource_id": "5pd4ll",
            "response_models": {},
            "response_parameters": {
              "method.response.header.Access-Control-Allow-Origin": true
            },
            "rest_api_id": "jaq6lqpi3i",
            "status_code": "200"
          },
          "sensitive_attributes": [],
          "private": "bnVsbA==",
          "dependencies": [
            "data.aws_caller_identity.current",
            "data.aws_iam_role.lab_role",
            "module.api_gateway.aws_api_gateway_authorizer.this",
            "module.api_gateway.aws_api_gateway_rest_api.this",
            "module.api_gateway.module.api_gateway_endpoint.aws_api_gateway_method.this",
            "module.api_gateway.module.api_gateway_endpoint.aws_api_gateway_resource.this",
            "module.api_gateway.module.lambda.aws_lambda_function.index",
            "module.api_gateway.module.lambda.aws_lambda_permission.apigw_lambda",
            "module.cognito.aws_cognito_user_pool.this"
          ],
          "create_before_destroy": true
        }
      ]
    },
    {
      "module": "module.api_gateway.module.api_gateway_endpoint[\"groups\"]",
      "mode": "managed",
      "type": "aws_api_gateway_resource",
      "name": "this",
      "provider": "provider[\"registry.terraform.io/hashicorp/aws\"]",
      "instances": [
        {
          "schema_version": 0,
          "attributes": {
            "id": "5pd4ll",
            "parent_id": "k47p5mibn9",
            "path": "/groups",
            "path_part": "groups",
            "rest_api_id": "jaq6lqpi3i"
          },
          "sensitive_attributes": [],
          "private": "bnVsbA==",
          "dependencies": [
            "module.api_gateway.aws_api_gateway_rest_api.this"
          ],
          "create_before_destroy": true
        }
      ]
    },
    {
      "module": "module.api_gateway.module.api_gateway_endpoint[\"images\"]",
      "mode": "managed",
      "type": "aws_api_gateway_integration",
      "name": "this",
      "provider": "provider[\"registry.terraform.io/hashicorp/aws\"]",
      "instances": [
        {
          "index_key": "GET",
          "schema_version": 0,
          "attributes": {
            "cache_key_parameters": [],
            "cache_namespace": "e9yvwd",
            "connection_id": "",
            "connection_type": "INTERNET",
            "content_handling": "",
            "credentials": "",
            "http_method": "GET",
            "id": "agi-jaq6lqpi3i-e9yvwd-GET",
            "integration_http_method": "POST",
            "passthrough_behavior": "WHEN_NO_MATCH",
            "request_parameters": {},
            "request_templates": {},
            "resource_id": "e9yvwd",
            "rest_api_id": "jaq6lqpi3i",
            "timeout_milliseconds": 29000,
            "tls_config": [],
            "type": "AWS_PROXY",
            "uri": "arn:aws:apigateway:us-east-1:lambda:path/2015-03-31/functions/arn:aws:lambda:us-east-1:202815206333:function:images_get/invocations"
          },
          "sensitive_attributes": [],
          "private": "bnVsbA==",
          "dependencies": [
            "data.aws_caller_identity.current",
            "data.aws_iam_role.lab_role",
            "module.api_gateway.aws_api_gateway_authorizer.this",
            "module.api_gateway.aws_api_gateway_rest_api.this",
            "module.api_gateway.module.api_gateway_endpoint.aws_api_gateway_method.this",
            "module.api_gateway.module.api_gateway_endpoint.aws_api_gateway_resource.this",
            "module.api_gateway.module.lambda.aws_lambda_function.index",
            "module.api_gateway.module.lambda.aws_lambda_permission.apigw_lambda",
            "module.cognito.aws_cognito_user_pool.this"
          ],
          "create_before_destroy": true
        },
        {
          "index_key": "POST",
          "schema_version": 0,
          "attributes": {
            "cache_key_parameters": [],
            "cache_namespace": "e9yvwd",
            "connection_id": "",
            "connection_type": "INTERNET",
            "content_handling": "",
            "credentials": "",
            "http_method": "POST",
            "id": "agi-jaq6lqpi3i-e9yvwd-POST",
            "integration_http_method": "POST",
            "passthrough_behavior": "WHEN_NO_MATCH",
            "request_parameters": {},
            "request_templates": {},
            "resource_id": "e9yvwd",
            "rest_api_id": "jaq6lqpi3i",
            "timeout_milliseconds": 29000,
            "tls_config": [],
            "type": "AWS_PROXY",
            "uri": "arn:aws:apigateway:us-east-1:lambda:path/2015-03-31/functions/arn:aws:lambda:us-east-1:202815206333:function:images_post/invocations"
          },
          "sensitive_attributes": [],
          "private": "bnVsbA==",
          "dependencies": [
            "data.aws_caller_identity.current",
            "data.aws_iam_role.lab_role",
            "module.api_gateway.aws_api_gateway_authorizer.this",
            "module.api_gateway.aws_api_gateway_rest_api.this",
            "module.api_gateway.module.api_gateway_endpoint.aws_api_gateway_method.this",
            "module.api_gateway.module.api_gateway_endpoint.aws_api_gateway_resource.this",
            "module.api_gateway.module.lambda.aws_lambda_function.index",
            "module.api_gateway.module.lambda.aws_lambda_permission.apigw_lambda",
            "module.cognito.aws_cognito_user_pool.this"
          ],
          "create_before_destroy": true
        }
      ]
    },
    {
      "module": "module.api_gateway.module.api_gateway_endpoint[\"images\"]",
      "mode": "managed",
      "type": "aws_api_gateway_integration_response",
      "name": "this",
      "provider": "provider[\"registry.terraform.io/hashicorp/aws\"]",
      "instances": [
        {
          "index_key": "GET",
          "schema_version": 0,
          "attributes": {
            "content_handling": "",
            "http_method": "GET",
            "id": "agir-jaq6lqpi3i-e9yvwd-GET-200",
            "resource_id": "e9yvwd",
            "response_parameters": {},
            "response_templates": {},
            "rest_api_id": "jaq6lqpi3i",
            "selection_pattern": "",
            "status_code": "200"
          },
          "sensitive_attributes": [],
          "private": "bnVsbA==",
          "dependencies": [
            "data.aws_caller_identity.current",
            "data.aws_iam_role.lab_role",
            "module.api_gateway.aws_api_gateway_authorizer.this",
            "module.api_gateway.aws_api_gateway_rest_api.this",
            "module.api_gateway.module.api_gateway_endpoint.aws_api_gateway_integration.this",
            "module.api_gateway.module.api_gateway_endpoint.aws_api_gateway_method.this",
            "module.api_gateway.module.api_gateway_endpoint.aws_api_gateway_method_response.this",
            "module.api_gateway.module.api_gateway_endpoint.aws_api_gateway_resource.this",
            "module.api_gateway.module.lambda.aws_lambda_function.index",
            "module.api_gateway.module.lambda.aws_lambda_permission.apigw_lambda",
            "module.cognito.aws_cognito_user_pool.this"
          ],
          "create_before_destroy": true
        },
        {
          "index_key": "POST",
          "schema_version": 0,
          "attributes": {
            "content_handling": "",
            "http_method": "POST",
            "id": "agir-jaq6lqpi3i-e9yvwd-POST-200",
            "resource_id": "e9yvwd",
            "response_parameters": {},
            "response_templates": {},
            "rest_api_id": "jaq6lqpi3i",
            "selection_pattern": "",
            "status_code": "200"
          },
          "sensitive_attributes": [],
          "private": "bnVsbA==",
          "dependencies": [
            "data.aws_caller_identity.current",
            "data.aws_iam_role.lab_role",
            "module.api_gateway.aws_api_gateway_authorizer.this",
            "module.api_gateway.aws_api_gateway_rest_api.this",
            "module.api_gateway.module.api_gateway_endpoint.aws_api_gateway_integration.this",
            "module.api_gateway.module.api_gateway_endpoint.aws_api_gateway_method.this",
            "module.api_gateway.module.api_gateway_endpoint.aws_api_gateway_method_response.this",
            "module.api_gateway.module.api_gateway_endpoint.aws_api_gateway_resource.this",
            "module.api_gateway.module.lambda.aws_lambda_function.index",
            "module.api_gateway.module.lambda.aws_lambda_permission.apigw_lambda",
            "module.cognito.aws_cognito_user_pool.this"
          ],
          "create_before_destroy": true
        }
      ]
    },
    {
      "module": "module.api_gateway.module.api_gateway_endpoint[\"images\"]",
      "mode": "managed",
      "type": "aws_api_gateway_method",
      "name": "this",
      "provider": "provider[\"registry.terraform.io/hashicorp/aws\"]",
      "instances": [
        {
          "index_key": "GET",
          "schema_version": 0,
          "attributes": {
            "api_key_required": false,
            "authorization": "COGNITO_USER_POOLS",
            "authorization_scopes": [],
            "authorizer_id": "b6jaug",
            "http_method": "GET",
            "id": "agm-jaq6lqpi3i-e9yvwd-GET",
            "operation_name": "",
            "request_models": {},
            "request_parameters": {
              "method.request.path.proxy": true
            },
            "request_validator_id": "",
            "resource_id": "e9yvwd",
            "rest_api_id": "jaq6lqpi3i"
          },
          "sensitive_attributes": [],
          "private": "bnVsbA==",
          "dependencies": [
            "data.aws_caller_identity.current",
            "data.aws_iam_role.lab_role",
            "module.api_gateway.aws_api_gateway_authorizer.this",
            "module.api_gateway.aws_api_gateway_rest_api.this",
            "module.api_gateway.module.api_gateway_endpoint.aws_api_gateway_resource.this",
            "module.api_gateway.module.lambda.aws_lambda_function.index",
            "module.api_gateway.module.lambda.aws_lambda_permission.apigw_lambda",
            "module.cognito.aws_cognito_user_pool.this"
          ],
          "create_before_destroy": true
        },
        {
          "index_key": "POST",
          "schema_version": 0,
          "attributes": {
            "api_key_required": false,
            "authorization": "COGNITO_USER_POOLS",
            "authorization_scopes": [],
            "authorizer_id": "b6jaug",
            "http_method": "POST",
            "id": "agm-jaq6lqpi3i-e9yvwd-POST",
            "operation_name": "",
            "request_models": {},
            "request_parameters": {
              "method.request.path.proxy": true
            },
            "request_validator_id": "",
            "resource_id": "e9yvwd",
            "rest_api_id": "jaq6lqpi3i"
          },
          "sensitive_attributes": [],
          "private": "bnVsbA==",
          "dependencies": [
            "data.aws_caller_identity.current",
            "data.aws_iam_role.lab_role",
            "module.api_gateway.aws_api_gateway_authorizer.this",
            "module.api_gateway.aws_api_gateway_rest_api.this",
            "module.api_gateway.module.api_gateway_endpoint.aws_api_gateway_resource.this",
            "module.api_gateway.module.lambda.aws_lambda_function.index",
            "module.api_gateway.module.lambda.aws_lambda_permission.apigw_lambda",
            "module.cognito.aws_cognito_user_pool.this"
          ],
          "create_before_destroy": true
        }
      ]
    },
    {
      "module": "module.api_gateway.module.api_gateway_endpoint[\"images\"]",
      "mode": "managed",
      "type": "aws_api_gateway_method_response",
      "name": "this",
      "provider": "provider[\"registry.terraform.io/hashicorp/aws\"]",
      "instances": [
        {
          "index_key": "GET",
          "schema_version": 0,
          "attributes": {
            "http_method": "GET",
            "id": "agmr-jaq6lqpi3i-e9yvwd-GET-200",
            "resource_id": "e9yvwd",
            "response_models": {},
            "response_parameters": {
              "method.response.header.Access-Control-Allow-Origin": true
            },
            "rest_api_id": "jaq6lqpi3i",
            "status_code": "200"
          },
          "sensitive_attributes": [],
          "private": "bnVsbA==",
          "dependencies": [
            "data.aws_caller_identity.current",
            "data.aws_iam_role.lab_role",
            "module.api_gateway.aws_api_gateway_authorizer.this",
            "module.api_gateway.aws_api_gateway_rest_api.this",
            "module.api_gateway.module.api_gateway_endpoint.aws_api_gateway_method.this",
            "module.api_gateway.module.api_gateway_endpoint.aws_api_gateway_resource.this",
            "module.api_gateway.module.lambda.aws_lambda_function.index",
            "module.api_gateway.module.lambda.aws_lambda_permission.apigw_lambda",
            "module.cognito.aws_cognito_user_pool.this"
          ],
          "create_before_destroy": true
        },
        {
          "index_key": "POST",
          "schema_version": 0,
          "attributes": {
            "http_method": "POST",
            "id": "agmr-jaq6lqpi3i-e9yvwd-POST-200",
            "resource_id": "e9yvwd",
            "response_models": {},
            "response_parameters": {
              "method.response.header.Access-Control-Allow-Origin": true
            },
            "rest_api_id": "jaq6lqpi3i",
            "status_code": "200"
          },
          "sensitive_attributes": [],
          "private": "bnVsbA==",
          "dependencies": [
            "data.aws_caller_identity.current",
            "data.aws_iam_role.lab_role",
            "module.api_gateway.aws_api_gateway_authorizer.this",
            "module.api_gateway.aws_api_gateway_rest_api.this",
            "module.api_gateway.module.api_gateway_endpoint.aws_api_gateway_method.this",
            "module.api_gateway.module.api_gateway_endpoint.aws_api_gateway_resource.this",
            "module.api_gateway.module.lambda.aws_lambda_function.index",
            "module.api_gateway.module.lambda.aws_lambda_permission.apigw_lambda",
            "module.cognito.aws_cognito_user_pool.this"
          ],
          "create_before_destroy": true
        }
      ]
    },
    {
      "module": "module.api_gateway.module.api_gateway_endpoint[\"images\"]",
      "mode": "managed",
      "type": "aws_api_gateway_resource",
      "name": "this",
      "provider": "provider[\"registry.terraform.io/hashicorp/aws\"]",
      "instances": [
        {
          "schema_version": 0,
          "attributes": {
            "id": "e9yvwd",
            "parent_id": "k47p5mibn9",
            "path": "/images",
            "path_part": "images",
            "rest_api_id": "jaq6lqpi3i"
          },
          "sensitive_attributes": [],
          "private": "bnVsbA==",
          "dependencies": [
            "module.api_gateway.aws_api_gateway_rest_api.this"
          ],
          "create_before_destroy": true
        }
      ]
    },
    {
      "module": "module.api_gateway.module.api_gateway_endpoint[\"reports\"]",
      "mode": "managed",
      "type": "aws_api_gateway_integration",
      "name": "this",
      "provider": "provider[\"registry.terraform.io/hashicorp/aws\"]",
      "instances": [
        {
          "index_key": "GET",
          "schema_version": 0,
          "attributes": {
            "cache_key_parameters": [],
            "cache_namespace": "rh2pno",
            "connection_id": "",
            "connection_type": "INTERNET",
            "content_handling": "",
            "credentials": "",
            "http_method": "GET",
            "id": "agi-jaq6lqpi3i-rh2pno-GET",
            "integration_http_method": "POST",
            "passthrough_behavior": "WHEN_NO_MATCH",
            "request_parameters": {},
            "request_templates": {},
            "resource_id": "rh2pno",
            "rest_api_id": "jaq6lqpi3i",
            "timeout_milliseconds": 29000,
            "tls_config": [],
            "type": "AWS_PROXY",
            "uri": "arn:aws:apigateway:us-east-1:lambda:path/2015-03-31/functions/arn:aws:lambda:us-east-1:202815206333:function:reports_get/invocations"
          },
          "sensitive_attributes": [],
          "private": "bnVsbA==",
          "dependencies": [
            "data.aws_caller_identity.current",
            "data.aws_iam_role.lab_role",
            "module.api_gateway.aws_api_gateway_authorizer.this",
            "module.api_gateway.aws_api_gateway_rest_api.this",
            "module.api_gateway.module.api_gateway_endpoint.aws_api_gateway_method.this",
            "module.api_gateway.module.api_gateway_endpoint.aws_api_gateway_resource.this",
            "module.api_gateway.module.lambda.aws_lambda_function.index",
            "module.api_gateway.module.lambda.aws_lambda_permission.apigw_lambda",
            "module.cognito.aws_cognito_user_pool.this"
          ],
          "create_before_destroy": true
        },
        {
          "index_key": "POST",
          "schema_version": 0,
          "attributes": {
            "cache_key_parameters": [],
            "cache_namespace": "rh2pno",
            "connection_id": "",
            "connection_type": "INTERNET",
            "content_handling": "",
            "credentials": "",
            "http_method": "POST",
            "id": "agi-jaq6lqpi3i-rh2pno-POST",
            "integration_http_method": "POST",
            "passthrough_behavior": "WHEN_NO_MATCH",
            "request_parameters": {},
            "request_templates": {},
            "resource_id": "rh2pno",
            "rest_api_id": "jaq6lqpi3i",
            "timeout_milliseconds": 29000,
            "tls_config": [],
            "type": "AWS_PROXY",
            "uri": "arn:aws:apigateway:us-east-1:lambda:path/2015-03-31/functions/arn:aws:lambda:us-east-1:202815206333:function:reports_post/invocations"
          },
          "sensitive_attributes": [],
          "private": "bnVsbA==",
          "dependencies": [
            "data.aws_caller_identity.current",
            "data.aws_iam_role.lab_role",
            "module.api_gateway.aws_api_gateway_authorizer.this",
            "module.api_gateway.aws_api_gateway_rest_api.this",
            "module.api_gateway.module.api_gateway_endpoint.aws_api_gateway_method.this",
            "module.api_gateway.module.api_gateway_endpoint.aws_api_gateway_resource.this",
            "module.api_gateway.module.lambda.aws_lambda_function.index",
            "module.api_gateway.module.lambda.aws_lambda_permission.apigw_lambda",
            "module.cognito.aws_cognito_user_pool.this"
          ],
          "create_before_destroy": true
        }
      ]
    },
    {
      "module": "module.api_gateway.module.api_gateway_endpoint[\"reports\"]",
      "mode": "managed",
      "type": "aws_api_gateway_integration_response",
      "name": "this",
      "provider": "provider[\"registry.terraform.io/hashicorp/aws\"]",
      "instances": [
        {
          "index_key": "GET",
          "schema_version": 0,
          "attributes": {
            "content_handling": "",
            "http_method": "GET",
            "id": "agir-jaq6lqpi3i-rh2pno-GET-200",
            "resource_id": "rh2pno",
            "response_parameters": {},
            "response_templates": {},
            "rest_api_id": "jaq6lqpi3i",
            "selection_pattern": "",
            "status_code": "200"
          },
          "sensitive_attributes": [],
          "private": "bnVsbA==",
          "dependencies": [
            "data.aws_caller_identity.current",
            "data.aws_iam_role.lab_role",
            "module.api_gateway.aws_api_gateway_authorizer.this",
            "module.api_gateway.aws_api_gateway_rest_api.this",
            "module.api_gateway.module.api_gateway_endpoint.aws_api_gateway_integration.this",
            "module.api_gateway.module.api_gateway_endpoint.aws_api_gateway_method.this",
            "module.api_gateway.module.api_gateway_endpoint.aws_api_gateway_method_response.this",
            "module.api_gateway.module.api_gateway_endpoint.aws_api_gateway_resource.this",
            "module.api_gateway.module.lambda.aws_lambda_function.index",
            "module.api_gateway.module.lambda.aws_lambda_permission.apigw_lambda",
            "module.cognito.aws_cognito_user_pool.this"
          ],
          "create_before_destroy": true
        },
        {
          "index_key": "POST",
          "schema_version": 0,
          "attributes": {
            "content_handling": "",
            "http_method": "POST",
            "id": "agir-jaq6lqpi3i-rh2pno-POST-200",
            "resource_id": "rh2pno",
            "response_parameters": {},
            "response_templates": {},
            "rest_api_id": "jaq6lqpi3i",
            "selection_pattern": "",
            "status_code": "200"
          },
          "sensitive_attributes": [],
          "private": "bnVsbA==",
          "dependencies": [
            "data.aws_caller_identity.current",
            "data.aws_iam_role.lab_role",
            "module.api_gateway.aws_api_gateway_authorizer.this",
            "module.api_gateway.aws_api_gateway_rest_api.this",
            "module.api_gateway.module.api_gateway_endpoint.aws_api_gateway_integration.this",
            "module.api_gateway.module.api_gateway_endpoint.aws_api_gateway_method.this",
            "module.api_gateway.module.api_gateway_endpoint.aws_api_gateway_method_response.this",
            "module.api_gateway.module.api_gateway_endpoint.aws_api_gateway_resource.this",
            "module.api_gateway.module.lambda.aws_lambda_function.index",
            "module.api_gateway.module.lambda.aws_lambda_permission.apigw_lambda",
            "module.cognito.aws_cognito_user_pool.this"
          ],
          "create_before_destroy": true
        }
      ]
    },
    {
      "module": "module.api_gateway.module.api_gateway_endpoint[\"reports\"]",
      "mode": "managed",
      "type": "aws_api_gateway_method",
      "name": "this",
      "provider": "provider[\"registry.terraform.io/hashicorp/aws\"]",
      "instances": [
        {
          "index_key": "GET",
          "schema_version": 0,
          "attributes": {
            "api_key_required": false,
            "authorization": "COGNITO_USER_POOLS",
            "authorization_scopes": [],
            "authorizer_id": "b6jaug",
            "http_method": "GET",
            "id": "agm-jaq6lqpi3i-rh2pno-GET",
            "operation_name": "",
            "request_models": {},
            "request_parameters": {
              "method.request.path.proxy": true
            },
            "request_validator_id": "",
            "resource_id": "rh2pno",
            "rest_api_id": "jaq6lqpi3i"
          },
          "sensitive_attributes": [],
          "private": "bnVsbA==",
          "dependencies": [
            "data.aws_caller_identity.current",
            "data.aws_iam_role.lab_role",
            "module.api_gateway.aws_api_gateway_authorizer.this",
            "module.api_gateway.aws_api_gateway_rest_api.this",
            "module.api_gateway.module.api_gateway_endpoint.aws_api_gateway_resource.this",
            "module.api_gateway.module.lambda.aws_lambda_function.index",
            "module.api_gateway.module.lambda.aws_lambda_permission.apigw_lambda",
            "module.cognito.aws_cognito_user_pool.this"
          ],
          "create_before_destroy": true
        },
        {
          "index_key": "POST",
          "schema_version": 0,
          "attributes": {
            "api_key_required": false,
            "authorization": "COGNITO_USER_POOLS",
            "authorization_scopes": [],
            "authorizer_id": "b6jaug",
            "http_method": "POST",
            "id": "agm-jaq6lqpi3i-rh2pno-POST",
            "operation_name": "",
            "request_models": {},
            "request_parameters": {
              "method.request.path.proxy": true
            },
            "request_validator_id": "",
            "resource_id": "rh2pno",
            "rest_api_id": "jaq6lqpi3i"
          },
          "sensitive_attributes": [],
          "private": "bnVsbA==",
          "dependencies": [
            "data.aws_caller_identity.current",
            "data.aws_iam_role.lab_role",
            "module.api_gateway.aws_api_gateway_authorizer.this",
            "module.api_gateway.aws_api_gateway_rest_api.this",
            "module.api_gateway.module.api_gateway_endpoint.aws_api_gateway_resource.this",
            "module.api_gateway.module.lambda.aws_lambda_function.index",
            "module.api_gateway.module.lambda.aws_lambda_permission.apigw_lambda",
            "module.cognito.aws_cognito_user_pool.this"
          ],
          "create_before_destroy": true
        }
      ]
    },
    {
      "module": "module.api_gateway.module.api_gateway_endpoint[\"reports\"]",
      "mode": "managed",
      "type": "aws_api_gateway_method_response",
      "name": "this",
      "provider": "provider[\"registry.terraform.io/hashicorp/aws\"]",
      "instances": [
        {
          "index_key": "GET",
          "schema_version": 0,
          "attributes": {
            "http_method": "GET",
            "id": "agmr-jaq6lqpi3i-rh2pno-GET-200",
            "resource_id": "rh2pno",
            "response_models": {},
            "response_parameters": {
              "method.response.header.Access-Control-Allow-Origin": true
            },
            "rest_api_id": "jaq6lqpi3i",
            "status_code": "200"
          },
          "sensitive_attributes": [],
          "private": "bnVsbA==",
          "dependencies": [
            "data.aws_caller_identity.current",
            "data.aws_iam_role.lab_role",
            "module.api_gateway.aws_api_gateway_authorizer.this",
            "module.api_gateway.aws_api_gateway_rest_api.this",
            "module.api_gateway.module.api_gateway_endpoint.aws_api_gateway_method.this",
            "module.api_gateway.module.api_gateway_endpoint.aws_api_gateway_resource.this",
            "module.api_gateway.module.lambda.aws_lambda_function.index",
            "module.api_gateway.module.lambda.aws_lambda_permission.apigw_lambda",
            "module.cognito.aws_cognito_user_pool.this"
          ],
          "create_before_destroy": true
        },
        {
          "index_key": "POST",
          "schema_version": 0,
          "attributes": {
            "http_method": "POST",
            "id": "agmr-jaq6lqpi3i-rh2pno-POST-200",
            "resource_id": "rh2pno",
            "response_models": {},
            "response_parameters": {
              "method.response.header.Access-Control-Allow-Origin": true
            },
            "rest_api_id": "jaq6lqpi3i",
            "status_code": "200"
          },
          "sensitive_attributes": [],
          "private": "bnVsbA==",
          "dependencies": [
            "data.aws_caller_identity.current",
            "data.aws_iam_role.lab_role",
            "module.api_gateway.aws_api_gateway_authorizer.this",
            "module.api_gateway.aws_api_gateway_rest_api.this",
            "module.api_gateway.module.api_gateway_endpoint.aws_api_gateway_method.this",
            "module.api_gateway.module.api_gateway_endpoint.aws_api_gateway_resource.this",
            "module.api_gateway.module.lambda.aws_lambda_function.index",
            "module.api_gateway.module.lambda.aws_lambda_permission.apigw_lambda",
            "module.cognito.aws_cognito_user_pool.this"
          ],
          "create_before_destroy": true
        }
      ]
    },
    {
      "module": "module.api_gateway.module.api_gateway_endpoint[\"reports\"]",
      "mode": "managed",
      "type": "aws_api_gateway_resource",
      "name": "this",
      "provider": "provider[\"registry.terraform.io/hashicorp/aws\"]",
      "instances": [
        {
          "schema_version": 0,
          "attributes": {
            "id": "rh2pno",
            "parent_id": "k47p5mibn9",
            "path": "/reports",
            "path_part": "reports",
            "rest_api_id": "jaq6lqpi3i"
          },
          "sensitive_attributes": [],
          "private": "bnVsbA==",
          "dependencies": [
            "module.api_gateway.aws_api_gateway_rest_api.this"
          ],
          "create_before_destroy": true
        }
      ]
    },
    {
      "module": "module.api_gateway.module.api_gateway_endpoint[\"users\"]",
      "mode": "managed",
      "type": "aws_api_gateway_integration",
      "name": "this",
      "provider": "provider[\"registry.terraform.io/hashicorp/aws\"]",
      "instances": [
        {
          "index_key": "GET",
          "schema_version": 0,
          "attributes": {
            "cache_key_parameters": [],
            "cache_namespace": "deikwp",
            "connection_id": "",
            "connection_type": "INTERNET",
            "content_handling": "",
            "credentials": "",
            "http_method": "GET",
            "id": "agi-jaq6lqpi3i-deikwp-GET",
            "integration_http_method": "POST",
            "passthrough_behavior": "WHEN_NO_MATCH",
            "request_parameters": {},
            "request_templates": {},
            "resource_id": "deikwp",
            "rest_api_id": "jaq6lqpi3i",
            "timeout_milliseconds": 29000,
            "tls_config": [],
            "type": "AWS_PROXY",
            "uri": "arn:aws:apigateway:us-east-1:lambda:path/2015-03-31/functions/arn:aws:lambda:us-east-1:202815206333:function:users_get/invocations"
          },
          "sensitive_attributes": [],
          "private": "bnVsbA==",
          "dependencies": [
            "data.aws_caller_identity.current",
            "data.aws_iam_role.lab_role",
            "module.api_gateway.aws_api_gateway_authorizer.this",
            "module.api_gateway.aws_api_gateway_rest_api.this",
            "module.api_gateway.module.api_gateway_endpoint.aws_api_gateway_method.this",
            "module.api_gateway.module.api_gateway_endpoint.aws_api_gateway_resource.this",
            "module.api_gateway.module.lambda.aws_lambda_function.index",
            "module.api_gateway.module.lambda.aws_lambda_permission.apigw_lambda",
            "module.cognito.aws_cognito_user_pool.this"
          ],
          "create_before_destroy": true
        },
        {
          "index_key": "POST",
          "schema_version": 0,
          "attributes": {
            "cache_key_parameters": [],
            "cache_namespace": "deikwp",
            "connection_id": "",
            "connection_type": "INTERNET",
            "content_handling": "",
            "credentials": "",
            "http_method": "POST",
            "id": "agi-jaq6lqpi3i-deikwp-POST",
            "integration_http_method": "POST",
            "passthrough_behavior": "WHEN_NO_MATCH",
            "request_parameters": {},
            "request_templates": {},
            "resource_id": "deikwp",
            "rest_api_id": "jaq6lqpi3i",
            "timeout_milliseconds": 29000,
            "tls_config": [],
            "type": "AWS_PROXY",
            "uri": "arn:aws:apigateway:us-east-1:lambda:path/2015-03-31/functions/arn:aws:lambda:us-east-1:202815206333:function:users_post/invocations"
          },
          "sensitive_attributes": [],
          "private": "bnVsbA==",
          "dependencies": [
            "data.aws_caller_identity.current",
            "data.aws_iam_role.lab_role",
            "module.api_gateway.aws_api_gateway_authorizer.this",
            "module.api_gateway.aws_api_gateway_rest_api.this",
            "module.api_gateway.module.api_gateway_endpoint.aws_api_gateway_method.this",
            "module.api_gateway.module.api_gateway_endpoint.aws_api_gateway_resource.this",
            "module.api_gateway.module.lambda.aws_lambda_function.index",
            "module.api_gateway.module.lambda.aws_lambda_permission.apigw_lambda",
            "module.cognito.aws_cognito_user_pool.this"
          ],
          "create_before_destroy": true
        }
      ]
    },
    {
      "module": "module.api_gateway.module.api_gateway_endpoint[\"users\"]",
      "mode": "managed",
      "type": "aws_api_gateway_integration_response",
      "name": "this",
      "provider": "provider[\"registry.terraform.io/hashicorp/aws\"]",
      "instances": [
        {
          "index_key": "GET",
          "schema_version": 0,
          "attributes": {
            "content_handling": "",
            "http_method": "GET",
            "id": "agir-jaq6lqpi3i-deikwp-GET-200",
            "resource_id": "deikwp",
            "response_parameters": {},
            "response_templates": {},
            "rest_api_id": "jaq6lqpi3i",
            "selection_pattern": "",
            "status_code": "200"
          },
          "sensitive_attributes": [],
          "private": "bnVsbA==",
          "dependencies": [
            "data.aws_caller_identity.current",
            "data.aws_iam_role.lab_role",
            "module.api_gateway.aws_api_gateway_authorizer.this",
            "module.api_gateway.aws_api_gateway_rest_api.this",
            "module.api_gateway.module.api_gateway_endpoint.aws_api_gateway_integration.this",
            "module.api_gateway.module.api_gateway_endpoint.aws_api_gateway_method.this",
            "module.api_gateway.module.api_gateway_endpoint.aws_api_gateway_method_response.this",
            "module.api_gateway.module.api_gateway_endpoint.aws_api_gateway_resource.this",
            "module.api_gateway.module.lambda.aws_lambda_function.index",
            "module.api_gateway.module.lambda.aws_lambda_permission.apigw_lambda",
            "module.cognito.aws_cognito_user_pool.this"
          ],
          "create_before_destroy": true
        },
        {
          "index_key": "POST",
          "schema_version": 0,
          "attributes": {
            "content_handling": "",
            "http_method": "POST",
            "id": "agir-jaq6lqpi3i-deikwp-POST-200",
            "resource_id": "deikwp",
            "response_parameters": {},
            "response_templates": {},
            "rest_api_id": "jaq6lqpi3i",
            "selection_pattern": "",
            "status_code": "200"
          },
          "sensitive_attributes": [],
          "private": "bnVsbA==",
          "dependencies": [
            "data.aws_caller_identity.current",
            "data.aws_iam_role.lab_role",
            "module.api_gateway.aws_api_gateway_authorizer.this",
            "module.api_gateway.aws_api_gateway_rest_api.this",
            "module.api_gateway.module.api_gateway_endpoint.aws_api_gateway_integration.this",
            "module.api_gateway.module.api_gateway_endpoint.aws_api_gateway_method.this",
            "module.api_gateway.module.api_gateway_endpoint.aws_api_gateway_method_response.this",
            "module.api_gateway.module.api_gateway_endpoint.aws_api_gateway_resource.this",
            "module.api_gateway.module.lambda.aws_lambda_function.index",
            "module.api_gateway.module.lambda.aws_lambda_permission.apigw_lambda",
            "module.cognito.aws_cognito_user_pool.this"
          ],
          "create_before_destroy": true
        }
      ]
    },
    {
      "module": "module.api_gateway.module.api_gateway_endpoint[\"users\"]",
      "mode": "managed",
      "type": "aws_api_gateway_method",
      "name": "this",
      "provider": "provider[\"registry.terraform.io/hashicorp/aws\"]",
      "instances": [
        {
          "index_key": "GET",
          "schema_version": 0,
          "attributes": {
            "api_key_required": false,
            "authorization": "COGNITO_USER_POOLS",
            "authorization_scopes": [],
            "authorizer_id": "b6jaug",
            "http_method": "GET",
            "id": "agm-jaq6lqpi3i-deikwp-GET",
            "operation_name": "",
            "request_models": {},
            "request_parameters": {
              "method.request.path.proxy": true
            },
            "request_validator_id": "",
            "resource_id": "deikwp",
            "rest_api_id": "jaq6lqpi3i"
          },
          "sensitive_attributes": [],
          "private": "bnVsbA==",
          "dependencies": [
            "data.aws_caller_identity.current",
            "data.aws_iam_role.lab_role",
            "module.api_gateway.aws_api_gateway_authorizer.this",
            "module.api_gateway.aws_api_gateway_rest_api.this",
            "module.api_gateway.module.api_gateway_endpoint.aws_api_gateway_resource.this",
            "module.api_gateway.module.lambda.aws_lambda_function.index",
            "module.api_gateway.module.lambda.aws_lambda_permission.apigw_lambda",
            "module.cognito.aws_cognito_user_pool.this"
          ],
          "create_before_destroy": true
        },
        {
          "index_key": "POST",
          "schema_version": 0,
          "attributes": {
            "api_key_required": false,
            "authorization": "COGNITO_USER_POOLS",
            "authorization_scopes": [],
            "authorizer_id": "b6jaug",
            "http_method": "POST",
            "id": "agm-jaq6lqpi3i-deikwp-POST",
            "operation_name": "",
            "request_models": {},
            "request_parameters": {
              "method.request.path.proxy": true
            },
            "request_validator_id": "",
            "resource_id": "deikwp",
            "rest_api_id": "jaq6lqpi3i"
          },
          "sensitive_attributes": [],
          "private": "bnVsbA==",
          "dependencies": [
            "data.aws_caller_identity.current",
            "data.aws_iam_role.lab_role",
            "module.api_gateway.aws_api_gateway_authorizer.this",
            "module.api_gateway.aws_api_gateway_rest_api.this",
            "module.api_gateway.module.api_gateway_endpoint.aws_api_gateway_resource.this",
            "module.api_gateway.module.lambda.aws_lambda_function.index",
            "module.api_gateway.module.lambda.aws_lambda_permission.apigw_lambda",
            "module.cognito.aws_cognito_user_pool.this"
          ],
          "create_before_destroy": true
        }
      ]
    },
    {
      "module": "module.api_gateway.module.api_gateway_endpoint[\"users\"]",
      "mode": "managed",
      "type": "aws_api_gateway_method_response",
      "name": "this",
      "provider": "provider[\"registry.terraform.io/hashicorp/aws\"]",
      "instances": [
        {
          "index_key": "GET",
          "schema_version": 0,
          "attributes": {
            "http_method": "GET",
            "id": "agmr-jaq6lqpi3i-deikwp-GET-200",
            "resource_id": "deikwp",
            "response_models": {},
            "response_parameters": {
              "method.response.header.Access-Control-Allow-Origin": true
            },
            "rest_api_id": "jaq6lqpi3i",
            "status_code": "200"
          },
          "sensitive_attributes": [],
          "private": "bnVsbA==",
          "dependencies": [
            "data.aws_caller_identity.current",
            "data.aws_iam_role.lab_role",
            "module.api_gateway.aws_api_gateway_authorizer.this",
            "module.api_gateway.aws_api_gateway_rest_api.this",
            "module.api_gateway.module.api_gateway_endpoint.aws_api_gateway_method.this",
            "module.api_gateway.module.api_gateway_endpoint.aws_api_gateway_resource.this",
            "module.api_gateway.module.lambda.aws_lambda_function.index",
            "module.api_gateway.module.lambda.aws_lambda_permission.apigw_lambda",
            "module.cognito.aws_cognito_user_pool.this"
          ],
          "create_before_destroy": true
        },
        {
          "index_key": "POST",
          "schema_version": 0,
          "attributes": {
            "http_method": "POST",
            "id": "agmr-jaq6lqpi3i-deikwp-POST-200",
            "resource_id": "deikwp",
            "response_models": {},
            "response_parameters": {
              "method.response.header.Access-Control-Allow-Origin": true
            },
            "rest_api_id": "jaq6lqpi3i",
            "status_code": "200"
          },
          "sensitive_attributes": [],
          "private": "bnVsbA==",
          "dependencies": [
            "data.aws_caller_identity.current",
            "data.aws_iam_role.lab_role",
            "module.api_gateway.aws_api_gateway_authorizer.this",
            "module.api_gateway.aws_api_gateway_rest_api.this",
            "module.api_gateway.module.api_gateway_endpoint.aws_api_gateway_method.this",
            "module.api_gateway.module.api_gateway_endpoint.aws_api_gateway_resource.this",
            "module.api_gateway.module.lambda.aws_lambda_function.index",
            "module.api_gateway.module.lambda.aws_lambda_permission.apigw_lambda",
            "module.cognito.aws_cognito_user_pool.this"
          ],
          "create_before_destroy": true
        }
      ]
    },
    {
      "module": "module.api_gateway.module.api_gateway_endpoint[\"users\"]",
      "mode": "managed",
      "type": "aws_api_gateway_resource",
      "name": "this",
      "provider": "provider[\"registry.terraform.io/hashicorp/aws\"]",
      "instances": [
        {
          "schema_version": 0,
          "attributes": {
            "id": "deikwp",
            "parent_id": "k47p5mibn9",
            "path": "/users",
            "path_part": "users",
            "rest_api_id": "jaq6lqpi3i"
          },
          "sensitive_attributes": [],
          "private": "bnVsbA==",
          "dependencies": [
            "module.api_gateway.aws_api_gateway_rest_api.this"
          ],
          "create_before_destroy": true
        }
      ]
    },
    {
      "module": "module.api_gateway.module.lambda[\"groups-GET\"]",
      "mode": "managed",
      "type": "aws_lambda_function",
      "name": "index",
      "provider": "provider[\"registry.terraform.io/hashicorp/aws\"]",
      "instances": [
        {
          "schema_version": 0,
          "attributes": {
            "architectures": [
              "x86_64"
            ],
            "arn": "arn:aws:lambda:us-east-1:202815206333:function:groups_get",
            "code_signing_config_arn": "",
            "dead_letter_config": [],
            "description": "",
            "environment": [],
            "ephemeral_storage": [
              {
                "size": 512
              }
            ],
            "file_system_config": [],
            "filename": "resources/lambda_sources/groups_get.zip",
            "function_name": "groups_get",
            "handler": "main.handler",
            "id": "groups_get",
            "image_config": [],
            "image_uri": "",
            "invoke_arn": "arn:aws:apigateway:us-east-1:lambda:path/2015-03-31/functions/arn:aws:lambda:us-east-1:202815206333:function:groups_get/invocations",
            "kms_key_arn": "",
            "last_modified": "2023-12-20T15:39:20.078+0000",
            "layers": [],
            "memory_size": 128,
            "package_type": "Zip",
            "publish": false,
            "qualified_arn": "arn:aws:lambda:us-east-1:202815206333:function:groups_get:$LATEST",
            "qualified_invoke_arn": "arn:aws:apigateway:us-east-1:lambda:path/2015-03-31/functions/arn:aws:lambda:us-east-1:202815206333:function:groups_get:$LATEST/invocations",
            "replace_security_groups_on_destroy": null,
            "replacement_security_group_ids": null,
            "reserved_concurrent_executions": -1,
            "role": "arn:aws:iam::202815206333:role/LabRole",
            "runtime": "nodejs18.x",
            "s3_bucket": null,
            "s3_key": null,
            "s3_object_version": null,
            "signing_job_arn": "",
            "signing_profile_version_arn": "",
            "skip_destroy": false,
            "snap_start": [],
            "source_code_hash": "H5CHxWWTYKG14c8o27FsCA6c7BxL781Bp/W2b+KC9qg=",
            "source_code_size": 2136,
            "tags": {},
            "tags_all": {},
            "timeout": 3,
            "timeouts": null,
            "tracing_config": [
              {
                "mode": "PassThrough"
              }
            ],
            "version": "$LATEST",
            "vpc_config": []
          },
          "sensitive_attributes": [],
          "private": "eyJlMmJmYjczMC1lY2FhLTExZTYtOGY4OC0zNDM2M2JjN2M0YzAiOnsiY3JlYXRlIjo2MDAwMDAwMDAwMDAsImRlbGV0ZSI6NjAwMDAwMDAwMDAwLCJ1cGRhdGUiOjYwMDAwMDAwMDAwMH19",
          "dependencies": [
            "data.aws_iam_role.lab_role"
          ],
          "create_before_destroy": true
        }
      ]
    },
    {
      "module": "module.api_gateway.module.lambda[\"groups-GET\"]",
      "mode": "managed",
      "type": "aws_lambda_permission",
      "name": "apigw_lambda",
      "provider": "provider[\"registry.terraform.io/hashicorp/aws\"]",
      "instances": [
        {
          "schema_version": 0,
          "attributes": {
            "action": "lambda:InvokeFunction",
            "event_source_token": null,
            "function_name": "groups_get",
            "function_url_auth_type": null,
            "id": "AllowAPIInvoke",
            "principal": "apigateway.amazonaws.com",
            "principal_org_id": null,
            "qualifier": "",
            "source_account": null,
            "source_arn": "arn:aws:execute-api:us-east-1:202815206333:jaq6lqpi3i/*/GET/groups",
            "statement_id": "AllowAPIInvoke",
            "statement_id_prefix": ""
          },
          "sensitive_attributes": [],
          "private": "bnVsbA==",
          "dependencies": [
            "module.api_gateway.aws_api_gateway_rest_api.this"
          ],
          "create_before_destroy": true
        }
      ]
    },
    {
      "module": "module.api_gateway.module.lambda[\"groups-POST\"]",
      "mode": "managed",
      "type": "aws_lambda_function",
      "name": "index",
      "provider": "provider[\"registry.terraform.io/hashicorp/aws\"]",
      "instances": [
        {
          "schema_version": 0,
          "attributes": {
            "architectures": [
              "x86_64"
            ],
            "arn": "arn:aws:lambda:us-east-1:202815206333:function:groups_post",
            "code_signing_config_arn": "",
            "dead_letter_config": [],
            "description": "",
            "environment": [],
            "ephemeral_storage": [
              {
                "size": 512
              }
            ],
            "file_system_config": [],
            "filename": "resources/lambda_sources/groups_post.zip",
            "function_name": "groups_post",
            "handler": "main.handler",
            "id": "groups_post",
            "image_config": [],
            "image_uri": "",
            "invoke_arn": "arn:aws:apigateway:us-east-1:lambda:path/2015-03-31/functions/arn:aws:lambda:us-east-1:202815206333:function:groups_post/invocations",
            "kms_key_arn": "",
            "last_modified": "2023-12-20T15:39:39.987+0000",
            "layers": [],
            "memory_size": 128,
            "package_type": "Zip",
            "publish": false,
            "qualified_arn": "arn:aws:lambda:us-east-1:202815206333:function:groups_post:$LATEST",
            "qualified_invoke_arn": "arn:aws:apigateway:us-east-1:lambda:path/2015-03-31/functions/arn:aws:lambda:us-east-1:202815206333:function:groups_post:$LATEST/invocations",
            "replace_security_groups_on_destroy": null,
            "replacement_security_group_ids": null,
            "reserved_concurrent_executions": -1,
            "role": "arn:aws:iam::202815206333:role/LabRole",
            "runtime": "nodejs18.x",
            "s3_bucket": null,
            "s3_key": null,
            "s3_object_version": null,
            "signing_job_arn": "",
            "signing_profile_version_arn": "",
            "skip_destroy": false,
            "snap_start": [],
            "source_code_hash": "bX6aJS6AWzlbDyXh6BugF+ZVik82pZjJpA3+bZwTxIE=",
            "source_code_size": 2136,
            "tags": {},
            "tags_all": {},
            "timeout": 3,
            "timeouts": null,
            "tracing_config": [
              {
                "mode": "PassThrough"
              }
            ],
            "version": "$LATEST",
            "vpc_config": []
          },
          "sensitive_attributes": [],
          "private": "eyJlMmJmYjczMC1lY2FhLTExZTYtOGY4OC0zNDM2M2JjN2M0YzAiOnsiY3JlYXRlIjo2MDAwMDAwMDAwMDAsImRlbGV0ZSI6NjAwMDAwMDAwMDAwLCJ1cGRhdGUiOjYwMDAwMDAwMDAwMH19",
          "dependencies": [
            "data.aws_iam_role.lab_role"
          ],
          "create_before_destroy": true
        }
      ]
    },
    {
      "module": "module.api_gateway.module.lambda[\"groups-POST\"]",
      "mode": "managed",
      "type": "aws_lambda_permission",
      "name": "apigw_lambda",
      "provider": "provider[\"registry.terraform.io/hashicorp/aws\"]",
      "instances": [
        {
          "schema_version": 0,
          "attributes": {
            "action": "lambda:InvokeFunction",
            "event_source_token": null,
            "function_name": "groups_post",
            "function_url_auth_type": null,
            "id": "AllowAPIInvoke",
            "principal": "apigateway.amazonaws.com",
            "principal_org_id": null,
            "qualifier": "",
            "source_account": null,
            "source_arn": "arn:aws:execute-api:us-east-1:202815206333:jaq6lqpi3i/*/POST/groups",
            "statement_id": "AllowAPIInvoke",
            "statement_id_prefix": ""
          },
          "sensitive_attributes": [],
          "private": "bnVsbA==",
          "dependencies": [
            "module.api_gateway.aws_api_gateway_rest_api.this"
          ],
          "create_before_destroy": true
        }
      ]
    },
    {
      "module": "module.api_gateway.module.lambda[\"images-GET\"]",
      "mode": "managed",
      "type": "aws_lambda_function",
      "name": "index",
      "provider": "provider[\"registry.terraform.io/hashicorp/aws\"]",
      "instances": [
        {
          "schema_version": 0,
          "attributes": {
            "architectures": [
              "x86_64"
            ],
            "arn": "arn:aws:lambda:us-east-1:202815206333:function:images_get",
            "code_signing_config_arn": "",
            "dead_letter_config": [],
            "description": "",
            "environment": [],
            "ephemeral_storage": [
              {
                "size": 512
              }
            ],
            "file_system_config": [],
            "filename": "resources/lambda_sources/images_get.zip",
            "function_name": "images_get",
            "handler": "main.handler",
            "id": "images_get",
            "image_config": [],
            "image_uri": "",
            "invoke_arn": "arn:aws:apigateway:us-east-1:lambda:path/2015-03-31/functions/arn:aws:lambda:us-east-1:202815206333:function:images_get/invocations",
            "kms_key_arn": "",
            "last_modified": "2023-12-20T15:39:11.535+0000",
            "layers": [],
            "memory_size": 128,
            "package_type": "Zip",
            "publish": false,
            "qualified_arn": "arn:aws:lambda:us-east-1:202815206333:function:images_get:$LATEST",
            "qualified_invoke_arn": "arn:aws:apigateway:us-east-1:lambda:path/2015-03-31/functions/arn:aws:lambda:us-east-1:202815206333:function:images_get:$LATEST/invocations",
            "replace_security_groups_on_destroy": null,
            "replacement_security_group_ids": null,
            "reserved_concurrent_executions": -1,
            "role": "arn:aws:iam::202815206333:role/LabRole",
            "runtime": "nodejs18.x",
            "s3_bucket": null,
            "s3_key": null,
            "s3_object_version": null,
            "signing_job_arn": "",
            "signing_profile_version_arn": "",
            "skip_destroy": false,
            "snap_start": [],
            "source_code_hash": "wsdpmKLnmDqZoF7XpZxBcN6ctW5GMto7ciPgZyA7o1g=",
            "source_code_size": 3006,
            "tags": {},
            "tags_all": {},
            "timeout": 3,
            "timeouts": null,
            "tracing_config": [
              {
                "mode": "PassThrough"
              }
            ],
            "version": "$LATEST",
            "vpc_config": []
          },
          "sensitive_attributes": [],
          "private": "eyJlMmJmYjczMC1lY2FhLTExZTYtOGY4OC0zNDM2M2JjN2M0YzAiOnsiY3JlYXRlIjo2MDAwMDAwMDAwMDAsImRlbGV0ZSI6NjAwMDAwMDAwMDAwLCJ1cGRhdGUiOjYwMDAwMDAwMDAwMH19",
          "dependencies": [
            "data.aws_iam_role.lab_role"
          ],
          "create_before_destroy": true
        }
      ]
    },
    {
      "module": "module.api_gateway.module.lambda[\"images-GET\"]",
      "mode": "managed",
      "type": "aws_lambda_permission",
      "name": "apigw_lambda",
      "provider": "provider[\"registry.terraform.io/hashicorp/aws\"]",
      "instances": [
        {
          "schema_version": 0,
          "attributes": {
            "action": "lambda:InvokeFunction",
            "event_source_token": null,
            "function_name": "images_get",
            "function_url_auth_type": null,
            "id": "AllowAPIInvoke",
            "principal": "apigateway.amazonaws.com",
            "principal_org_id": null,
            "qualifier": "",
            "source_account": null,
            "source_arn": "arn:aws:execute-api:us-east-1:202815206333:jaq6lqpi3i/*/GET/images",
            "statement_id": "AllowAPIInvoke",
            "statement_id_prefix": ""
          },
          "sensitive_attributes": [],
          "private": "bnVsbA==",
          "dependencies": [
            "module.api_gateway.aws_api_gateway_rest_api.this"
          ],
          "create_before_destroy": true
        }
      ]
    },
    {
      "module": "module.api_gateway.module.lambda[\"images-POST\"]",
      "mode": "managed",
      "type": "aws_lambda_function",
      "name": "index",
      "provider": "provider[\"registry.terraform.io/hashicorp/aws\"]",
      "instances": [
        {
          "schema_version": 0,
          "attributes": {
            "architectures": [
              "x86_64"
            ],
            "arn": "arn:aws:lambda:us-east-1:202815206333:function:images_post",
            "code_signing_config_arn": "",
            "dead_letter_config": [],
            "description": "",
            "environment": [],
            "ephemeral_storage": [
              {
                "size": 512
              }
            ],
            "file_system_config": [],
            "filename": "resources/lambda_sources/images_post.zip",
            "function_name": "images_post",
            "handler": "main.handler",
            "id": "images_post",
            "image_config": [],
            "image_uri": "",
            "invoke_arn": "arn:aws:apigateway:us-east-1:lambda:path/2015-03-31/functions/arn:aws:lambda:us-east-1:202815206333:function:images_post/invocations",
            "kms_key_arn": "",
            "last_modified": "2023-12-20T15:39:44.831+0000",
            "layers": [],
            "memory_size": 128,
            "package_type": "Zip",
            "publish": false,
            "qualified_arn": "arn:aws:lambda:us-east-1:202815206333:function:images_post:$LATEST",
            "qualified_invoke_arn": "arn:aws:apigateway:us-east-1:lambda:path/2015-03-31/functions/arn:aws:lambda:us-east-1:202815206333:function:images_post:$LATEST/invocations",
            "replace_security_groups_on_destroy": null,
            "replacement_security_group_ids": null,
            "reserved_concurrent_executions": -1,
            "role": "arn:aws:iam::202815206333:role/LabRole",
            "runtime": "nodejs18.x",
            "s3_bucket": null,
            "s3_key": null,
            "s3_object_version": null,
            "signing_job_arn": "",
            "signing_profile_version_arn": "",
            "skip_destroy": false,
            "snap_start": [],
            "source_code_hash": "vENH5bpy4ziO+aDYr60fxNhlF0vwGrQA9uACrkW10uc=",
            "source_code_size": 2998,
            "tags": {},
            "tags_all": {},
            "timeout": 3,
            "timeouts": null,
            "tracing_config": [
              {
                "mode": "PassThrough"
              }
            ],
            "version": "$LATEST",
            "vpc_config": []
          },
          "sensitive_attributes": [],
          "private": "eyJlMmJmYjczMC1lY2FhLTExZTYtOGY4OC0zNDM2M2JjN2M0YzAiOnsiY3JlYXRlIjo2MDAwMDAwMDAwMDAsImRlbGV0ZSI6NjAwMDAwMDAwMDAwLCJ1cGRhdGUiOjYwMDAwMDAwMDAwMH19",
          "dependencies": [
            "data.aws_iam_role.lab_role"
          ],
          "create_before_destroy": true
        }
      ]
    },
    {
      "module": "module.api_gateway.module.lambda[\"images-POST\"]",
      "mode": "managed",
      "type": "aws_lambda_permission",
      "name": "apigw_lambda",
      "provider": "provider[\"registry.terraform.io/hashicorp/aws\"]",
      "instances": [
        {
          "schema_version": 0,
          "attributes": {
            "action": "lambda:InvokeFunction",
            "event_source_token": null,
            "function_name": "images_post",
            "function_url_auth_type": null,
            "id": "AllowAPIInvoke",
            "principal": "apigateway.amazonaws.com",
            "principal_org_id": null,
            "qualifier": "",
            "source_account": null,
            "source_arn": "arn:aws:execute-api:us-east-1:202815206333:jaq6lqpi3i/*/POST/images",
            "statement_id": "AllowAPIInvoke",
            "statement_id_prefix": ""
          },
          "sensitive_attributes": [],
          "private": "bnVsbA==",
          "dependencies": [
            "module.api_gateway.aws_api_gateway_rest_api.this"
          ],
          "create_before_destroy": true
        }
      ]
    },
    {
      "module": "module.api_gateway.module.lambda[\"reports-GET\"]",
      "mode": "managed",
      "type": "aws_lambda_function",
      "name": "index",
      "provider": "provider[\"registry.terraform.io/hashicorp/aws\"]",
      "instances": [
        {
          "schema_version": 0,
          "attributes": {
            "architectures": [
              "x86_64"
            ],
            "arn": "arn:aws:lambda:us-east-1:202815206333:function:reports_get",
            "code_signing_config_arn": "",
            "dead_letter_config": [],
            "description": "",
            "environment": [],
            "ephemeral_storage": [
              {
                "size": 512
              }
            ],
            "file_system_config": [],
            "filename": "resources/lambda_sources/reports_get.zip",
            "function_name": "reports_get",
            "handler": "main.handler",
            "id": "reports_get",
            "image_config": [],
            "image_uri": "",
            "invoke_arn": "arn:aws:apigateway:us-east-1:lambda:path/2015-03-31/functions/arn:aws:lambda:us-east-1:202815206333:function:reports_get/invocations",
            "kms_key_arn": "",
            "last_modified": "2023-12-20T15:39:10.774+0000",
            "layers": [],
            "memory_size": 128,
            "package_type": "Zip",
            "publish": false,
            "qualified_arn": "arn:aws:lambda:us-east-1:202815206333:function:reports_get:$LATEST",
            "qualified_invoke_arn": "arn:aws:apigateway:us-east-1:lambda:path/2015-03-31/functions/arn:aws:lambda:us-east-1:202815206333:function:reports_get:$LATEST/invocations",
            "replace_security_groups_on_destroy": null,
            "replacement_security_group_ids": null,
            "reserved_concurrent_executions": -1,
            "role": "arn:aws:iam::202815206333:role/LabRole",
            "runtime": "nodejs18.x",
            "s3_bucket": null,
            "s3_key": null,
            "s3_object_version": null,
            "signing_job_arn": "",
            "signing_profile_version_arn": "",
            "skip_destroy": false,
            "snap_start": [],
            "source_code_hash": "veI63Nvtj/GxzVGptk2xxbSxw0HMotZVvgTLTOz1nWk=",
            "source_code_size": 2254,
            "tags": {},
            "tags_all": {},
            "timeout": 3,
            "timeouts": null,
            "tracing_config": [
              {
                "mode": "PassThrough"
              }
            ],
            "version": "$LATEST",
            "vpc_config": []
          },
          "sensitive_attributes": [],
          "private": "eyJlMmJmYjczMC1lY2FhLTExZTYtOGY4OC0zNDM2M2JjN2M0YzAiOnsiY3JlYXRlIjo2MDAwMDAwMDAwMDAsImRlbGV0ZSI6NjAwMDAwMDAwMDAwLCJ1cGRhdGUiOjYwMDAwMDAwMDAwMH19",
          "dependencies": [
            "data.aws_iam_role.lab_role"
          ],
          "create_before_destroy": true
        }
      ]
    },
    {
      "module": "module.api_gateway.module.lambda[\"reports-GET\"]",
      "mode": "managed",
      "type": "aws_lambda_permission",
      "name": "apigw_lambda",
      "provider": "provider[\"registry.terraform.io/hashicorp/aws\"]",
      "instances": [
        {
          "schema_version": 0,
          "attributes": {
            "action": "lambda:InvokeFunction",
            "event_source_token": null,
            "function_name": "reports_get",
            "function_url_auth_type": null,
            "id": "AllowAPIInvoke",
            "principal": "apigateway.amazonaws.com",
            "principal_org_id": null,
            "qualifier": "",
            "source_account": null,
            "source_arn": "arn:aws:execute-api:us-east-1:202815206333:jaq6lqpi3i/*/GET/reports",
            "statement_id": "AllowAPIInvoke",
            "statement_id_prefix": ""
          },
          "sensitive_attributes": [],
          "private": "bnVsbA==",
          "dependencies": [
            "module.api_gateway.aws_api_gateway_rest_api.this"
          ],
          "create_before_destroy": true
        }
      ]
    },
    {
      "module": "module.api_gateway.module.lambda[\"reports-POST\"]",
      "mode": "managed",
      "type": "aws_lambda_function",
      "name": "index",
      "provider": "provider[\"registry.terraform.io/hashicorp/aws\"]",
      "instances": [
        {
          "schema_version": 0,
          "attributes": {
            "architectures": [
              "x86_64"
            ],
            "arn": "arn:aws:lambda:us-east-1:202815206333:function:reports_post",
            "code_signing_config_arn": "",
            "dead_letter_config": [],
            "description": "",
            "environment": [],
            "ephemeral_storage": [
              {
                "size": 512
              }
            ],
            "file_system_config": [],
            "filename": "resources/lambda_sources/reports_post.zip",
            "function_name": "reports_post",
            "handler": "main.handler",
            "id": "reports_post",
            "image_config": [],
            "image_uri": "",
            "invoke_arn": "arn:aws:apigateway:us-east-1:lambda:path/2015-03-31/functions/arn:aws:lambda:us-east-1:202815206333:function:reports_post/invocations",
            "kms_key_arn": "",
            "last_modified": "2023-12-20T15:39:28.827+0000",
            "layers": [],
            "memory_size": 128,
            "package_type": "Zip",
            "publish": false,
            "qualified_arn": "arn:aws:lambda:us-east-1:202815206333:function:reports_post:$LATEST",
            "qualified_invoke_arn": "arn:aws:apigateway:us-east-1:lambda:path/2015-03-31/functions/arn:aws:lambda:us-east-1:202815206333:function:reports_post:$LATEST/invocations",
            "replace_security_groups_on_destroy": null,
            "replacement_security_group_ids": null,
            "reserved_concurrent_executions": -1,
            "role": "arn:aws:iam::202815206333:role/LabRole",
            "runtime": "nodejs18.x",
            "s3_bucket": null,
            "s3_key": null,
            "s3_object_version": null,
            "signing_job_arn": "",
            "signing_profile_version_arn": "",
            "skip_destroy": false,
            "snap_start": [],
            "source_code_hash": "Nj/rEKedqalV10AqMy+dZSLSCPGHMKixL6FMAxszH1g=",
            "source_code_size": 2426,
            "tags": {},
            "tags_all": {},
            "timeout": 3,
            "timeouts": null,
            "tracing_config": [
              {
                "mode": "PassThrough"
              }
            ],
            "version": "$LATEST",
            "vpc_config": []
          },
          "sensitive_attributes": [],
          "private": "eyJlMmJmYjczMC1lY2FhLTExZTYtOGY4OC0zNDM2M2JjN2M0YzAiOnsiY3JlYXRlIjo2MDAwMDAwMDAwMDAsImRlbGV0ZSI6NjAwMDAwMDAwMDAwLCJ1cGRhdGUiOjYwMDAwMDAwMDAwMH19",
          "dependencies": [
            "data.aws_iam_role.lab_role"
          ],
          "create_before_destroy": true
        }
      ]
    },
    {
      "module": "module.api_gateway.module.lambda[\"reports-POST\"]",
      "mode": "managed",
      "type": "aws_lambda_permission",
      "name": "apigw_lambda",
      "provider": "provider[\"registry.terraform.io/hashicorp/aws\"]",
      "instances": [
        {
          "schema_version": 0,
          "attributes": {
            "action": "lambda:InvokeFunction",
            "event_source_token": null,
            "function_name": "reports_post",
            "function_url_auth_type": null,
            "id": "AllowAPIInvoke",
            "principal": "apigateway.amazonaws.com",
            "principal_org_id": null,
            "qualifier": "",
            "source_account": null,
            "source_arn": "arn:aws:execute-api:us-east-1:202815206333:jaq6lqpi3i/*/POST/reports",
            "statement_id": "AllowAPIInvoke",
            "statement_id_prefix": ""
          },
          "sensitive_attributes": [],
          "private": "bnVsbA==",
          "dependencies": [
            "module.api_gateway.aws_api_gateway_rest_api.this"
          ],
          "create_before_destroy": true
        }
      ]
    },
    {
      "module": "module.api_gateway.module.lambda[\"users-GET\"]",
      "mode": "managed",
      "type": "aws_lambda_function",
      "name": "index",
      "provider": "provider[\"registry.terraform.io/hashicorp/aws\"]",
      "instances": [
        {
          "schema_version": 0,
          "attributes": {
            "architectures": [
              "x86_64"
            ],
            "arn": "arn:aws:lambda:us-east-1:202815206333:function:users_get",
            "code_signing_config_arn": "",
            "dead_letter_config": [],
            "description": "",
            "environment": [],
            "ephemeral_storage": [
              {
                "size": 512
              }
            ],
            "file_system_config": [],
            "filename": "resources/lambda_sources/users_get.zip",
            "function_name": "users_get",
            "handler": "main.handler",
            "id": "users_get",
            "image_config": [],
            "image_uri": "",
            "invoke_arn": "arn:aws:apigateway:us-east-1:lambda:path/2015-03-31/functions/arn:aws:lambda:us-east-1:202815206333:function:users_get/invocations",
            "kms_key_arn": "",
            "last_modified": "2023-12-20T15:39:12.312+0000",
            "layers": [],
            "memory_size": 128,
            "package_type": "Zip",
            "publish": false,
            "qualified_arn": "arn:aws:lambda:us-east-1:202815206333:function:users_get:$LATEST",
            "qualified_invoke_arn": "arn:aws:apigateway:us-east-1:lambda:path/2015-03-31/functions/arn:aws:lambda:us-east-1:202815206333:function:users_get:$LATEST/invocations",
            "replace_security_groups_on_destroy": null,
            "replacement_security_group_ids": null,
            "reserved_concurrent_executions": -1,
            "role": "arn:aws:iam::202815206333:role/LabRole",
            "runtime": "nodejs18.x",
            "s3_bucket": null,
            "s3_key": null,
            "s3_object_version": null,
            "signing_job_arn": "",
            "signing_profile_version_arn": "",
            "skip_destroy": false,
            "snap_start": [],
            "source_code_hash": "AXdPm2SX3khCeSIZ8Jvkf+HUqEoiVw33/bVY1Jq39Bg=",
            "source_code_size": 2138,
            "tags": {},
            "tags_all": {},
            "timeout": 3,
            "timeouts": null,
            "tracing_config": [
              {
                "mode": "PassThrough"
              }
            ],
            "version": "$LATEST",
            "vpc_config": []
          },
          "sensitive_attributes": [],
          "private": "eyJlMmJmYjczMC1lY2FhLTExZTYtOGY4OC0zNDM2M2JjN2M0YzAiOnsiY3JlYXRlIjo2MDAwMDAwMDAwMDAsImRlbGV0ZSI6NjAwMDAwMDAwMDAwLCJ1cGRhdGUiOjYwMDAwMDAwMDAwMH19",
          "dependencies": [
            "data.aws_iam_role.lab_role"
          ],
          "create_before_destroy": true
        }
      ]
    },
    {
      "module": "module.api_gateway.module.lambda[\"users-GET\"]",
      "mode": "managed",
      "type": "aws_lambda_permission",
      "name": "apigw_lambda",
      "provider": "provider[\"registry.terraform.io/hashicorp/aws\"]",
      "instances": [
        {
          "schema_version": 0,
          "attributes": {
            "action": "lambda:InvokeFunction",
            "event_source_token": null,
            "function_name": "users_get",
            "function_url_auth_type": null,
            "id": "AllowAPIInvoke",
            "principal": "apigateway.amazonaws.com",
            "principal_org_id": null,
            "qualifier": "",
            "source_account": null,
            "source_arn": "arn:aws:execute-api:us-east-1:202815206333:jaq6lqpi3i/*/GET/users",
            "statement_id": "AllowAPIInvoke",
            "statement_id_prefix": ""
          },
          "sensitive_attributes": [],
          "private": "bnVsbA==",
          "dependencies": [
            "module.api_gateway.aws_api_gateway_rest_api.this"
          ],
          "create_before_destroy": true
        }
      ]
    },
    {
      "module": "module.api_gateway.module.lambda[\"users-POST\"]",
      "mode": "managed",
      "type": "aws_lambda_function",
      "name": "index",
      "provider": "provider[\"registry.terraform.io/hashicorp/aws\"]",
      "instances": [
        {
          "schema_version": 0,
          "attributes": {
            "architectures": [
              "x86_64"
            ],
            "arn": "arn:aws:lambda:us-east-1:202815206333:function:users_post",
            "code_signing_config_arn": "",
            "dead_letter_config": [],
            "description": "",
            "environment": [],
            "ephemeral_storage": [
              {
                "size": 512
              }
            ],
            "file_system_config": [],
            "filename": "resources/lambda_sources/users_post.zip",
            "function_name": "users_post",
            "handler": "main.handler",
            "id": "users_post",
            "image_config": [],
            "image_uri": "",
            "invoke_arn": "arn:aws:apigateway:us-east-1:lambda:path/2015-03-31/functions/arn:aws:lambda:us-east-1:202815206333:function:users_post/invocations",
            "kms_key_arn": "",
            "last_modified": "2023-12-20T15:39:50.253+0000",
            "layers": [],
            "memory_size": 128,
            "package_type": "Zip",
            "publish": false,
            "qualified_arn": "arn:aws:lambda:us-east-1:202815206333:function:users_post:$LATEST",
            "qualified_invoke_arn": "arn:aws:apigateway:us-east-1:lambda:path/2015-03-31/functions/arn:aws:lambda:us-east-1:202815206333:function:users_post:$LATEST/invocations",
            "replace_security_groups_on_destroy": null,
            "replacement_security_group_ids": null,
            "reserved_concurrent_executions": -1,
            "role": "arn:aws:iam::202815206333:role/LabRole",
            "runtime": "nodejs18.x",
            "s3_bucket": null,
            "s3_key": null,
            "s3_object_version": null,
            "signing_job_arn": "",
            "signing_profile_version_arn": "",
            "skip_destroy": false,
            "snap_start": [],
            "source_code_hash": "D3L7vi1u2Om3pG/LzrccahcZ8fUb76IqrH6xMygW4FE=",
            "source_code_size": 2230,
            "tags": {},
            "tags_all": {},
            "timeout": 3,
            "timeouts": null,
            "tracing_config": [
              {
                "mode": "PassThrough"
              }
            ],
            "version": "$LATEST",
            "vpc_config": []
          },
          "sensitive_attributes": [],
          "private": "eyJlMmJmYjczMC1lY2FhLTExZTYtOGY4OC0zNDM2M2JjN2M0YzAiOnsiY3JlYXRlIjo2MDAwMDAwMDAwMDAsImRlbGV0ZSI6NjAwMDAwMDAwMDAwLCJ1cGRhdGUiOjYwMDAwMDAwMDAwMH19",
          "dependencies": [
            "data.aws_iam_role.lab_role"
          ],
          "create_before_destroy": true
        }
      ]
    },
    {
      "module": "module.api_gateway.module.lambda[\"users-POST\"]",
      "mode": "managed",
      "type": "aws_lambda_permission",
      "name": "apigw_lambda",
      "provider": "provider[\"registry.terraform.io/hashicorp/aws\"]",
      "instances": [
        {
          "schema_version": 0,
          "attributes": {
            "action": "lambda:InvokeFunction",
            "event_source_token": null,
            "function_name": "users_post",
            "function_url_auth_type": null,
            "id": "AllowAPIInvoke",
            "principal": "apigateway.amazonaws.com",
            "principal_org_id": null,
            "qualifier": "",
            "source_account": null,
            "source_arn": "arn:aws:execute-api:us-east-1:202815206333:jaq6lqpi3i/*/POST/users",
            "statement_id": "AllowAPIInvoke",
            "statement_id_prefix": ""
          },
          "sensitive_attributes": [],
          "private": "bnVsbA==",
          "dependencies": [
            "module.api_gateway.aws_api_gateway_rest_api.this"
          ],
          "create_before_destroy": true
        }
      ]
    },
    {
      "module": "module.application_security_group",
      "mode": "managed",
      "type": "aws_security_group",
      "name": "this",
      "provider": "provider[\"registry.terraform.io/hashicorp/aws\"]",
      "instances": [
        {
          "schema_version": 1,
          "attributes": {
            "arn": "arn:aws:ec2:us-east-1:202815206333:security-group/sg-082a1a0617aa4561b",
            "description": "Security group for the application layer",
            "egress": [],
            "id": "sg-082a1a0617aa4561b",
            "ingress": [
              {
                "cidr_blocks": [
                  "0.0.0.0/0"
                ],
                "description": "Allow HTTPS traffic the lambdas",
                "from_port": 443,
                "ipv6_cidr_blocks": [],
                "prefix_list_ids": [],
                "protocol": "tcp",
                "security_groups": [],
                "self": false,
                "to_port": 443
              }
            ],
            "name": "application_security_group",
            "name_prefix": "",
            "owner_id": "202815206333",
            "revoke_rules_on_delete": false,
            "tags": {},
            "tags_all": {},
            "timeouts": null,
            "vpc_id": "vpc-01bbdc243bd5b431d"
          },
          "sensitive_attributes": [],
          "private": "eyJlMmJmYjczMC1lY2FhLTExZTYtOGY4OC0zNDM2M2JjN2M0YzAiOnsiY3JlYXRlIjo2MDAwMDAwMDAwMDAsImRlbGV0ZSI6OTAwMDAwMDAwMDAwfSwic2NoZW1hX3ZlcnNpb24iOiIxIn0=",
          "dependencies": [
            "module.vpc.aws_vpc.this"
          ]
        }
      ]
    },
    {
      "module": "module.application_security_group",
      "mode": "managed",
      "type": "aws_vpc_security_group_ingress_rule",
      "name": "this",
      "provider": "provider[\"registry.terraform.io/hashicorp/aws\"]",
      "instances": [
        {
          "index_key": 0,
          "schema_version": 0,
          "attributes": {
            "arn": "arn:aws:ec2:us-east-1:202815206333:security-group-rule/sgr-042d0a4880c04f947",
            "cidr_ipv4": "0.0.0.0/0",
            "cidr_ipv6": null,
            "description": "Allow HTTPS traffic the lambdas",
            "from_port": 443,
            "id": "sgr-042d0a4880c04f947",
            "ip_protocol": "tcp",
            "prefix_list_id": null,
            "referenced_security_group_id": null,
            "security_group_id": "sg-082a1a0617aa4561b",
            "security_group_rule_id": "sgr-042d0a4880c04f947",
            "tags": null,
            "tags_all": {},
            "to_port": 443
          },
          "sensitive_attributes": [],
          "dependencies": [
            "module.application_security_group.aws_security_group.this",
            "module.vpc.aws_vpc.this"
          ]
        }
      ]
    },
    {
      "module": "module.cloudfront",
      "mode": "data",
      "type": "aws_cloudfront_cache_policy",
      "name": "optimized",
      "provider": "provider[\"registry.terraform.io/hashicorp/aws\"]",
      "instances": [
        {
          "schema_version": 0,
          "attributes": {
            "comment": "Policy with caching enabled. Supports Gzip and Brotli compression.",
            "default_ttl": 86400,
            "etag": "E23ZP02F085DFQ",
            "id": "658327ea-f89d-4fab-a63d-7e88639e58f6",
            "max_ttl": 31536000,
            "min_ttl": 1,
            "name": "Managed-CachingOptimized",
            "parameters_in_cache_key_and_forwarded_to_origin": [
              {
                "cookies_config": [
                  {
                    "cookie_behavior": "none",
                    "cookies": []
                  }
                ],
                "enable_accept_encoding_brotli": true,
                "enable_accept_encoding_gzip": true,
                "headers_config": [
                  {
                    "header_behavior": "none",
                    "headers": []
                  }
                ],
                "query_strings_config": [
                  {
                    "query_string_behavior": "none",
                    "query_strings": []
                  }
                ]
              }
            ]
          },
          "sensitive_attributes": []
        }
      ]
    },
    {
      "module": "module.cloudfront",
      "mode": "data",
      "type": "aws_cloudfront_cache_policy",
      "name": "optimized_policy",
      "provider": "provider[\"registry.terraform.io/hashicorp/aws\"]",
      "instances": [
        {
          "schema_version": 0,
          "attributes": {
            "comment": "Policy with caching enabled. Supports Gzip and Brotli compression.",
            "default_ttl": 86400,
            "etag": "E23ZP02F085DFQ",
            "id": "658327ea-f89d-4fab-a63d-7e88639e58f6",
            "max_ttl": 31536000,
            "min_ttl": 1,
            "name": "Managed-CachingOptimized",
            "parameters_in_cache_key_and_forwarded_to_origin": [
              {
                "cookies_config": [
                  {
                    "cookie_behavior": "none",
                    "cookies": []
                  }
                ],
                "enable_accept_encoding_brotli": true,
                "enable_accept_encoding_gzip": true,
                "headers_config": [
                  {
                    "header_behavior": "none",
                    "headers": []
                  }
                ],
                "query_strings_config": [
                  {
                    "query_string_behavior": "none",
                    "query_strings": []
                  }
                ]
              }
            ]
          },
          "sensitive_attributes": []
        }
      ]
    },
    {
      "module": "module.cloudfront",
      "mode": "data",
      "type": "aws_iam_policy_document",
      "name": "frontend_OAI_policy",
      "provider": "provider[\"registry.terraform.io/hashicorp/aws\"]",
      "instances": [
        {
          "schema_version": 0,
          "attributes": {
            "id": "3531374802",
            "json": "{\n  \"Version\": \"2012-10-17\",\n  \"Statement\": [\n    {\n      \"Sid\": \"PublicReadGetObject\",\n      \"Effect\": \"Allow\",\n      \"Action\": \"s3:GetObject\",\n      \"Resource\": [\n        \"arn:aws:s3:::galar.dev.condor.com/*\",\n        \"arn:aws:s3:::galar.dev.condor.com\"\n      ],\n      \"Principal\": {\n        \"AWS\": \"arn:aws:iam::cloudfront:user/CloudFront Origin Access Identity E1QC7NFFCYKY5D\"\n      }\n    }\n  ]\n}",
            "override_policy_documents": null,
            "policy_id": null,
            "source_policy_documents": null,
            "statement": [
              {
                "actions": [
                  "s3:GetObject"
                ],
                "condition": [],
                "effect": "Allow",
                "not_actions": [],
                "not_principals": [],
                "not_resources": [],
                "principals": [
                  {
                    "identifiers": [
                      "arn:aws:iam::cloudfront:user/CloudFront Origin Access Identity E1QC7NFFCYKY5D"
                    ],
                    "type": "AWS"
                  }
                ],
                "resources": [
                  "arn:aws:s3:::galar.dev.condor.com",
                  "arn:aws:s3:::galar.dev.condor.com/*"
                ],
                "sid": "PublicReadGetObject"
              }
            ],
            "version": "2012-10-17"
          },
          "sensitive_attributes": []
        }
      ]
    },
    {
      "module": "module.cloudfront",
      "mode": "managed",
      "type": "aws_cloudfront_distribution",
      "name": "this",
      "provider": "provider[\"registry.terraform.io/hashicorp/aws\"]",
      "instances": [
        {
          "schema_version": 1,
          "attributes": {
            "aliases": [],
            "arn": "arn:aws:cloudfront::202815206333:distribution/E152VGZJBNUJAQ",
            "caller_reference": "terraform-20231220154404323300000003",
            "comment": "CDN",
            "continuous_deployment_policy_id": "",
            "custom_error_response": [],
            "default_cache_behavior": [
              {
                "allowed_methods": [
                  "DELETE",
                  "GET",
                  "HEAD",
                  "OPTIONS",
                  "PATCH",
                  "POST",
                  "PUT"
                ],
                "cache_policy_id": "",
                "cached_methods": [
                  "GET",
                  "HEAD"
                ],
                "compress": false,
                "default_ttl": 3600,
                "field_level_encryption_id": "",
                "forwarded_values": [
                  {
                    "cookies": [
                      {
                        "forward": "none",
                        "whitelisted_names": []
                      }
                    ],
                    "headers": [],
                    "query_string": false,
                    "query_string_cache_keys": []
                  }
                ],
                "function_association": [],
                "lambda_function_association": [],
                "max_ttl": 86400,
                "min_ttl": 0,
                "origin_request_policy_id": "",
                "realtime_log_config_arn": "",
                "response_headers_policy_id": "",
                "smooth_streaming": false,
                "target_origin_id": "galar.dev.condor.com",
                "trusted_key_groups": [],
                "trusted_signers": [],
                "viewer_protocol_policy": "redirect-to-https"
              }
            ],
            "default_root_object": "index.html",
            "domain_name": "d2qqyw9o6lsh2u.cloudfront.net",
            "enabled": true,
            "etag": "E15FMNJ69UJV2R",
            "hosted_zone_id": "Z2FDTNDATAQYW2",
            "http_version": "http2",
            "id": "E152VGZJBNUJAQ",
            "in_progress_validation_batches": 0,
            "is_ipv6_enabled": true,
            "last_modified_time": "2023-12-20 15:44:04.503 +0000 UTC",
            "logging_config": [],
            "ordered_cache_behavior": [],
            "origin": [
              {
                "connection_attempts": 3,
                "connection_timeout": 10,
                "custom_header": [],
                "custom_origin_config": [
                  {
                    "http_port": 80,
                    "https_port": 443,
                    "origin_keepalive_timeout": 5,
                    "origin_protocol_policy": "https-only",
                    "origin_read_timeout": 30,
                    "origin_ssl_protocols": [
                      "TLSv1.2"
                    ]
                  }
                ],
                "domain_name": "jaq6lqpi3i.execute-api.us-east-1.amazonaws.com",
                "origin_access_control_id": "",
                "origin_id": "API-GW-jaq6lqpi3i",
                "origin_path": "",
                "origin_shield": [],
                "s3_origin_config": []
              },
              {
                "connection_attempts": 3,
                "connection_timeout": 10,
                "custom_header": [],
                "custom_origin_config": [],
                "domain_name": "www.galar.dev.condor.com.s3.us-east-1.amazonaws.com",
                "origin_access_control_id": "",
                "origin_id": "galar.dev.condor.com",
                "origin_path": "",
                "origin_shield": [],
                "s3_origin_config": [
                  {
                    "origin_access_identity": "origin-access-identity/cloudfront/E1QC7NFFCYKY5D"
                  }
                ]
              }
            ],
            "origin_group": [],
            "price_class": "PriceClass_All",
            "restrictions": [
              {
                "geo_restriction": [
                  {
                    "locations": [],
                    "restriction_type": "none"
                  }
                ]
              }
            ],
            "retain_on_delete": false,
            "staging": false,
            "status": "Deployed",
            "tags": {
              "Name": "main"
            },
            "tags_all": {
              "Name": "main"
            },
            "trusted_key_groups": [
              {
                "enabled": false,
                "items": []
              }
            ],
            "trusted_signers": [
              {
                "enabled": false,
                "items": []
              }
            ],
            "viewer_certificate": [
              {
                "acm_certificate_arn": "",
                "cloudfront_default_certificate": true,
                "iam_certificate_id": "",
                "minimum_protocol_version": "TLSv1",
                "ssl_support_method": ""
              }
            ],
            "wait_for_deployment": true,
            "web_acl_id": ""
          },
          "sensitive_attributes": [],
          "private": "eyJzY2hlbWFfdmVyc2lvbiI6IjEifQ==",
          "dependencies": [
            "data.aws_region.current",
            "module.api_gateway.aws_api_gateway_rest_api.this",
            "module.cloudfront.aws_cloudfront_origin_access_identity.oai",
            "module.frontend.aws_s3_bucket.frontend",
            "module.frontend.aws_s3_bucket.reports",
            "module.frontend.aws_s3_bucket.www",
            "module.frontend.aws_s3_bucket_acl.frontend",
            "module.frontend.aws_s3_bucket_acl.reports",
            "module.frontend.aws_s3_bucket_acl.www",
            "module.frontend.aws_s3_bucket_logging.this",
            "module.frontend.aws_s3_bucket_logging.www",
            "module.frontend.aws_s3_bucket_ownership_controls.frontend",
            "module.frontend.aws_s3_bucket_ownership_controls.reports",
            "module.frontend.aws_s3_bucket_ownership_controls.www",
            "module.frontend.aws_s3_bucket_public_access_block.frontend",
            "module.frontend.aws_s3_bucket_public_access_block.reports",
            "module.frontend.aws_s3_bucket_public_access_block.www",
            "module.frontend.aws_s3_bucket_server_side_encryption_configuration.frontend",
            "module.frontend.aws_s3_bucket_server_side_encryption_configuration.reports",
            "module.frontend.aws_s3_bucket_server_side_encryption_configuration.www",
            "module.frontend.aws_s3_bucket_website_configuration.frontend",
            "module.frontend.aws_s3_bucket_website_configuration.www",
            "module.frontend.aws_s3_object.frontend",
            "module.frontend.module.logs.aws_s3_bucket.this",
            "module.frontend.module.logs.aws_s3_bucket_accelerate_configuration.this",
            "module.frontend.module.logs.aws_s3_bucket_acl.this",
            "module.frontend.module.logs.aws_s3_bucket_analytics_configuration.this",
            "module.frontend.module.logs.aws_s3_bucket_cors_configuration.this",
            "module.frontend.module.logs.aws_s3_bucket_intelligent_tiering_configuration.this",
            "module.frontend.module.logs.aws_s3_bucket_inventory.this",
            "module.frontend.module.logs.aws_s3_bucket_lifecycle_configuration.this",
            "module.frontend.module.logs.aws_s3_bucket_logging.this",
            "module.frontend.module.logs.aws_s3_bucket_metric.this",
            "module.frontend.module.logs.aws_s3_bucket_object_lock_configuration.this",
            "module.frontend.module.logs.aws_s3_bucket_ownership_controls.this",
            "module.frontend.module.logs.aws_s3_bucket_policy.this",
            "module.frontend.module.logs.aws_s3_bucket_public_access_block.this",
            "module.frontend.module.logs.aws_s3_bucket_replication_configuration.this",
            "module.frontend.module.logs.aws_s3_bucket_request_payment_configuration.this",
            "module.frontend.module.logs.aws_s3_bucket_server_side_encryption_configuration.this",
            "module.frontend.module.logs.aws_s3_bucket_versioning.this",
            "module.frontend.module.logs.aws_s3_bucket_website_configuration.this",
            "module.frontend.module.logs.data.aws_caller_identity.current",
            "module.frontend.module.logs.data.aws_canonical_user_id.this",
            "module.frontend.module.logs.data.aws_iam_policy_document.access_log_delivery",
            "module.frontend.module.logs.data.aws_iam_policy_document.combined",
            "module.frontend.module.logs.data.aws_iam_policy_document.deny_incorrect_encryption_headers",
            "module.frontend.module.logs.data.aws_iam_policy_document.deny_incorrect_kms_key_sse",
            "module.frontend.module.logs.data.aws_iam_policy_document.deny_insecure_transport",
            "module.frontend.module.logs.data.aws_iam_policy_document.deny_unencrypted_object_uploads",
            "module.frontend.module.logs.data.aws_iam_policy_document.elb_log_delivery",
            "module.frontend.module.logs.data.aws_iam_policy_document.inventory_and_analytics_destination_policy",
            "module.frontend.module.logs.data.aws_iam_policy_document.lb_log_delivery",
            "module.frontend.module.logs.data.aws_iam_policy_document.require_latest_tls",
            "module.frontend.module.logs.data.aws_partition.current",
            "module.frontend.module.logs.data.aws_region.current"
          ]
        }
      ]
    },
    {
      "module": "module.cloudfront",
      "mode": "managed",
      "type": "aws_cloudfront_origin_access_identity",
      "name": "oai",
      "provider": "provider[\"registry.terraform.io/hashicorp/aws\"]",
      "instances": [
        {
          "schema_version": 0,
          "attributes": {
            "caller_reference": "terraform-20231220154402662500000002",
            "cloudfront_access_identity_path": "origin-access-identity/cloudfront/E1QC7NFFCYKY5D",
            "comment": "OAI for our domain",
            "etag": "E1DK9LQN6H1JH4",
            "iam_arn": "arn:aws:iam::cloudfront:user/CloudFront Origin Access Identity E1QC7NFFCYKY5D",
            "id": "E1QC7NFFCYKY5D",
            "s3_canonical_user_id": "a989ff6dd8a34704b2772b8a688c83ea8aabc2dfc7e9ca9876ce88ee75684e2f0a77b667640a913b18863a5f565bf8b2"
          },
          "sensitive_attributes": [],
          "private": "bnVsbA==",
          "dependencies": [
            "module.frontend.aws_s3_bucket.frontend",
            "module.frontend.aws_s3_bucket.reports",
            "module.frontend.aws_s3_bucket.www",
            "module.frontend.aws_s3_bucket_acl.frontend",
            "module.frontend.aws_s3_bucket_acl.reports",
            "module.frontend.aws_s3_bucket_acl.www",
            "module.frontend.aws_s3_bucket_logging.this",
            "module.frontend.aws_s3_bucket_logging.www",
            "module.frontend.aws_s3_bucket_ownership_controls.frontend",
            "module.frontend.aws_s3_bucket_ownership_controls.reports",
            "module.frontend.aws_s3_bucket_ownership_controls.www",
            "module.frontend.aws_s3_bucket_public_access_block.frontend",
            "module.frontend.aws_s3_bucket_public_access_block.reports",
            "module.frontend.aws_s3_bucket_public_access_block.www",
            "module.frontend.aws_s3_bucket_server_side_encryption_configuration.frontend",
            "module.frontend.aws_s3_bucket_server_side_encryption_configuration.reports",
            "module.frontend.aws_s3_bucket_server_side_encryption_configuration.www",
            "module.frontend.aws_s3_bucket_website_configuration.frontend",
            "module.frontend.aws_s3_bucket_website_configuration.www",
            "module.frontend.aws_s3_object.frontend",
            "module.frontend.module.logs.aws_s3_bucket.this",
            "module.frontend.module.logs.aws_s3_bucket_accelerate_configuration.this",
            "module.frontend.module.logs.aws_s3_bucket_acl.this",
            "module.frontend.module.logs.aws_s3_bucket_analytics_configuration.this",
            "module.frontend.module.logs.aws_s3_bucket_cors_configuration.this",
            "module.frontend.module.logs.aws_s3_bucket_intelligent_tiering_configuration.this",
            "module.frontend.module.logs.aws_s3_bucket_inventory.this",
            "module.frontend.module.logs.aws_s3_bucket_lifecycle_configuration.this",
            "module.frontend.module.logs.aws_s3_bucket_logging.this",
            "module.frontend.module.logs.aws_s3_bucket_metric.this",
            "module.frontend.module.logs.aws_s3_bucket_object_lock_configuration.this",
            "module.frontend.module.logs.aws_s3_bucket_ownership_controls.this",
            "module.frontend.module.logs.aws_s3_bucket_policy.this",
            "module.frontend.module.logs.aws_s3_bucket_public_access_block.this",
            "module.frontend.module.logs.aws_s3_bucket_replication_configuration.this",
            "module.frontend.module.logs.aws_s3_bucket_request_payment_configuration.this",
            "module.frontend.module.logs.aws_s3_bucket_server_side_encryption_configuration.this",
            "module.frontend.module.logs.aws_s3_bucket_versioning.this",
            "module.frontend.module.logs.aws_s3_bucket_website_configuration.this",
            "module.frontend.module.logs.data.aws_caller_identity.current",
            "module.frontend.module.logs.data.aws_canonical_user_id.this",
            "module.frontend.module.logs.data.aws_iam_policy_document.access_log_delivery",
            "module.frontend.module.logs.data.aws_iam_policy_document.combined",
            "module.frontend.module.logs.data.aws_iam_policy_document.deny_incorrect_encryption_headers",
            "module.frontend.module.logs.data.aws_iam_policy_document.deny_incorrect_kms_key_sse",
            "module.frontend.module.logs.data.aws_iam_policy_document.deny_insecure_transport",
            "module.frontend.module.logs.data.aws_iam_policy_document.deny_unencrypted_object_uploads",
            "module.frontend.module.logs.data.aws_iam_policy_document.elb_log_delivery",
            "module.frontend.module.logs.data.aws_iam_policy_document.inventory_and_analytics_destination_policy",
            "module.frontend.module.logs.data.aws_iam_policy_document.lb_log_delivery",
            "module.frontend.module.logs.data.aws_iam_policy_document.require_latest_tls",
            "module.frontend.module.logs.data.aws_partition.current",
            "module.frontend.module.logs.data.aws_region.current"
          ]
        }
      ]
    },
    {
      "module": "module.cloudfront",
      "mode": "managed",
      "type": "aws_s3_bucket_policy",
      "name": "OAI_policy",
      "provider": "provider[\"registry.terraform.io/hashicorp/aws\"]",
      "instances": [
        {
          "schema_version": 0,
          "attributes": {
            "bucket": "galar.dev.condor.com",
            "id": "galar.dev.condor.com",
            "policy": "{\"Statement\":[{\"Action\":\"s3:GetObject\",\"Effect\":\"Allow\",\"Principal\":{\"AWS\":\"arn:aws:iam::cloudfront:user/CloudFront Origin Access Identity E1QC7NFFCYKY5D\"},\"Resource\":[\"arn:aws:s3:::galar.dev.condor.com/*\",\"arn:aws:s3:::galar.dev.condor.com\"],\"Sid\":\"PublicReadGetObject\"}],\"Version\":\"2012-10-17\"}"
          },
          "sensitive_attributes": [],
          "private": "bnVsbA==",
          "dependencies": [
            "module.cloudfront.aws_cloudfront_origin_access_identity.oai",
            "module.cloudfront.data.aws_iam_policy_document.frontend_OAI_policy",
            "module.frontend.aws_s3_bucket.frontend",
            "module.frontend.aws_s3_bucket.reports",
            "module.frontend.aws_s3_bucket.www",
            "module.frontend.aws_s3_bucket_acl.frontend",
            "module.frontend.aws_s3_bucket_acl.reports",
            "module.frontend.aws_s3_bucket_acl.www",
            "module.frontend.aws_s3_bucket_logging.this",
            "module.frontend.aws_s3_bucket_logging.www",
            "module.frontend.aws_s3_bucket_ownership_controls.frontend",
            "module.frontend.aws_s3_bucket_ownership_controls.reports",
            "module.frontend.aws_s3_bucket_ownership_controls.www",
            "module.frontend.aws_s3_bucket_public_access_block.frontend",
            "module.frontend.aws_s3_bucket_public_access_block.reports",
            "module.frontend.aws_s3_bucket_public_access_block.www",
            "module.frontend.aws_s3_bucket_server_side_encryption_configuration.frontend",
            "module.frontend.aws_s3_bucket_server_side_encryption_configuration.reports",
            "module.frontend.aws_s3_bucket_server_side_encryption_configuration.www",
            "module.frontend.aws_s3_bucket_website_configuration.frontend",
            "module.frontend.aws_s3_bucket_website_configuration.www",
            "module.frontend.aws_s3_object.frontend",
            "module.frontend.module.logs.aws_s3_bucket.this",
            "module.frontend.module.logs.aws_s3_bucket_accelerate_configuration.this",
            "module.frontend.module.logs.aws_s3_bucket_acl.this",
            "module.frontend.module.logs.aws_s3_bucket_analytics_configuration.this",
            "module.frontend.module.logs.aws_s3_bucket_cors_configuration.this",
            "module.frontend.module.logs.aws_s3_bucket_intelligent_tiering_configuration.this",
            "module.frontend.module.logs.aws_s3_bucket_inventory.this",
            "module.frontend.module.logs.aws_s3_bucket_lifecycle_configuration.this",
            "module.frontend.module.logs.aws_s3_bucket_logging.this",
            "module.frontend.module.logs.aws_s3_bucket_metric.this",
            "module.frontend.module.logs.aws_s3_bucket_object_lock_configuration.this",
            "module.frontend.module.logs.aws_s3_bucket_ownership_controls.this",
            "module.frontend.module.logs.aws_s3_bucket_policy.this",
            "module.frontend.module.logs.aws_s3_bucket_public_access_block.this",
            "module.frontend.module.logs.aws_s3_bucket_replication_configuration.this",
            "module.frontend.module.logs.aws_s3_bucket_request_payment_configuration.this",
            "module.frontend.module.logs.aws_s3_bucket_server_side_encryption_configuration.this",
            "module.frontend.module.logs.aws_s3_bucket_versioning.this",
            "module.frontend.module.logs.aws_s3_bucket_website_configuration.this",
            "module.frontend.module.logs.data.aws_caller_identity.current",
            "module.frontend.module.logs.data.aws_canonical_user_id.this",
            "module.frontend.module.logs.data.aws_iam_policy_document.access_log_delivery",
            "module.frontend.module.logs.data.aws_iam_policy_document.combined",
            "module.frontend.module.logs.data.aws_iam_policy_document.deny_incorrect_encryption_headers",
            "module.frontend.module.logs.data.aws_iam_policy_document.deny_incorrect_kms_key_sse",
            "module.frontend.module.logs.data.aws_iam_policy_document.deny_insecure_transport",
            "module.frontend.module.logs.data.aws_iam_policy_document.deny_unencrypted_object_uploads",
            "module.frontend.module.logs.data.aws_iam_policy_document.elb_log_delivery",
            "module.frontend.module.logs.data.aws_iam_policy_document.inventory_and_analytics_destination_policy",
            "module.frontend.module.logs.data.aws_iam_policy_document.lb_log_delivery",
            "module.frontend.module.logs.data.aws_iam_policy_document.require_latest_tls",
            "module.frontend.module.logs.data.aws_partition.current",
            "module.frontend.module.logs.data.aws_region.current"
          ]
        }
      ]
    },
    {
      "module": "module.cognito",
      "mode": "managed",
      "type": "aws_cognito_user_pool",
      "name": "this",
      "provider": "provider[\"registry.terraform.io/hashicorp/aws\"]",
      "instances": [
        {
          "schema_version": 0,
          "attributes": {
            "account_recovery_setting": [
              {
                "recovery_mechanism": [
                  {
                    "name": "verified_email",
                    "priority": 1
                  },
                  {
                    "name": "verified_phone_number",
                    "priority": 2
                  }
                ]
              }
            ],
            "admin_create_user_config": [
              {
                "allow_admin_create_user_only": false,
                "invite_message_template": []
              }
            ],
            "alias_attributes": [
              "email"
            ],
            "arn": "arn:aws:cognito-idp:us-east-1:202815206333:userpool/us-east-1_5NGsIq62A",
            "auto_verified_attributes": [
              "email"
            ],
            "creation_date": "2023-12-20T15:38:58Z",
            "custom_domain": "",
            "deletion_protection": "INACTIVE",
            "device_configuration": [],
            "domain": "",
            "email_configuration": [
              {
                "configuration_set": "",
                "email_sending_account": "COGNITO_DEFAULT",
                "from_email_address": "",
                "reply_to_email_address": "",
                "source_arn": ""
              }
            ],
            "email_verification_message": "Please use the following code: {####}",
            "email_verification_subject": "Your Verification Code",
            "endpoint": "cognito-idp.us-east-1.amazonaws.com/us-east-1_5NGsIq62A",
            "estimated_number_of_users": 0,
            "id": "us-east-1_5NGsIq62A",
            "lambda_config": [],
            "last_modified_date": "2023-12-20T15:53:59Z",
            "mfa_configuration": "OFF",
            "name": "this",
            "password_policy": [
              {
                "minimum_length": 6,
                "require_lowercase": true,
                "require_numbers": true,
                "require_symbols": true,
                "require_uppercase": true,
                "temporary_password_validity_days": 7
              }
            ],
            "schema": [
              {
                "attribute_data_type": "String",
                "developer_only_attribute": false,
                "mutable": true,
                "name": "email",
                "number_attribute_constraints": [],
                "required": true,
                "string_attribute_constraints": [
                  {
                    "max_length": "256",
                    "min_length": "4"
                  }
                ]
              },
              {
                "attribute_data_type": "String",
                "developer_only_attribute": false,
                "mutable": true,
                "name": "name",
                "number_attribute_constraints": [],
                "required": true,
                "string_attribute_constraints": [
                  {
                    "max_length": "256",
                    "min_length": "3"
                  }
                ]
              }
            ],
            "sms_authentication_message": "",
            "sms_configuration": [],
            "sms_verification_message": "",
            "software_token_mfa_configuration": [],
            "tags": {},
            "tags_all": {},
            "user_attribute_update_settings": [],
            "user_pool_add_ons": [],
            "username_attributes": [],
            "username_configuration": [
              {
                "case_sensitive": false
              }
            ],
            "verification_message_template": [
              {
                "default_email_option": "CONFIRM_WITH_CODE",
                "email_message": "Please use the following code: {####}",
                "email_message_by_link": "",
                "email_subject": "Your Verification Code",
                "email_subject_by_link": "",
                "sms_message": ""
              }
            ]
          },
          "sensitive_attributes": [],
          "private": "bnVsbA=="
        }
      ]
    },
    {
      "module": "module.cognito",
      "mode": "managed",
      "type": "aws_cognito_user_pool_client",
      "name": "this",
      "provider": "provider[\"registry.terraform.io/hashicorp/aws\"]",
      "instances": [
        {
          "schema_version": 0,
          "attributes": {
            "access_token_validity": 0,
            "allowed_oauth_flows": [],
            "allowed_oauth_flows_user_pool_client": false,
            "allowed_oauth_scopes": [],
            "analytics_configuration": [],
            "auth_session_validity": 3,
            "callback_urls": [],
            "client_secret": "",
            "default_redirect_uri": "",
            "enable_propagate_additional_user_context_data": false,
            "enable_token_revocation": true,
            "explicit_auth_flows": [
              "ALLOW_ADMIN_USER_PASSWORD_AUTH",
              "ALLOW_REFRESH_TOKEN_AUTH",
              "ALLOW_USER_PASSWORD_AUTH"
            ],
            "generate_secret": null,
            "id": "5edsddrch1cj7akf666u16sotc",
            "id_token_validity": 0,
            "logout_urls": [],
            "name": "this",
            "prevent_user_existence_errors": "",
            "read_attributes": [],
            "refresh_token_validity": 30,
            "supported_identity_providers": [],
            "token_validity_units": [],
            "user_pool_id": "us-east-1_5NGsIq62A",
            "write_attributes": []
          },
          "sensitive_attributes": [],
          "dependencies": [
            "module.cognito.aws_cognito_user_pool.this"
          ]
        }
      ]
    },
    {
      "module": "module.database_security_group",
      "mode": "managed",
      "type": "aws_security_group",
      "name": "this",
      "provider": "provider[\"registry.terraform.io/hashicorp/aws\"]",
      "instances": [
        {
          "schema_version": 1,
          "attributes": {
            "arn": "arn:aws:ec2:us-east-1:202815206333:security-group/sg-0bce4cff53b9d20ca",
            "description": "Security group for the dynamodb layer",
            "egress": [],
            "id": "sg-0bce4cff53b9d20ca",
            "ingress": [],
            "name": "database_security_group",
            "name_prefix": "",
            "owner_id": "202815206333",
            "revoke_rules_on_delete": false,
            "tags": null,
            "tags_all": {},
            "timeouts": null,
            "vpc_id": "vpc-01bbdc243bd5b431d"
          },
          "sensitive_attributes": [],
          "private": "eyJlMmJmYjczMC1lY2FhLTExZTYtOGY4OC0zNDM2M2JjN2M0YzAiOnsiY3JlYXRlIjo2MDAwMDAwMDAwMDAsImRlbGV0ZSI6OTAwMDAwMDAwMDAwfSwic2NoZW1hX3ZlcnNpb24iOiIxIn0=",
          "dependencies": [
            "data.aws_availability_zones.available",
            "data.aws_iam_policy_document.dynamodb_endpoint_policy",
            "module.vpc.aws_cloudwatch_log_group.flow_log",
            "module.vpc.aws_customer_gateway.this",
            "module.vpc.aws_db_subnet_group.database",
            "module.vpc.aws_default_network_acl.this",
            "module.vpc.aws_default_route_table.default",
            "module.vpc.aws_default_security_group.this",
            "module.vpc.aws_default_vpc.this",
            "module.vpc.aws_egress_only_internet_gateway.this",
            "module.vpc.aws_eip.nat",
            "module.vpc.aws_elasticache_subnet_group.elasticache",
            "module.vpc.aws_flow_log.this",
            "module.vpc.aws_iam_policy.vpc_flow_log_cloudwatch",
            "module.vpc.aws_iam_role.vpc_flow_log_cloudwatch",
            "module.vpc.aws_iam_role_policy_attachment.vpc_flow_log_cloudwatch",
            "module.vpc.aws_internet_gateway.this",
            "module.vpc.aws_nat_gateway.this",
            "module.vpc.aws_network_acl.database",
            "module.vpc.aws_network_acl.elasticache",
            "module.vpc.aws_network_acl.intra",
            "module.vpc.aws_network_acl.outpost",
            "module.vpc.aws_network_acl.private",
            "module.vpc.aws_network_acl.public",
            "module.vpc.aws_network_acl.redshift",
            "module.vpc.aws_network_acl_rule.database_inbound",
            "module.vpc.aws_network_acl_rule.database_outbound",
            "module.vpc.aws_network_acl_rule.elasticache_inbound",
            "module.vpc.aws_network_acl_rule.elasticache_outbound",
            "module.vpc.aws_network_acl_rule.intra_inbound",
            "module.vpc.aws_network_acl_rule.intra_outbound",
            "module.vpc.aws_network_acl_rule.outpost_inbound",
            "module.vpc.aws_network_acl_rule.outpost_outbound",
            "module.vpc.aws_network_acl_rule.private_inbound",
            "module.vpc.aws_network_acl_rule.private_outbound",
            "module.vpc.aws_network_acl_rule.public_inbound",
            "module.vpc.aws_network_acl_rule.public_outbound",
            "module.vpc.aws_network_acl_rule.redshift_inbound",
            "module.vpc.aws_network_acl_rule.redshift_outbound",
            "module.vpc.aws_redshift_subnet_group.redshift",
            "module.vpc.aws_route.database_dns64_nat_gateway",
            "module.vpc.aws_route.database_internet_gateway",
            "module.vpc.aws_route.database_ipv6_egress",
            "module.vpc.aws_route.database_nat_gateway",
            "module.vpc.aws_route.private_dns64_nat_gateway",
            "module.vpc.aws_route.private_ipv6_egress",
            "module.vpc.aws_route.private_nat_gateway",
            "module.vpc.aws_route.public_internet_gateway",
            "module.vpc.aws_route.public_internet_gateway_ipv6",
            "module.vpc.aws_route_table.database",
            "module.vpc.aws_route_table.elasticache",
            "module.vpc.aws_route_table.intra",
            "module.vpc.aws_route_table.private",
            "module.vpc.aws_route_table.public",
            "module.vpc.aws_route_table.redshift",
            "module.vpc.aws_route_table_association.database",
            "module.vpc.aws_route_table_association.elasticache",
            "module.vpc.aws_route_table_association.intra",
            "module.vpc.aws_route_table_association.outpost",
            "module.vpc.aws_route_table_association.private",
            "module.vpc.aws_route_table_association.public",
            "module.vpc.aws_route_table_association.redshift",
            "module.vpc.aws_route_table_association.redshift_public",
            "module.vpc.aws_subnet.database",
            "module.vpc.aws_subnet.elasticache",
            "module.vpc.aws_subnet.intra",
            "module.vpc.aws_subnet.outpost",
            "module.vpc.aws_subnet.private",
            "module.vpc.aws_subnet.public",
            "module.vpc.aws_subnet.redshift",
            "module.vpc.aws_vpc.this",
            "module.vpc.aws_vpc_dhcp_options.this",
            "module.vpc.aws_vpc_dhcp_options_association.this",
            "module.vpc.aws_vpc_ipv4_cidr_block_association.this",
            "module.vpc.aws_vpn_gateway.this",
            "module.vpc.aws_vpn_gateway_attachment.this",
            "module.vpc.aws_vpn_gateway_route_propagation.intra",
            "module.vpc.aws_vpn_gateway_route_propagation.private",
            "module.vpc.aws_vpn_gateway_route_propagation.public",
            "module.vpc.data.aws_iam_policy_document.flow_log_cloudwatch_assume_role",
            "module.vpc.data.aws_iam_policy_document.vpc_flow_log_cloudwatch",
            "module.vpc_endpoints.aws_security_group.this",
            "module.vpc_endpoints.aws_security_group_rule.this",
            "module.vpc_endpoints.aws_vpc_endpoint.this",
            "module.vpc_endpoints.data.aws_vpc_endpoint_service.this"
          ]
        }
      ]
    },
    {
      "module": "module.database_security_group",
      "mode": "managed",
      "type": "aws_vpc_security_group_egress_rule",
      "name": "this",
      "provider": "provider[\"registry.terraform.io/hashicorp/aws\"]",
      "instances": [
        {
          "index_key": 0,
          "schema_version": 0,
          "attributes": {
            "arn": "arn:aws:ec2:us-east-1:202815206333:security-group-rule/sgr-0a6be6a8e8f7380ea",
            "cidr_ipv4": null,
            "cidr_ipv6": null,
            "description": "Allow traffic from the application layer",
            "from_port": 443,
            "id": "sgr-0a6be6a8e8f7380ea",
            "ip_protocol": "tcp",
            "prefix_list_id": "pl-02cd2c6b",
            "referenced_security_group_id": null,
            "security_group_id": "sg-0bce4cff53b9d20ca",
            "security_group_rule_id": "sgr-0a6be6a8e8f7380ea",
            "tags": null,
            "tags_all": {},
            "to_port": 443
          },
          "sensitive_attributes": [],
          "dependencies": [
            "data.aws_availability_zones.available",
            "data.aws_iam_policy_document.dynamodb_endpoint_policy",
            "module.database_security_group.aws_security_group.this",
            "module.vpc.aws_cloudwatch_log_group.flow_log",
            "module.vpc.aws_customer_gateway.this",
            "module.vpc.aws_db_subnet_group.database",
            "module.vpc.aws_default_network_acl.this",
            "module.vpc.aws_default_route_table.default",
            "module.vpc.aws_default_security_group.this",
            "module.vpc.aws_default_vpc.this",
            "module.vpc.aws_egress_only_internet_gateway.this",
            "module.vpc.aws_eip.nat",
            "module.vpc.aws_elasticache_subnet_group.elasticache",
            "module.vpc.aws_flow_log.this",
            "module.vpc.aws_iam_policy.vpc_flow_log_cloudwatch",
            "module.vpc.aws_iam_role.vpc_flow_log_cloudwatch",
            "module.vpc.aws_iam_role_policy_attachment.vpc_flow_log_cloudwatch",
            "module.vpc.aws_internet_gateway.this",
            "module.vpc.aws_nat_gateway.this",
            "module.vpc.aws_network_acl.database",
            "module.vpc.aws_network_acl.elasticache",
            "module.vpc.aws_network_acl.intra",
            "module.vpc.aws_network_acl.outpost",
            "module.vpc.aws_network_acl.private",
            "module.vpc.aws_network_acl.public",
            "module.vpc.aws_network_acl.redshift",
            "module.vpc.aws_network_acl_rule.database_inbound",
            "module.vpc.aws_network_acl_rule.database_outbound",
            "module.vpc.aws_network_acl_rule.elasticache_inbound",
            "module.vpc.aws_network_acl_rule.elasticache_outbound",
            "module.vpc.aws_network_acl_rule.intra_inbound",
            "module.vpc.aws_network_acl_rule.intra_outbound",
            "module.vpc.aws_network_acl_rule.outpost_inbound",
            "module.vpc.aws_network_acl_rule.outpost_outbound",
            "module.vpc.aws_network_acl_rule.private_inbound",
            "module.vpc.aws_network_acl_rule.private_outbound",
            "module.vpc.aws_network_acl_rule.public_inbound",
            "module.vpc.aws_network_acl_rule.public_outbound",
            "module.vpc.aws_network_acl_rule.redshift_inbound",
            "module.vpc.aws_network_acl_rule.redshift_outbound",
            "module.vpc.aws_redshift_subnet_group.redshift",
            "module.vpc.aws_route.database_dns64_nat_gateway",
            "module.vpc.aws_route.database_internet_gateway",
            "module.vpc.aws_route.database_ipv6_egress",
            "module.vpc.aws_route.database_nat_gateway",
            "module.vpc.aws_route.private_dns64_nat_gateway",
            "module.vpc.aws_route.private_ipv6_egress",
            "module.vpc.aws_route.private_nat_gateway",
            "module.vpc.aws_route.public_internet_gateway",
            "module.vpc.aws_route.public_internet_gateway_ipv6",
            "module.vpc.aws_route_table.database",
            "module.vpc.aws_route_table.elasticache",
            "module.vpc.aws_route_table.intra",
            "module.vpc.aws_route_table.private",
            "module.vpc.aws_route_table.public",
            "module.vpc.aws_route_table.redshift",
            "module.vpc.aws_route_table_association.database",
            "module.vpc.aws_route_table_association.elasticache",
            "module.vpc.aws_route_table_association.intra",
            "module.vpc.aws_route_table_association.outpost",
            "module.vpc.aws_route_table_association.private",
            "module.vpc.aws_route_table_association.public",
            "module.vpc.aws_route_table_association.redshift",
            "module.vpc.aws_route_table_association.redshift_public",
            "module.vpc.aws_subnet.database",
            "module.vpc.aws_subnet.elasticache",
            "module.vpc.aws_subnet.intra",
            "module.vpc.aws_subnet.outpost",
            "module.vpc.aws_subnet.private",
            "module.vpc.aws_subnet.public",
            "module.vpc.aws_subnet.redshift",
            "module.vpc.aws_vpc.this",
            "module.vpc.aws_vpc_dhcp_options.this",
            "module.vpc.aws_vpc_dhcp_options_association.this",
            "module.vpc.aws_vpc_ipv4_cidr_block_association.this",
            "module.vpc.aws_vpn_gateway.this",
            "module.vpc.aws_vpn_gateway_attachment.this",
            "module.vpc.aws_vpn_gateway_route_propagation.intra",
            "module.vpc.aws_vpn_gateway_route_propagation.private",
            "module.vpc.aws_vpn_gateway_route_propagation.public",
            "module.vpc.data.aws_iam_policy_document.flow_log_cloudwatch_assume_role",
            "module.vpc.data.aws_iam_policy_document.vpc_flow_log_cloudwatch",
            "module.vpc_endpoints.aws_security_group.this",
            "module.vpc_endpoints.aws_security_group_rule.this",
            "module.vpc_endpoints.aws_vpc_endpoint.this",
            "module.vpc_endpoints.data.aws_vpc_endpoint_service.this"
          ]
        }
      ]
    },
    {
      "module": "module.dynamo",
      "mode": "managed",
      "type": "aws_dynamodb_table",
      "name": "this",
      "provider": "provider[\"registry.terraform.io/hashicorp/aws\"]",
      "instances": [
        {
          "schema_version": 1,
          "attributes": {
            "arn": "arn:aws:dynamodb:us-east-1:202815206333:table/condor-main",
            "attribute": [
              {
                "name": "PartitionKey",
                "type": "S"
              },
              {
                "name": "SortKey",
                "type": "S"
              }
            ],
            "billing_mode": "PAY_PER_REQUEST",
            "deletion_protection_enabled": false,
            "global_secondary_index": [],
            "hash_key": "PartitionKey",
            "id": "condor-main",
            "local_secondary_index": [],
            "name": "condor-main",
            "point_in_time_recovery": [
              {
                "enabled": false
              }
            ],
            "range_key": "SortKey",
            "read_capacity": 0,
            "replica": [],
            "restore_date_time": null,
            "restore_source_name": null,
            "restore_to_latest_time": null,
            "server_side_encryption": [],
            "stream_arn": "",
            "stream_enabled": false,
            "stream_label": "",
            "stream_view_type": "",
            "table_class": "STANDARD",
            "tags": {},
            "tags_all": {},
            "timeouts": null,
            "ttl": [
              {
                "attribute_name": "",
                "enabled": false
              }
            ],
            "write_capacity": 0
          },
          "sensitive_attributes": [],
          "private": "eyJlMmJmYjczMC1lY2FhLTExZTYtOGY4OC0zNDM2M2JjN2M0YzAiOnsiY3JlYXRlIjoxODAwMDAwMDAwMDAwLCJkZWxldGUiOjYwMDAwMDAwMDAwMCwidXBkYXRlIjozNjAwMDAwMDAwMDAwfSwic2NoZW1hX3ZlcnNpb24iOiIxIn0="
        }
      ]
    },
    {
      "module": "module.frontend",
      "mode": "managed",
      "type": "aws_s3_bucket",
      "name": "frontend",
      "provider": "provider[\"registry.terraform.io/hashicorp/aws\"]",
      "instances": [
        {
          "schema_version": 0,
          "attributes": {
            "acceleration_status": "",
            "acl": null,
            "arn": "arn:aws:s3:::galar.dev.condor.com",
            "bucket": "galar.dev.condor.com",
            "bucket_domain_name": "galar.dev.condor.com.s3.amazonaws.com",
            "bucket_prefix": "",
            "bucket_regional_domain_name": "galar.dev.condor.com.s3.us-east-1.amazonaws.com",
            "cors_rule": [],
            "force_destroy": true,
            "grant": [
              {
                "id": "fb471ab6d2290bc5104b6686f724bd24f5b7e2f65a4423195b18157842e36074",
                "permissions": [
                  "FULL_CONTROL"
                ],
                "type": "CanonicalUser",
                "uri": ""
              }
            ],
            "hosted_zone_id": "Z3AQBSTGFYJSTF",
            "id": "galar.dev.condor.com",
            "lifecycle_rule": [],
            "logging": [
              {
                "target_bucket": "galar.dev.condor.com-logs20231220153856878800000001",
                "target_prefix": "log/"
              }
            ],
            "object_lock_configuration": [],
            "object_lock_enabled": false,
            "policy": "{\"Statement\":[{\"Action\":\"s3:GetObject\",\"Effect\":\"Allow\",\"Principal\":{\"AWS\":\"arn:aws:iam::cloudfront:user/CloudFront Origin Access Identity E1QC7NFFCYKY5D\"},\"Resource\":[\"arn:aws:s3:::galar.dev.condor.com/*\",\"arn:aws:s3:::galar.dev.condor.com\"],\"Sid\":\"PublicReadGetObject\"}],\"Version\":\"2012-10-17\"}",
            "region": "us-east-1",
            "replication_configuration": [],
            "request_payer": "BucketOwner",
            "server_side_encryption_configuration": [
              {
                "rule": [
                  {
                    "apply_server_side_encryption_by_default": [
                      {
                        "kms_master_key_id": "",
                        "sse_algorithm": "AES256"
                      }
                    ],
                    "bucket_key_enabled": false
                  }
                ]
              }
            ],
            "tags": {
              "type": "frontend"
            },
            "tags_all": {
              "type": "frontend"
            },
            "timeouts": null,
            "versioning": [
              {
                "enabled": false,
                "mfa_delete": false
              }
            ],
            "website": [
              {
                "error_document": "index.html",
                "index_document": "index.html",
                "redirect_all_requests_to": "",
                "routing_rules": ""
              }
            ],
            "website_domain": "s3-website-us-east-1.amazonaws.com",
            "website_endpoint": "galar.dev.condor.com.s3-website-us-east-1.amazonaws.com"
          },
          "sensitive_attributes": [],
          "private": "eyJlMmJmYjczMC1lY2FhLTExZTYtOGY4OC0zNDM2M2JjN2M0YzAiOnsiY3JlYXRlIjoxMjAwMDAwMDAwMDAwLCJkZWxldGUiOjM2MDAwMDAwMDAwMDAsInJlYWQiOjEyMDAwMDAwMDAwMDAsInVwZGF0ZSI6MTIwMDAwMDAwMDAwMH19"
        }
      ]
    },
    {
      "module": "module.frontend",
      "mode": "managed",
      "type": "aws_s3_bucket",
      "name": "reports",
      "provider": "provider[\"registry.terraform.io/hashicorp/aws\"]",
      "instances": [
        {
          "schema_version": 0,
          "attributes": {
            "acceleration_status": "",
            "acl": null,
            "arn": "arn:aws:s3:::reportes.dev.condor.com",
            "bucket": "reportes.dev.condor.com",
            "bucket_domain_name": "reportes.dev.condor.com.s3.amazonaws.com",
            "bucket_prefix": "",
            "bucket_regional_domain_name": "reportes.dev.condor.com.s3.us-east-1.amazonaws.com",
            "cors_rule": [],
            "force_destroy": true,
            "grant": [
              {
                "id": "fb471ab6d2290bc5104b6686f724bd24f5b7e2f65a4423195b18157842e36074",
                "permissions": [
                  "FULL_CONTROL"
                ],
                "type": "CanonicalUser",
                "uri": ""
              }
            ],
            "hosted_zone_id": "Z3AQBSTGFYJSTF",
            "id": "reportes.dev.condor.com",
            "lifecycle_rule": [],
            "logging": [],
            "object_lock_configuration": [],
            "object_lock_enabled": false,
            "policy": "",
            "region": "us-east-1",
            "replication_configuration": [],
            "request_payer": "BucketOwner",
            "server_side_encryption_configuration": [
              {
                "rule": [
                  {
                    "apply_server_side_encryption_by_default": [
                      {
                        "kms_master_key_id": "",
                        "sse_algorithm": "AES256"
                      }
                    ],
                    "bucket_key_enabled": false
                  }
                ]
              }
            ],
            "tags": {
              "type": "reports"
            },
            "tags_all": {
              "type": "reports"
            },
            "timeouts": null,
            "versioning": [
              {
                "enabled": false,
                "mfa_delete": false
              }
            ],
            "website": [],
            "website_domain": null,
            "website_endpoint": null
          },
          "sensitive_attributes": [],
          "private": "eyJlMmJmYjczMC1lY2FhLTExZTYtOGY4OC0zNDM2M2JjN2M0YzAiOnsiY3JlYXRlIjoxMjAwMDAwMDAwMDAwLCJkZWxldGUiOjM2MDAwMDAwMDAwMDAsInJlYWQiOjEyMDAwMDAwMDAwMDAsInVwZGF0ZSI6MTIwMDAwMDAwMDAwMH19"
        }
      ]
    },
    {
      "module": "module.frontend",
      "mode": "managed",
      "type": "aws_s3_bucket",
      "name": "www",
      "provider": "provider[\"registry.terraform.io/hashicorp/aws\"]",
      "instances": [
        {
          "schema_version": 0,
          "attributes": {
            "acceleration_status": "",
            "acl": null,
            "arn": "arn:aws:s3:::www.galar.dev.condor.com",
            "bucket": "www.galar.dev.condor.com",
            "bucket_domain_name": "www.galar.dev.condor.com.s3.amazonaws.com",
            "bucket_prefix": "",
            "bucket_regional_domain_name": "www.galar.dev.condor.com.s3.us-east-1.amazonaws.com",
            "cors_rule": [],
            "force_destroy": true,
            "grant": [
              {
                "id": "fb471ab6d2290bc5104b6686f724bd24f5b7e2f65a4423195b18157842e36074",
                "permissions": [
                  "FULL_CONTROL"
                ],
                "type": "CanonicalUser",
                "uri": ""
              }
            ],
            "hosted_zone_id": "Z3AQBSTGFYJSTF",
            "id": "www.galar.dev.condor.com",
            "lifecycle_rule": [],
            "logging": [
              {
                "target_bucket": "galar.dev.condor.com-logs20231220153856878800000001",
                "target_prefix": "log/"
              }
            ],
            "object_lock_configuration": [],
            "object_lock_enabled": false,
            "policy": "",
            "region": "us-east-1",
            "replication_configuration": [],
            "request_payer": "BucketOwner",
            "server_side_encryption_configuration": [
              {
                "rule": [
                  {
                    "apply_server_side_encryption_by_default": [
                      {
                        "kms_master_key_id": "",
                        "sse_algorithm": "AES256"
                      }
                    ],
                    "bucket_key_enabled": false
                  }
                ]
              }
            ],
            "tags": {
              "type": "frontend"
            },
            "tags_all": {
              "type": "frontend"
            },
            "timeouts": null,
            "versioning": [
              {
                "enabled": false,
                "mfa_delete": false
              }
            ],
            "website": [
              {
                "error_document": "",
                "index_document": "",
                "redirect_all_requests_to": "galar.dev.condor.com.s3.amazonaws.com",
                "routing_rules": ""
              }
            ],
            "website_domain": "s3-website-us-east-1.amazonaws.com",
            "website_endpoint": "www.galar.dev.condor.com.s3-website-us-east-1.amazonaws.com"
          },
          "sensitive_attributes": [],
          "private": "eyJlMmJmYjczMC1lY2FhLTExZTYtOGY4OC0zNDM2M2JjN2M0YzAiOnsiY3JlYXRlIjoxMjAwMDAwMDAwMDAwLCJkZWxldGUiOjM2MDAwMDAwMDAwMDAsInJlYWQiOjEyMDAwMDAwMDAwMDAsInVwZGF0ZSI6MTIwMDAwMDAwMDAwMH19"
        }
      ]
    },
    {
      "module": "module.frontend",
      "mode": "managed",
      "type": "aws_s3_bucket_acl",
      "name": "frontend",
      "provider": "provider[\"registry.terraform.io/hashicorp/aws\"]",
      "instances": [
        {
          "schema_version": 0,
          "attributes": {
            "access_control_policy": [
              {
                "grant": [
                  {
                    "grantee": [
                      {
                        "display_name": "awslabsc0w6007053t1688001013",
                        "email_address": "",
                        "id": "fb471ab6d2290bc5104b6686f724bd24f5b7e2f65a4423195b18157842e36074",
                        "type": "CanonicalUser",
                        "uri": ""
                      }
                    ],
                    "permission": "FULL_CONTROL"
                  }
                ],
                "owner": [
                  {
                    "display_name": "awslabsc0w6007053t1688001013",
                    "id": "fb471ab6d2290bc5104b6686f724bd24f5b7e2f65a4423195b18157842e36074"
                  }
                ]
              }
            ],
            "acl": "private",
            "bucket": "galar.dev.condor.com",
            "expected_bucket_owner": "",
            "id": "galar.dev.condor.com,private"
          },
          "sensitive_attributes": [],
          "private": "bnVsbA==",
          "dependencies": [
            "module.frontend.aws_s3_bucket.frontend",
            "module.frontend.aws_s3_bucket_ownership_controls.frontend"
          ]
        }
      ]
    },
    {
      "module": "module.frontend",
      "mode": "managed",
      "type": "aws_s3_bucket_acl",
      "name": "reports",
      "provider": "provider[\"registry.terraform.io/hashicorp/aws\"]",
      "instances": [
        {
          "schema_version": 0,
          "attributes": {
            "access_control_policy": [
              {
                "grant": [
                  {
                    "grantee": [
                      {
                        "display_name": "awslabsc0w6007053t1688001013",
                        "email_address": "",
                        "id": "fb471ab6d2290bc5104b6686f724bd24f5b7e2f65a4423195b18157842e36074",
                        "type": "CanonicalUser",
                        "uri": ""
                      }
                    ],
                    "permission": "FULL_CONTROL"
                  }
                ],
                "owner": [
                  {
                    "display_name": "awslabsc0w6007053t1688001013",
                    "id": "fb471ab6d2290bc5104b6686f724bd24f5b7e2f65a4423195b18157842e36074"
                  }
                ]
              }
            ],
            "acl": "private",
            "bucket": "reportes.dev.condor.com",
            "expected_bucket_owner": "",
            "id": "reportes.dev.condor.com,private"
          },
          "sensitive_attributes": [],
          "private": "bnVsbA==",
          "dependencies": [
            "module.frontend.aws_s3_bucket.reports",
            "module.frontend.aws_s3_bucket_ownership_controls.reports"
          ]
        }
      ]
    },
    {
      "module": "module.frontend",
      "mode": "managed",
      "type": "aws_s3_bucket_acl",
      "name": "www",
      "provider": "provider[\"registry.terraform.io/hashicorp/aws\"]",
      "instances": [
        {
          "schema_version": 0,
          "attributes": {
            "access_control_policy": [
              {
                "grant": [
                  {
                    "grantee": [
                      {
                        "display_name": "awslabsc0w6007053t1688001013",
                        "email_address": "",
                        "id": "fb471ab6d2290bc5104b6686f724bd24f5b7e2f65a4423195b18157842e36074",
                        "type": "CanonicalUser",
                        "uri": ""
                      }
                    ],
                    "permission": "FULL_CONTROL"
                  }
                ],
                "owner": [
                  {
                    "display_name": "awslabsc0w6007053t1688001013",
                    "id": "fb471ab6d2290bc5104b6686f724bd24f5b7e2f65a4423195b18157842e36074"
                  }
                ]
              }
            ],
            "acl": "private",
            "bucket": "www.galar.dev.condor.com",
            "expected_bucket_owner": "",
            "id": "www.galar.dev.condor.com,private"
          },
          "sensitive_attributes": [],
          "private": "bnVsbA==",
          "dependencies": [
            "module.frontend.aws_s3_bucket.www",
            "module.frontend.aws_s3_bucket_ownership_controls.www"
          ]
        }
      ]
    },
    {
      "module": "module.frontend",
      "mode": "managed",
      "type": "aws_s3_bucket_logging",
      "name": "this",
      "provider": "provider[\"registry.terraform.io/hashicorp/aws\"]",
      "instances": [
        {
          "schema_version": 0,
          "attributes": {
            "bucket": "galar.dev.condor.com",
            "expected_bucket_owner": "",
            "id": "galar.dev.condor.com",
            "target_bucket": "galar.dev.condor.com-logs20231220153856878800000001",
            "target_grant": [],
            "target_prefix": "log/"
          },
          "sensitive_attributes": [],
          "private": "bnVsbA==",
          "dependencies": [
            "module.frontend.aws_s3_bucket.frontend",
            "module.frontend.module.logs.aws_s3_bucket.this",
            "module.frontend.module.logs.aws_s3_bucket_policy.this",
            "module.frontend.module.logs.aws_s3_bucket_public_access_block.this",
            "module.frontend.module.logs.data.aws_caller_identity.current",
            "module.frontend.module.logs.data.aws_iam_policy_document.access_log_delivery",
            "module.frontend.module.logs.data.aws_iam_policy_document.combined",
            "module.frontend.module.logs.data.aws_iam_policy_document.deny_incorrect_encryption_headers",
            "module.frontend.module.logs.data.aws_iam_policy_document.deny_incorrect_kms_key_sse",
            "module.frontend.module.logs.data.aws_iam_policy_document.deny_insecure_transport",
            "module.frontend.module.logs.data.aws_iam_policy_document.deny_unencrypted_object_uploads",
            "module.frontend.module.logs.data.aws_iam_policy_document.elb_log_delivery",
            "module.frontend.module.logs.data.aws_iam_policy_document.inventory_and_analytics_destination_policy",
            "module.frontend.module.logs.data.aws_iam_policy_document.lb_log_delivery",
            "module.frontend.module.logs.data.aws_iam_policy_document.require_latest_tls",
            "module.frontend.module.logs.data.aws_partition.current",
            "module.frontend.module.logs.data.aws_region.current"
          ]
        }
      ]
    },
    {
      "module": "module.frontend",
      "mode": "managed",
      "type": "aws_s3_bucket_logging",
      "name": "www",
      "provider": "provider[\"registry.terraform.io/hashicorp/aws\"]",
      "instances": [
        {
          "schema_version": 0,
          "attributes": {
            "bucket": "www.galar.dev.condor.com",
            "expected_bucket_owner": "",
            "id": "www.galar.dev.condor.com",
            "target_bucket": "galar.dev.condor.com-logs20231220153856878800000001",
            "target_grant": [],
            "target_prefix": "log/"
          },
          "sensitive_attributes": [],
          "private": "bnVsbA==",
          "dependencies": [
            "module.frontend.aws_s3_bucket.www",
            "module.frontend.module.logs.aws_s3_bucket.this",
            "module.frontend.module.logs.aws_s3_bucket_policy.this",
            "module.frontend.module.logs.aws_s3_bucket_public_access_block.this",
            "module.frontend.module.logs.data.aws_caller_identity.current",
            "module.frontend.module.logs.data.aws_iam_policy_document.access_log_delivery",
            "module.frontend.module.logs.data.aws_iam_policy_document.combined",
            "module.frontend.module.logs.data.aws_iam_policy_document.deny_incorrect_encryption_headers",
            "module.frontend.module.logs.data.aws_iam_policy_document.deny_incorrect_kms_key_sse",
            "module.frontend.module.logs.data.aws_iam_policy_document.deny_insecure_transport",
            "module.frontend.module.logs.data.aws_iam_policy_document.deny_unencrypted_object_uploads",
            "module.frontend.module.logs.data.aws_iam_policy_document.elb_log_delivery",
            "module.frontend.module.logs.data.aws_iam_policy_document.inventory_and_analytics_destination_policy",
            "module.frontend.module.logs.data.aws_iam_policy_document.lb_log_delivery",
            "module.frontend.module.logs.data.aws_iam_policy_document.require_latest_tls",
            "module.frontend.module.logs.data.aws_partition.current",
            "module.frontend.module.logs.data.aws_region.current"
          ]
        }
      ]
    },
    {
      "module": "module.frontend",
      "mode": "managed",
      "type": "aws_s3_bucket_ownership_controls",
      "name": "frontend",
      "provider": "provider[\"registry.terraform.io/hashicorp/aws\"]",
      "instances": [
        {
          "schema_version": 0,
          "attributes": {
            "bucket": "galar.dev.condor.com",
            "id": "galar.dev.condor.com",
            "rule": [
              {
                "object_ownership": "BucketOwnerPreferred"
              }
            ]
          },
          "sensitive_attributes": [],
          "private": "bnVsbA==",
          "dependencies": [
            "module.frontend.aws_s3_bucket.frontend"
          ]
        }
      ]
    },
    {
      "module": "module.frontend",
      "mode": "managed",
      "type": "aws_s3_bucket_ownership_controls",
      "name": "reports",
      "provider": "provider[\"registry.terraform.io/hashicorp/aws\"]",
      "instances": [
        {
          "schema_version": 0,
          "attributes": {
            "bucket": "reportes.dev.condor.com",
            "id": "reportes.dev.condor.com",
            "rule": [
              {
                "object_ownership": "BucketOwnerPreferred"
              }
            ]
          },
          "sensitive_attributes": [],
          "private": "bnVsbA==",
          "dependencies": [
            "module.frontend.aws_s3_bucket.reports"
          ]
        }
      ]
    },
    {
      "module": "module.frontend",
      "mode": "managed",
      "type": "aws_s3_bucket_ownership_controls",
      "name": "www",
      "provider": "provider[\"registry.terraform.io/hashicorp/aws\"]",
      "instances": [
        {
          "schema_version": 0,
          "attributes": {
            "bucket": "www.galar.dev.condor.com",
            "id": "www.galar.dev.condor.com",
            "rule": [
              {
                "object_ownership": "BucketOwnerPreferred"
              }
            ]
          },
          "sensitive_attributes": [],
          "private": "bnVsbA==",
          "dependencies": [
            "module.frontend.aws_s3_bucket.www"
          ]
        }
      ]
    },
    {
      "module": "module.frontend",
      "mode": "managed",
      "type": "aws_s3_bucket_public_access_block",
      "name": "frontend",
      "provider": "provider[\"registry.terraform.io/hashicorp/aws\"]",
      "instances": [
        {
          "schema_version": 0,
          "attributes": {
            "block_public_acls": true,
            "block_public_policy": true,
            "bucket": "galar.dev.condor.com",
            "id": "galar.dev.condor.com",
            "ignore_public_acls": true,
            "restrict_public_buckets": true
          },
          "sensitive_attributes": [],
          "private": "bnVsbA==",
          "dependencies": [
            "module.frontend.aws_s3_bucket.frontend"
          ]
        }
      ]
    },
    {
      "module": "module.frontend",
      "mode": "managed",
      "type": "aws_s3_bucket_public_access_block",
      "name": "reports",
      "provider": "provider[\"registry.terraform.io/hashicorp/aws\"]",
      "instances": [
        {
          "schema_version": 0,
          "attributes": {
            "block_public_acls": true,
            "block_public_policy": true,
            "bucket": "reportes.dev.condor.com",
            "id": "reportes.dev.condor.com",
            "ignore_public_acls": true,
            "restrict_public_buckets": true
          },
          "sensitive_attributes": [],
          "private": "bnVsbA==",
          "dependencies": [
            "module.frontend.aws_s3_bucket.reports"
          ]
        }
      ]
    },
    {
      "module": "module.frontend",
      "mode": "managed",
      "type": "aws_s3_bucket_public_access_block",
      "name": "www",
      "provider": "provider[\"registry.terraform.io/hashicorp/aws\"]",
      "instances": [
        {
          "schema_version": 0,
          "attributes": {
            "block_public_acls": true,
            "block_public_policy": true,
            "bucket": "www.galar.dev.condor.com",
            "id": "www.galar.dev.condor.com",
            "ignore_public_acls": true,
            "restrict_public_buckets": true
          },
          "sensitive_attributes": [],
          "private": "bnVsbA==",
          "dependencies": [
            "module.frontend.aws_s3_bucket.www"
          ]
        }
      ]
    },
    {
      "module": "module.frontend",
      "mode": "managed",
      "type": "aws_s3_bucket_server_side_encryption_configuration",
      "name": "frontend",
      "provider": "provider[\"registry.terraform.io/hashicorp/aws\"]",
      "instances": [
        {
          "schema_version": 0,
          "attributes": {
            "bucket": "galar.dev.condor.com",
            "expected_bucket_owner": "",
            "id": "galar.dev.condor.com",
            "rule": [
              {
                "apply_server_side_encryption_by_default": [
                  {
                    "kms_master_key_id": "",
                    "sse_algorithm": "AES256"
                  }
                ],
                "bucket_key_enabled": false
              }
            ]
          },
          "sensitive_attributes": [],
          "private": "bnVsbA==",
          "dependencies": [
            "module.frontend.aws_s3_bucket.frontend"
          ]
        }
      ]
    },
    {
      "module": "module.frontend",
      "mode": "managed",
      "type": "aws_s3_bucket_server_side_encryption_configuration",
      "name": "reports",
      "provider": "provider[\"registry.terraform.io/hashicorp/aws\"]",
      "instances": [
        {
          "schema_version": 0,
          "attributes": {
            "bucket": "reportes.dev.condor.com",
            "expected_bucket_owner": "",
            "id": "reportes.dev.condor.com",
            "rule": [
              {
                "apply_server_side_encryption_by_default": [
                  {
                    "kms_master_key_id": "",
                    "sse_algorithm": "AES256"
                  }
                ],
                "bucket_key_enabled": false
              }
            ]
          },
          "sensitive_attributes": [],
          "private": "bnVsbA==",
          "dependencies": [
            "module.frontend.aws_s3_bucket.reports"
          ]
        }
      ]
    },
    {
      "module": "module.frontend",
      "mode": "managed",
      "type": "aws_s3_bucket_server_side_encryption_configuration",
      "name": "www",
      "provider": "provider[\"registry.terraform.io/hashicorp/aws\"]",
      "instances": [
        {
          "schema_version": 0,
          "attributes": {
            "bucket": "www.galar.dev.condor.com",
            "expected_bucket_owner": "",
            "id": "www.galar.dev.condor.com",
            "rule": [
              {
                "apply_server_side_encryption_by_default": [
                  {
                    "kms_master_key_id": "",
                    "sse_algorithm": "AES256"
                  }
                ],
                "bucket_key_enabled": false
              }
            ]
          },
          "sensitive_attributes": [],
          "private": "bnVsbA==",
          "dependencies": [
            "module.frontend.aws_s3_bucket.www"
          ]
        }
      ]
    },
    {
      "module": "module.frontend",
      "mode": "managed",
      "type": "aws_s3_bucket_website_configuration",
      "name": "frontend",
      "provider": "provider[\"registry.terraform.io/hashicorp/aws\"]",
      "instances": [
        {
          "schema_version": 0,
          "attributes": {
            "bucket": "galar.dev.condor.com",
            "error_document": [
              {
                "key": "index.html"
              }
            ],
            "expected_bucket_owner": "",
            "id": "galar.dev.condor.com",
            "index_document": [
              {
                "suffix": "index.html"
              }
            ],
            "redirect_all_requests_to": [],
            "routing_rule": [],
            "routing_rules": "",
            "website_domain": "s3-website-us-east-1.amazonaws.com",
            "website_endpoint": "galar.dev.condor.com.s3-website-us-east-1.amazonaws.com"
          },
          "sensitive_attributes": [],
          "private": "bnVsbA==",
          "dependencies": [
            "module.frontend.aws_s3_bucket.frontend"
          ]
        }
      ]
    },
    {
      "module": "module.frontend",
      "mode": "managed",
      "type": "aws_s3_bucket_website_configuration",
      "name": "www",
      "provider": "provider[\"registry.terraform.io/hashicorp/aws\"]",
      "instances": [
        {
          "schema_version": 0,
          "attributes": {
            "bucket": "www.galar.dev.condor.com",
            "error_document": [],
            "expected_bucket_owner": "",
            "id": "www.galar.dev.condor.com",
            "index_document": [],
            "redirect_all_requests_to": [
              {
                "host_name": "galar.dev.condor.com.s3.amazonaws.com",
                "protocol": ""
              }
            ],
            "routing_rule": [],
            "routing_rules": "",
            "website_domain": "s3-website-us-east-1.amazonaws.com",
            "website_endpoint": "www.galar.dev.condor.com.s3-website-us-east-1.amazonaws.com"
          },
          "sensitive_attributes": [],
          "private": "bnVsbA==",
          "dependencies": [
            "module.frontend.aws_s3_bucket.frontend",
            "module.frontend.aws_s3_bucket.www"
          ]
        }
      ]
    },
    {
      "module": "module.frontend",
      "mode": "managed",
      "type": "aws_s3_object",
      "name": "frontend",
      "provider": "provider[\"registry.terraform.io/hashicorp/aws\"]",
      "instances": [
        {
          "index_key": "index.html",
          "schema_version": 0,
          "attributes": {
            "acl": null,
            "bucket": "galar.dev.condor.com",
            "bucket_key_enabled": false,
            "cache_control": "",
            "checksum_algorithm": null,
            "checksum_crc32": "",
            "checksum_crc32c": "",
            "checksum_sha1": "",
            "checksum_sha256": "",
            "content": null,
            "content_base64": null,
            "content_disposition": "",
            "content_encoding": "",
            "content_language": "",
            "content_type": "text/html",
            "etag": "06aec403c6804f66cebeec3b07a04753",
            "force_destroy": false,
            "id": "index.html",
            "key": "index.html",
            "kms_key_id": null,
            "metadata": {},
            "object_lock_legal_hold_status": "",
            "object_lock_mode": "",
            "object_lock_retain_until_date": "",
            "server_side_encryption": "AES256",
            "source": "./resources/frontend/index.html",
            "source_hash": null,
            "storage_class": "STANDARD",
            "tags": {},
            "tags_all": {},
            "version_id": "",
            "website_redirect": ""
          },
          "sensitive_attributes": [],
          "private": "bnVsbA==",
          "dependencies": [
            "module.frontend.aws_s3_bucket.frontend"
          ]
        },
        {
          "index_key": "styles.css",
          "schema_version": 0,
          "attributes": {
            "acl": null,
            "bucket": "galar.dev.condor.com",
            "bucket_key_enabled": false,
            "cache_control": "",
            "checksum_algorithm": null,
            "checksum_crc32": "",
            "checksum_crc32c": "",
            "checksum_sha1": "",
            "checksum_sha256": "",
            "content": null,
            "content_base64": null,
            "content_disposition": "",
            "content_encoding": "",
            "content_language": "",
            "content_type": "text/css",
            "etag": "3fce2cf18995e5c1378dd297ffb484be",
            "force_destroy": false,
            "id": "styles.css",
            "key": "styles.css",
            "kms_key_id": null,
            "metadata": {},
            "object_lock_legal_hold_status": "",
            "object_lock_mode": "",
            "object_lock_retain_until_date": "",
            "server_side_encryption": "AES256",
            "source": "./resources/frontend/styles.css",
            "source_hash": null,
            "storage_class": "STANDARD",
            "tags": {},
            "tags_all": {},
            "version_id": "",
            "website_redirect": ""
          },
          "sensitive_attributes": [],
          "private": "bnVsbA==",
          "dependencies": [
            "module.frontend.aws_s3_bucket.frontend"
          ]
        }
      ]
    },
    {
      "module": "module.frontend.module.logs",
      "mode": "data",
      "type": "aws_caller_identity",
      "name": "current",
      "provider": "provider[\"registry.terraform.io/hashicorp/aws\"]",
      "instances": [
        {
          "schema_version": 0,
          "attributes": {
            "account_id": "202815206333",
            "arn": "arn:aws:sts::202815206333:assumed-role/voclabs/user2690933=GALARZA,_AGUSTIN_EZEQUIEL",
            "id": "202815206333",
            "user_id": "AROAS6OF2OO6ZEK6J6HT7:user2690933=GALARZA,_AGUSTIN_EZEQUIEL"
          },
          "sensitive_attributes": []
        }
      ]
    },
    {
      "module": "module.frontend.module.logs",
      "mode": "data",
      "type": "aws_canonical_user_id",
      "name": "this",
      "provider": "provider[\"registry.terraform.io/hashicorp/aws\"]",
      "instances": [
        {
          "index_key": 0,
          "schema_version": 0,
          "attributes": {
            "display_name": "awslabsc0w6007053t1688001013",
            "id": "fb471ab6d2290bc5104b6686f724bd24f5b7e2f65a4423195b18157842e36074"
          },
          "sensitive_attributes": []
        }
      ]
    },
    {
      "module": "module.frontend.module.logs",
      "mode": "data",
      "type": "aws_iam_policy_document",
      "name": "combined",
      "provider": "provider[\"registry.terraform.io/hashicorp/aws\"]",
      "instances": [
        {
          "index_key": 0,
          "schema_version": 0,
          "attributes": {
            "id": "1754849982",
            "json": "{\n  \"Version\": \"2012-10-17\",\n  \"Statement\": [\n    {\n      \"Sid\": \"denyOutdatedTLS\",\n      \"Effect\": \"Deny\",\n      \"Action\": \"s3:*\",\n      \"Resource\": [\n        \"arn:aws:s3:::galar.dev.condor.com-logs20231220153856878800000001/*\",\n        \"arn:aws:s3:::galar.dev.condor.com-logs20231220153856878800000001\"\n      ],\n      \"Principal\": \"*\",\n      \"Condition\": {\n        \"NumericLessThan\": {\n          \"s3:TlsVersion\": \"1.2\"\n        }\n      }\n    },\n    {\n      \"Sid\": \"denyInsecureTransport\",\n      \"Effect\": \"Deny\",\n      \"Action\": \"s3:*\",\n      \"Resource\": [\n        \"arn:aws:s3:::galar.dev.condor.com-logs20231220153856878800000001/*\",\n        \"arn:aws:s3:::galar.dev.condor.com-logs20231220153856878800000001\"\n      ],\n      \"Principal\": \"*\",\n      \"Condition\": {\n        \"Bool\": {\n          \"aws:SecureTransport\": \"false\"\n        }\n      }\n    }\n  ]\n}",
            "override_policy_documents": null,
            "policy_id": null,
            "source_policy_documents": [
              "{\n  \"Version\": \"2012-10-17\",\n  \"Statement\": [\n    {\n      \"Sid\": \"denyOutdatedTLS\",\n      \"Effect\": \"Deny\",\n      \"Action\": \"s3:*\",\n      \"Resource\": [\n        \"arn:aws:s3:::galar.dev.condor.com-logs20231220153856878800000001/*\",\n        \"arn:aws:s3:::galar.dev.condor.com-logs20231220153856878800000001\"\n      ],\n      \"Principal\": \"*\",\n      \"Condition\": {\n        \"NumericLessThan\": {\n          \"s3:TlsVersion\": \"1.2\"\n        }\n      }\n    }\n  ]\n}",
              "{\n  \"Version\": \"2012-10-17\",\n  \"Statement\": [\n    {\n      \"Sid\": \"denyInsecureTransport\",\n      \"Effect\": \"Deny\",\n      \"Action\": \"s3:*\",\n      \"Resource\": [\n        \"arn:aws:s3:::galar.dev.condor.com-logs20231220153856878800000001/*\",\n        \"arn:aws:s3:::galar.dev.condor.com-logs20231220153856878800000001\"\n      ],\n      \"Principal\": \"*\",\n      \"Condition\": {\n        \"Bool\": {\n          \"aws:SecureTransport\": \"false\"\n        }\n      }\n    }\n  ]\n}"
            ],
            "statement": null,
            "version": "2012-10-17"
          },
          "sensitive_attributes": []
        }
      ]
    },
    {
      "module": "module.frontend.module.logs",
      "mode": "data",
      "type": "aws_iam_policy_document",
      "name": "deny_insecure_transport",
      "provider": "provider[\"registry.terraform.io/hashicorp/aws\"]",
      "instances": [
        {
          "index_key": 0,
          "schema_version": 0,
          "attributes": {
            "id": "402484649",
            "json": "{\n  \"Version\": \"2012-10-17\",\n  \"Statement\": [\n    {\n      \"Sid\": \"denyInsecureTransport\",\n      \"Effect\": \"Deny\",\n      \"Action\": \"s3:*\",\n      \"Resource\": [\n        \"arn:aws:s3:::galar.dev.condor.com-logs20231220153856878800000001/*\",\n        \"arn:aws:s3:::galar.dev.condor.com-logs20231220153856878800000001\"\n      ],\n      \"Principal\": \"*\",\n      \"Condition\": {\n        \"Bool\": {\n          \"aws:SecureTransport\": \"false\"\n        }\n      }\n    }\n  ]\n}",
            "override_policy_documents": null,
            "policy_id": null,
            "source_policy_documents": null,
            "statement": [
              {
                "actions": [
                  "s3:*"
                ],
                "condition": [
                  {
                    "test": "Bool",
                    "values": [
                      "false"
                    ],
                    "variable": "aws:SecureTransport"
                  }
                ],
                "effect": "Deny",
                "not_actions": [],
                "not_principals": [],
                "not_resources": [],
                "principals": [
                  {
                    "identifiers": [
                      "*"
                    ],
                    "type": "*"
                  }
                ],
                "resources": [
                  "arn:aws:s3:::galar.dev.condor.com-logs20231220153856878800000001",
                  "arn:aws:s3:::galar.dev.condor.com-logs20231220153856878800000001/*"
                ],
                "sid": "denyInsecureTransport"
              }
            ],
            "version": "2012-10-17"
          },
          "sensitive_attributes": []
        }
      ]
    },
    {
      "module": "module.frontend.module.logs",
      "mode": "data",
      "type": "aws_iam_policy_document",
      "name": "require_latest_tls",
      "provider": "provider[\"registry.terraform.io/hashicorp/aws\"]",
      "instances": [
        {
          "index_key": 0,
          "schema_version": 0,
          "attributes": {
            "id": "51179604",
            "json": "{\n  \"Version\": \"2012-10-17\",\n  \"Statement\": [\n    {\n      \"Sid\": \"denyOutdatedTLS\",\n      \"Effect\": \"Deny\",\n      \"Action\": \"s3:*\",\n      \"Resource\": [\n        \"arn:aws:s3:::galar.dev.condor.com-logs20231220153856878800000001/*\",\n        \"arn:aws:s3:::galar.dev.condor.com-logs20231220153856878800000001\"\n      ],\n      \"Principal\": \"*\",\n      \"Condition\": {\n        \"NumericLessThan\": {\n          \"s3:TlsVersion\": \"1.2\"\n        }\n      }\n    }\n  ]\n}",
            "override_policy_documents": null,
            "policy_id": null,
            "source_policy_documents": null,
            "statement": [
              {
                "actions": [
                  "s3:*"
                ],
                "condition": [
                  {
                    "test": "NumericLessThan",
                    "values": [
                      "1.2"
                    ],
                    "variable": "s3:TlsVersion"
                  }
                ],
                "effect": "Deny",
                "not_actions": [],
                "not_principals": [],
                "not_resources": [],
                "principals": [
                  {
                    "identifiers": [
                      "*"
                    ],
                    "type": "*"
                  }
                ],
                "resources": [
                  "arn:aws:s3:::galar.dev.condor.com-logs20231220153856878800000001",
                  "arn:aws:s3:::galar.dev.condor.com-logs20231220153856878800000001/*"
                ],
                "sid": "denyOutdatedTLS"
              }
            ],
            "version": "2012-10-17"
          },
          "sensitive_attributes": []
        }
      ]
    },
    {
      "module": "module.frontend.module.logs",
      "mode": "data",
      "type": "aws_partition",
      "name": "current",
      "provider": "provider[\"registry.terraform.io/hashicorp/aws\"]",
      "instances": [
        {
          "schema_version": 0,
          "attributes": {
            "dns_suffix": "amazonaws.com",
            "id": "aws",
            "partition": "aws",
            "reverse_dns_prefix": "com.amazonaws"
          },
          "sensitive_attributes": []
        }
      ]
    },
    {
      "module": "module.frontend.module.logs",
      "mode": "data",
      "type": "aws_region",
      "name": "current",
      "provider": "provider[\"registry.terraform.io/hashicorp/aws\"]",
      "instances": [
        {
          "schema_version": 0,
          "attributes": {
            "description": "US East (N. Virginia)",
            "endpoint": "ec2.us-east-1.amazonaws.com",
            "id": "us-east-1",
            "name": "us-east-1"
          },
          "sensitive_attributes": []
        }
      ]
    },
    {
      "module": "module.frontend.module.logs",
      "mode": "managed",
      "type": "aws_s3_bucket",
      "name": "this",
      "provider": "provider[\"registry.terraform.io/hashicorp/aws\"]",
      "instances": [
        {
          "index_key": 0,
          "schema_version": 0,
          "attributes": {
            "acceleration_status": "",
            "acl": null,
            "arn": "arn:aws:s3:::galar.dev.condor.com-logs20231220153856878800000001",
            "bucket": "galar.dev.condor.com-logs20231220153856878800000001",
            "bucket_domain_name": "galar.dev.condor.com-logs20231220153856878800000001.s3.amazonaws.com",
            "bucket_prefix": "galar.dev.condor.com-logs",
            "bucket_regional_domain_name": "galar.dev.condor.com-logs20231220153856878800000001.s3.us-east-1.amazonaws.com",
            "cors_rule": [],
            "force_destroy": true,
            "grant": [
              {
                "id": "",
                "permissions": [
                  "READ_ACP",
                  "WRITE"
                ],
                "type": "Group",
                "uri": "http://acs.amazonaws.com/groups/s3/LogDelivery"
              },
              {
                "id": "fb471ab6d2290bc5104b6686f724bd24f5b7e2f65a4423195b18157842e36074",
                "permissions": [
                  "FULL_CONTROL"
                ],
                "type": "CanonicalUser",
                "uri": ""
              }
            ],
            "hosted_zone_id": "Z3AQBSTGFYJSTF",
            "id": "galar.dev.condor.com-logs20231220153856878800000001",
            "lifecycle_rule": [],
            "logging": [],
            "object_lock_configuration": [],
            "object_lock_enabled": false,
            "policy": "{\"Statement\":[{\"Action\":\"s3:*\",\"Condition\":{\"NumericLessThan\":{\"s3:TlsVersion\":\"1.2\"}},\"Effect\":\"Deny\",\"Principal\":\"*\",\"Resource\":[\"arn:aws:s3:::galar.dev.condor.com-logs20231220153856878800000001/*\",\"arn:aws:s3:::galar.dev.condor.com-logs20231220153856878800000001\"],\"Sid\":\"denyOutdatedTLS\"},{\"Action\":\"s3:*\",\"Condition\":{\"Bool\":{\"aws:SecureTransport\":\"false\"}},\"Effect\":\"Deny\",\"Principal\":\"*\",\"Resource\":[\"arn:aws:s3:::galar.dev.condor.com-logs20231220153856878800000001/*\",\"arn:aws:s3:::galar.dev.condor.com-logs20231220153856878800000001\"],\"Sid\":\"denyInsecureTransport\"}],\"Version\":\"2012-10-17\"}",
            "region": "us-east-1",
            "replication_configuration": [],
            "request_payer": "BucketOwner",
            "server_side_encryption_configuration": [
              {
                "rule": [
                  {
                    "apply_server_side_encryption_by_default": [
                      {
                        "kms_master_key_id": "",
                        "sse_algorithm": "AES256"
                      }
                    ],
                    "bucket_key_enabled": false
                  }
                ]
              }
            ],
            "tags": {},
            "tags_all": {},
            "timeouts": null,
            "versioning": [
              {
                "enabled": false,
                "mfa_delete": false
              }
            ],
            "website": [],
            "website_domain": null,
            "website_endpoint": null
          },
          "sensitive_attributes": [],
          "private": "eyJlMmJmYjczMC1lY2FhLTExZTYtOGY4OC0zNDM2M2JjN2M0YzAiOnsiY3JlYXRlIjoxMjAwMDAwMDAwMDAwLCJkZWxldGUiOjM2MDAwMDAwMDAwMDAsInJlYWQiOjEyMDAwMDAwMDAwMDAsInVwZGF0ZSI6MTIwMDAwMDAwMDAwMH19"
        }
      ]
    },
    {
      "module": "module.frontend.module.logs",
      "mode": "managed",
      "type": "aws_s3_bucket_acl",
      "name": "this",
      "provider": "provider[\"registry.terraform.io/hashicorp/aws\"]",
      "instances": [
        {
          "index_key": 0,
          "schema_version": 0,
          "attributes": {
            "access_control_policy": [
              {
                "grant": [
                  {
                    "grantee": [
                      {
                        "display_name": "",
                        "email_address": "",
                        "id": "",
                        "type": "Group",
                        "uri": "http://acs.amazonaws.com/groups/s3/LogDelivery"
                      }
                    ],
                    "permission": "READ_ACP"
                  },
                  {
                    "grantee": [
                      {
                        "display_name": "",
                        "email_address": "",
                        "id": "",
                        "type": "Group",
                        "uri": "http://acs.amazonaws.com/groups/s3/LogDelivery"
                      }
                    ],
                    "permission": "WRITE"
                  },
                  {
                    "grantee": [
                      {
                        "display_name": "awslabsc0w6007053t1688001013",
                        "email_address": "",
                        "id": "fb471ab6d2290bc5104b6686f724bd24f5b7e2f65a4423195b18157842e36074",
                        "type": "CanonicalUser",
                        "uri": ""
                      }
                    ],
                    "permission": "FULL_CONTROL"
                  }
                ],
                "owner": [
                  {
                    "display_name": "awslabsc0w6007053t1688001013",
                    "id": "fb471ab6d2290bc5104b6686f724bd24f5b7e2f65a4423195b18157842e36074"
                  }
                ]
              }
            ],
            "acl": "log-delivery-write",
            "bucket": "galar.dev.condor.com-logs20231220153856878800000001",
            "expected_bucket_owner": "",
            "id": "galar.dev.condor.com-logs20231220153856878800000001,log-delivery-write"
          },
          "sensitive_attributes": [],
          "private": "bnVsbA==",
          "dependencies": [
            "module.frontend.module.logs.aws_s3_bucket.this",
            "module.frontend.module.logs.aws_s3_bucket_ownership_controls.this",
            "module.frontend.module.logs.aws_s3_bucket_policy.this",
            "module.frontend.module.logs.aws_s3_bucket_public_access_block.this",
            "module.frontend.module.logs.data.aws_caller_identity.current",
            "module.frontend.module.logs.data.aws_canonical_user_id.this",
            "module.frontend.module.logs.data.aws_iam_policy_document.access_log_delivery",
            "module.frontend.module.logs.data.aws_iam_policy_document.combined",
            "module.frontend.module.logs.data.aws_iam_policy_document.deny_incorrect_encryption_headers",
            "module.frontend.module.logs.data.aws_iam_policy_document.deny_incorrect_kms_key_sse",
            "module.frontend.module.logs.data.aws_iam_policy_document.deny_insecure_transport",
            "module.frontend.module.logs.data.aws_iam_policy_document.deny_unencrypted_object_uploads",
            "module.frontend.module.logs.data.aws_iam_policy_document.elb_log_delivery",
            "module.frontend.module.logs.data.aws_iam_policy_document.inventory_and_analytics_destination_policy",
            "module.frontend.module.logs.data.aws_iam_policy_document.lb_log_delivery",
            "module.frontend.module.logs.data.aws_iam_policy_document.require_latest_tls",
            "module.frontend.module.logs.data.aws_partition.current",
            "module.frontend.module.logs.data.aws_region.current"
          ]
        }
      ]
    },
    {
      "module": "module.frontend.module.logs",
      "mode": "managed",
      "type": "aws_s3_bucket_ownership_controls",
      "name": "this",
      "provider": "provider[\"registry.terraform.io/hashicorp/aws\"]",
      "instances": [
        {
          "index_key": 0,
          "schema_version": 0,
          "attributes": {
            "bucket": "galar.dev.condor.com-logs20231220153856878800000001",
            "id": "galar.dev.condor.com-logs20231220153856878800000001",
            "rule": [
              {
                "object_ownership": "ObjectWriter"
              }
            ]
          },
          "sensitive_attributes": [],
          "private": "bnVsbA==",
          "dependencies": [
            "module.frontend.module.logs.aws_s3_bucket.this",
            "module.frontend.module.logs.aws_s3_bucket_policy.this",
            "module.frontend.module.logs.aws_s3_bucket_public_access_block.this",
            "module.frontend.module.logs.data.aws_caller_identity.current",
            "module.frontend.module.logs.data.aws_iam_policy_document.access_log_delivery",
            "module.frontend.module.logs.data.aws_iam_policy_document.combined",
            "module.frontend.module.logs.data.aws_iam_policy_document.deny_incorrect_encryption_headers",
            "module.frontend.module.logs.data.aws_iam_policy_document.deny_incorrect_kms_key_sse",
            "module.frontend.module.logs.data.aws_iam_policy_document.deny_insecure_transport",
            "module.frontend.module.logs.data.aws_iam_policy_document.deny_unencrypted_object_uploads",
            "module.frontend.module.logs.data.aws_iam_policy_document.elb_log_delivery",
            "module.frontend.module.logs.data.aws_iam_policy_document.inventory_and_analytics_destination_policy",
            "module.frontend.module.logs.data.aws_iam_policy_document.lb_log_delivery",
            "module.frontend.module.logs.data.aws_iam_policy_document.require_latest_tls",
            "module.frontend.module.logs.data.aws_partition.current",
            "module.frontend.module.logs.data.aws_region.current"
          ]
        }
      ]
    },
    {
      "module": "module.frontend.module.logs",
      "mode": "managed",
      "type": "aws_s3_bucket_policy",
      "name": "this",
      "provider": "provider[\"registry.terraform.io/hashicorp/aws\"]",
      "instances": [
        {
          "index_key": 0,
          "schema_version": 0,
          "attributes": {
            "bucket": "galar.dev.condor.com-logs20231220153856878800000001",
            "id": "galar.dev.condor.com-logs20231220153856878800000001",
            "policy": "{\"Statement\":[{\"Action\":\"s3:*\",\"Condition\":{\"NumericLessThan\":{\"s3:TlsVersion\":\"1.2\"}},\"Effect\":\"Deny\",\"Principal\":\"*\",\"Resource\":[\"arn:aws:s3:::galar.dev.condor.com-logs20231220153856878800000001/*\",\"arn:aws:s3:::galar.dev.condor.com-logs20231220153856878800000001\"],\"Sid\":\"denyOutdatedTLS\"},{\"Action\":\"s3:*\",\"Condition\":{\"Bool\":{\"aws:SecureTransport\":\"false\"}},\"Effect\":\"Deny\",\"Principal\":\"*\",\"Resource\":[\"arn:aws:s3:::galar.dev.condor.com-logs20231220153856878800000001/*\",\"arn:aws:s3:::galar.dev.condor.com-logs20231220153856878800000001\"],\"Sid\":\"denyInsecureTransport\"}],\"Version\":\"2012-10-17\"}"
          },
          "sensitive_attributes": [],
          "private": "bnVsbA==",
          "dependencies": [
            "module.frontend.module.logs.aws_s3_bucket.this",
            "module.frontend.module.logs.aws_s3_bucket_public_access_block.this",
            "module.frontend.module.logs.data.aws_caller_identity.current",
            "module.frontend.module.logs.data.aws_iam_policy_document.access_log_delivery",
            "module.frontend.module.logs.data.aws_iam_policy_document.combined",
            "module.frontend.module.logs.data.aws_iam_policy_document.deny_incorrect_encryption_headers",
            "module.frontend.module.logs.data.aws_iam_policy_document.deny_incorrect_kms_key_sse",
            "module.frontend.module.logs.data.aws_iam_policy_document.deny_insecure_transport",
            "module.frontend.module.logs.data.aws_iam_policy_document.deny_unencrypted_object_uploads",
            "module.frontend.module.logs.data.aws_iam_policy_document.elb_log_delivery",
            "module.frontend.module.logs.data.aws_iam_policy_document.inventory_and_analytics_destination_policy",
            "module.frontend.module.logs.data.aws_iam_policy_document.lb_log_delivery",
            "module.frontend.module.logs.data.aws_iam_policy_document.require_latest_tls",
            "module.frontend.module.logs.data.aws_partition.current",
            "module.frontend.module.logs.data.aws_region.current"
          ]
        }
      ]
    },
    {
      "module": "module.frontend.module.logs",
      "mode": "managed",
      "type": "aws_s3_bucket_public_access_block",
      "name": "this",
      "provider": "provider[\"registry.terraform.io/hashicorp/aws\"]",
      "instances": [
        {
          "index_key": 0,
          "schema_version": 0,
          "attributes": {
            "block_public_acls": true,
            "block_public_policy": true,
            "bucket": "galar.dev.condor.com-logs20231220153856878800000001",
            "id": "galar.dev.condor.com-logs20231220153856878800000001",
            "ignore_public_acls": true,
            "restrict_public_buckets": true
          },
          "sensitive_attributes": [],
          "private": "bnVsbA==",
          "dependencies": [
            "module.frontend.module.logs.aws_s3_bucket.this"
          ]
        }
      ]
    },
    {
      "module": "module.route53",
      "mode": "managed",
      "type": "aws_route53_record",
      "name": "domain_record",
      "provider": "provider[\"registry.terraform.io/hashicorp/aws\"]",
      "instances": [
        {
          "schema_version": 2,
          "attributes": {
            "alias": [
              {
                "evaluate_target_health": false,
                "name": "d2qqyw9o6lsh2u.cloudfront.net",
                "zone_id": "Z2FDTNDATAQYW2"
              }
            ],
            "allow_overwrite": null,
            "cidr_routing_policy": [],
            "failover_routing_policy": [],
            "fqdn": "galar.dev.condor.com.s3.us-east-1.amazonaws.com",
            "geolocation_routing_policy": [],
            "health_check_id": "",
            "id": "Z07575781OEKA096BR02P_galar.dev.condor.com.s3.us-east-1.amazonaws.com_A",
            "latency_routing_policy": [],
            "multivalue_answer_routing_policy": false,
            "name": "galar.dev.condor.com.s3.us-east-1.amazonaws.com",
            "records": [],
            "set_identifier": "",
            "ttl": 0,
            "type": "A",
            "weighted_routing_policy": [],
            "zone_id": "Z07575781OEKA096BR02P"
          },
          "sensitive_attributes": [],
          "private": "eyJzY2hlbWFfdmVyc2lvbiI6IjIifQ==",
          "dependencies": [
            "data.aws_region.current",
            "module.api_gateway.aws_api_gateway_rest_api.this",
            "module.cloudfront.aws_cloudfront_distribution.this",
            "module.cloudfront.aws_cloudfront_origin_access_identity.oai",
            "module.frontend.aws_s3_bucket.frontend",
            "module.frontend.aws_s3_bucket.reports",
            "module.frontend.aws_s3_bucket.www",
            "module.frontend.aws_s3_bucket_acl.frontend",
            "module.frontend.aws_s3_bucket_acl.reports",
            "module.frontend.aws_s3_bucket_acl.www",
            "module.frontend.aws_s3_bucket_logging.this",
            "module.frontend.aws_s3_bucket_logging.www",
            "module.frontend.aws_s3_bucket_ownership_controls.frontend",
            "module.frontend.aws_s3_bucket_ownership_controls.reports",
            "module.frontend.aws_s3_bucket_ownership_controls.www",
            "module.frontend.aws_s3_bucket_public_access_block.frontend",
            "module.frontend.aws_s3_bucket_public_access_block.reports",
            "module.frontend.aws_s3_bucket_public_access_block.www",
            "module.frontend.aws_s3_bucket_server_side_encryption_configuration.frontend",
            "module.frontend.aws_s3_bucket_server_side_encryption_configuration.reports",
            "module.frontend.aws_s3_bucket_server_side_encryption_configuration.www",
            "module.frontend.aws_s3_bucket_website_configuration.frontend",
            "module.frontend.aws_s3_bucket_website_configuration.www",
            "module.frontend.aws_s3_object.frontend",
            "module.frontend.module.logs.aws_s3_bucket.this",
            "module.frontend.module.logs.aws_s3_bucket_accelerate_configuration.this",
            "module.frontend.module.logs.aws_s3_bucket_acl.this",
            "module.frontend.module.logs.aws_s3_bucket_analytics_configuration.this",
            "module.frontend.module.logs.aws_s3_bucket_cors_configuration.this",
            "module.frontend.module.logs.aws_s3_bucket_intelligent_tiering_configuration.this",
            "module.frontend.module.logs.aws_s3_bucket_inventory.this",
            "module.frontend.module.logs.aws_s3_bucket_lifecycle_configuration.this",
            "module.frontend.module.logs.aws_s3_bucket_logging.this",
            "module.frontend.module.logs.aws_s3_bucket_metric.this",
            "module.frontend.module.logs.aws_s3_bucket_object_lock_configuration.this",
            "module.frontend.module.logs.aws_s3_bucket_ownership_controls.this",
            "module.frontend.module.logs.aws_s3_bucket_policy.this",
            "module.frontend.module.logs.aws_s3_bucket_public_access_block.this",
            "module.frontend.module.logs.aws_s3_bucket_replication_configuration.this",
            "module.frontend.module.logs.aws_s3_bucket_request_payment_configuration.this",
            "module.frontend.module.logs.aws_s3_bucket_server_side_encryption_configuration.this",
            "module.frontend.module.logs.aws_s3_bucket_versioning.this",
            "module.frontend.module.logs.aws_s3_bucket_website_configuration.this",
            "module.frontend.module.logs.data.aws_caller_identity.current",
            "module.frontend.module.logs.data.aws_canonical_user_id.this",
            "module.frontend.module.logs.data.aws_iam_policy_document.access_log_delivery",
            "module.frontend.module.logs.data.aws_iam_policy_document.combined",
            "module.frontend.module.logs.data.aws_iam_policy_document.deny_incorrect_encryption_headers",
            "module.frontend.module.logs.data.aws_iam_policy_document.deny_incorrect_kms_key_sse",
            "module.frontend.module.logs.data.aws_iam_policy_document.deny_insecure_transport",
            "module.frontend.module.logs.data.aws_iam_policy_document.deny_unencrypted_object_uploads",
            "module.frontend.module.logs.data.aws_iam_policy_document.elb_log_delivery",
            "module.frontend.module.logs.data.aws_iam_policy_document.inventory_and_analytics_destination_policy",
            "module.frontend.module.logs.data.aws_iam_policy_document.lb_log_delivery",
            "module.frontend.module.logs.data.aws_iam_policy_document.require_latest_tls",
            "module.frontend.module.logs.data.aws_partition.current",
            "module.frontend.module.logs.data.aws_region.current",
            "module.route53.aws_route53_zone.this"
          ]
        }
      ]
    },
    {
      "module": "module.route53",
      "mode": "managed",
      "type": "aws_route53_zone",
      "name": "this",
      "provider": "provider[\"registry.terraform.io/hashicorp/aws\"]",
      "instances": [
        {
          "schema_version": 0,
          "attributes": {
            "arn": "arn:aws:route53:::hostedzone/Z07575781OEKA096BR02P",
            "comment": "Managed by Terraform",
            "delegation_set_id": "",
            "force_destroy": false,
            "id": "Z07575781OEKA096BR02P",
            "name": "galar.dev.condor.com.s3.us-east-1.amazonaws.com",
            "name_servers": [
              "ns-1484.awsdns-57.org",
              "ns-1981.awsdns-55.co.uk",
              "ns-230.awsdns-28.com",
              "ns-820.awsdns-38.net"
            ],
            "primary_name_server": "ns-230.awsdns-28.com",
            "tags": {
              "Name": "main"
            },
            "tags_all": {
              "Name": "main"
            },
            "vpc": [],
            "zone_id": "Z07575781OEKA096BR02P"
          },
          "sensitive_attributes": [],
          "private": "bnVsbA==",
          "dependencies": [
            "module.frontend.aws_s3_bucket.frontend"
          ]
        }
      ]
    },
    {
      "module": "module.sns",
      "mode": "data",
      "type": "aws_caller_identity",
      "name": "current",
      "provider": "provider[\"registry.terraform.io/hashicorp/aws\"]",
      "instances": [
        {
          "schema_version": 0,
          "attributes": {
            "account_id": "202815206333",
            "arn": "arn:aws:sts::202815206333:assumed-role/voclabs/user2690933=GALARZA,_AGUSTIN_EZEQUIEL",
            "id": "202815206333",
            "user_id": "AROAS6OF2OO6ZEK6J6HT7:user2690933=GALARZA,_AGUSTIN_EZEQUIEL"
          },
          "sensitive_attributes": []
        }
      ]
    },
    {
      "module": "module.sns",
      "mode": "data",
      "type": "aws_iam_policy_document",
      "name": "this",
      "provider": "provider[\"registry.terraform.io/hashicorp/aws\"]",
      "instances": [
        {
          "index_key": 0,
          "schema_version": 0,
          "attributes": {
            "id": "1870778398",
            "json": "{\n  \"Version\": \"2012-10-17\",\n  \"Statement\": [\n    {\n      \"Sid\": \"__default_statement_ID\",\n      \"Effect\": \"Allow\",\n      \"Action\": [\n        \"sns:Subscribe\",\n        \"sns:SetTopicAttributes\",\n        \"sns:RemovePermission\",\n        \"sns:Receive\",\n        \"sns:Publish\",\n        \"sns:ListSubscriptionsByTopic\",\n        \"sns:GetTopicAttributes\",\n        \"sns:DeleteTopic\",\n        \"sns:AddPermission\"\n      ],\n      \"Resource\": \"arn:aws:sns:us-east-1:202815206333:Reports\",\n      \"Principal\": {\n        \"AWS\": \"*\"\n      },\n      \"Condition\": {\n        \"StringEquals\": {\n          \"AWS:SourceOwner\": \"202815206333\"\n        }\n      }\n    }\n  ]\n}",
            "override_policy_documents": null,
            "policy_id": null,
            "source_policy_documents": null,
            "statement": [
              {
                "actions": [
                  "sns:AddPermission",
                  "sns:DeleteTopic",
                  "sns:GetTopicAttributes",
                  "sns:ListSubscriptionsByTopic",
                  "sns:Publish",
                  "sns:Receive",
                  "sns:RemovePermission",
                  "sns:SetTopicAttributes",
                  "sns:Subscribe"
                ],
                "condition": [
                  {
                    "test": "StringEquals",
                    "values": [
                      "202815206333"
                    ],
                    "variable": "AWS:SourceOwner"
                  }
                ],
                "effect": "Allow",
                "not_actions": [],
                "not_principals": [],
                "not_resources": [],
                "principals": [
                  {
                    "identifiers": [
                      "*"
                    ],
                    "type": "AWS"
                  }
                ],
                "resources": [
                  "arn:aws:sns:us-east-1:202815206333:Reports"
                ],
                "sid": "__default_statement_ID"
              }
            ],
            "version": "2012-10-17"
          },
          "sensitive_attributes": []
        }
      ]
    },
    {
      "module": "module.sns",
      "mode": "managed",
      "type": "aws_sns_topic",
      "name": "this",
      "provider": "provider[\"registry.terraform.io/hashicorp/aws\"]",
      "instances": [
        {
          "index_key": 0,
          "schema_version": 0,
          "attributes": {
            "application_failure_feedback_role_arn": "",
            "application_success_feedback_role_arn": "",
            "application_success_feedback_sample_rate": 0,
            "arn": "arn:aws:sns:us-east-1:202815206333:Reports",
            "content_based_deduplication": false,
            "delivery_policy": "",
            "display_name": "",
            "fifo_topic": false,
            "firehose_failure_feedback_role_arn": "",
            "firehose_success_feedback_role_arn": "",
            "firehose_success_feedback_sample_rate": 0,
            "http_failure_feedback_role_arn": "",
            "http_success_feedback_role_arn": "",
            "http_success_feedback_sample_rate": 0,
            "id": "arn:aws:sns:us-east-1:202815206333:Reports",
            "kms_master_key_id": "",
            "lambda_failure_feedback_role_arn": "",
            "lambda_success_feedback_role_arn": "",
            "lambda_success_feedback_sample_rate": 0,
            "name": "Reports",
            "name_prefix": "",
            "owner": "202815206333",
            "policy": "{\"Statement\":[{\"Action\":[\"sns:Subscribe\",\"sns:SetTopicAttributes\",\"sns:RemovePermission\",\"sns:Receive\",\"sns:Publish\",\"sns:ListSubscriptionsByTopic\",\"sns:GetTopicAttributes\",\"sns:DeleteTopic\",\"sns:AddPermission\"],\"Condition\":{\"StringEquals\":{\"AWS:SourceOwner\":\"202815206333\"}},\"Effect\":\"Allow\",\"Principal\":{\"AWS\":\"*\"},\"Resource\":\"arn:aws:sns:us-east-1:202815206333:Reports\",\"Sid\":\"__default_statement_ID\"}],\"Version\":\"2012-10-17\"}",
            "signature_version": 0,
            "sqs_failure_feedback_role_arn": "",
            "sqs_success_feedback_role_arn": "",
            "sqs_success_feedback_sample_rate": 0,
            "tags": {},
            "tags_all": {},
            "tracing_config": ""
          },
          "sensitive_attributes": [],
          "private": "bnVsbA=="
        }
      ]
    },
    {
      "module": "module.sns",
      "mode": "managed",
      "type": "aws_sns_topic_policy",
      "name": "this",
      "provider": "provider[\"registry.terraform.io/hashicorp/aws\"]",
      "instances": [
        {
          "index_key": 0,
          "schema_version": 0,
          "attributes": {
            "arn": "arn:aws:sns:us-east-1:202815206333:Reports",
            "id": "arn:aws:sns:us-east-1:202815206333:Reports",
            "owner": "202815206333",
            "policy": "{\"Statement\":[{\"Action\":[\"sns:Subscribe\",\"sns:SetTopicAttributes\",\"sns:RemovePermission\",\"sns:Receive\",\"sns:Publish\",\"sns:ListSubscriptionsByTopic\",\"sns:GetTopicAttributes\",\"sns:DeleteTopic\",\"sns:AddPermission\"],\"Condition\":{\"StringEquals\":{\"AWS:SourceOwner\":\"202815206333\"}},\"Effect\":\"Allow\",\"Principal\":{\"AWS\":\"*\"},\"Resource\":\"arn:aws:sns:us-east-1:202815206333:Reports\",\"Sid\":\"__default_statement_ID\"}],\"Version\":\"2012-10-17\"}"
          },
          "sensitive_attributes": [],
          "private": "bnVsbA==",
          "dependencies": [
            "module.sns.aws_sns_topic.this",
            "module.sns.data.aws_caller_identity.current",
            "module.sns.data.aws_iam_policy_document.this"
          ]
        }
      ]
    },
    {
      "module": "module.vpc",
      "mode": "managed",
      "type": "aws_default_network_acl",
      "name": "this",
      "provider": "provider[\"registry.terraform.io/hashicorp/aws\"]",
      "instances": [
        {
          "index_key": 0,
          "schema_version": 0,
          "attributes": {
            "arn": "arn:aws:ec2:us-east-1:202815206333:network-acl/acl-0643034a1848768cd",
            "default_network_acl_id": "acl-0643034a1848768cd",
            "egress": [
              {
                "action": "allow",
                "cidr_block": "",
                "from_port": 0,
                "icmp_code": 0,
                "icmp_type": 0,
                "ipv6_cidr_block": "::/0",
                "protocol": "-1",
                "rule_no": 101,
                "to_port": 0
              },
              {
                "action": "allow",
                "cidr_block": "0.0.0.0/0",
                "from_port": 0,
                "icmp_code": 0,
                "icmp_type": 0,
                "ipv6_cidr_block": "",
                "protocol": "-1",
                "rule_no": 100,
                "to_port": 0
              }
            ],
            "id": "acl-0643034a1848768cd",
            "ingress": [
              {
                "action": "allow",
                "cidr_block": "",
                "from_port": 0,
                "icmp_code": 0,
                "icmp_type": 0,
                "ipv6_cidr_block": "::/0",
                "protocol": "-1",
                "rule_no": 101,
                "to_port": 0
              },
              {
                "action": "allow",
                "cidr_block": "0.0.0.0/0",
                "from_port": 0,
                "icmp_code": 0,
                "icmp_type": 0,
                "ipv6_cidr_block": "",
                "protocol": "-1",
                "rule_no": 100,
                "to_port": 0
              }
            ],
            "owner_id": "202815206333",
            "subnet_ids": [
              "subnet-0b7edacdc836bba9e",
              "subnet-0c5abbd7b5ded27e0"
            ],
            "tags": {
              "Name": "main-default",
              "type": "vpc"
            },
            "tags_all": {
              "Name": "main-default",
              "type": "vpc"
            },
            "vpc_id": "vpc-01bbdc243bd5b431d"
          },
          "sensitive_attributes": [],
          "private": "bnVsbA==",
          "dependencies": [
            "module.vpc.aws_vpc.this"
          ]
        }
      ]
    },
    {
      "module": "module.vpc",
      "mode": "managed",
      "type": "aws_default_route_table",
      "name": "default",
      "provider": "provider[\"registry.terraform.io/hashicorp/aws\"]",
      "instances": [
        {
          "index_key": 0,
          "schema_version": 0,
          "attributes": {
            "arn": "arn:aws:ec2:us-east-1:202815206333:route-table/rtb-0f2305d9fa686363d",
            "default_route_table_id": "rtb-0f2305d9fa686363d",
            "id": "rtb-0f2305d9fa686363d",
            "owner_id": "202815206333",
            "propagating_vgws": [],
            "route": [],
            "tags": {
              "Name": "main-default",
              "type": "vpc"
            },
            "tags_all": {
              "Name": "main-default",
              "type": "vpc"
            },
            "timeouts": {
              "create": "5m",
              "update": "5m"
            },
            "vpc_id": "vpc-01bbdc243bd5b431d"
          },
          "sensitive_attributes": [],
          "private": "eyJlMmJmYjczMC1lY2FhLTExZTYtOGY4OC0zNDM2M2JjN2M0YzAiOnsiY3JlYXRlIjozMDAwMDAwMDAwMDAsInVwZGF0ZSI6MzAwMDAwMDAwMDAwfX0=",
          "dependencies": [
            "module.vpc.aws_vpc.this"
          ]
        }
      ]
    },
    {
      "module": "module.vpc",
      "mode": "managed",
      "type": "aws_default_security_group",
      "name": "this",
      "provider": "provider[\"registry.terraform.io/hashicorp/aws\"]",
      "instances": [
        {
          "index_key": 0,
          "schema_version": 1,
          "attributes": {
            "arn": "arn:aws:ec2:us-east-1:202815206333:security-group/sg-02b8521ef93b2208e",
            "description": "default VPC security group",
            "egress": [],
            "id": "sg-02b8521ef93b2208e",
            "ingress": [],
            "name": "default",
            "name_prefix": "",
            "owner_id": "202815206333",
            "revoke_rules_on_delete": false,
            "tags": {
              "Name": "main-default",
              "type": "vpc"
            },
            "tags_all": {
              "Name": "main-default",
              "type": "vpc"
            },
            "vpc_id": "vpc-01bbdc243bd5b431d"
          },
          "sensitive_attributes": [],
          "private": "eyJzY2hlbWFfdmVyc2lvbiI6IjEifQ==",
          "dependencies": [
            "module.vpc.aws_vpc.this"
          ]
        }
      ]
    },
    {
      "module": "module.vpc",
      "mode": "managed",
      "type": "aws_route_table",
      "name": "private",
      "provider": "provider[\"registry.terraform.io/hashicorp/aws\"]",
      "instances": [
        {
          "index_key": 0,
          "schema_version": 0,
          "attributes": {
            "arn": "arn:aws:ec2:us-east-1:202815206333:route-table/rtb-0dda614987d15ce49",
            "id": "rtb-0dda614987d15ce49",
            "owner_id": "202815206333",
            "propagating_vgws": [],
            "route": [],
            "tags": {
              "Name": "main-private-us-east-1a",
              "type": "vpc"
            },
            "tags_all": {
              "Name": "main-private-us-east-1a",
              "type": "vpc"
            },
            "timeouts": null,
            "vpc_id": "vpc-01bbdc243bd5b431d"
          },
          "sensitive_attributes": [],
          "private": "eyJlMmJmYjczMC1lY2FhLTExZTYtOGY4OC0zNDM2M2JjN2M0YzAiOnsiY3JlYXRlIjozMDAwMDAwMDAwMDAsImRlbGV0ZSI6MzAwMDAwMDAwMDAwLCJ1cGRhdGUiOjEyMDAwMDAwMDAwMH19",
          "dependencies": [
            "data.aws_availability_zones.available",
            "module.vpc.aws_vpc.this",
            "module.vpc.aws_vpc_ipv4_cidr_block_association.this"
          ]
        },
        {
          "index_key": 1,
          "schema_version": 0,
          "attributes": {
            "arn": "arn:aws:ec2:us-east-1:202815206333:route-table/rtb-03d879c031a7924ba",
            "id": "rtb-03d879c031a7924ba",
            "owner_id": "202815206333",
            "propagating_vgws": [],
            "route": [],
            "tags": {
              "Name": "main-private-us-east-1b",
              "type": "vpc"
            },
            "tags_all": {
              "Name": "main-private-us-east-1b",
              "type": "vpc"
            },
            "timeouts": null,
            "vpc_id": "vpc-01bbdc243bd5b431d"
          },
          "sensitive_attributes": [],
          "private": "eyJlMmJmYjczMC1lY2FhLTExZTYtOGY4OC0zNDM2M2JjN2M0YzAiOnsiY3JlYXRlIjozMDAwMDAwMDAwMDAsImRlbGV0ZSI6MzAwMDAwMDAwMDAwLCJ1cGRhdGUiOjEyMDAwMDAwMDAwMH19",
          "dependencies": [
            "data.aws_availability_zones.available",
            "module.vpc.aws_vpc.this",
            "module.vpc.aws_vpc_ipv4_cidr_block_association.this"
          ]
        }
      ]
    },
    {
      "module": "module.vpc",
      "mode": "managed",
      "type": "aws_route_table_association",
      "name": "private",
      "provider": "provider[\"registry.terraform.io/hashicorp/aws\"]",
      "instances": [
        {
          "index_key": 0,
          "schema_version": 0,
          "attributes": {
            "gateway_id": "",
            "id": "rtbassoc-00928789a2886d9be",
            "route_table_id": "rtb-0dda614987d15ce49",
            "subnet_id": "subnet-0b7edacdc836bba9e",
            "timeouts": null
          },
          "sensitive_attributes": [],
          "private": "eyJlMmJmYjczMC1lY2FhLTExZTYtOGY4OC0zNDM2M2JjN2M0YzAiOnsiY3JlYXRlIjozMDAwMDAwMDAwMDAsImRlbGV0ZSI6MzAwMDAwMDAwMDAwLCJ1cGRhdGUiOjEyMDAwMDAwMDAwMH19",
          "dependencies": [
            "data.aws_availability_zones.available",
            "module.vpc.aws_route_table.private",
            "module.vpc.aws_subnet.private",
            "module.vpc.aws_vpc.this",
            "module.vpc.aws_vpc_ipv4_cidr_block_association.this"
          ]
        },
        {
          "index_key": 1,
          "schema_version": 0,
          "attributes": {
            "gateway_id": "",
            "id": "rtbassoc-0734367b24e482d3f",
            "route_table_id": "rtb-03d879c031a7924ba",
            "subnet_id": "subnet-0c5abbd7b5ded27e0",
            "timeouts": null
          },
          "sensitive_attributes": [],
          "private": "eyJlMmJmYjczMC1lY2FhLTExZTYtOGY4OC0zNDM2M2JjN2M0YzAiOnsiY3JlYXRlIjozMDAwMDAwMDAwMDAsImRlbGV0ZSI6MzAwMDAwMDAwMDAwLCJ1cGRhdGUiOjEyMDAwMDAwMDAwMH19",
          "dependencies": [
            "data.aws_availability_zones.available",
            "module.vpc.aws_route_table.private",
            "module.vpc.aws_subnet.private",
            "module.vpc.aws_vpc.this",
            "module.vpc.aws_vpc_ipv4_cidr_block_association.this"
          ]
        }
      ]
    },
    {
      "module": "module.vpc",
      "mode": "managed",
      "type": "aws_subnet",
      "name": "private",
      "provider": "provider[\"registry.terraform.io/hashicorp/aws\"]",
      "instances": [
        {
          "index_key": 0,
          "schema_version": 1,
          "attributes": {
            "arn": "arn:aws:ec2:us-east-1:202815206333:subnet/subnet-0b7edacdc836bba9e",
            "assign_ipv6_address_on_creation": false,
            "availability_zone": "us-east-1a",
            "availability_zone_id": "use1-az2",
            "cidr_block": "10.0.10.0/24",
            "customer_owned_ipv4_pool": "",
            "enable_dns64": false,
            "enable_lni_at_device_index": 0,
            "enable_resource_name_dns_a_record_on_launch": false,
            "enable_resource_name_dns_aaaa_record_on_launch": false,
            "id": "subnet-0b7edacdc836bba9e",
            "ipv6_cidr_block": "",
            "ipv6_cidr_block_association_id": "",
            "ipv6_native": false,
            "map_customer_owned_ip_on_launch": false,
            "map_public_ip_on_launch": false,
            "outpost_arn": "",
            "owner_id": "202815206333",
            "private_dns_hostname_type_on_launch": "ip-name",
            "tags": {
              "Name": "Application Primary",
              "type": "vpc"
            },
            "tags_all": {
              "Name": "Application Primary",
              "type": "vpc"
            },
            "timeouts": null,
            "vpc_id": "vpc-01bbdc243bd5b431d"
          },
          "sensitive_attributes": [],
          "private": "eyJlMmJmYjczMC1lY2FhLTExZTYtOGY4OC0zNDM2M2JjN2M0YzAiOnsiY3JlYXRlIjo2MDAwMDAwMDAwMDAsImRlbGV0ZSI6MTIwMDAwMDAwMDAwMH0sInNjaGVtYV92ZXJzaW9uIjoiMSJ9",
          "dependencies": [
            "data.aws_availability_zones.available",
            "module.vpc.aws_vpc.this",
            "module.vpc.aws_vpc_ipv4_cidr_block_association.this"
          ]
        },
        {
          "index_key": 1,
          "schema_version": 1,
          "attributes": {
            "arn": "arn:aws:ec2:us-east-1:202815206333:subnet/subnet-0c5abbd7b5ded27e0",
            "assign_ipv6_address_on_creation": false,
            "availability_zone": "us-east-1b",
            "availability_zone_id": "use1-az4",
            "cidr_block": "10.0.11.0/24",
            "customer_owned_ipv4_pool": "",
            "enable_dns64": false,
            "enable_lni_at_device_index": 0,
            "enable_resource_name_dns_a_record_on_launch": false,
            "enable_resource_name_dns_aaaa_record_on_launch": false,
            "id": "subnet-0c5abbd7b5ded27e0",
            "ipv6_cidr_block": "",
            "ipv6_cidr_block_association_id": "",
            "ipv6_native": false,
            "map_customer_owned_ip_on_launch": false,
            "map_public_ip_on_launch": false,
            "outpost_arn": "",
            "owner_id": "202815206333",
            "private_dns_hostname_type_on_launch": "ip-name",
            "tags": {
              "Name": "Application Secondary",
              "type": "vpc"
            },
            "tags_all": {
              "Name": "Application Secondary",
              "type": "vpc"
            },
            "timeouts": null,
            "vpc_id": "vpc-01bbdc243bd5b431d"
          },
          "sensitive_attributes": [],
          "private": "eyJlMmJmYjczMC1lY2FhLTExZTYtOGY4OC0zNDM2M2JjN2M0YzAiOnsiY3JlYXRlIjo2MDAwMDAwMDAwMDAsImRlbGV0ZSI6MTIwMDAwMDAwMDAwMH0sInNjaGVtYV92ZXJzaW9uIjoiMSJ9",
          "dependencies": [
            "data.aws_availability_zones.available",
            "module.vpc.aws_vpc.this",
            "module.vpc.aws_vpc_ipv4_cidr_block_association.this"
          ]
        }
      ]
    },
    {
      "module": "module.vpc",
      "mode": "managed",
      "type": "aws_vpc",
      "name": "this",
      "provider": "provider[\"registry.terraform.io/hashicorp/aws\"]",
      "instances": [
        {
          "index_key": 0,
          "schema_version": 1,
          "attributes": {
            "arn": "arn:aws:ec2:us-east-1:202815206333:vpc/vpc-01bbdc243bd5b431d",
            "assign_generated_ipv6_cidr_block": false,
            "cidr_block": "10.0.0.0/16",
            "default_network_acl_id": "acl-0643034a1848768cd",
            "default_route_table_id": "rtb-0f2305d9fa686363d",
            "default_security_group_id": "sg-02b8521ef93b2208e",
            "dhcp_options_id": "dopt-08a37e8f06c659348",
            "enable_dns_hostnames": true,
            "enable_dns_support": true,
            "enable_network_address_usage_metrics": false,
            "id": "vpc-01bbdc243bd5b431d",
            "instance_tenancy": "default",
            "ipv4_ipam_pool_id": null,
            "ipv4_netmask_length": null,
            "ipv6_association_id": "",
            "ipv6_cidr_block": "",
            "ipv6_cidr_block_network_border_group": "",
            "ipv6_ipam_pool_id": "",
            "ipv6_netmask_length": 0,
            "main_route_table_id": "rtb-0f2305d9fa686363d",
            "owner_id": "202815206333",
            "tags": {
              "Name": "main",
              "type": "vpc"
            },
            "tags_all": {
              "Name": "main",
              "type": "vpc"
            }
          },
          "sensitive_attributes": [],
          "private": "eyJzY2hlbWFfdmVyc2lvbiI6IjEifQ==",
          "create_before_destroy": true
        }
      ]
    },
    {
      "module": "module.vpc_endpoints",
      "mode": "data",
      "type": "aws_vpc_endpoint_service",
      "name": "this",
      "provider": "provider[\"registry.terraform.io/hashicorp/aws\"]",
      "instances": [
        {
          "index_key": "dynamodb",
          "schema_version": 0,
          "attributes": {
            "acceptance_required": false,
            "arn": "arn:aws:ec2:us-east-1:202815206333:vpc-endpoint-service/vpce-svc-099eb39957ebe7ecc",
            "availability_zones": [
              "us-east-1a",
              "us-east-1b",
              "us-east-1c",
              "us-east-1d",
              "us-east-1e",
              "us-east-1f"
            ],
            "base_endpoint_dns_names": [
              "dynamodb.us-east-1.amazonaws.com"
            ],
            "filter": [
              {
                "name": "service-type",
                "values": [
                  "Gateway"
                ]
              }
            ],
            "id": "2816157640",
            "manages_vpc_endpoints": false,
            "owner": "amazon",
            "private_dns_name": "",
            "service": "dynamodb",
            "service_id": "vpce-svc-099eb39957ebe7ecc",
            "service_name": "com.amazonaws.us-east-1.dynamodb",
            "service_type": "Gateway",
            "supported_ip_address_types": [
              "ipv4"
            ],
            "tags": {},
            "timeouts": null,
            "vpc_endpoint_policy_supported": true
          },
          "sensitive_attributes": []
        },
        {
          "index_key": "sns",
          "schema_version": 0,
          "attributes": {
            "acceptance_required": false,
            "arn": "arn:aws:ec2:us-east-1:202815206333:vpc-endpoint-service/vpce-svc-028a2c04717c9c5b1",
            "availability_zones": [
              "us-east-1a",
              "us-east-1b",
              "us-east-1c",
              "us-east-1d",
              "us-east-1e",
              "us-east-1f"
            ],
            "base_endpoint_dns_names": [
              "sns.us-east-1.vpce.amazonaws.com"
            ],
            "filter": [
              {
                "name": "service-type",
                "values": [
                  "Interface"
                ]
              }
            ],
            "id": "830444820",
            "manages_vpc_endpoints": false,
            "owner": "amazon",
            "private_dns_name": "sns.us-east-1.amazonaws.com",
            "service": "sns",
            "service_id": "vpce-svc-028a2c04717c9c5b1",
            "service_name": "com.amazonaws.us-east-1.sns",
            "service_type": "Interface",
            "supported_ip_address_types": [
              "ipv4"
            ],
            "tags": {},
            "timeouts": null,
            "vpc_endpoint_policy_supported": true
          },
          "sensitive_attributes": []
        }
      ]
    },
    {
      "module": "module.vpc_endpoints",
      "mode": "managed",
      "type": "aws_security_group",
      "name": "this",
      "provider": "provider[\"registry.terraform.io/hashicorp/aws\"]",
      "instances": [
        {
          "index_key": 0,
          "schema_version": 1,
          "attributes": {
            "arn": "arn:aws:ec2:us-east-1:202815206333:security-group/sg-05949399b0703c800",
            "description": "VPC security group",
            "egress": [],
            "id": "sg-05949399b0703c800",
            "ingress": [],
            "name": "main-security-group20231220153930463900000002",
            "name_prefix": "main-security-group",
            "owner_id": "202815206333",
            "revoke_rules_on_delete": false,
            "tags": {
              "Name": "main-security-group"
            },
            "tags_all": {
              "Name": "main-security-group"
            },
            "timeouts": null,
            "vpc_id": "vpc-01bbdc243bd5b431d"
          },
          "sensitive_attributes": [],
          "private": "eyJlMmJmYjczMC1lY2FhLTExZTYtOGY4OC0zNDM2M2JjN2M0YzAiOnsiY3JlYXRlIjo2MDAwMDAwMDAwMDAsImRlbGV0ZSI6OTAwMDAwMDAwMDAwfSwic2NoZW1hX3ZlcnNpb24iOiIxIn0=",
          "dependencies": [
            "module.vpc.aws_vpc.this"
          ],
          "create_before_destroy": true
        }
      ]
    },
    {
      "module": "module.vpc_endpoints",
      "mode": "managed",
      "type": "aws_vpc_endpoint",
      "name": "this",
      "provider": "provider[\"registry.terraform.io/hashicorp/aws\"]",
      "instances": [
        {
          "index_key": "dynamodb",
          "schema_version": 0,
          "attributes": {
            "arn": "arn:aws:ec2:us-east-1:202815206333:vpc-endpoint/vpce-0cac4dcfdb9b41174",
            "auto_accept": null,
            "cidr_blocks": [
              "35.71.70.0/24",
              "3.218.182.0/24",
              "3.218.180.0/23",
              "35.71.68.0/23",
              "52.94.0.0/22",
              "52.119.224.0/20"
            ],
            "dns_entry": [],
            "dns_options": [],
            "id": "vpce-0cac4dcfdb9b41174",
            "ip_address_type": "",
            "network_interface_ids": [],
            "owner_id": "202815206333",
            "policy": "{\"Statement\":[{\"Action\":[\"dynamodb:UpdateItem\",\"dynamodb:Scan\",\"dynamodb:PutItem\",\"dynamodb:GetItem\"],\"Effect\":\"Allow\",\"Principal\":{\"AWS\":\"*\"},\"Resource\":\"arn:aws:dynamodb:us-east-1:202815206333:table/condor-main\"}],\"Version\":\"2012-10-17\"}",
            "prefix_list_id": "pl-02cd2c6b",
            "private_dns_enabled": false,
            "requester_managed": false,
            "route_table_ids": [
              "rtb-03d879c031a7924ba",
              "rtb-0dda614987d15ce49"
            ],
            "security_group_ids": [],
            "service_name": "com.amazonaws.us-east-1.dynamodb",
            "state": "available",
            "subnet_ids": [],
            "tags": {},
            "tags_all": {},
            "timeouts": {
              "create": "10m",
              "delete": "10m",
              "update": "10m"
            },
            "vpc_endpoint_type": "Gateway",
            "vpc_id": "vpc-01bbdc243bd5b431d"
          },
          "sensitive_attributes": [],
          "private": "eyJlMmJmYjczMC1lY2FhLTExZTYtOGY4OC0zNDM2M2JjN2M0YzAiOnsiY3JlYXRlIjo2MDAwMDAwMDAwMDAsImRlbGV0ZSI6NjAwMDAwMDAwMDAwLCJ1cGRhdGUiOjYwMDAwMDAwMDAwMH19",
          "dependencies": [
            "data.aws_availability_zones.available",
            "data.aws_caller_identity.current",
            "data.aws_iam_policy_document.dynamodb_endpoint_policy",
            "data.aws_region.current",
            "module.dynamo.aws_dynamodb_table.this",
            "module.vpc.aws_route_table.private",
            "module.vpc.aws_subnet.private",
            "module.vpc.aws_vpc.this",
            "module.vpc.aws_vpc_ipv4_cidr_block_association.this",
            "module.vpc_endpoints.aws_security_group.this",
            "module.vpc_endpoints.data.aws_vpc_endpoint_service.this"
          ]
        },
        {
          "index_key": "sns",
          "schema_version": 0,
          "attributes": {
            "arn": "arn:aws:ec2:us-east-1:202815206333:vpc-endpoint/vpce-06673b8c2785c8aa1",
            "auto_accept": null,
            "cidr_blocks": [],
            "dns_entry": [],
            "dns_options": [
              {
                "dns_record_ip_type": "ipv4",
                "private_dns_only_for_inbound_resolver_endpoint": false
              }
            ],
            "id": "vpce-06673b8c2785c8aa1",
            "ip_address_type": "ipv4",
            "network_interface_ids": [],
            "owner_id": "202815206333",
            "policy": "{\"Statement\":[{\"Action\":\"*\",\"Effect\":\"Allow\",\"Principal\":\"*\",\"Resource\":\"*\"}]}",
            "prefix_list_id": null,
            "private_dns_enabled": false,
            "requester_managed": false,
            "route_table_ids": [],
            "security_group_ids": [
              "sg-05949399b0703c800"
            ],
            "service_name": "com.amazonaws.us-east-1.sns",
            "state": "available",
            "subnet_ids": [],
            "tags": {},
            "tags_all": {},
            "timeouts": {
              "create": "10m",
              "delete": "10m",
              "update": "10m"
            },
            "vpc_endpoint_type": "Interface",
            "vpc_id": "vpc-01bbdc243bd5b431d"
          },
          "sensitive_attributes": [],
          "private": "eyJlMmJmYjczMC1lY2FhLTExZTYtOGY4OC0zNDM2M2JjN2M0YzAiOnsiY3JlYXRlIjo2MDAwMDAwMDAwMDAsImRlbGV0ZSI6NjAwMDAwMDAwMDAwLCJ1cGRhdGUiOjYwMDAwMDAwMDAwMH19",
          "dependencies": [
            "data.aws_availability_zones.available",
            "data.aws_caller_identity.current",
            "data.aws_iam_policy_document.dynamodb_endpoint_policy",
            "data.aws_region.current",
            "module.dynamo.aws_dynamodb_table.this",
            "module.vpc.aws_route_table.private",
            "module.vpc.aws_subnet.private",
            "module.vpc.aws_vpc.this",
            "module.vpc.aws_vpc_ipv4_cidr_block_association.this",
            "module.vpc_endpoints.aws_security_group.this",
            "module.vpc_endpoints.data.aws_vpc_endpoint_service.this"
          ]
        }
      ]
    }
  ],
  "check_results": null
}
