{
  "version": 4,
  "terraform_version": "1.5.7",
  "serial": 506,
  "lineage": "4744be36-0e1d-de93-a294-55ffc8574dd2",
  "outputs": {
    "database_subnets": {
      "value": [
        "subnet-0c8ee2599048a1372",
        "subnet-0ab0d46f6793ef83f"
      ],
      "type": [
        "tuple",
        [
          "string",
          "string"
        ]
      ]
    },
    "private_subnets": {
      "value": [
        "subnet-0a2215550331650c3",
        "subnet-07ea852fb8c3879c5"
      ],
      "type": [
        "tuple",
        [
          "string",
          "string"
        ]
      ]
    },
    "sns": {
      "value": {
        "subscriptions": {},
        "topic_arn": "arn:aws:sns:us-east-1:202815206333:Reports",
        "topic_id": "arn:aws:sns:us-east-1:202815206333:Reports",
        "topic_name": "Reports",
        "topic_owner": "202815206333"
      },
      "type": [
        "object",
        {
          "subscriptions": [
            "object",
            {}
          ],
          "topic_arn": "string",
          "topic_id": "string",
          "topic_name": "string",
          "topic_owner": "string"
        }
      ]
    },
    "vpc_arn": {
      "value": "arn:aws:ec2:us-east-1:202815206333:vpc/vpc-060ff47f280edbacc",
      "type": "string"
    },
    "vpc_cidr": {
      "value": "10.0.0.0/16",
      "type": "string"
    },
    "vpc_endpoints_id": {
      "value": [
        {
          "sns": {
            "arn": "arn:aws:ec2:us-east-1:202815206333:vpc-endpoint/vpce-071ba67692ac49543",
            "auto_accept": null,
            "cidr_blocks": [],
            "dns_entry": [],
            "dns_options": [
              {
                "dns_record_ip_type": "ipv4",
                "private_dns_only_for_inbound_resolver_endpoint": false
              }
            ],
            "id": "vpce-071ba67692ac49543",
            "ip_address_type": "ipv4",
            "network_interface_ids": [],
            "owner_id": "202815206333",
            "policy": "{\"Statement\":[{\"Action\":\"*\",\"Effect\":\"Allow\",\"Principal\":\"*\",\"Resource\":\"*\"}]}",
            "prefix_list_id": null,
            "private_dns_enabled": false,
            "requester_managed": false,
            "route_table_ids": [],
            "security_group_ids": [
              "sg-0c2f0438f757d606a"
            ],
            "service_name": "com.amazonaws.us-east-1.sns",
            "state": "available",
            "subnet_ids": [],
            "tags": null,
            "tags_all": {
              "author": "Grupo 4",
              "project": "Condor",
              "version": "1.0",
              "year": "2023"
            },
            "timeouts": {
              "create": "10m",
              "delete": "10m",
              "update": "10m"
            },
            "vpc_endpoint_type": "Interface",
            "vpc_id": "vpc-060ff47f280edbacc"
          }
        },
        "arn:aws:ec2:us-east-1:202815206333:security-group/sg-0c2f0438f757d606a",
        "sg-0c2f0438f757d606a"
      ],
      "type": [
        "tuple",
        [
          [
            "object",
            {
              "sns": [
                "object",
                {
                  "arn": "string",
                  "auto_accept": "bool",
                  "cidr_blocks": [
                    "list",
                    "string"
                  ],
                  "dns_entry": [
                    "list",
                    [
                      "object",
                      {
                        "dns_name": "string",
                        "hosted_zone_id": "string"
                      }
                    ]
                  ],
                  "dns_options": [
                    "list",
                    [
                      "object",
                      {
                        "dns_record_ip_type": "string",
                        "private_dns_only_for_inbound_resolver_endpoint": "bool"
                      }
                    ]
                  ],
                  "id": "string",
                  "ip_address_type": "string",
                  "network_interface_ids": [
                    "set",
                    "string"
                  ],
                  "owner_id": "string",
                  "policy": "string",
                  "prefix_list_id": "string",
                  "private_dns_enabled": "bool",
                  "requester_managed": "bool",
                  "route_table_ids": [
                    "set",
                    "string"
                  ],
                  "security_group_ids": [
                    "set",
                    "string"
                  ],
                  "service_name": "string",
                  "state": "string",
                  "subnet_ids": [
                    "set",
                    "string"
                  ],
                  "tags": [
                    "map",
                    "string"
                  ],
                  "tags_all": [
                    "map",
                    "string"
                  ],
                  "timeouts": [
                    "object",
                    {
                      "create": "string",
                      "delete": "string",
                      "update": "string"
                    }
                  ],
                  "vpc_endpoint_type": "string",
                  "vpc_id": "string"
                }
              ]
            }
          ],
          "string",
          "string"
        ]
      ]
    },
    "vpc_id": {
      "value": "vpc-060ff47f280edbacc",
      "type": "string"
    }
  },
  "resources": [
    {
      "mode": "data",
      "type": "aws_availability_zones",
      "name": "available",
      "provider": "provider[\"registry.terraform.io/hashicorp/aws\"]",
      "instances": [
        {
          "schema_version": 0,
          "attributes": {
            "all_availability_zones": null,
            "exclude_names": null,
            "exclude_zone_ids": null,
            "filter": null,
            "group_names": [
              "us-east-1"
            ],
            "id": "us-east-1",
            "names": [
              "us-east-1a",
              "us-east-1b",
              "us-east-1c",
              "us-east-1d",
              "us-east-1e",
              "us-east-1f"
            ],
            "state": "available",
            "timeouts": null,
            "zone_ids": [
              "use1-az2",
              "use1-az4",
              "use1-az6",
              "use1-az1",
              "use1-az3",
              "use1-az5"
            ]
          },
          "sensitive_attributes": []
        }
      ]
    },
    {
      "module": "module.api_gateway",
      "mode": "managed",
      "type": "aws_api_gateway_authorizer",
      "name": "this",
      "provider": "provider[\"registry.terraform.io/hashicorp/aws\"]",
      "instances": [
        {
          "schema_version": 0,
          "attributes": {
            "arn": "arn:aws:apigateway:us-east-1::/restapis/27g4byodhk/authorizers/ov05ts",
            "authorizer_credentials": "",
            "authorizer_result_ttl_in_seconds": 300,
            "authorizer_uri": "",
            "id": "ov05ts",
            "identity_source": "method.request.header.Authorization",
            "identity_validation_expression": "",
            "name": "main",
            "provider_arns": [
              "arn:aws:cognito-idp:us-east-1:202815206333:userpool/us-east-1_h1ClcALfG"
            ],
            "rest_api_id": "27g4byodhk",
            "type": "COGNITO_USER_POOLS"
          },
          "sensitive_attributes": [],
          "private": "bnVsbA==",
          "dependencies": [
            "module.api_gateway.aws_api_gateway_rest_api.this",
            "module.cognito.aws_cognito_user_pool.this"
          ],
          "create_before_destroy": true
        }
      ]
    },
    {
      "module": "module.api_gateway",
      "mode": "managed",
      "type": "aws_api_gateway_deployment",
      "name": "this",
      "provider": "provider[\"registry.terraform.io/hashicorp/aws\"]",
      "instances": [
        {
          "schema_version": 0,
          "attributes": {
            "created_date": "2023-10-14T19:21:09Z",
            "description": "",
            "execution_arn": "arn:aws:execute-api:us-east-1:202815206333:27g4byodhk/",
            "id": "ljqfac",
            "invoke_url": "https://27g4byodhk.execute-api.us-east-1.amazonaws.com/",
            "rest_api_id": "27g4byodhk",
            "stage_description": null,
            "stage_name": null,
            "triggers": {
              "redeploy": "a326d08ba4b94689820ffc3be8c483006c06c002"
            },
            "variables": null
          },
          "sensitive_attributes": [],
          "private": "bnVsbA==",
          "dependencies": [
            "module.api_gateway.aws_api_gateway_authorizer.this",
            "module.api_gateway.aws_api_gateway_rest_api.this",
            "module.api_gateway.module.api_gateway_endpoint.aws_api_gateway_integration.this",
            "module.api_gateway.module.api_gateway_endpoint.aws_api_gateway_integration_response.this",
            "module.api_gateway.module.api_gateway_endpoint.aws_api_gateway_method.this",
            "module.api_gateway.module.api_gateway_endpoint.aws_api_gateway_method_response.this",
            "module.api_gateway.module.api_gateway_endpoint.aws_api_gateway_resource.this",
            "module.api_gateway.module.lambda.aws_lambda_function.index",
            "module.api_gateway.module.lambda.data.aws_iam_role.lambda",
            "module.cognito.aws_cognito_user_pool.this"
          ],
          "create_before_destroy": true
        }
      ]
    },
    {
      "module": "module.api_gateway",
      "mode": "managed",
      "type": "aws_api_gateway_rest_api",
      "name": "this",
      "provider": "provider[\"registry.terraform.io/hashicorp/aws\"]",
      "instances": [
        {
          "schema_version": 0,
          "attributes": {
            "api_key_source": "HEADER",
            "arn": "arn:aws:apigateway:us-east-1::/restapis/27g4byodhk",
            "binary_media_types": [],
            "body": null,
            "created_date": "2023-10-14T19:21:02Z",
            "description": "",
            "disable_execute_api_endpoint": false,
            "endpoint_configuration": [
              {
                "types": [
                  "EDGE"
                ],
                "vpc_endpoint_ids": []
              }
            ],
            "execution_arn": "arn:aws:execute-api:us-east-1:202815206333:27g4byodhk",
            "fail_on_warnings": null,
            "id": "27g4byodhk",
            "minimum_compression_size": "",
            "name": "main",
            "parameters": null,
            "policy": "",
            "put_rest_api_mode": null,
            "root_resource_id": "47skei97nf",
            "tags": null,
            "tags_all": {
              "author": "Grupo 4",
              "project": "Condor",
              "version": "1.0",
              "year": "2023"
            }
          },
          "sensitive_attributes": [],
          "private": "bnVsbA==",
          "create_before_destroy": true
        }
      ]
    },
    {
      "module": "module.api_gateway",
      "mode": "managed",
      "type": "aws_api_gateway_stage",
      "name": "this",
      "provider": "provider[\"registry.terraform.io/hashicorp/aws\"]",
      "instances": [
        {
          "schema_version": 0,
          "attributes": {
            "access_log_settings": [],
            "arn": "arn:aws:apigateway:us-east-1::/restapis/27g4byodhk/stages/dev",
            "cache_cluster_enabled": false,
            "cache_cluster_size": "",
            "canary_settings": [],
            "client_certificate_id": "",
            "deployment_id": "ljqfac",
            "description": "",
            "documentation_version": "",
            "execution_arn": "arn:aws:execute-api:us-east-1:202815206333:27g4byodhk/dev",
            "id": "ags-27g4byodhk-dev",
            "invoke_url": "https://27g4byodhk.execute-api.us-east-1.amazonaws.com/dev",
            "rest_api_id": "27g4byodhk",
            "stage_name": "dev",
            "tags": null,
            "tags_all": {
              "author": "Grupo 4",
              "project": "Condor",
              "version": "1.0",
              "year": "2023"
            },
            "variables": null,
            "web_acl_arn": "",
            "xray_tracing_enabled": false
          },
          "sensitive_attributes": [],
          "private": "bnVsbA==",
          "dependencies": [
            "module.api_gateway.aws_api_gateway_authorizer.this",
            "module.api_gateway.aws_api_gateway_deployment.this",
            "module.api_gateway.aws_api_gateway_rest_api.this",
            "module.api_gateway.module.api_gateway_endpoint.aws_api_gateway_integration.this",
            "module.api_gateway.module.api_gateway_endpoint.aws_api_gateway_integration_response.this",
            "module.api_gateway.module.api_gateway_endpoint.aws_api_gateway_method.this",
            "module.api_gateway.module.api_gateway_endpoint.aws_api_gateway_method_response.this",
            "module.api_gateway.module.api_gateway_endpoint.aws_api_gateway_resource.this",
            "module.api_gateway.module.lambda.aws_lambda_function.index",
            "module.api_gateway.module.lambda.data.aws_iam_role.lambda",
            "module.cognito.aws_cognito_user_pool.this"
          ]
        }
      ]
    },
    {
      "module": "module.api_gateway.module.api_gateway_endpoint[\"login-POST\"]",
      "mode": "managed",
      "type": "aws_api_gateway_integration",
      "name": "this",
      "provider": "provider[\"registry.terraform.io/hashicorp/aws\"]",
      "instances": [
        {
          "schema_version": 0,
          "attributes": {
            "cache_key_parameters": null,
            "cache_namespace": "z568cv",
            "connection_id": "",
            "connection_type": "INTERNET",
            "content_handling": "",
            "credentials": "",
            "http_method": "POST",
            "id": "agi-27g4byodhk-z568cv-POST",
            "integration_http_method": "POST",
            "passthrough_behavior": "WHEN_NO_MATCH",
            "request_parameters": null,
            "request_templates": null,
            "resource_id": "z568cv",
            "rest_api_id": "27g4byodhk",
            "timeout_milliseconds": 29000,
            "tls_config": [],
            "type": "AWS_PROXY",
            "uri": "arn:aws:apigateway:us-east-1:lambda:path/2015-03-31/functions/arn:aws:lambda:us-east-1:202815206333:function:handler/invocations"
          },
          "sensitive_attributes": [],
          "private": "bnVsbA==",
          "dependencies": [
            "module.api_gateway.aws_api_gateway_authorizer.this",
            "module.api_gateway.aws_api_gateway_rest_api.this",
            "module.api_gateway.module.api_gateway_endpoint.aws_api_gateway_method.this",
            "module.api_gateway.module.api_gateway_endpoint.aws_api_gateway_resource.this",
            "module.api_gateway.module.lambda.aws_lambda_function.index",
            "module.api_gateway.module.lambda.data.aws_iam_role.lambda",
            "module.cognito.aws_cognito_user_pool.this"
          ],
          "create_before_destroy": true
        }
      ]
    },
    {
      "module": "module.api_gateway.module.api_gateway_endpoint[\"login-POST\"]",
      "mode": "managed",
      "type": "aws_api_gateway_integration_response",
      "name": "this",
      "provider": "provider[\"registry.terraform.io/hashicorp/aws\"]",
      "instances": [
        {
          "schema_version": 0,
          "attributes": {
            "content_handling": "",
            "http_method": "POST",
            "id": "agir-27g4byodhk-z568cv-POST-200",
            "resource_id": "z568cv",
            "response_parameters": null,
            "response_templates": null,
            "rest_api_id": "27g4byodhk",
            "selection_pattern": "",
            "status_code": "200"
          },
          "sensitive_attributes": [],
          "private": "bnVsbA==",
          "dependencies": [
            "module.api_gateway.aws_api_gateway_authorizer.this",
            "module.api_gateway.aws_api_gateway_rest_api.this",
            "module.api_gateway.module.api_gateway_endpoint.aws_api_gateway_integration.this",
            "module.api_gateway.module.api_gateway_endpoint.aws_api_gateway_method.this",
            "module.api_gateway.module.api_gateway_endpoint.aws_api_gateway_method_response.this",
            "module.api_gateway.module.api_gateway_endpoint.aws_api_gateway_resource.this",
            "module.api_gateway.module.lambda.aws_lambda_function.index",
            "module.api_gateway.module.lambda.data.aws_iam_role.lambda",
            "module.cognito.aws_cognito_user_pool.this"
          ],
          "create_before_destroy": true
        }
      ]
    },
    {
      "module": "module.api_gateway.module.api_gateway_endpoint[\"login-POST\"]",
      "mode": "managed",
      "type": "aws_api_gateway_method",
      "name": "this",
      "provider": "provider[\"registry.terraform.io/hashicorp/aws\"]",
      "instances": [
        {
          "schema_version": 0,
          "attributes": {
            "api_key_required": false,
            "authorization": "COGNITO_USER_POOLS",
            "authorization_scopes": null,
            "authorizer_id": "ov05ts",
            "http_method": "POST",
            "id": "agm-27g4byodhk-z568cv-POST",
            "operation_name": null,
            "request_models": null,
            "request_parameters": {
              "method.request.path.proxy": true
            },
            "request_validator_id": null,
            "resource_id": "z568cv",
            "rest_api_id": "27g4byodhk"
          },
          "sensitive_attributes": [],
          "private": "bnVsbA==",
          "dependencies": [
            "module.api_gateway.aws_api_gateway_authorizer.this",
            "module.api_gateway.aws_api_gateway_rest_api.this",
            "module.api_gateway.module.api_gateway_endpoint.aws_api_gateway_resource.this",
            "module.cognito.aws_cognito_user_pool.this"
          ],
          "create_before_destroy": true
        }
      ]
    },
    {
      "module": "module.api_gateway.module.api_gateway_endpoint[\"login-POST\"]",
      "mode": "managed",
      "type": "aws_api_gateway_method_response",
      "name": "this",
      "provider": "provider[\"registry.terraform.io/hashicorp/aws\"]",
      "instances": [
        {
          "schema_version": 0,
          "attributes": {
            "http_method": "POST",
            "id": "agmr-27g4byodhk-z568cv-POST-200",
            "resource_id": "z568cv",
            "response_models": null,
            "response_parameters": {
              "method.response.header.Access-Control-Allow-Origin": true
            },
            "rest_api_id": "27g4byodhk",
            "status_code": "200"
          },
          "sensitive_attributes": [],
          "private": "bnVsbA==",
          "dependencies": [
            "module.api_gateway.aws_api_gateway_authorizer.this",
            "module.api_gateway.aws_api_gateway_rest_api.this",
            "module.api_gateway.module.api_gateway_endpoint.aws_api_gateway_method.this",
            "module.api_gateway.module.api_gateway_endpoint.aws_api_gateway_resource.this",
            "module.cognito.aws_cognito_user_pool.this"
          ],
          "create_before_destroy": true
        }
      ]
    },
    {
      "module": "module.api_gateway.module.api_gateway_endpoint[\"login-POST\"]",
      "mode": "managed",
      "type": "aws_api_gateway_resource",
      "name": "this",
      "provider": "provider[\"registry.terraform.io/hashicorp/aws\"]",
      "instances": [
        {
          "schema_version": 0,
          "attributes": {
            "id": "z568cv",
            "parent_id": "47skei97nf",
            "path": "/login",
            "path_part": "login",
            "rest_api_id": "27g4byodhk"
          },
          "sensitive_attributes": [],
          "private": "bnVsbA==",
          "dependencies": [
            "module.api_gateway.aws_api_gateway_rest_api.this"
          ],
          "create_before_destroy": true
        }
      ]
    },
    {
      "module": "module.api_gateway.module.api_gateway_endpoint[\"logout-POST\"]",
      "mode": "managed",
      "type": "aws_api_gateway_integration",
      "name": "this",
      "provider": "provider[\"registry.terraform.io/hashicorp/aws\"]",
      "instances": [
        {
          "schema_version": 0,
          "attributes": {
            "cache_key_parameters": null,
            "cache_namespace": "iqy0xp",
            "connection_id": "",
            "connection_type": "INTERNET",
            "content_handling": "",
            "credentials": "",
            "http_method": "POST",
            "id": "agi-27g4byodhk-iqy0xp-POST",
            "integration_http_method": "POST",
            "passthrough_behavior": "WHEN_NO_MATCH",
            "request_parameters": null,
            "request_templates": null,
            "resource_id": "iqy0xp",
            "rest_api_id": "27g4byodhk",
            "timeout_milliseconds": 29000,
            "tls_config": [],
            "type": "AWS_PROXY",
            "uri": "arn:aws:apigateway:us-east-1:lambda:path/2015-03-31/functions/arn:aws:lambda:us-east-1:202815206333:function:handler/invocations"
          },
          "sensitive_attributes": [],
          "private": "bnVsbA==",
          "dependencies": [
            "module.api_gateway.aws_api_gateway_authorizer.this",
            "module.api_gateway.aws_api_gateway_rest_api.this",
            "module.api_gateway.module.api_gateway_endpoint.aws_api_gateway_method.this",
            "module.api_gateway.module.api_gateway_endpoint.aws_api_gateway_resource.this",
            "module.api_gateway.module.lambda.aws_lambda_function.index",
            "module.api_gateway.module.lambda.data.aws_iam_role.lambda",
            "module.cognito.aws_cognito_user_pool.this"
          ],
          "create_before_destroy": true
        }
      ]
    },
    {
      "module": "module.api_gateway.module.api_gateway_endpoint[\"logout-POST\"]",
      "mode": "managed",
      "type": "aws_api_gateway_integration_response",
      "name": "this",
      "provider": "provider[\"registry.terraform.io/hashicorp/aws\"]",
      "instances": [
        {
          "schema_version": 0,
          "attributes": {
            "content_handling": "",
            "http_method": "POST",
            "id": "agir-27g4byodhk-iqy0xp-POST-200",
            "resource_id": "iqy0xp",
            "response_parameters": null,
            "response_templates": null,
            "rest_api_id": "27g4byodhk",
            "selection_pattern": "",
            "status_code": "200"
          },
          "sensitive_attributes": [],
          "private": "bnVsbA==",
          "dependencies": [
            "module.api_gateway.aws_api_gateway_authorizer.this",
            "module.api_gateway.aws_api_gateway_rest_api.this",
            "module.api_gateway.module.api_gateway_endpoint.aws_api_gateway_integration.this",
            "module.api_gateway.module.api_gateway_endpoint.aws_api_gateway_method.this",
            "module.api_gateway.module.api_gateway_endpoint.aws_api_gateway_method_response.this",
            "module.api_gateway.module.api_gateway_endpoint.aws_api_gateway_resource.this",
            "module.api_gateway.module.lambda.aws_lambda_function.index",
            "module.api_gateway.module.lambda.data.aws_iam_role.lambda",
            "module.cognito.aws_cognito_user_pool.this"
          ],
          "create_before_destroy": true
        }
      ]
    },
    {
      "module": "module.api_gateway.module.api_gateway_endpoint[\"logout-POST\"]",
      "mode": "managed",
      "type": "aws_api_gateway_method",
      "name": "this",
      "provider": "provider[\"registry.terraform.io/hashicorp/aws\"]",
      "instances": [
        {
          "schema_version": 0,
          "attributes": {
            "api_key_required": false,
            "authorization": "COGNITO_USER_POOLS",
            "authorization_scopes": null,
            "authorizer_id": "ov05ts",
            "http_method": "POST",
            "id": "agm-27g4byodhk-iqy0xp-POST",
            "operation_name": null,
            "request_models": null,
            "request_parameters": {
              "method.request.path.proxy": true
            },
            "request_validator_id": null,
            "resource_id": "iqy0xp",
            "rest_api_id": "27g4byodhk"
          },
          "sensitive_attributes": [],
          "private": "bnVsbA==",
          "dependencies": [
            "module.api_gateway.aws_api_gateway_authorizer.this",
            "module.api_gateway.aws_api_gateway_rest_api.this",
            "module.api_gateway.module.api_gateway_endpoint.aws_api_gateway_resource.this",
            "module.cognito.aws_cognito_user_pool.this"
          ],
          "create_before_destroy": true
        }
      ]
    },
    {
      "module": "module.api_gateway.module.api_gateway_endpoint[\"logout-POST\"]",
      "mode": "managed",
      "type": "aws_api_gateway_method_response",
      "name": "this",
      "provider": "provider[\"registry.terraform.io/hashicorp/aws\"]",
      "instances": [
        {
          "schema_version": 0,
          "attributes": {
            "http_method": "POST",
            "id": "agmr-27g4byodhk-iqy0xp-POST-200",
            "resource_id": "iqy0xp",
            "response_models": null,
            "response_parameters": {
              "method.response.header.Access-Control-Allow-Origin": true
            },
            "rest_api_id": "27g4byodhk",
            "status_code": "200"
          },
          "sensitive_attributes": [],
          "private": "bnVsbA==",
          "dependencies": [
            "module.api_gateway.aws_api_gateway_authorizer.this",
            "module.api_gateway.aws_api_gateway_rest_api.this",
            "module.api_gateway.module.api_gateway_endpoint.aws_api_gateway_method.this",
            "module.api_gateway.module.api_gateway_endpoint.aws_api_gateway_resource.this",
            "module.cognito.aws_cognito_user_pool.this"
          ],
          "create_before_destroy": true
        }
      ]
    },
    {
      "module": "module.api_gateway.module.api_gateway_endpoint[\"logout-POST\"]",
      "mode": "managed",
      "type": "aws_api_gateway_resource",
      "name": "this",
      "provider": "provider[\"registry.terraform.io/hashicorp/aws\"]",
      "instances": [
        {
          "schema_version": 0,
          "attributes": {
            "id": "iqy0xp",
            "parent_id": "47skei97nf",
            "path": "/logout",
            "path_part": "logout",
            "rest_api_id": "27g4byodhk"
          },
          "sensitive_attributes": [],
          "private": "bnVsbA==",
          "dependencies": [
            "module.api_gateway.aws_api_gateway_rest_api.this"
          ],
          "create_before_destroy": true
        }
      ]
    },
    {
      "module": "module.api_gateway.module.api_gateway_endpoint[\"reports-GET\"]",
      "mode": "managed",
      "type": "aws_api_gateway_integration",
      "name": "this",
      "provider": "provider[\"registry.terraform.io/hashicorp/aws\"]",
      "instances": [
        {
          "schema_version": 0,
          "attributes": {
            "cache_key_parameters": null,
            "cache_namespace": "y2o958",
            "connection_id": "",
            "connection_type": "INTERNET",
            "content_handling": "",
            "credentials": "",
            "http_method": "GET",
            "id": "agi-27g4byodhk-y2o958-GET",
            "integration_http_method": "POST",
            "passthrough_behavior": "WHEN_NO_MATCH",
            "request_parameters": null,
            "request_templates": null,
            "resource_id": "y2o958",
            "rest_api_id": "27g4byodhk",
            "timeout_milliseconds": 29000,
            "tls_config": [],
            "type": "AWS_PROXY",
            "uri": "arn:aws:apigateway:us-east-1:lambda:path/2015-03-31/functions/arn:aws:lambda:us-east-1:202815206333:function:handler/invocations"
          },
          "sensitive_attributes": [],
          "private": "bnVsbA==",
          "dependencies": [
            "module.api_gateway.aws_api_gateway_authorizer.this",
            "module.api_gateway.aws_api_gateway_rest_api.this",
            "module.api_gateway.module.api_gateway_endpoint.aws_api_gateway_method.this",
            "module.api_gateway.module.api_gateway_endpoint.aws_api_gateway_resource.this",
            "module.api_gateway.module.lambda.aws_lambda_function.index",
            "module.api_gateway.module.lambda.data.aws_iam_role.lambda",
            "module.cognito.aws_cognito_user_pool.this"
          ],
          "create_before_destroy": true
        }
      ]
    },
    {
      "module": "module.api_gateway.module.api_gateway_endpoint[\"reports-GET\"]",
      "mode": "managed",
      "type": "aws_api_gateway_integration_response",
      "name": "this",
      "provider": "provider[\"registry.terraform.io/hashicorp/aws\"]",
      "instances": [
        {
          "schema_version": 0,
          "attributes": {
            "content_handling": "",
            "http_method": "GET",
            "id": "agir-27g4byodhk-y2o958-GET-200",
            "resource_id": "y2o958",
            "response_parameters": null,
            "response_templates": null,
            "rest_api_id": "27g4byodhk",
            "selection_pattern": "",
            "status_code": "200"
          },
          "sensitive_attributes": [],
          "private": "bnVsbA==",
          "dependencies": [
            "module.api_gateway.aws_api_gateway_authorizer.this",
            "module.api_gateway.aws_api_gateway_rest_api.this",
            "module.api_gateway.module.api_gateway_endpoint.aws_api_gateway_integration.this",
            "module.api_gateway.module.api_gateway_endpoint.aws_api_gateway_method.this",
            "module.api_gateway.module.api_gateway_endpoint.aws_api_gateway_method_response.this",
            "module.api_gateway.module.api_gateway_endpoint.aws_api_gateway_resource.this",
            "module.api_gateway.module.lambda.aws_lambda_function.index",
            "module.api_gateway.module.lambda.data.aws_iam_role.lambda",
            "module.cognito.aws_cognito_user_pool.this"
          ],
          "create_before_destroy": true
        }
      ]
    },
    {
      "module": "module.api_gateway.module.api_gateway_endpoint[\"reports-GET\"]",
      "mode": "managed",
      "type": "aws_api_gateway_method",
      "name": "this",
      "provider": "provider[\"registry.terraform.io/hashicorp/aws\"]",
      "instances": [
        {
          "schema_version": 0,
          "attributes": {
            "api_key_required": false,
            "authorization": "COGNITO_USER_POOLS",
            "authorization_scopes": null,
            "authorizer_id": "ov05ts",
            "http_method": "GET",
            "id": "agm-27g4byodhk-y2o958-GET",
            "operation_name": null,
            "request_models": null,
            "request_parameters": {
              "method.request.path.proxy": true
            },
            "request_validator_id": null,
            "resource_id": "y2o958",
            "rest_api_id": "27g4byodhk"
          },
          "sensitive_attributes": [],
          "private": "bnVsbA==",
          "dependencies": [
            "module.api_gateway.aws_api_gateway_authorizer.this",
            "module.api_gateway.aws_api_gateway_rest_api.this",
            "module.api_gateway.module.api_gateway_endpoint.aws_api_gateway_resource.this",
            "module.cognito.aws_cognito_user_pool.this"
          ],
          "create_before_destroy": true
        }
      ]
    },
    {
      "module": "module.api_gateway.module.api_gateway_endpoint[\"reports-GET\"]",
      "mode": "managed",
      "type": "aws_api_gateway_method_response",
      "name": "this",
      "provider": "provider[\"registry.terraform.io/hashicorp/aws\"]",
      "instances": [
        {
          "schema_version": 0,
          "attributes": {
            "http_method": "GET",
            "id": "agmr-27g4byodhk-y2o958-GET-200",
            "resource_id": "y2o958",
            "response_models": null,
            "response_parameters": {
              "method.response.header.Access-Control-Allow-Origin": true
            },
            "rest_api_id": "27g4byodhk",
            "status_code": "200"
          },
          "sensitive_attributes": [],
          "private": "bnVsbA==",
          "dependencies": [
            "module.api_gateway.aws_api_gateway_authorizer.this",
            "module.api_gateway.aws_api_gateway_rest_api.this",
            "module.api_gateway.module.api_gateway_endpoint.aws_api_gateway_method.this",
            "module.api_gateway.module.api_gateway_endpoint.aws_api_gateway_resource.this",
            "module.cognito.aws_cognito_user_pool.this"
          ],
          "create_before_destroy": true
        }
      ]
    },
    {
      "module": "module.api_gateway.module.api_gateway_endpoint[\"reports-GET\"]",
      "mode": "managed",
      "type": "aws_api_gateway_resource",
      "name": "this",
      "provider": "provider[\"registry.terraform.io/hashicorp/aws\"]",
      "instances": [
        {
          "schema_version": 0,
          "attributes": {
            "id": "y2o958",
            "parent_id": "47skei97nf",
            "path": "/reports",
            "path_part": "reports",
            "rest_api_id": "27g4byodhk"
          },
          "sensitive_attributes": [],
          "private": "bnVsbA==",
          "dependencies": [
            "module.api_gateway.aws_api_gateway_rest_api.this"
          ],
          "create_before_destroy": true
        }
      ]
    },
    {
      "module": "module.api_gateway.module.api_gateway_endpoint[\"reports-OPTIONS\"]",
      "mode": "managed",
      "type": "aws_api_gateway_integration",
      "name": "this",
      "provider": "provider[\"registry.terraform.io/hashicorp/aws\"]",
      "instances": [
        {
          "schema_version": 0,
          "attributes": {
            "cache_key_parameters": null,
            "cache_namespace": "j9radx",
            "connection_id": "",
            "connection_type": "INTERNET",
            "content_handling": "",
            "credentials": "",
            "http_method": "OPTIONS",
            "id": "agi-27g4byodhk-j9radx-OPTIONS",
            "integration_http_method": "POST",
            "passthrough_behavior": "WHEN_NO_MATCH",
            "request_parameters": null,
            "request_templates": null,
            "resource_id": "j9radx",
            "rest_api_id": "27g4byodhk",
            "timeout_milliseconds": 29000,
            "tls_config": [],
            "type": "AWS_PROXY",
            "uri": "arn:aws:apigateway:us-east-1:lambda:path/2015-03-31/functions/arn:aws:lambda:us-east-1:202815206333:function:handler/invocations"
          },
          "sensitive_attributes": [],
          "private": "bnVsbA==",
          "dependencies": [
            "module.api_gateway.aws_api_gateway_authorizer.this",
            "module.api_gateway.aws_api_gateway_rest_api.this",
            "module.api_gateway.module.api_gateway_endpoint.aws_api_gateway_method.this",
            "module.api_gateway.module.api_gateway_endpoint.aws_api_gateway_resource.this",
            "module.api_gateway.module.lambda.aws_lambda_function.index",
            "module.api_gateway.module.lambda.data.aws_iam_role.lambda",
            "module.cognito.aws_cognito_user_pool.this"
          ],
          "create_before_destroy": true
        }
      ]
    },
    {
      "module": "module.api_gateway.module.api_gateway_endpoint[\"reports-OPTIONS\"]",
      "mode": "managed",
      "type": "aws_api_gateway_integration_response",
      "name": "this",
      "provider": "provider[\"registry.terraform.io/hashicorp/aws\"]",
      "instances": [
        {
          "schema_version": 0,
          "attributes": {
            "content_handling": "",
            "http_method": "OPTIONS",
            "id": "agir-27g4byodhk-j9radx-OPTIONS-200",
            "resource_id": "j9radx",
            "response_parameters": null,
            "response_templates": null,
            "rest_api_id": "27g4byodhk",
            "selection_pattern": "",
            "status_code": "200"
          },
          "sensitive_attributes": [],
          "private": "bnVsbA==",
          "dependencies": [
            "module.api_gateway.aws_api_gateway_authorizer.this",
            "module.api_gateway.aws_api_gateway_rest_api.this",
            "module.api_gateway.module.api_gateway_endpoint.aws_api_gateway_integration.this",
            "module.api_gateway.module.api_gateway_endpoint.aws_api_gateway_method.this",
            "module.api_gateway.module.api_gateway_endpoint.aws_api_gateway_method_response.this",
            "module.api_gateway.module.api_gateway_endpoint.aws_api_gateway_resource.this",
            "module.api_gateway.module.lambda.aws_lambda_function.index",
            "module.api_gateway.module.lambda.data.aws_iam_role.lambda",
            "module.cognito.aws_cognito_user_pool.this"
          ],
          "create_before_destroy": true
        }
      ]
    },
    {
      "module": "module.api_gateway.module.api_gateway_endpoint[\"reports-OPTIONS\"]",
      "mode": "managed",
      "type": "aws_api_gateway_method",
      "name": "this",
      "provider": "provider[\"registry.terraform.io/hashicorp/aws\"]",
      "instances": [
        {
          "schema_version": 0,
          "attributes": {
            "api_key_required": false,
            "authorization": "COGNITO_USER_POOLS",
            "authorization_scopes": null,
            "authorizer_id": "ov05ts",
            "http_method": "OPTIONS",
            "id": "agm-27g4byodhk-j9radx-OPTIONS",
            "operation_name": null,
            "request_models": null,
            "request_parameters": {
              "method.request.path.proxy": true
            },
            "request_validator_id": null,
            "resource_id": "j9radx",
            "rest_api_id": "27g4byodhk"
          },
          "sensitive_attributes": [],
          "private": "bnVsbA==",
          "dependencies": [
            "module.api_gateway.aws_api_gateway_authorizer.this",
            "module.api_gateway.aws_api_gateway_rest_api.this",
            "module.api_gateway.module.api_gateway_endpoint.aws_api_gateway_resource.this",
            "module.cognito.aws_cognito_user_pool.this"
          ],
          "create_before_destroy": true
        }
      ]
    },
    {
      "module": "module.api_gateway.module.api_gateway_endpoint[\"reports-OPTIONS\"]",
      "mode": "managed",
      "type": "aws_api_gateway_method_response",
      "name": "this",
      "provider": "provider[\"registry.terraform.io/hashicorp/aws\"]",
      "instances": [
        {
          "schema_version": 0,
          "attributes": {
            "http_method": "OPTIONS",
            "id": "agmr-27g4byodhk-j9radx-OPTIONS-200",
            "resource_id": "j9radx",
            "response_models": null,
            "response_parameters": {
              "method.response.header.Access-Control-Allow-Origin": true
            },
            "rest_api_id": "27g4byodhk",
            "status_code": "200"
          },
          "sensitive_attributes": [],
          "private": "bnVsbA==",
          "dependencies": [
            "module.api_gateway.aws_api_gateway_authorizer.this",
            "module.api_gateway.aws_api_gateway_rest_api.this",
            "module.api_gateway.module.api_gateway_endpoint.aws_api_gateway_method.this",
            "module.api_gateway.module.api_gateway_endpoint.aws_api_gateway_resource.this",
            "module.cognito.aws_cognito_user_pool.this"
          ],
          "create_before_destroy": true
        }
      ]
    },
    {
      "module": "module.api_gateway.module.api_gateway_endpoint[\"reports-OPTIONS\"]",
      "mode": "managed",
      "type": "aws_api_gateway_resource",
      "name": "this",
      "provider": "provider[\"registry.terraform.io/hashicorp/aws\"]",
      "instances": [
        {
          "schema_version": 0,
          "attributes": {
            "id": "j9radx",
            "parent_id": "47skei97nf",
            "path": "/reports",
            "path_part": "reports",
            "rest_api_id": "27g4byodhk"
          },
          "sensitive_attributes": [],
          "private": "bnVsbA==",
          "dependencies": [
            "module.api_gateway.aws_api_gateway_rest_api.this"
          ],
          "create_before_destroy": true
        }
      ]
    },
    {
      "module": "module.api_gateway.module.api_gateway_endpoint[\"reports-POST\"]",
      "mode": "managed",
      "type": "aws_api_gateway_integration",
      "name": "this",
      "provider": "provider[\"registry.terraform.io/hashicorp/aws\"]",
      "instances": [
        {
          "schema_version": 0,
          "attributes": {
            "cache_key_parameters": null,
            "cache_namespace": "ymbs5g",
            "connection_id": "",
            "connection_type": "INTERNET",
            "content_handling": "",
            "credentials": "",
            "http_method": "POST",
            "id": "agi-27g4byodhk-ymbs5g-POST",
            "integration_http_method": "POST",
            "passthrough_behavior": "WHEN_NO_MATCH",
            "request_parameters": null,
            "request_templates": null,
            "resource_id": "ymbs5g",
            "rest_api_id": "27g4byodhk",
            "timeout_milliseconds": 29000,
            "tls_config": [],
            "type": "AWS_PROXY",
            "uri": "arn:aws:apigateway:us-east-1:lambda:path/2015-03-31/functions/arn:aws:lambda:us-east-1:202815206333:function:handler/invocations"
          },
          "sensitive_attributes": [],
          "private": "bnVsbA==",
          "dependencies": [
            "module.api_gateway.aws_api_gateway_authorizer.this",
            "module.api_gateway.aws_api_gateway_rest_api.this",
            "module.api_gateway.module.api_gateway_endpoint.aws_api_gateway_method.this",
            "module.api_gateway.module.api_gateway_endpoint.aws_api_gateway_resource.this",
            "module.api_gateway.module.lambda.aws_lambda_function.index",
            "module.api_gateway.module.lambda.data.aws_iam_role.lambda",
            "module.cognito.aws_cognito_user_pool.this"
          ],
          "create_before_destroy": true
        }
      ]
    },
    {
      "module": "module.api_gateway.module.api_gateway_endpoint[\"reports-POST\"]",
      "mode": "managed",
      "type": "aws_api_gateway_integration_response",
      "name": "this",
      "provider": "provider[\"registry.terraform.io/hashicorp/aws\"]",
      "instances": [
        {
          "schema_version": 0,
          "attributes": {
            "content_handling": "",
            "http_method": "POST",
            "id": "agir-27g4byodhk-ymbs5g-POST-200",
            "resource_id": "ymbs5g",
            "response_parameters": null,
            "response_templates": null,
            "rest_api_id": "27g4byodhk",
            "selection_pattern": "",
            "status_code": "200"
          },
          "sensitive_attributes": [],
          "private": "bnVsbA==",
          "dependencies": [
            "module.api_gateway.aws_api_gateway_authorizer.this",
            "module.api_gateway.aws_api_gateway_rest_api.this",
            "module.api_gateway.module.api_gateway_endpoint.aws_api_gateway_integration.this",
            "module.api_gateway.module.api_gateway_endpoint.aws_api_gateway_method.this",
            "module.api_gateway.module.api_gateway_endpoint.aws_api_gateway_method_response.this",
            "module.api_gateway.module.api_gateway_endpoint.aws_api_gateway_resource.this",
            "module.api_gateway.module.lambda.aws_lambda_function.index",
            "module.api_gateway.module.lambda.data.aws_iam_role.lambda",
            "module.cognito.aws_cognito_user_pool.this"
          ],
          "create_before_destroy": true
        }
      ]
    },
    {
      "module": "module.api_gateway.module.api_gateway_endpoint[\"reports-POST\"]",
      "mode": "managed",
      "type": "aws_api_gateway_method",
      "name": "this",
      "provider": "provider[\"registry.terraform.io/hashicorp/aws\"]",
      "instances": [
        {
          "schema_version": 0,
          "attributes": {
            "api_key_required": false,
            "authorization": "COGNITO_USER_POOLS",
            "authorization_scopes": null,
            "authorizer_id": "ov05ts",
            "http_method": "POST",
            "id": "agm-27g4byodhk-ymbs5g-POST",
            "operation_name": null,
            "request_models": null,
            "request_parameters": {
              "method.request.path.proxy": true
            },
            "request_validator_id": null,
            "resource_id": "ymbs5g",
            "rest_api_id": "27g4byodhk"
          },
          "sensitive_attributes": [],
          "private": "bnVsbA==",
          "dependencies": [
            "module.api_gateway.aws_api_gateway_authorizer.this",
            "module.api_gateway.aws_api_gateway_rest_api.this",
            "module.api_gateway.module.api_gateway_endpoint.aws_api_gateway_resource.this",
            "module.cognito.aws_cognito_user_pool.this"
          ],
          "create_before_destroy": true
        }
      ]
    },
    {
      "module": "module.api_gateway.module.api_gateway_endpoint[\"reports-POST\"]",
      "mode": "managed",
      "type": "aws_api_gateway_method_response",
      "name": "this",
      "provider": "provider[\"registry.terraform.io/hashicorp/aws\"]",
      "instances": [
        {
          "schema_version": 0,
          "attributes": {
            "http_method": "POST",
            "id": "agmr-27g4byodhk-ymbs5g-POST-200",
            "resource_id": "ymbs5g",
            "response_models": null,
            "response_parameters": {
              "method.response.header.Access-Control-Allow-Origin": true
            },
            "rest_api_id": "27g4byodhk",
            "status_code": "200"
          },
          "sensitive_attributes": [],
          "private": "bnVsbA==",
          "dependencies": [
            "module.api_gateway.aws_api_gateway_authorizer.this",
            "module.api_gateway.aws_api_gateway_rest_api.this",
            "module.api_gateway.module.api_gateway_endpoint.aws_api_gateway_method.this",
            "module.api_gateway.module.api_gateway_endpoint.aws_api_gateway_resource.this",
            "module.cognito.aws_cognito_user_pool.this"
          ],
          "create_before_destroy": true
        }
      ]
    },
    {
      "module": "module.api_gateway.module.api_gateway_endpoint[\"reports-POST\"]",
      "mode": "managed",
      "type": "aws_api_gateway_resource",
      "name": "this",
      "provider": "provider[\"registry.terraform.io/hashicorp/aws\"]",
      "instances": [
        {
          "schema_version": 0,
          "attributes": {
            "id": "ymbs5g",
            "parent_id": "47skei97nf",
            "path": "/reports",
            "path_part": "reports",
            "rest_api_id": "27g4byodhk"
          },
          "sensitive_attributes": [],
          "private": "bnVsbA==",
          "dependencies": [
            "module.api_gateway.aws_api_gateway_rest_api.this"
          ],
          "create_before_destroy": true
        }
      ]
    },
    {
      "module": "module.api_gateway.module.api_gateway_endpoint[\"signup-POST\"]",
      "mode": "managed",
      "type": "aws_api_gateway_integration",
      "name": "this",
      "provider": "provider[\"registry.terraform.io/hashicorp/aws\"]",
      "instances": [
        {
          "schema_version": 0,
          "attributes": {
            "cache_key_parameters": null,
            "cache_namespace": "szx8ko",
            "connection_id": "",
            "connection_type": "INTERNET",
            "content_handling": "",
            "credentials": "",
            "http_method": "POST",
            "id": "agi-27g4byodhk-szx8ko-POST",
            "integration_http_method": "POST",
            "passthrough_behavior": "WHEN_NO_MATCH",
            "request_parameters": null,
            "request_templates": null,
            "resource_id": "szx8ko",
            "rest_api_id": "27g4byodhk",
            "timeout_milliseconds": 29000,
            "tls_config": [],
            "type": "AWS_PROXY",
            "uri": "arn:aws:apigateway:us-east-1:lambda:path/2015-03-31/functions/arn:aws:lambda:us-east-1:202815206333:function:handler/invocations"
          },
          "sensitive_attributes": [],
          "private": "bnVsbA==",
          "dependencies": [
            "module.api_gateway.aws_api_gateway_authorizer.this",
            "module.api_gateway.aws_api_gateway_rest_api.this",
            "module.api_gateway.module.api_gateway_endpoint.aws_api_gateway_method.this",
            "module.api_gateway.module.api_gateway_endpoint.aws_api_gateway_resource.this",
            "module.api_gateway.module.lambda.aws_lambda_function.index",
            "module.api_gateway.module.lambda.data.aws_iam_role.lambda",
            "module.cognito.aws_cognito_user_pool.this"
          ],
          "create_before_destroy": true
        }
      ]
    },
    {
      "module": "module.api_gateway.module.api_gateway_endpoint[\"signup-POST\"]",
      "mode": "managed",
      "type": "aws_api_gateway_integration_response",
      "name": "this",
      "provider": "provider[\"registry.terraform.io/hashicorp/aws\"]",
      "instances": [
        {
          "schema_version": 0,
          "attributes": {
            "content_handling": "",
            "http_method": "POST",
            "id": "agir-27g4byodhk-szx8ko-POST-200",
            "resource_id": "szx8ko",
            "response_parameters": null,
            "response_templates": null,
            "rest_api_id": "27g4byodhk",
            "selection_pattern": "",
            "status_code": "200"
          },
          "sensitive_attributes": [],
          "private": "bnVsbA==",
          "dependencies": [
            "module.api_gateway.aws_api_gateway_authorizer.this",
            "module.api_gateway.aws_api_gateway_rest_api.this",
            "module.api_gateway.module.api_gateway_endpoint.aws_api_gateway_integration.this",
            "module.api_gateway.module.api_gateway_endpoint.aws_api_gateway_method.this",
            "module.api_gateway.module.api_gateway_endpoint.aws_api_gateway_method_response.this",
            "module.api_gateway.module.api_gateway_endpoint.aws_api_gateway_resource.this",
            "module.api_gateway.module.lambda.aws_lambda_function.index",
            "module.api_gateway.module.lambda.data.aws_iam_role.lambda",
            "module.cognito.aws_cognito_user_pool.this"
          ],
          "create_before_destroy": true
        }
      ]
    },
    {
      "module": "module.api_gateway.module.api_gateway_endpoint[\"signup-POST\"]",
      "mode": "managed",
      "type": "aws_api_gateway_method",
      "name": "this",
      "provider": "provider[\"registry.terraform.io/hashicorp/aws\"]",
      "instances": [
        {
          "schema_version": 0,
          "attributes": {
            "api_key_required": false,
            "authorization": "COGNITO_USER_POOLS",
            "authorization_scopes": null,
            "authorizer_id": "ov05ts",
            "http_method": "POST",
            "id": "agm-27g4byodhk-szx8ko-POST",
            "operation_name": null,
            "request_models": null,
            "request_parameters": {
              "method.request.path.proxy": true
            },
            "request_validator_id": null,
            "resource_id": "szx8ko",
            "rest_api_id": "27g4byodhk"
          },
          "sensitive_attributes": [],
          "private": "bnVsbA==",
          "dependencies": [
            "module.api_gateway.aws_api_gateway_authorizer.this",
            "module.api_gateway.aws_api_gateway_rest_api.this",
            "module.api_gateway.module.api_gateway_endpoint.aws_api_gateway_resource.this",
            "module.cognito.aws_cognito_user_pool.this"
          ],
          "create_before_destroy": true
        }
      ]
    },
    {
      "module": "module.api_gateway.module.api_gateway_endpoint[\"signup-POST\"]",
      "mode": "managed",
      "type": "aws_api_gateway_method_response",
      "name": "this",
      "provider": "provider[\"registry.terraform.io/hashicorp/aws\"]",
      "instances": [
        {
          "schema_version": 0,
          "attributes": {
            "http_method": "POST",
            "id": "agmr-27g4byodhk-szx8ko-POST-200",
            "resource_id": "szx8ko",
            "response_models": null,
            "response_parameters": {
              "method.response.header.Access-Control-Allow-Origin": true
            },
            "rest_api_id": "27g4byodhk",
            "status_code": "200"
          },
          "sensitive_attributes": [],
          "private": "bnVsbA==",
          "dependencies": [
            "module.api_gateway.aws_api_gateway_authorizer.this",
            "module.api_gateway.aws_api_gateway_rest_api.this",
            "module.api_gateway.module.api_gateway_endpoint.aws_api_gateway_method.this",
            "module.api_gateway.module.api_gateway_endpoint.aws_api_gateway_resource.this",
            "module.cognito.aws_cognito_user_pool.this"
          ],
          "create_before_destroy": true
        }
      ]
    },
    {
      "module": "module.api_gateway.module.api_gateway_endpoint[\"signup-POST\"]",
      "mode": "managed",
      "type": "aws_api_gateway_resource",
      "name": "this",
      "provider": "provider[\"registry.terraform.io/hashicorp/aws\"]",
      "instances": [
        {
          "schema_version": 0,
          "attributes": {
            "id": "szx8ko",
            "parent_id": "47skei97nf",
            "path": "/signup",
            "path_part": "signup",
            "rest_api_id": "27g4byodhk"
          },
          "sensitive_attributes": [],
          "private": "bnVsbA==",
          "dependencies": [
            "module.api_gateway.aws_api_gateway_rest_api.this"
          ],
          "create_before_destroy": true
        }
      ]
    },
    {
      "module": "module.api_gateway.module.lambda",
      "mode": "data",
      "type": "aws_iam_role",
      "name": "lambda",
      "provider": "provider[\"registry.terraform.io/hashicorp/aws\"]",
      "instances": [
        {
          "schema_version": 0,
          "attributes": {
            "arn": "arn:aws:iam::202815206333:role/LabRole",
            "assume_role_policy": "{\"Version\":\"2012-10-17\",\"Statement\":[{\"Effect\":\"Allow\",\"Principal\":{\"Service\":[\"athena.amazonaws.com\",\"redshift.amazonaws.com\",\"ssm.amazonaws.com\",\"sqs.amazonaws.com\",\"elasticbeanstalk.amazonaws.com\",\"codedeploy.amazonaws.com\",\"kendra.amazonaws.com\",\"elasticmapreduce.amazonaws.com\",\"personalize.amazonaws.com\",\"cloudfront.amazonaws.com\",\"eks-fargate-pods.amazonaws.com\",\"cloudtrail.amazonaws.com\",\"s3.amazonaws.com\",\"deepracer.amazonaws.com\",\"glue.amazonaws.com\",\"apigateway.amazonaws.com\",\"sagemaker.amazonaws.com\",\"quicksight.amazonaws.com\",\"cognito-idp.amazonaws.com\",\"ec2.application-autoscaling.amazonaws.com\",\"eks.amazonaws.com\",\"iotanalytics.amazonaws.com\",\"kinesis.amazonaws.com\",\"cloudformation.amazonaws.com\",\"sns.amazonaws.com\",\"elasticloadbalancing.amazonaws.com\",\"kms.amazonaws.com\",\"secretsmanager.amazonaws.com\",\"databrew.amazonaws.com\",\"events.amazonaws.com\",\"datapipeline.amazonaws.com\",\"application-autoscaling.amazonaws.com\",\"servicecatalog.amazonaws.com\",\"rekognition.amazonaws.com\",\"rds.amazonaws.com\",\"dynamodb.amazonaws.com\",\"elasticfilesystem.amazonaws.com\",\"kinesisanalytics.amazonaws.com\",\"iotevents.amazonaws.com\",\"codecommit.amazonaws.com\",\"iot.amazonaws.com\",\"forecast.amazonaws.com\",\"lambda.amazonaws.com\",\"storagegateway.amazonaws.com\",\"credentials.iot.amazonaws.com\",\"firehose.amazonaws.com\",\"states.amazonaws.com\",\"logs.amazonaws.com\",\"ec2.amazonaws.com\",\"resource-groups.amazonaws.com\",\"lex.amazonaws.com\",\"backup.amazonaws.com\",\"autoscaling.amazonaws.com\",\"scheduler.amazonaws.com\",\"batch.amazonaws.com\",\"robomaker.amazonaws.com\",\"cloud9.amazonaws.com\",\"ecs-tasks.amazonaws.com\"],\"AWS\":\"arn:aws:iam::202815206333:role/LabRole\"},\"Action\":\"sts:AssumeRole\"}]}",
            "create_date": "2023-08-09T22:41:34Z",
            "description": "",
            "id": "LabRole",
            "max_session_duration": 3600,
            "name": "LabRole",
            "path": "/",
            "permissions_boundary": "",
            "role_last_used": [
              {
                "last_used_date": "",
                "region": ""
              }
            ],
            "tags": {
              "cloudlab": "c90778a1999054l4557369t1w202815206333"
            },
            "unique_id": "AROAS6OF2OO6TYCMOMHV2"
          },
          "sensitive_attributes": []
        }
      ]
    },
    {
      "module": "module.api_gateway.module.lambda",
      "mode": "managed",
      "type": "aws_lambda_function",
      "name": "index",
      "provider": "provider[\"registry.terraform.io/hashicorp/aws\"]",
      "instances": [
        {
          "schema_version": 0,
          "attributes": {
            "architectures": [
              "x86_64"
            ],
            "arn": "arn:aws:lambda:us-east-1:202815206333:function:handler",
            "code_signing_config_arn": "",
            "dead_letter_config": [],
            "description": "",
            "environment": [],
            "ephemeral_storage": [
              {
                "size": 512
              }
            ],
            "file_system_config": [],
            "filename": "resources/lambda_sources/main.zip",
            "function_name": "handler",
            "handler": "main.handler",
            "id": "handler",
            "image_config": [],
            "image_uri": "",
            "invoke_arn": "arn:aws:apigateway:us-east-1:lambda:path/2015-03-31/functions/arn:aws:lambda:us-east-1:202815206333:function:handler/invocations",
            "kms_key_arn": "",
            "last_modified": "2023-10-14T19:21:02.204+0000",
            "layers": null,
            "memory_size": 128,
            "package_type": "Zip",
            "publish": false,
            "qualified_arn": "arn:aws:lambda:us-east-1:202815206333:function:handler:$LATEST",
            "qualified_invoke_arn": "arn:aws:apigateway:us-east-1:lambda:path/2015-03-31/functions/arn:aws:lambda:us-east-1:202815206333:function:handler:$LATEST/invocations",
            "replace_security_groups_on_destroy": null,
            "replacement_security_group_ids": null,
            "reserved_concurrent_executions": -1,
            "role": "arn:aws:iam::202815206333:role/LabRole",
            "runtime": "nodejs18.x",
            "s3_bucket": null,
            "s3_key": null,
            "s3_object_version": null,
            "signing_job_arn": "",
            "signing_profile_version_arn": "",
            "skip_destroy": false,
            "snap_start": [],
            "source_code_hash": "CBmk3LZjXIJ2aQRh6O6rw5LyZUWJuEJb0nOwc1k+WRg=",
            "source_code_size": 365,
            "tags": null,
            "tags_all": {
              "author": "Grupo 4",
              "project": "Condor",
              "version": "1.0",
              "year": "2023"
            },
            "timeout": 3,
            "timeouts": null,
            "tracing_config": [
              {
                "mode": "PassThrough"
              }
            ],
            "version": "$LATEST",
            "vpc_config": []
          },
          "sensitive_attributes": [],
          "private": "eyJlMmJmYjczMC1lY2FhLTExZTYtOGY4OC0zNDM2M2JjN2M0YzAiOnsiY3JlYXRlIjo2MDAwMDAwMDAwMDAsImRlbGV0ZSI6NjAwMDAwMDAwMDAwLCJ1cGRhdGUiOjYwMDAwMDAwMDAwMH19",
          "dependencies": [
            "module.api_gateway.module.lambda.data.aws_iam_role.lambda"
          ],
          "create_before_destroy": true
        }
      ]
    },
    {
      "module": "module.cognito",
      "mode": "managed",
      "type": "aws_cognito_user_pool",
      "name": "this",
      "provider": "provider[\"registry.terraform.io/hashicorp/aws\"]",
      "instances": [
        {
          "schema_version": 0,
          "attributes": {
            "account_recovery_setting": [
              {
                "recovery_mechanism": [
                  {
                    "name": "verified_email",
                    "priority": 1
                  },
                  {
                    "name": "verified_phone_number",
                    "priority": 2
                  }
                ]
              }
            ],
            "admin_create_user_config": [
              {
                "allow_admin_create_user_only": false,
                "invite_message_template": []
              }
            ],
            "alias_attributes": [
              "email"
            ],
            "arn": "arn:aws:cognito-idp:us-east-1:202815206333:userpool/us-east-1_h1ClcALfG",
            "auto_verified_attributes": [
              "email"
            ],
            "creation_date": "2023-10-14T19:21:02Z",
            "custom_domain": "",
            "deletion_protection": "INACTIVE",
            "device_configuration": [],
            "domain": "",
            "email_configuration": [
              {
                "configuration_set": "",
                "email_sending_account": "COGNITO_DEFAULT",
                "from_email_address": "",
                "reply_to_email_address": "",
                "source_arn": ""
              }
            ],
            "email_verification_message": "Please use the following code: {####}",
            "email_verification_subject": "Your Verification Code",
            "endpoint": "cognito-idp.us-east-1.amazonaws.com/us-east-1_h1ClcALfG",
            "estimated_number_of_users": 0,
            "id": "us-east-1_h1ClcALfG",
            "lambda_config": [],
            "last_modified_date": "2023-10-14T19:21:02Z",
            "mfa_configuration": "OFF",
            "name": "this",
            "password_policy": [
              {
                "minimum_length": 6,
                "require_lowercase": true,
                "require_numbers": true,
                "require_symbols": true,
                "require_uppercase": true,
                "temporary_password_validity_days": 7
              }
            ],
            "schema": [
              {
                "attribute_data_type": "String",
                "developer_only_attribute": false,
                "mutable": true,
                "name": "email",
                "number_attribute_constraints": [],
                "required": true,
                "string_attribute_constraints": [
                  {
                    "max_length": "256",
                    "min_length": "4"
                  }
                ]
              },
              {
                "attribute_data_type": "String",
                "developer_only_attribute": false,
                "mutable": true,
                "name": "name",
                "number_attribute_constraints": [],
                "required": true,
                "string_attribute_constraints": [
                  {
                    "max_length": "256",
                    "min_length": "3"
                  }
                ]
              }
            ],
            "sms_authentication_message": "",
            "sms_configuration": [],
            "sms_verification_message": "",
            "software_token_mfa_configuration": [],
            "tags": null,
            "tags_all": {
              "author": "Grupo 4",
              "project": "Condor",
              "version": "1.0",
              "year": "2023"
            },
            "user_attribute_update_settings": [],
            "user_pool_add_ons": [],
            "username_attributes": null,
            "username_configuration": [
              {
                "case_sensitive": false
              }
            ],
            "verification_message_template": [
              {
                "default_email_option": "CONFIRM_WITH_CODE",
                "email_message": "Please use the following code: {####}",
                "email_message_by_link": "",
                "email_subject": "Your Verification Code",
                "email_subject_by_link": "",
                "sms_message": ""
              }
            ]
          },
          "sensitive_attributes": [],
          "private": "bnVsbA==",
          "create_before_destroy": true
        }
      ]
    },
    {
      "module": "module.cognito",
      "mode": "managed",
      "type": "aws_cognito_user_pool_client",
      "name": "this",
      "provider": "provider[\"registry.terraform.io/hashicorp/aws\"]",
      "instances": [
        {
          "schema_version": 0,
          "attributes": {
            "access_token_validity": 0,
            "allowed_oauth_flows": [],
            "allowed_oauth_flows_user_pool_client": false,
            "allowed_oauth_scopes": [],
            "analytics_configuration": [],
            "auth_session_validity": 3,
            "callback_urls": [],
            "client_secret": "",
            "default_redirect_uri": "",
            "enable_propagate_additional_user_context_data": false,
            "enable_token_revocation": true,
            "explicit_auth_flows": [
              "ALLOW_REFRESH_TOKEN_AUTH",
              "ALLOW_USER_PASSWORD_AUTH"
            ],
            "generate_secret": null,
            "id": "1m0nfaa69tr4ske32t3hd97ma8",
            "id_token_validity": 0,
            "logout_urls": [],
            "name": "this",
            "prevent_user_existence_errors": "",
            "read_attributes": [],
            "refresh_token_validity": 30,
            "supported_identity_providers": [],
            "token_validity_units": [],
            "user_pool_id": "us-east-1_h1ClcALfG",
            "write_attributes": []
          },
          "sensitive_attributes": [],
          "dependencies": [
            "module.cognito.aws_cognito_user_pool.this"
          ]
        }
      ]
    },
    {
      "module": "module.sns",
      "mode": "data",
      "type": "aws_caller_identity",
      "name": "current",
      "provider": "provider[\"registry.terraform.io/hashicorp/aws\"]",
      "instances": [
        {
          "schema_version": 0,
          "attributes": {
            "account_id": "202815206333",
            "arn": "arn:aws:sts::202815206333:assumed-role/voclabs/user2690933=GALARZA,_AGUSTIN_EZEQUIEL",
            "id": "202815206333",
            "user_id": "AROAS6OF2OO6ZEK6J6HT7:user2690933=GALARZA,_AGUSTIN_EZEQUIEL"
          },
          "sensitive_attributes": []
        }
      ]
    },
    {
      "module": "module.sns",
      "mode": "data",
      "type": "aws_iam_policy_document",
      "name": "this",
      "provider": "provider[\"registry.terraform.io/hashicorp/aws\"]",
      "instances": [
        {
          "index_key": 0,
          "schema_version": 0,
          "attributes": {
            "id": "1870778398",
            "json": "{\n  \"Version\": \"2012-10-17\",\n  \"Statement\": [\n    {\n      \"Sid\": \"__default_statement_ID\",\n      \"Effect\": \"Allow\",\n      \"Action\": [\n        \"sns:Subscribe\",\n        \"sns:SetTopicAttributes\",\n        \"sns:RemovePermission\",\n        \"sns:Receive\",\n        \"sns:Publish\",\n        \"sns:ListSubscriptionsByTopic\",\n        \"sns:GetTopicAttributes\",\n        \"sns:DeleteTopic\",\n        \"sns:AddPermission\"\n      ],\n      \"Resource\": \"arn:aws:sns:us-east-1:202815206333:Reports\",\n      \"Principal\": {\n        \"AWS\": \"*\"\n      },\n      \"Condition\": {\n        \"StringEquals\": {\n          \"AWS:SourceOwner\": \"202815206333\"\n        }\n      }\n    }\n  ]\n}",
            "override_policy_documents": null,
            "policy_id": null,
            "source_policy_documents": null,
            "statement": [
              {
                "actions": [
                  "sns:AddPermission",
                  "sns:DeleteTopic",
                  "sns:GetTopicAttributes",
                  "sns:ListSubscriptionsByTopic",
                  "sns:Publish",
                  "sns:Receive",
                  "sns:RemovePermission",
                  "sns:SetTopicAttributes",
                  "sns:Subscribe"
                ],
                "condition": [
                  {
                    "test": "StringEquals",
                    "values": [
                      "202815206333"
                    ],
                    "variable": "AWS:SourceOwner"
                  }
                ],
                "effect": "Allow",
                "not_actions": [],
                "not_principals": [],
                "not_resources": [],
                "principals": [
                  {
                    "identifiers": [
                      "*"
                    ],
                    "type": "AWS"
                  }
                ],
                "resources": [
                  "arn:aws:sns:us-east-1:202815206333:Reports"
                ],
                "sid": "__default_statement_ID"
              }
            ],
            "version": "2012-10-17"
          },
          "sensitive_attributes": []
        }
      ]
    },
    {
      "module": "module.sns",
      "mode": "managed",
      "type": "aws_sns_topic",
      "name": "this",
      "provider": "provider[\"registry.terraform.io/hashicorp/aws\"]",
      "instances": [
        {
          "index_key": 0,
          "schema_version": 0,
          "attributes": {
            "application_failure_feedback_role_arn": "",
            "application_success_feedback_role_arn": "",
            "application_success_feedback_sample_rate": 0,
            "arn": "arn:aws:sns:us-east-1:202815206333:Reports",
            "content_based_deduplication": false,
            "delivery_policy": "",
            "display_name": "",
            "fifo_topic": false,
            "firehose_failure_feedback_role_arn": "",
            "firehose_success_feedback_role_arn": "",
            "firehose_success_feedback_sample_rate": 0,
            "http_failure_feedback_role_arn": "",
            "http_success_feedback_role_arn": "",
            "http_success_feedback_sample_rate": 0,
            "id": "arn:aws:sns:us-east-1:202815206333:Reports",
            "kms_master_key_id": "",
            "lambda_failure_feedback_role_arn": "",
            "lambda_success_feedback_role_arn": "",
            "lambda_success_feedback_sample_rate": 0,
            "name": "Reports",
            "name_prefix": "",
            "owner": "202815206333",
            "policy": "{\"Id\":\"__default_policy_ID\",\"Statement\":[{\"Action\":[\"SNS:GetTopicAttributes\",\"SNS:SetTopicAttributes\",\"SNS:AddPermission\",\"SNS:RemovePermission\",\"SNS:DeleteTopic\",\"SNS:Subscribe\",\"SNS:ListSubscriptionsByTopic\",\"SNS:Publish\"],\"Condition\":{\"StringEquals\":{\"AWS:SourceOwner\":\"202815206333\"}},\"Effect\":\"Allow\",\"Principal\":{\"AWS\":\"*\"},\"Resource\":\"arn:aws:sns:us-east-1:202815206333:Reports\",\"Sid\":\"__default_statement_ID\"}],\"Version\":\"2008-10-17\"}",
            "signature_version": 0,
            "sqs_failure_feedback_role_arn": "",
            "sqs_success_feedback_role_arn": "",
            "sqs_success_feedback_sample_rate": 0,
            "tags": null,
            "tags_all": {
              "author": "Grupo 4",
              "project": "Condor",
              "version": "1.0",
              "year": "2023"
            },
            "tracing_config": ""
          },
          "sensitive_attributes": [],
          "private": "bnVsbA=="
        }
      ]
    },
    {
      "module": "module.sns",
      "mode": "managed",
      "type": "aws_sns_topic_policy",
      "name": "this",
      "provider": "provider[\"registry.terraform.io/hashicorp/aws\"]",
      "instances": [
        {
          "index_key": 0,
          "schema_version": 0,
          "attributes": {
            "arn": "arn:aws:sns:us-east-1:202815206333:Reports",
            "id": "arn:aws:sns:us-east-1:202815206333:Reports",
            "owner": "202815206333",
            "policy": "{\"Statement\":[{\"Action\":[\"sns:Subscribe\",\"sns:SetTopicAttributes\",\"sns:RemovePermission\",\"sns:Receive\",\"sns:Publish\",\"sns:ListSubscriptionsByTopic\",\"sns:GetTopicAttributes\",\"sns:DeleteTopic\",\"sns:AddPermission\"],\"Condition\":{\"StringEquals\":{\"AWS:SourceOwner\":\"202815206333\"}},\"Effect\":\"Allow\",\"Principal\":{\"AWS\":\"*\"},\"Resource\":\"arn:aws:sns:us-east-1:202815206333:Reports\",\"Sid\":\"__default_statement_ID\"}],\"Version\":\"2012-10-17\"}"
          },
          "sensitive_attributes": [],
          "private": "bnVsbA==",
          "dependencies": [
            "module.sns.aws_sns_topic.this",
            "module.sns.data.aws_caller_identity.current",
            "module.sns.data.aws_iam_policy_document.this"
          ]
        }
      ]
    },
    {
      "module": "module.vpc",
      "mode": "managed",
      "type": "aws_db_subnet_group",
      "name": "database",
      "provider": "provider[\"registry.terraform.io/hashicorp/aws\"]",
      "instances": [
        {
          "index_key": 0,
          "schema_version": 0,
          "attributes": {
            "arn": "arn:aws:rds:us-east-1:202815206333:subgrp:main",
            "description": "Database subnet group for main",
            "id": "main",
            "name": "main",
            "name_prefix": "",
            "subnet_ids": [
              "subnet-0ab0d46f6793ef83f",
              "subnet-0c8ee2599048a1372"
            ],
            "supported_network_types": [
              "IPV4"
            ],
            "tags": {
              "Name": "main",
              "type": "vpc"
            },
            "tags_all": {
              "Name": "main",
              "author": "Grupo 4",
              "project": "Condor",
              "type": "vpc",
              "version": "1.0",
              "year": "2023"
            },
            "vpc_id": "vpc-060ff47f280edbacc"
          },
          "sensitive_attributes": [],
          "private": "bnVsbA==",
          "dependencies": [
            "data.aws_availability_zones.available",
            "module.vpc.aws_subnet.database",
            "module.vpc.aws_vpc.this",
            "module.vpc.aws_vpc_ipv4_cidr_block_association.this"
          ]
        }
      ]
    },
    {
      "module": "module.vpc",
      "mode": "managed",
      "type": "aws_default_network_acl",
      "name": "this",
      "provider": "provider[\"registry.terraform.io/hashicorp/aws\"]",
      "instances": [
        {
          "index_key": 0,
          "schema_version": 0,
          "attributes": {
            "arn": "arn:aws:ec2:us-east-1:202815206333:network-acl/acl-0d8a71ff64603c2bc",
            "default_network_acl_id": "acl-0d8a71ff64603c2bc",
            "egress": [
              {
                "action": "allow",
                "cidr_block": "",
                "from_port": 0,
                "icmp_code": null,
                "icmp_type": null,
                "ipv6_cidr_block": "::/0",
                "protocol": "-1",
                "rule_no": 101,
                "to_port": 0
              },
              {
                "action": "allow",
                "cidr_block": "0.0.0.0/0",
                "from_port": 0,
                "icmp_code": null,
                "icmp_type": null,
                "ipv6_cidr_block": "",
                "protocol": "-1",
                "rule_no": 100,
                "to_port": 0
              }
            ],
            "id": "acl-0d8a71ff64603c2bc",
            "ingress": [
              {
                "action": "allow",
                "cidr_block": "",
                "from_port": 0,
                "icmp_code": null,
                "icmp_type": null,
                "ipv6_cidr_block": "::/0",
                "protocol": "-1",
                "rule_no": 101,
                "to_port": 0
              },
              {
                "action": "allow",
                "cidr_block": "0.0.0.0/0",
                "from_port": 0,
                "icmp_code": null,
                "icmp_type": null,
                "ipv6_cidr_block": "",
                "protocol": "-1",
                "rule_no": 100,
                "to_port": 0
              }
            ],
            "owner_id": "202815206333",
            "subnet_ids": [
              "subnet-07ea852fb8c3879c5",
              "subnet-0a2215550331650c3",
              "subnet-0ab0d46f6793ef83f",
              "subnet-0c8ee2599048a1372"
            ],
            "tags": {
              "Name": "main-default",
              "type": "vpc"
            },
            "tags_all": {
              "Name": "main-default",
              "author": "Grupo 4",
              "project": "Condor",
              "type": "vpc",
              "version": "1.0",
              "year": "2023"
            },
            "vpc_id": "vpc-060ff47f280edbacc"
          },
          "sensitive_attributes": [],
          "private": "bnVsbA==",
          "dependencies": [
            "module.vpc.aws_vpc.this"
          ]
        }
      ]
    },
    {
      "module": "module.vpc",
      "mode": "managed",
      "type": "aws_default_route_table",
      "name": "default",
      "provider": "provider[\"registry.terraform.io/hashicorp/aws\"]",
      "instances": [
        {
          "index_key": 0,
          "schema_version": 0,
          "attributes": {
            "arn": "arn:aws:ec2:us-east-1:202815206333:route-table/rtb-0d1f38bb4fb32d8b7",
            "default_route_table_id": "rtb-0d1f38bb4fb32d8b7",
            "id": "rtb-0d1f38bb4fb32d8b7",
            "owner_id": "202815206333",
            "propagating_vgws": null,
            "route": [],
            "tags": {
              "Name": "main-default",
              "type": "vpc"
            },
            "tags_all": {
              "Name": "main-default",
              "author": "Grupo 4",
              "project": "Condor",
              "type": "vpc",
              "version": "1.0",
              "year": "2023"
            },
            "timeouts": {
              "create": "5m",
              "update": "5m"
            },
            "vpc_id": "vpc-060ff47f280edbacc"
          },
          "sensitive_attributes": [],
          "private": "eyJlMmJmYjczMC1lY2FhLTExZTYtOGY4OC0zNDM2M2JjN2M0YzAiOnsiY3JlYXRlIjozMDAwMDAwMDAwMDAsInVwZGF0ZSI6MzAwMDAwMDAwMDAwfX0=",
          "dependencies": [
            "module.vpc.aws_vpc.this"
          ]
        }
      ]
    },
    {
      "module": "module.vpc",
      "mode": "managed",
      "type": "aws_default_security_group",
      "name": "this",
      "provider": "provider[\"registry.terraform.io/hashicorp/aws\"]",
      "instances": [
        {
          "index_key": 0,
          "schema_version": 1,
          "attributes": {
            "arn": "arn:aws:ec2:us-east-1:202815206333:security-group/sg-0c7b4414d9fa6bbea",
            "description": "default VPC security group",
            "egress": [],
            "id": "sg-0c7b4414d9fa6bbea",
            "ingress": [],
            "name": "default",
            "name_prefix": "",
            "owner_id": "202815206333",
            "revoke_rules_on_delete": false,
            "tags": {
              "Name": "main-default",
              "type": "vpc"
            },
            "tags_all": {
              "Name": "main-default",
              "author": "Grupo 4",
              "project": "Condor",
              "type": "vpc",
              "version": "1.0",
              "year": "2023"
            },
            "vpc_id": "vpc-060ff47f280edbacc"
          },
          "sensitive_attributes": [],
          "private": "eyJzY2hlbWFfdmVyc2lvbiI6IjEifQ==",
          "dependencies": [
            "module.vpc.aws_vpc.this"
          ]
        }
      ]
    },
    {
      "module": "module.vpc",
      "mode": "managed",
      "type": "aws_route_table",
      "name": "private",
      "provider": "provider[\"registry.terraform.io/hashicorp/aws\"]",
      "instances": [
        {
          "index_key": 0,
          "schema_version": 0,
          "attributes": {
            "arn": "arn:aws:ec2:us-east-1:202815206333:route-table/rtb-0325425c413b5bc53",
            "id": "rtb-0325425c413b5bc53",
            "owner_id": "202815206333",
            "propagating_vgws": [],
            "route": [],
            "tags": {
              "Name": "main-private-us-east-1a",
              "type": "vpc"
            },
            "tags_all": {
              "Name": "main-private-us-east-1a",
              "author": "Grupo 4",
              "project": "Condor",
              "type": "vpc",
              "version": "1.0",
              "year": "2023"
            },
            "timeouts": null,
            "vpc_id": "vpc-060ff47f280edbacc"
          },
          "sensitive_attributes": [],
          "private": "eyJlMmJmYjczMC1lY2FhLTExZTYtOGY4OC0zNDM2M2JjN2M0YzAiOnsiY3JlYXRlIjozMDAwMDAwMDAwMDAsImRlbGV0ZSI6MzAwMDAwMDAwMDAwLCJ1cGRhdGUiOjEyMDAwMDAwMDAwMH19",
          "dependencies": [
            "data.aws_availability_zones.available",
            "module.vpc.aws_vpc.this",
            "module.vpc.aws_vpc_ipv4_cidr_block_association.this"
          ]
        },
        {
          "index_key": 1,
          "schema_version": 0,
          "attributes": {
            "arn": "arn:aws:ec2:us-east-1:202815206333:route-table/rtb-005a7e9a632bf6ddf",
            "id": "rtb-005a7e9a632bf6ddf",
            "owner_id": "202815206333",
            "propagating_vgws": [],
            "route": [],
            "tags": {
              "Name": "main-private-us-east-1b",
              "type": "vpc"
            },
            "tags_all": {
              "Name": "main-private-us-east-1b",
              "author": "Grupo 4",
              "project": "Condor",
              "type": "vpc",
              "version": "1.0",
              "year": "2023"
            },
            "timeouts": null,
            "vpc_id": "vpc-060ff47f280edbacc"
          },
          "sensitive_attributes": [],
          "private": "eyJlMmJmYjczMC1lY2FhLTExZTYtOGY4OC0zNDM2M2JjN2M0YzAiOnsiY3JlYXRlIjozMDAwMDAwMDAwMDAsImRlbGV0ZSI6MzAwMDAwMDAwMDAwLCJ1cGRhdGUiOjEyMDAwMDAwMDAwMH19",
          "dependencies": [
            "data.aws_availability_zones.available",
            "module.vpc.aws_vpc.this",
            "module.vpc.aws_vpc_ipv4_cidr_block_association.this"
          ]
        }
      ]
    },
    {
      "module": "module.vpc",
      "mode": "managed",
      "type": "aws_route_table_association",
      "name": "database",
      "provider": "provider[\"registry.terraform.io/hashicorp/aws\"]",
      "instances": [
        {
          "index_key": 0,
          "schema_version": 0,
          "attributes": {
            "gateway_id": "",
            "id": "rtbassoc-0d4b32898f1f8f2d9",
            "route_table_id": "rtb-0325425c413b5bc53",
            "subnet_id": "subnet-0c8ee2599048a1372",
            "timeouts": null
          },
          "sensitive_attributes": [],
          "private": "eyJlMmJmYjczMC1lY2FhLTExZTYtOGY4OC0zNDM2M2JjN2M0YzAiOnsiY3JlYXRlIjozMDAwMDAwMDAwMDAsImRlbGV0ZSI6MzAwMDAwMDAwMDAwLCJ1cGRhdGUiOjEyMDAwMDAwMDAwMH19",
          "dependencies": [
            "data.aws_availability_zones.available",
            "module.vpc.aws_route_table.database",
            "module.vpc.aws_route_table.private",
            "module.vpc.aws_subnet.database",
            "module.vpc.aws_vpc.this",
            "module.vpc.aws_vpc_ipv4_cidr_block_association.this"
          ]
        },
        {
          "index_key": 1,
          "schema_version": 0,
          "attributes": {
            "gateway_id": "",
            "id": "rtbassoc-0f39c2d6fe7e2796d",
            "route_table_id": "rtb-005a7e9a632bf6ddf",
            "subnet_id": "subnet-0ab0d46f6793ef83f",
            "timeouts": null
          },
          "sensitive_attributes": [],
          "private": "eyJlMmJmYjczMC1lY2FhLTExZTYtOGY4OC0zNDM2M2JjN2M0YzAiOnsiY3JlYXRlIjozMDAwMDAwMDAwMDAsImRlbGV0ZSI6MzAwMDAwMDAwMDAwLCJ1cGRhdGUiOjEyMDAwMDAwMDAwMH19",
          "dependencies": [
            "data.aws_availability_zones.available",
            "module.vpc.aws_route_table.database",
            "module.vpc.aws_route_table.private",
            "module.vpc.aws_subnet.database",
            "module.vpc.aws_vpc.this",
            "module.vpc.aws_vpc_ipv4_cidr_block_association.this"
          ]
        }
      ]
    },
    {
      "module": "module.vpc",
      "mode": "managed",
      "type": "aws_route_table_association",
      "name": "private",
      "provider": "provider[\"registry.terraform.io/hashicorp/aws\"]",
      "instances": [
        {
          "index_key": 0,
          "schema_version": 0,
          "attributes": {
            "gateway_id": "",
            "id": "rtbassoc-00826c13b2224799b",
            "route_table_id": "rtb-0325425c413b5bc53",
            "subnet_id": "subnet-0a2215550331650c3",
            "timeouts": null
          },
          "sensitive_attributes": [],
          "private": "eyJlMmJmYjczMC1lY2FhLTExZTYtOGY4OC0zNDM2M2JjN2M0YzAiOnsiY3JlYXRlIjozMDAwMDAwMDAwMDAsImRlbGV0ZSI6MzAwMDAwMDAwMDAwLCJ1cGRhdGUiOjEyMDAwMDAwMDAwMH19",
          "dependencies": [
            "data.aws_availability_zones.available",
            "module.vpc.aws_route_table.private",
            "module.vpc.aws_subnet.private",
            "module.vpc.aws_vpc.this",
            "module.vpc.aws_vpc_ipv4_cidr_block_association.this"
          ]
        },
        {
          "index_key": 1,
          "schema_version": 0,
          "attributes": {
            "gateway_id": "",
            "id": "rtbassoc-09120ec3b6f692cd9",
            "route_table_id": "rtb-005a7e9a632bf6ddf",
            "subnet_id": "subnet-07ea852fb8c3879c5",
            "timeouts": null
          },
          "sensitive_attributes": [],
          "private": "eyJlMmJmYjczMC1lY2FhLTExZTYtOGY4OC0zNDM2M2JjN2M0YzAiOnsiY3JlYXRlIjozMDAwMDAwMDAwMDAsImRlbGV0ZSI6MzAwMDAwMDAwMDAwLCJ1cGRhdGUiOjEyMDAwMDAwMDAwMH19",
          "dependencies": [
            "data.aws_availability_zones.available",
            "module.vpc.aws_route_table.private",
            "module.vpc.aws_subnet.private",
            "module.vpc.aws_vpc.this",
            "module.vpc.aws_vpc_ipv4_cidr_block_association.this"
          ]
        }
      ]
    },
    {
      "module": "module.vpc",
      "mode": "managed",
      "type": "aws_subnet",
      "name": "database",
      "provider": "provider[\"registry.terraform.io/hashicorp/aws\"]",
      "instances": [
        {
          "index_key": 0,
          "schema_version": 1,
          "attributes": {
            "arn": "arn:aws:ec2:us-east-1:202815206333:subnet/subnet-0c8ee2599048a1372",
            "assign_ipv6_address_on_creation": false,
            "availability_zone": "us-east-1a",
            "availability_zone_id": "use1-az2",
            "cidr_block": "10.0.20.0/24",
            "customer_owned_ipv4_pool": "",
            "enable_dns64": false,
            "enable_lni_at_device_index": 0,
            "enable_resource_name_dns_a_record_on_launch": false,
            "enable_resource_name_dns_aaaa_record_on_launch": false,
            "id": "subnet-0c8ee2599048a1372",
            "ipv6_cidr_block": "",
            "ipv6_cidr_block_association_id": "",
            "ipv6_native": false,
            "map_customer_owned_ip_on_launch": false,
            "map_public_ip_on_launch": false,
            "outpost_arn": "",
            "owner_id": "202815206333",
            "private_dns_hostname_type_on_launch": "ip-name",
            "tags": {
              "Name": "Database Primary",
              "type": "vpc"
            },
            "tags_all": {
              "Name": "Database Primary",
              "author": "Grupo 4",
              "project": "Condor",
              "type": "vpc",
              "version": "1.0",
              "year": "2023"
            },
            "timeouts": null,
            "vpc_id": "vpc-060ff47f280edbacc"
          },
          "sensitive_attributes": [],
          "private": "eyJlMmJmYjczMC1lY2FhLTExZTYtOGY4OC0zNDM2M2JjN2M0YzAiOnsiY3JlYXRlIjo2MDAwMDAwMDAwMDAsImRlbGV0ZSI6MTIwMDAwMDAwMDAwMH0sInNjaGVtYV92ZXJzaW9uIjoiMSJ9",
          "dependencies": [
            "data.aws_availability_zones.available",
            "module.vpc.aws_vpc.this",
            "module.vpc.aws_vpc_ipv4_cidr_block_association.this"
          ]
        },
        {
          "index_key": 1,
          "schema_version": 1,
          "attributes": {
            "arn": "arn:aws:ec2:us-east-1:202815206333:subnet/subnet-0ab0d46f6793ef83f",
            "assign_ipv6_address_on_creation": false,
            "availability_zone": "us-east-1b",
            "availability_zone_id": "use1-az4",
            "cidr_block": "10.0.21.0/24",
            "customer_owned_ipv4_pool": "",
            "enable_dns64": false,
            "enable_lni_at_device_index": 0,
            "enable_resource_name_dns_a_record_on_launch": false,
            "enable_resource_name_dns_aaaa_record_on_launch": false,
            "id": "subnet-0ab0d46f6793ef83f",
            "ipv6_cidr_block": "",
            "ipv6_cidr_block_association_id": "",
            "ipv6_native": false,
            "map_customer_owned_ip_on_launch": false,
            "map_public_ip_on_launch": false,
            "outpost_arn": "",
            "owner_id": "202815206333",
            "private_dns_hostname_type_on_launch": "ip-name",
            "tags": {
              "Name": "Database Secondary",
              "type": "vpc"
            },
            "tags_all": {
              "Name": "Database Secondary",
              "author": "Grupo 4",
              "project": "Condor",
              "type": "vpc",
              "version": "1.0",
              "year": "2023"
            },
            "timeouts": null,
            "vpc_id": "vpc-060ff47f280edbacc"
          },
          "sensitive_attributes": [],
          "private": "eyJlMmJmYjczMC1lY2FhLTExZTYtOGY4OC0zNDM2M2JjN2M0YzAiOnsiY3JlYXRlIjo2MDAwMDAwMDAwMDAsImRlbGV0ZSI6MTIwMDAwMDAwMDAwMH0sInNjaGVtYV92ZXJzaW9uIjoiMSJ9",
          "dependencies": [
            "data.aws_availability_zones.available",
            "module.vpc.aws_vpc.this",
            "module.vpc.aws_vpc_ipv4_cidr_block_association.this"
          ]
        }
      ]
    },
    {
      "module": "module.vpc",
      "mode": "managed",
      "type": "aws_subnet",
      "name": "private",
      "provider": "provider[\"registry.terraform.io/hashicorp/aws\"]",
      "instances": [
        {
          "index_key": 0,
          "schema_version": 1,
          "attributes": {
            "arn": "arn:aws:ec2:us-east-1:202815206333:subnet/subnet-0a2215550331650c3",
            "assign_ipv6_address_on_creation": false,
            "availability_zone": "us-east-1a",
            "availability_zone_id": "use1-az2",
            "cidr_block": "10.0.10.0/24",
            "customer_owned_ipv4_pool": "",
            "enable_dns64": false,
            "enable_lni_at_device_index": 0,
            "enable_resource_name_dns_a_record_on_launch": false,
            "enable_resource_name_dns_aaaa_record_on_launch": false,
            "id": "subnet-0a2215550331650c3",
            "ipv6_cidr_block": "",
            "ipv6_cidr_block_association_id": "",
            "ipv6_native": false,
            "map_customer_owned_ip_on_launch": false,
            "map_public_ip_on_launch": false,
            "outpost_arn": "",
            "owner_id": "202815206333",
            "private_dns_hostname_type_on_launch": "ip-name",
            "tags": {
              "Name": "Application Primary",
              "type": "vpc"
            },
            "tags_all": {
              "Name": "Application Primary",
              "author": "Grupo 4",
              "project": "Condor",
              "type": "vpc",
              "version": "1.0",
              "year": "2023"
            },
            "timeouts": null,
            "vpc_id": "vpc-060ff47f280edbacc"
          },
          "sensitive_attributes": [],
          "private": "eyJlMmJmYjczMC1lY2FhLTExZTYtOGY4OC0zNDM2M2JjN2M0YzAiOnsiY3JlYXRlIjo2MDAwMDAwMDAwMDAsImRlbGV0ZSI6MTIwMDAwMDAwMDAwMH0sInNjaGVtYV92ZXJzaW9uIjoiMSJ9",
          "dependencies": [
            "data.aws_availability_zones.available",
            "module.vpc.aws_vpc.this",
            "module.vpc.aws_vpc_ipv4_cidr_block_association.this"
          ]
        },
        {
          "index_key": 1,
          "schema_version": 1,
          "attributes": {
            "arn": "arn:aws:ec2:us-east-1:202815206333:subnet/subnet-07ea852fb8c3879c5",
            "assign_ipv6_address_on_creation": false,
            "availability_zone": "us-east-1b",
            "availability_zone_id": "use1-az4",
            "cidr_block": "10.0.11.0/24",
            "customer_owned_ipv4_pool": "",
            "enable_dns64": false,
            "enable_lni_at_device_index": 0,
            "enable_resource_name_dns_a_record_on_launch": false,
            "enable_resource_name_dns_aaaa_record_on_launch": false,
            "id": "subnet-07ea852fb8c3879c5",
            "ipv6_cidr_block": "",
            "ipv6_cidr_block_association_id": "",
            "ipv6_native": false,
            "map_customer_owned_ip_on_launch": false,
            "map_public_ip_on_launch": false,
            "outpost_arn": "",
            "owner_id": "202815206333",
            "private_dns_hostname_type_on_launch": "ip-name",
            "tags": {
              "Name": "Application Secondary",
              "type": "vpc"
            },
            "tags_all": {
              "Name": "Application Secondary",
              "author": "Grupo 4",
              "project": "Condor",
              "type": "vpc",
              "version": "1.0",
              "year": "2023"
            },
            "timeouts": null,
            "vpc_id": "vpc-060ff47f280edbacc"
          },
          "sensitive_attributes": [],
          "private": "eyJlMmJmYjczMC1lY2FhLTExZTYtOGY4OC0zNDM2M2JjN2M0YzAiOnsiY3JlYXRlIjo2MDAwMDAwMDAwMDAsImRlbGV0ZSI6MTIwMDAwMDAwMDAwMH0sInNjaGVtYV92ZXJzaW9uIjoiMSJ9",
          "dependencies": [
            "data.aws_availability_zones.available",
            "module.vpc.aws_vpc.this",
            "module.vpc.aws_vpc_ipv4_cidr_block_association.this"
          ]
        }
      ]
    },
    {
      "module": "module.vpc",
      "mode": "managed",
      "type": "aws_vpc",
      "name": "this",
      "provider": "provider[\"registry.terraform.io/hashicorp/aws\"]",
      "instances": [
        {
          "index_key": 0,
          "schema_version": 1,
          "attributes": {
            "arn": "arn:aws:ec2:us-east-1:202815206333:vpc/vpc-060ff47f280edbacc",
            "assign_generated_ipv6_cidr_block": false,
            "cidr_block": "10.0.0.0/16",
            "default_network_acl_id": "acl-0d8a71ff64603c2bc",
            "default_route_table_id": "rtb-0d1f38bb4fb32d8b7",
            "default_security_group_id": "sg-0c7b4414d9fa6bbea",
            "dhcp_options_id": "dopt-08a37e8f06c659348",
            "enable_dns_hostnames": true,
            "enable_dns_support": true,
            "enable_network_address_usage_metrics": false,
            "id": "vpc-060ff47f280edbacc",
            "instance_tenancy": "default",
            "ipv4_ipam_pool_id": null,
            "ipv4_netmask_length": null,
            "ipv6_association_id": "",
            "ipv6_cidr_block": "",
            "ipv6_cidr_block_network_border_group": "",
            "ipv6_ipam_pool_id": "",
            "ipv6_netmask_length": 0,
            "main_route_table_id": "rtb-0d1f38bb4fb32d8b7",
            "owner_id": "202815206333",
            "tags": {
              "Name": "main",
              "type": "vpc"
            },
            "tags_all": {
              "Name": "main",
              "author": "Grupo 4",
              "project": "Condor",
              "type": "vpc",
              "version": "1.0",
              "year": "2023"
            }
          },
          "sensitive_attributes": [],
          "private": "eyJzY2hlbWFfdmVyc2lvbiI6IjEifQ==",
          "create_before_destroy": true
        }
      ]
    },
    {
      "module": "module.vpc_endpoints",
      "mode": "data",
      "type": "aws_vpc_endpoint_service",
      "name": "this",
      "provider": "provider[\"registry.terraform.io/hashicorp/aws\"]",
      "instances": [
        {
          "index_key": "sns",
          "schema_version": 0,
          "attributes": {
            "acceptance_required": false,
            "arn": "arn:aws:ec2:us-east-1:202815206333:vpc-endpoint-service/vpce-svc-028a2c04717c9c5b1",
            "availability_zones": [
              "us-east-1a",
              "us-east-1b",
              "us-east-1c",
              "us-east-1d",
              "us-east-1e",
              "us-east-1f"
            ],
            "base_endpoint_dns_names": [
              "sns.us-east-1.vpce.amazonaws.com"
            ],
            "filter": [
              {
                "name": "service-type",
                "values": [
                  "Interface"
                ]
              }
            ],
            "id": "830444820",
            "manages_vpc_endpoints": false,
            "owner": "amazon",
            "private_dns_name": "sns.us-east-1.amazonaws.com",
            "service": "sns",
            "service_id": "vpce-svc-028a2c04717c9c5b1",
            "service_name": "com.amazonaws.us-east-1.sns",
            "service_type": "Interface",
            "supported_ip_address_types": [
              "ipv4"
            ],
            "tags": {},
            "timeouts": null,
            "vpc_endpoint_policy_supported": true
          },
          "sensitive_attributes": []
        }
      ]
    },
    {
      "module": "module.vpc_endpoints",
      "mode": "managed",
      "type": "aws_security_group",
      "name": "this",
      "provider": "provider[\"registry.terraform.io/hashicorp/aws\"]",
      "instances": [
        {
          "index_key": 0,
          "schema_version": 1,
          "attributes": {
            "arn": "arn:aws:ec2:us-east-1:202815206333:security-group/sg-0c2f0438f757d606a",
            "description": "VPC security group",
            "egress": [],
            "id": "sg-0c2f0438f757d606a",
            "ingress": [],
            "name": "main-security-group20231014192115085800000001",
            "name_prefix": "main-security-group",
            "owner_id": "202815206333",
            "revoke_rules_on_delete": false,
            "tags": {
              "Name": "main-security-group"
            },
            "tags_all": {
              "Name": "main-security-group",
              "author": "Grupo 4",
              "project": "Condor",
              "version": "1.0",
              "year": "2023"
            },
            "timeouts": null,
            "vpc_id": "vpc-060ff47f280edbacc"
          },
          "sensitive_attributes": [],
          "private": "eyJlMmJmYjczMC1lY2FhLTExZTYtOGY4OC0zNDM2M2JjN2M0YzAiOnsiY3JlYXRlIjo2MDAwMDAwMDAwMDAsImRlbGV0ZSI6OTAwMDAwMDAwMDAwfSwic2NoZW1hX3ZlcnNpb24iOiIxIn0=",
          "dependencies": [
            "module.vpc.aws_vpc.this"
          ],
          "create_before_destroy": true
        }
      ]
    },
    {
      "module": "module.vpc_endpoints",
      "mode": "managed",
      "type": "aws_vpc_endpoint",
      "name": "this",
      "provider": "provider[\"registry.terraform.io/hashicorp/aws\"]",
      "instances": [
        {
          "index_key": "sns",
          "schema_version": 0,
          "attributes": {
            "arn": "arn:aws:ec2:us-east-1:202815206333:vpc-endpoint/vpce-071ba67692ac49543",
            "auto_accept": null,
            "cidr_blocks": [],
            "dns_entry": [],
            "dns_options": [
              {
                "dns_record_ip_type": "ipv4",
                "private_dns_only_for_inbound_resolver_endpoint": false
              }
            ],
            "id": "vpce-071ba67692ac49543",
            "ip_address_type": "ipv4",
            "network_interface_ids": [],
            "owner_id": "202815206333",
            "policy": "{\"Statement\":[{\"Action\":\"*\",\"Effect\":\"Allow\",\"Principal\":\"*\",\"Resource\":\"*\"}]}",
            "prefix_list_id": null,
            "private_dns_enabled": false,
            "requester_managed": false,
            "route_table_ids": [],
            "security_group_ids": [
              "sg-0c2f0438f757d606a"
            ],
            "service_name": "com.amazonaws.us-east-1.sns",
            "state": "available",
            "subnet_ids": [],
            "tags": null,
            "tags_all": {
              "author": "Grupo 4",
              "project": "Condor",
              "version": "1.0",
              "year": "2023"
            },
            "timeouts": {
              "create": "10m",
              "delete": "10m",
              "update": "10m"
            },
            "vpc_endpoint_type": "Interface",
            "vpc_id": "vpc-060ff47f280edbacc"
          },
          "sensitive_attributes": [],
          "private": "eyJlMmJmYjczMC1lY2FhLTExZTYtOGY4OC0zNDM2M2JjN2M0YzAiOnsiY3JlYXRlIjo2MDAwMDAwMDAwMDAsImRlbGV0ZSI6NjAwMDAwMDAwMDAwLCJ1cGRhdGUiOjYwMDAwMDAwMDAwMH19",
          "dependencies": [
            "data.aws_availability_zones.available",
            "module.vpc.aws_subnet.private",
            "module.vpc.aws_vpc.this",
            "module.vpc.aws_vpc_ipv4_cidr_block_association.this",
            "module.vpc_endpoints.aws_security_group.this",
            "module.vpc_endpoints.data.aws_vpc_endpoint_service.this"
          ]
        }
      ]
    }
  ],
  "check_results": null
}
