{
  "version": 4,
  "terraform_version": "1.5.7",
  "serial": 347,
  "lineage": "d72aae0a-1a34-a65d-6635-170ab5bdc813",
  "outputs": {
    "database_subnets": {
      "value": [
        "subnet-077bfd3b219ad3763",
        "subnet-0eec1aaf509a0cf58"
      ],
      "type": [
        "tuple",
        [
          "string",
          "string"
        ]
      ]
    },
    "private_subnets": {
      "value": [
        "subnet-0a4963c8ac67cfb38",
        "subnet-0e7fea144819c469a"
      ],
      "type": [
        "tuple",
        [
          "string",
          "string"
        ]
      ]
    },
    "sns": {
      "value": {
        "aws_sns_topic_subscriptions": {
          "opsgenie": {
            "arn": "arn:aws:sns:us-east-1:660107879836:condor-reports:ce6bbbc7-27d2-40df-9d1b-f522340f5639",
            "confirmation_timeout_in_minutes": 1,
            "confirmation_was_authenticated": true,
            "delivery_policy": "",
            "endpoint": "+5491135237479",
            "endpoint_auto_confirms": false,
            "filter_policy": "",
            "filter_policy_scope": "",
            "id": "arn:aws:sns:us-east-1:660107879836:condor-reports:ce6bbbc7-27d2-40df-9d1b-f522340f5639",
            "owner_id": "660107879836",
            "pending_confirmation": false,
            "protocol": "sms",
            "raw_message_delivery": false,
            "redrive_policy": "",
            "subscription_role_arn": "",
            "topic_arn": "arn:aws:sns:us-east-1:660107879836:condor-reports"
          }
        },
        "dead_letter_queue_arn": null,
        "dead_letter_queue_id": null,
        "dead_letter_queue_name": null,
        "dead_letter_queue_url": null,
        "sns_topic": {
          "application_failure_feedback_role_arn": "",
          "application_success_feedback_role_arn": "",
          "application_success_feedback_sample_rate": 0,
          "arn": "arn:aws:sns:us-east-1:660107879836:condor-reports",
          "content_based_deduplication": false,
          "delivery_policy": "",
          "display_name": "condor-reports",
          "fifo_topic": false,
          "firehose_failure_feedback_role_arn": "",
          "firehose_success_feedback_role_arn": "",
          "firehose_success_feedback_sample_rate": 0,
          "http_failure_feedback_role_arn": "",
          "http_success_feedback_role_arn": "",
          "http_success_feedback_sample_rate": 0,
          "id": "arn:aws:sns:us-east-1:660107879836:condor-reports",
          "kms_master_key_id": "alias/aws/sns",
          "lambda_failure_feedback_role_arn": "",
          "lambda_success_feedback_role_arn": "",
          "lambda_success_feedback_sample_rate": 0,
          "name": "condor-reports",
          "name_prefix": "",
          "owner": "660107879836",
          "policy": "{\"Id\":\"__default_policy_ID\",\"Statement\":[{\"Action\":[\"SNS:GetTopicAttributes\",\"SNS:SetTopicAttributes\",\"SNS:AddPermission\",\"SNS:RemovePermission\",\"SNS:DeleteTopic\",\"SNS:Subscribe\",\"SNS:ListSubscriptionsByTopic\",\"SNS:Publish\"],\"Condition\":{\"StringEquals\":{\"AWS:SourceOwner\":\"660107879836\"}},\"Effect\":\"Allow\",\"Principal\":{\"AWS\":\"*\"},\"Resource\":\"arn:aws:sns:us-east-1:660107879836:condor-reports\",\"Sid\":\"__default_statement_ID\"}],\"Version\":\"2008-10-17\"}",
          "signature_version": 0,
          "sqs_failure_feedback_role_arn": "",
          "sqs_success_feedback_role_arn": "",
          "sqs_success_feedback_sample_rate": 0,
          "tags": {
            "Name": "condor-reports",
            "Namespace": "condor"
          },
          "tags_all": {
            "Name": "condor-reports",
            "Namespace": "condor",
            "author": "Grupo 4",
            "project": "Condor",
            "version": "1.0",
            "year": "2023"
          },
          "tracing_config": ""
        },
        "sns_topic_arn": "arn:aws:sns:us-east-1:660107879836:condor-reports",
        "sns_topic_id": "arn:aws:sns:us-east-1:660107879836:condor-reports",
        "sns_topic_name": "condor-reports",
        "sns_topic_owner": "660107879836"
      },
      "type": [
        "object",
        {
          "aws_sns_topic_subscriptions": [
            "object",
            {
              "opsgenie": [
                "object",
                {
                  "arn": "string",
                  "confirmation_timeout_in_minutes": "number",
                  "confirmation_was_authenticated": "bool",
                  "delivery_policy": "string",
                  "endpoint": "string",
                  "endpoint_auto_confirms": "bool",
                  "filter_policy": "string",
                  "filter_policy_scope": "string",
                  "id": "string",
                  "owner_id": "string",
                  "pending_confirmation": "bool",
                  "protocol": "string",
                  "raw_message_delivery": "bool",
                  "redrive_policy": "string",
                  "subscription_role_arn": "string",
                  "topic_arn": "string"
                }
              ]
            }
          ],
          "dead_letter_queue_arn": "dynamic",
          "dead_letter_queue_id": "dynamic",
          "dead_letter_queue_name": "string",
          "dead_letter_queue_url": "dynamic",
          "sns_topic": [
            "object",
            {
              "application_failure_feedback_role_arn": "string",
              "application_success_feedback_role_arn": "string",
              "application_success_feedback_sample_rate": "number",
              "arn": "string",
              "content_based_deduplication": "bool",
              "delivery_policy": "string",
              "display_name": "string",
              "fifo_topic": "bool",
              "firehose_failure_feedback_role_arn": "string",
              "firehose_success_feedback_role_arn": "string",
              "firehose_success_feedback_sample_rate": "number",
              "http_failure_feedback_role_arn": "string",
              "http_success_feedback_role_arn": "string",
              "http_success_feedback_sample_rate": "number",
              "id": "string",
              "kms_master_key_id": "string",
              "lambda_failure_feedback_role_arn": "string",
              "lambda_success_feedback_role_arn": "string",
              "lambda_success_feedback_sample_rate": "number",
              "name": "string",
              "name_prefix": "string",
              "owner": "string",
              "policy": "string",
              "signature_version": "number",
              "sqs_failure_feedback_role_arn": "string",
              "sqs_success_feedback_role_arn": "string",
              "sqs_success_feedback_sample_rate": "number",
              "tags": [
                "map",
                "string"
              ],
              "tags_all": [
                "map",
                "string"
              ],
              "tracing_config": "string"
            }
          ],
          "sns_topic_arn": "string",
          "sns_topic_id": "string",
          "sns_topic_name": "string",
          "sns_topic_owner": "string"
        }
      ]
    },
    "vpc_arn": {
      "value": "arn:aws:ec2:us-east-1:660107879836:vpc/vpc-0d10bfed9070fa2aa",
      "type": "string"
    },
    "vpc_cidr": {
      "value": "10.0.0.0/16",
      "type": "string"
    },
    "vpc_endpoints_id": {
      "value": [
        {
          "sns": {
            "arn": "arn:aws:ec2:us-east-1:660107879836:vpc-endpoint/vpce-080d5eee0e1ea189b",
            "auto_accept": null,
            "cidr_blocks": [],
            "dns_entry": [],
            "dns_options": [
              {
                "dns_record_ip_type": "ipv4",
                "private_dns_only_for_inbound_resolver_endpoint": false
              }
            ],
            "id": "vpce-080d5eee0e1ea189b",
            "ip_address_type": "ipv4",
            "network_interface_ids": [],
            "owner_id": "660107879836",
            "policy": "{\"Statement\":[{\"Action\":\"*\",\"Effect\":\"Allow\",\"Principal\":\"*\",\"Resource\":\"*\"}]}",
            "prefix_list_id": null,
            "private_dns_enabled": false,
            "requester_managed": false,
            "route_table_ids": [],
            "security_group_ids": [
              "sg-04be6cb1dc5c145c7"
            ],
            "service_name": "com.amazonaws.us-east-1.sns",
            "state": "available",
            "subnet_ids": [],
            "tags": {},
            "tags_all": {
              "author": "Grupo 4",
              "project": "Condor",
              "version": "1.0",
              "year": "2023"
            },
            "timeouts": {
              "create": "10m",
              "delete": "10m",
              "update": "10m"
            },
            "vpc_endpoint_type": "Interface",
            "vpc_id": "vpc-0d10bfed9070fa2aa"
          }
        },
        "arn:aws:ec2:us-east-1:660107879836:security-group/sg-04be6cb1dc5c145c7",
        "sg-04be6cb1dc5c145c7"
      ],
      "type": [
        "tuple",
        [
          [
            "object",
            {
              "sns": [
                "object",
                {
                  "arn": "string",
                  "auto_accept": "bool",
                  "cidr_blocks": [
                    "list",
                    "string"
                  ],
                  "dns_entry": [
                    "list",
                    [
                      "object",
                      {
                        "dns_name": "string",
                        "hosted_zone_id": "string"
                      }
                    ]
                  ],
                  "dns_options": [
                    "list",
                    [
                      "object",
                      {
                        "dns_record_ip_type": "string",
                        "private_dns_only_for_inbound_resolver_endpoint": "bool"
                      }
                    ]
                  ],
                  "id": "string",
                  "ip_address_type": "string",
                  "network_interface_ids": [
                    "set",
                    "string"
                  ],
                  "owner_id": "string",
                  "policy": "string",
                  "prefix_list_id": "string",
                  "private_dns_enabled": "bool",
                  "requester_managed": "bool",
                  "route_table_ids": [
                    "set",
                    "string"
                  ],
                  "security_group_ids": [
                    "set",
                    "string"
                  ],
                  "service_name": "string",
                  "state": "string",
                  "subnet_ids": [
                    "set",
                    "string"
                  ],
                  "tags": [
                    "map",
                    "string"
                  ],
                  "tags_all": [
                    "map",
                    "string"
                  ],
                  "timeouts": [
                    "object",
                    {
                      "create": "string",
                      "delete": "string",
                      "update": "string"
                    }
                  ],
                  "vpc_endpoint_type": "string",
                  "vpc_id": "string"
                }
              ]
            }
          ],
          "string",
          "string"
        ]
      ]
    },
    "vpc_id": {
      "value": "vpc-0d10bfed9070fa2aa",
      "type": "string"
    }
  },
  "resources": [
    {
      "mode": "data",
      "type": "aws_availability_zones",
      "name": "available",
      "provider": "provider[\"registry.terraform.io/hashicorp/aws\"]",
      "instances": [
        {
          "schema_version": 0,
          "attributes": {
            "all_availability_zones": null,
            "exclude_names": null,
            "exclude_zone_ids": null,
            "filter": null,
            "group_names": [
              "us-east-1"
            ],
            "id": "us-east-1",
            "names": [
              "us-east-1a",
              "us-east-1b",
              "us-east-1c",
              "us-east-1d",
              "us-east-1e",
              "us-east-1f"
            ],
            "state": "available",
            "timeouts": null,
            "zone_ids": [
              "use1-az4",
              "use1-az6",
              "use1-az1",
              "use1-az2",
              "use1-az3",
              "use1-az5"
            ]
          },
          "sensitive_attributes": []
        }
      ]
    },
    {
      "mode": "data",
      "type": "aws_caller_identity",
      "name": "current",
      "provider": "provider[\"registry.terraform.io/hashicorp/aws\"]",
      "instances": [
        {
          "schema_version": 0,
          "attributes": {
            "account_id": "660107879836",
            "arn": "arn:aws:sts::660107879836:assumed-role/voclabs/user2690850=BENVENUTO,_AGUSTIN",
            "id": "660107879836",
            "user_id": "AROAZTML64WOBQTR2XQL4:user2690850=BENVENUTO,_AGUSTIN"
          },
          "sensitive_attributes": []
        }
      ]
    },
    {
      "mode": "managed",
      "type": "aws_iam_policy_attachment",
      "name": "role_policy_attachment",
      "provider": "provider[\"registry.terraform.io/hashicorp/aws\"]",
      "instances": []
    },
    {
      "mode": "managed",
      "type": "aws_iam_user_policy_attachment",
      "name": "create_role_attachment",
      "provider": "provider[\"registry.terraform.io/hashicorp/aws\"]",
      "instances": []
    },
    {
      "module": "module.api_gateway",
      "mode": "managed",
      "type": "aws_api_gateway_authorizer",
      "name": "this",
      "provider": "provider[\"registry.terraform.io/hashicorp/aws\"]",
      "instances": [
        {
          "schema_version": 0,
          "attributes": {
            "arn": "arn:aws:apigateway:us-east-1::/restapis/3crw67lstk/authorizers/advbzw",
            "authorizer_credentials": "",
            "authorizer_result_ttl_in_seconds": 300,
            "authorizer_uri": "arn:aws:cognito-idp:us-east-1:660107879836:userpool/us-east-1_LWvSPFgpl",
            "id": "advbzw",
            "identity_source": "method.request.header.Authorization",
            "identity_validation_expression": "",
            "name": "main",
            "provider_arns": [
              "arn:aws:cognito-idp:us-east-1:660107879836:userpool/us-east-1_LWvSPFgpl"
            ],
            "rest_api_id": "3crw67lstk",
            "type": "COGNITO_USER_POOLS"
          },
          "sensitive_attributes": [],
          "private": "bnVsbA==",
          "dependencies": [
            "module.api_gateway.aws_api_gateway_rest_api.this",
            "module.cognito.aws_cognito_user_pool.this"
          ],
          "create_before_destroy": true
        }
      ]
    },
    {
      "module": "module.api_gateway",
      "mode": "managed",
      "type": "aws_api_gateway_deployment",
      "name": "this",
      "provider": "provider[\"registry.terraform.io/hashicorp/aws\"]",
      "instances": []
    },
    {
      "module": "module.api_gateway",
      "mode": "managed",
      "type": "aws_api_gateway_rest_api",
      "name": "this",
      "provider": "provider[\"registry.terraform.io/hashicorp/aws\"]",
      "instances": [
        {
          "schema_version": 0,
          "attributes": {
            "api_key_source": "HEADER",
            "arn": "arn:aws:apigateway:us-east-1::/restapis/3crw67lstk",
            "binary_media_types": [],
            "body": null,
            "created_date": "2023-10-14T00:16:43Z",
            "description": "",
            "disable_execute_api_endpoint": false,
            "endpoint_configuration": [
              {
                "types": [
                  "EDGE"
                ],
                "vpc_endpoint_ids": []
              }
            ],
            "execution_arn": "arn:aws:execute-api:us-east-1:660107879836:3crw67lstk",
            "fail_on_warnings": null,
            "id": "3crw67lstk",
            "minimum_compression_size": "",
            "name": "main",
            "parameters": null,
            "policy": "",
            "put_rest_api_mode": null,
            "root_resource_id": "aq0q0q0o24",
            "tags": {},
            "tags_all": {
              "author": "Grupo 4",
              "project": "Condor",
              "version": "1.0",
              "year": "2023"
            }
          },
          "sensitive_attributes": [],
          "private": "bnVsbA==",
          "create_before_destroy": true
        }
      ]
    },
    {
      "module": "module.api_gateway",
      "mode": "managed",
      "type": "aws_api_gateway_stage",
      "name": "this",
      "provider": "provider[\"registry.terraform.io/hashicorp/aws\"]",
      "instances": []
    },
    {
      "module": "module.api_gateway.module.api_gateway_endpoint[\"login-POST\"]",
      "mode": "managed",
      "type": "aws_api_gateway_integration",
      "name": "this",
      "provider": "provider[\"registry.terraform.io/hashicorp/aws\"]",
      "instances": []
    },
    {
      "module": "module.api_gateway.module.api_gateway_endpoint[\"login-POST\"]",
      "mode": "managed",
      "type": "aws_api_gateway_method",
      "name": "this",
      "provider": "provider[\"registry.terraform.io/hashicorp/aws\"]",
      "instances": [
        {
          "schema_version": 0,
          "attributes": {
            "api_key_required": false,
            "authorization": "COGNITO_USER_POOLS",
            "authorization_scopes": [],
            "authorizer_id": "advbzw",
            "http_method": "POST",
            "id": "agm-3crw67lstk-gv7x4w-POST",
            "operation_name": "",
            "request_models": {},
            "request_parameters": {
              "method.request.path.proxy": true
            },
            "request_validator_id": "",
            "resource_id": "gv7x4w",
            "rest_api_id": "3crw67lstk"
          },
          "sensitive_attributes": [],
          "private": "bnVsbA==",
          "dependencies": [
            "module.api_gateway.aws_api_gateway_authorizer.this",
            "module.api_gateway.aws_api_gateway_rest_api.this",
            "module.api_gateway.module.api_gateway_endpoint.aws_api_gateway_resource.this",
            "module.cognito.aws_cognito_user_pool.this"
          ],
          "create_before_destroy": true
        }
      ]
    },
    {
      "module": "module.api_gateway.module.api_gateway_endpoint[\"login-POST\"]",
      "mode": "managed",
      "type": "aws_api_gateway_method_response",
      "name": "this",
      "provider": "provider[\"registry.terraform.io/hashicorp/aws\"]",
      "instances": [
        {
          "schema_version": 0,
          "attributes": {
            "http_method": "POST",
            "id": "agmr-3crw67lstk-gv7x4w-POST-200",
            "resource_id": "gv7x4w",
            "response_models": {},
            "response_parameters": {
              "method.response.header.Access-Control-Allow-Origin": true
            },
            "rest_api_id": "3crw67lstk",
            "status_code": "200"
          },
          "sensitive_attributes": [],
          "private": "bnVsbA==",
          "dependencies": [
            "module.api_gateway.aws_api_gateway_authorizer.this",
            "module.api_gateway.aws_api_gateway_rest_api.this",
            "module.api_gateway.module.api_gateway_endpoint.aws_api_gateway_method.this",
            "module.api_gateway.module.api_gateway_endpoint.aws_api_gateway_resource.this",
            "module.cognito.aws_cognito_user_pool.this"
          ],
          "create_before_destroy": true
        }
      ]
    },
    {
      "module": "module.api_gateway.module.api_gateway_endpoint[\"login-POST\"]",
      "mode": "managed",
      "type": "aws_api_gateway_resource",
      "name": "this",
      "provider": "provider[\"registry.terraform.io/hashicorp/aws\"]",
      "instances": [
        {
          "schema_version": 0,
          "attributes": {
            "id": "gv7x4w",
            "parent_id": "aq0q0q0o24",
            "path": "/login",
            "path_part": "login",
            "rest_api_id": "3crw67lstk"
          },
          "sensitive_attributes": [],
          "private": "bnVsbA==",
          "dependencies": [
            "module.api_gateway.aws_api_gateway_rest_api.this"
          ],
          "create_before_destroy": true
        }
      ]
    },
    {
      "module": "module.api_gateway.module.api_gateway_endpoint[\"logout-POST\"]",
      "mode": "managed",
      "type": "aws_api_gateway_integration",
      "name": "this",
      "provider": "provider[\"registry.terraform.io/hashicorp/aws\"]",
      "instances": []
    },
    {
      "module": "module.api_gateway.module.api_gateway_endpoint[\"logout-POST\"]",
      "mode": "managed",
      "type": "aws_api_gateway_method",
      "name": "this",
      "provider": "provider[\"registry.terraform.io/hashicorp/aws\"]",
      "instances": [
        {
          "schema_version": 0,
          "attributes": {
            "api_key_required": false,
            "authorization": "COGNITO_USER_POOLS",
            "authorization_scopes": [],
            "authorizer_id": "advbzw",
            "http_method": "POST",
            "id": "agm-3crw67lstk-57dod0-POST",
            "operation_name": "",
            "request_models": {},
            "request_parameters": {
              "method.request.path.proxy": true
            },
            "request_validator_id": "",
            "resource_id": "57dod0",
            "rest_api_id": "3crw67lstk"
          },
          "sensitive_attributes": [],
          "private": "bnVsbA==",
          "dependencies": [
            "module.api_gateway.aws_api_gateway_authorizer.this",
            "module.api_gateway.aws_api_gateway_rest_api.this",
            "module.api_gateway.module.api_gateway_endpoint.aws_api_gateway_resource.this",
            "module.cognito.aws_cognito_user_pool.this"
          ],
          "create_before_destroy": true
        }
      ]
    },
    {
      "module": "module.api_gateway.module.api_gateway_endpoint[\"logout-POST\"]",
      "mode": "managed",
      "type": "aws_api_gateway_method_response",
      "name": "this",
      "provider": "provider[\"registry.terraform.io/hashicorp/aws\"]",
      "instances": [
        {
          "schema_version": 0,
          "attributes": {
            "http_method": "POST",
            "id": "agmr-3crw67lstk-57dod0-POST-200",
            "resource_id": "57dod0",
            "response_models": {},
            "response_parameters": {
              "method.response.header.Access-Control-Allow-Origin": true
            },
            "rest_api_id": "3crw67lstk",
            "status_code": "200"
          },
          "sensitive_attributes": [],
          "private": "bnVsbA==",
          "dependencies": [
            "module.api_gateway.aws_api_gateway_authorizer.this",
            "module.api_gateway.aws_api_gateway_rest_api.this",
            "module.api_gateway.module.api_gateway_endpoint.aws_api_gateway_method.this",
            "module.api_gateway.module.api_gateway_endpoint.aws_api_gateway_resource.this",
            "module.cognito.aws_cognito_user_pool.this"
          ],
          "create_before_destroy": true
        }
      ]
    },
    {
      "module": "module.api_gateway.module.api_gateway_endpoint[\"logout-POST\"]",
      "mode": "managed",
      "type": "aws_api_gateway_resource",
      "name": "this",
      "provider": "provider[\"registry.terraform.io/hashicorp/aws\"]",
      "instances": [
        {
          "schema_version": 0,
          "attributes": {
            "id": "57dod0",
            "parent_id": "aq0q0q0o24",
            "path": "/logout",
            "path_part": "logout",
            "rest_api_id": "3crw67lstk"
          },
          "sensitive_attributes": [],
          "private": "bnVsbA==",
          "dependencies": [
            "module.api_gateway.aws_api_gateway_rest_api.this"
          ],
          "create_before_destroy": true
        }
      ]
    },
    {
      "module": "module.api_gateway.module.api_gateway_endpoint[\"reports-GET\"]",
      "mode": "managed",
      "type": "aws_api_gateway_integration",
      "name": "this",
      "provider": "provider[\"registry.terraform.io/hashicorp/aws\"]",
      "instances": []
    },
    {
      "module": "module.api_gateway.module.api_gateway_endpoint[\"reports-GET\"]",
      "mode": "managed",
      "type": "aws_api_gateway_method",
      "name": "this",
      "provider": "provider[\"registry.terraform.io/hashicorp/aws\"]",
      "instances": [
        {
          "schema_version": 0,
          "attributes": {
            "api_key_required": false,
            "authorization": "COGNITO_USER_POOLS",
            "authorization_scopes": [],
            "authorizer_id": "advbzw",
            "http_method": "GET",
            "id": "agm-3crw67lstk-e4311f-GET",
            "operation_name": "",
            "request_models": {},
            "request_parameters": {
              "method.request.path.proxy": true
            },
            "request_validator_id": "",
            "resource_id": "e4311f",
            "rest_api_id": "3crw67lstk"
          },
          "sensitive_attributes": [],
          "private": "bnVsbA==",
          "dependencies": [
            "module.api_gateway.aws_api_gateway_authorizer.this",
            "module.api_gateway.aws_api_gateway_rest_api.this",
            "module.api_gateway.module.api_gateway_endpoint.aws_api_gateway_resource.this",
            "module.cognito.aws_cognito_user_pool.this"
          ],
          "create_before_destroy": true
        }
      ]
    },
    {
      "module": "module.api_gateway.module.api_gateway_endpoint[\"reports-GET\"]",
      "mode": "managed",
      "type": "aws_api_gateway_method_response",
      "name": "this",
      "provider": "provider[\"registry.terraform.io/hashicorp/aws\"]",
      "instances": [
        {
          "schema_version": 0,
          "attributes": {
            "http_method": "GET",
            "id": "agmr-3crw67lstk-e4311f-GET-200",
            "resource_id": "e4311f",
            "response_models": {},
            "response_parameters": {
              "method.response.header.Access-Control-Allow-Origin": true
            },
            "rest_api_id": "3crw67lstk",
            "status_code": "200"
          },
          "sensitive_attributes": [],
          "private": "bnVsbA==",
          "dependencies": [
            "module.api_gateway.aws_api_gateway_authorizer.this",
            "module.api_gateway.aws_api_gateway_rest_api.this",
            "module.api_gateway.module.api_gateway_endpoint.aws_api_gateway_method.this",
            "module.api_gateway.module.api_gateway_endpoint.aws_api_gateway_resource.this",
            "module.cognito.aws_cognito_user_pool.this"
          ],
          "create_before_destroy": true
        }
      ]
    },
    {
      "module": "module.api_gateway.module.api_gateway_endpoint[\"reports-GET\"]",
      "mode": "managed",
      "type": "aws_api_gateway_resource",
      "name": "this",
      "provider": "provider[\"registry.terraform.io/hashicorp/aws\"]",
      "instances": [
        {
          "schema_version": 0,
          "attributes": {
            "id": "e4311f",
            "parent_id": "aq0q0q0o24",
            "path": "/reports",
            "path_part": "reports",
            "rest_api_id": "3crw67lstk"
          },
          "sensitive_attributes": [],
          "private": "bnVsbA==",
          "dependencies": [
            "module.api_gateway.aws_api_gateway_rest_api.this"
          ],
          "create_before_destroy": true
        }
      ]
    },
    {
      "module": "module.api_gateway.module.api_gateway_endpoint[\"reports-OPTIONS\"]",
      "mode": "managed",
      "type": "aws_api_gateway_integration",
      "name": "this",
      "provider": "provider[\"registry.terraform.io/hashicorp/aws\"]",
      "instances": []
    },
    {
      "module": "module.api_gateway.module.api_gateway_endpoint[\"reports-OPTIONS\"]",
      "mode": "managed",
      "type": "aws_api_gateway_method",
      "name": "this",
      "provider": "provider[\"registry.terraform.io/hashicorp/aws\"]",
      "instances": [
        {
          "schema_version": 0,
          "attributes": {
            "api_key_required": false,
            "authorization": "COGNITO_USER_POOLS",
            "authorization_scopes": [],
            "authorizer_id": "advbzw",
            "http_method": "OPTIONS",
            "id": "agm-3crw67lstk-x3xxui-OPTIONS",
            "operation_name": "",
            "request_models": {},
            "request_parameters": {
              "method.request.path.proxy": true
            },
            "request_validator_id": "",
            "resource_id": "x3xxui",
            "rest_api_id": "3crw67lstk"
          },
          "sensitive_attributes": [],
          "private": "bnVsbA==",
          "dependencies": [
            "module.api_gateway.aws_api_gateway_authorizer.this",
            "module.api_gateway.aws_api_gateway_rest_api.this",
            "module.api_gateway.module.api_gateway_endpoint.aws_api_gateway_resource.this",
            "module.cognito.aws_cognito_user_pool.this"
          ],
          "create_before_destroy": true
        }
      ]
    },
    {
      "module": "module.api_gateway.module.api_gateway_endpoint[\"reports-OPTIONS\"]",
      "mode": "managed",
      "type": "aws_api_gateway_method_response",
      "name": "this",
      "provider": "provider[\"registry.terraform.io/hashicorp/aws\"]",
      "instances": [
        {
          "schema_version": 0,
          "attributes": {
            "http_method": "OPTIONS",
            "id": "agmr-3crw67lstk-x3xxui-OPTIONS-200",
            "resource_id": "x3xxui",
            "response_models": {},
            "response_parameters": {
              "method.response.header.Access-Control-Allow-Origin": true
            },
            "rest_api_id": "3crw67lstk",
            "status_code": "200"
          },
          "sensitive_attributes": [],
          "private": "bnVsbA==",
          "dependencies": [
            "module.api_gateway.aws_api_gateway_authorizer.this",
            "module.api_gateway.aws_api_gateway_rest_api.this",
            "module.api_gateway.module.api_gateway_endpoint.aws_api_gateway_method.this",
            "module.api_gateway.module.api_gateway_endpoint.aws_api_gateway_resource.this",
            "module.cognito.aws_cognito_user_pool.this"
          ],
          "create_before_destroy": true
        }
      ]
    },
    {
      "module": "module.api_gateway.module.api_gateway_endpoint[\"reports-OPTIONS\"]",
      "mode": "managed",
      "type": "aws_api_gateway_resource",
      "name": "this",
      "provider": "provider[\"registry.terraform.io/hashicorp/aws\"]",
      "instances": [
        {
          "schema_version": 0,
          "attributes": {
            "id": "x3xxui",
            "parent_id": "aq0q0q0o24",
            "path": "/reports",
            "path_part": "reports",
            "rest_api_id": "3crw67lstk"
          },
          "sensitive_attributes": [],
          "private": "bnVsbA==",
          "dependencies": [
            "module.api_gateway.aws_api_gateway_rest_api.this"
          ],
          "create_before_destroy": true
        }
      ]
    },
    {
      "module": "module.api_gateway.module.api_gateway_endpoint[\"reports-POST\"]",
      "mode": "managed",
      "type": "aws_api_gateway_integration",
      "name": "this",
      "provider": "provider[\"registry.terraform.io/hashicorp/aws\"]",
      "instances": []
    },
    {
      "module": "module.api_gateway.module.api_gateway_endpoint[\"reports-POST\"]",
      "mode": "managed",
      "type": "aws_api_gateway_method",
      "name": "this",
      "provider": "provider[\"registry.terraform.io/hashicorp/aws\"]",
      "instances": [
        {
          "schema_version": 0,
          "attributes": {
            "api_key_required": false,
            "authorization": "COGNITO_USER_POOLS",
            "authorization_scopes": [],
            "authorizer_id": "advbzw",
            "http_method": "POST",
            "id": "agm-3crw67lstk-g7vxy4-POST",
            "operation_name": "",
            "request_models": {},
            "request_parameters": {
              "method.request.path.proxy": true
            },
            "request_validator_id": "",
            "resource_id": "g7vxy4",
            "rest_api_id": "3crw67lstk"
          },
          "sensitive_attributes": [],
          "private": "bnVsbA==",
          "dependencies": [
            "module.api_gateway.aws_api_gateway_authorizer.this",
            "module.api_gateway.aws_api_gateway_rest_api.this",
            "module.api_gateway.module.api_gateway_endpoint.aws_api_gateway_resource.this",
            "module.cognito.aws_cognito_user_pool.this"
          ],
          "create_before_destroy": true
        }
      ]
    },
    {
      "module": "module.api_gateway.module.api_gateway_endpoint[\"reports-POST\"]",
      "mode": "managed",
      "type": "aws_api_gateway_method_response",
      "name": "this",
      "provider": "provider[\"registry.terraform.io/hashicorp/aws\"]",
      "instances": [
        {
          "schema_version": 0,
          "attributes": {
            "http_method": "POST",
            "id": "agmr-3crw67lstk-g7vxy4-POST-200",
            "resource_id": "g7vxy4",
            "response_models": {},
            "response_parameters": {
              "method.response.header.Access-Control-Allow-Origin": true
            },
            "rest_api_id": "3crw67lstk",
            "status_code": "200"
          },
          "sensitive_attributes": [],
          "private": "bnVsbA==",
          "dependencies": [
            "module.api_gateway.aws_api_gateway_authorizer.this",
            "module.api_gateway.aws_api_gateway_rest_api.this",
            "module.api_gateway.module.api_gateway_endpoint.aws_api_gateway_method.this",
            "module.api_gateway.module.api_gateway_endpoint.aws_api_gateway_resource.this",
            "module.cognito.aws_cognito_user_pool.this"
          ],
          "create_before_destroy": true
        }
      ]
    },
    {
      "module": "module.api_gateway.module.api_gateway_endpoint[\"reports-POST\"]",
      "mode": "managed",
      "type": "aws_api_gateway_resource",
      "name": "this",
      "provider": "provider[\"registry.terraform.io/hashicorp/aws\"]",
      "instances": [
        {
          "schema_version": 0,
          "attributes": {
            "id": "g7vxy4",
            "parent_id": "aq0q0q0o24",
            "path": "/reports",
            "path_part": "reports",
            "rest_api_id": "3crw67lstk"
          },
          "sensitive_attributes": [],
          "private": "bnVsbA==",
          "dependencies": [
            "module.api_gateway.aws_api_gateway_rest_api.this"
          ],
          "create_before_destroy": true
        }
      ]
    },
    {
      "module": "module.api_gateway.module.api_gateway_endpoint[\"signup-POST\"]",
      "mode": "managed",
      "type": "aws_api_gateway_integration",
      "name": "this",
      "provider": "provider[\"registry.terraform.io/hashicorp/aws\"]",
      "instances": []
    },
    {
      "module": "module.api_gateway.module.api_gateway_endpoint[\"signup-POST\"]",
      "mode": "managed",
      "type": "aws_api_gateway_method",
      "name": "this",
      "provider": "provider[\"registry.terraform.io/hashicorp/aws\"]",
      "instances": [
        {
          "schema_version": 0,
          "attributes": {
            "api_key_required": false,
            "authorization": "COGNITO_USER_POOLS",
            "authorization_scopes": [],
            "authorizer_id": "advbzw",
            "http_method": "POST",
            "id": "agm-3crw67lstk-awowb5-POST",
            "operation_name": "",
            "request_models": {},
            "request_parameters": {
              "method.request.path.proxy": true
            },
            "request_validator_id": "",
            "resource_id": "awowb5",
            "rest_api_id": "3crw67lstk"
          },
          "sensitive_attributes": [],
          "private": "bnVsbA==",
          "dependencies": [
            "module.api_gateway.aws_api_gateway_authorizer.this",
            "module.api_gateway.aws_api_gateway_rest_api.this",
            "module.api_gateway.module.api_gateway_endpoint.aws_api_gateway_resource.this",
            "module.cognito.aws_cognito_user_pool.this"
          ],
          "create_before_destroy": true
        }
      ]
    },
    {
      "module": "module.api_gateway.module.api_gateway_endpoint[\"signup-POST\"]",
      "mode": "managed",
      "type": "aws_api_gateway_method_response",
      "name": "this",
      "provider": "provider[\"registry.terraform.io/hashicorp/aws\"]",
      "instances": [
        {
          "schema_version": 0,
          "attributes": {
            "http_method": "POST",
            "id": "agmr-3crw67lstk-awowb5-POST-200",
            "resource_id": "awowb5",
            "response_models": {},
            "response_parameters": {
              "method.response.header.Access-Control-Allow-Origin": true
            },
            "rest_api_id": "3crw67lstk",
            "status_code": "200"
          },
          "sensitive_attributes": [],
          "private": "bnVsbA==",
          "dependencies": [
            "module.api_gateway.aws_api_gateway_authorizer.this",
            "module.api_gateway.aws_api_gateway_rest_api.this",
            "module.api_gateway.module.api_gateway_endpoint.aws_api_gateway_method.this",
            "module.api_gateway.module.api_gateway_endpoint.aws_api_gateway_resource.this",
            "module.cognito.aws_cognito_user_pool.this"
          ],
          "create_before_destroy": true
        }
      ]
    },
    {
      "module": "module.api_gateway.module.api_gateway_endpoint[\"signup-POST\"]",
      "mode": "managed",
      "type": "aws_api_gateway_resource",
      "name": "this",
      "provider": "provider[\"registry.terraform.io/hashicorp/aws\"]",
      "instances": [
        {
          "schema_version": 0,
          "attributes": {
            "id": "awowb5",
            "parent_id": "aq0q0q0o24",
            "path": "/signup",
            "path_part": "signup",
            "rest_api_id": "3crw67lstk"
          },
          "sensitive_attributes": [],
          "private": "bnVsbA==",
          "dependencies": [
            "module.api_gateway.aws_api_gateway_rest_api.this"
          ],
          "create_before_destroy": true
        }
      ]
    },
    {
      "module": "module.api_gateway.module.lambda",
      "mode": "managed",
      "type": "aws_lambda_function",
      "name": "index",
      "provider": "provider[\"registry.terraform.io/hashicorp/aws\"]",
      "instances": []
    },
    {
      "module": "module.cognito",
      "mode": "managed",
      "type": "aws_cognito_user_pool",
      "name": "this",
      "provider": "provider[\"registry.terraform.io/hashicorp/aws\"]",
      "instances": [
        {
          "schema_version": 0,
          "attributes": {
            "account_recovery_setting": [
              {
                "recovery_mechanism": [
                  {
                    "name": "verified_email",
                    "priority": 1
                  },
                  {
                    "name": "verified_phone_number",
                    "priority": 2
                  }
                ]
              }
            ],
            "admin_create_user_config": [
              {
                "allow_admin_create_user_only": false,
                "invite_message_template": []
              }
            ],
            "alias_attributes": [
              "email"
            ],
            "arn": "arn:aws:cognito-idp:us-east-1:660107879836:userpool/us-east-1_LWvSPFgpl",
            "auto_verified_attributes": [
              "email"
            ],
            "creation_date": "2023-10-14T00:16:43Z",
            "custom_domain": "",
            "deletion_protection": "INACTIVE",
            "device_configuration": [],
            "domain": "",
            "email_configuration": [
              {
                "configuration_set": "",
                "email_sending_account": "COGNITO_DEFAULT",
                "from_email_address": "",
                "reply_to_email_address": "",
                "source_arn": ""
              }
            ],
            "email_verification_message": "Please use the following code: {####}",
            "email_verification_subject": "Your Verification Code",
            "endpoint": "cognito-idp.us-east-1.amazonaws.com/us-east-1_LWvSPFgpl",
            "estimated_number_of_users": 0,
            "id": "us-east-1_LWvSPFgpl",
            "lambda_config": [],
            "last_modified_date": "2023-10-14T01:10:59Z",
            "mfa_configuration": "OFF",
            "name": "this",
            "password_policy": [
              {
                "minimum_length": 6,
                "require_lowercase": true,
                "require_numbers": true,
                "require_symbols": true,
                "require_uppercase": true,
                "temporary_password_validity_days": 7
              }
            ],
            "schema": [
              {
                "attribute_data_type": "String",
                "developer_only_attribute": false,
                "mutable": true,
                "name": "email",
                "number_attribute_constraints": [],
                "required": true,
                "string_attribute_constraints": [
                  {
                    "max_length": "256",
                    "min_length": "4"
                  }
                ]
              },
              {
                "attribute_data_type": "String",
                "developer_only_attribute": false,
                "mutable": true,
                "name": "name",
                "number_attribute_constraints": [],
                "required": true,
                "string_attribute_constraints": [
                  {
                    "max_length": "256",
                    "min_length": "3"
                  }
                ]
              }
            ],
            "sms_authentication_message": "",
            "sms_configuration": [],
            "sms_verification_message": "",
            "software_token_mfa_configuration": [],
            "tags": {},
            "tags_all": {
              "author": "Grupo 4",
              "project": "Condor",
              "version": "1.0",
              "year": "2023"
            },
            "user_attribute_update_settings": [],
            "user_pool_add_ons": [],
            "username_attributes": [],
            "username_configuration": [
              {
                "case_sensitive": false
              }
            ],
            "verification_message_template": [
              {
                "default_email_option": "CONFIRM_WITH_CODE",
                "email_message": "Please use the following code: {####}",
                "email_message_by_link": "",
                "email_subject": "Your Verification Code",
                "email_subject_by_link": "",
                "sms_message": ""
              }
            ]
          },
          "sensitive_attributes": [],
          "private": "bnVsbA=="
        }
      ]
    },
    {
      "module": "module.cognito",
      "mode": "managed",
      "type": "aws_cognito_user_pool_client",
      "name": "this",
      "provider": "provider[\"registry.terraform.io/hashicorp/aws\"]",
      "instances": [
        {
          "schema_version": 0,
          "attributes": {
            "access_token_validity": 0,
            "allowed_oauth_flows": [],
            "allowed_oauth_flows_user_pool_client": false,
            "allowed_oauth_scopes": [],
            "analytics_configuration": [],
            "auth_session_validity": 3,
            "callback_urls": [],
            "client_secret": "",
            "default_redirect_uri": "",
            "enable_propagate_additional_user_context_data": false,
            "enable_token_revocation": true,
            "explicit_auth_flows": [
              "ALLOW_REFRESH_TOKEN_AUTH",
              "ALLOW_USER_PASSWORD_AUTH"
            ],
            "generate_secret": null,
            "id": "48nnv323slu5fgema5rf980c5u",
            "id_token_validity": 0,
            "logout_urls": [],
            "name": "this",
            "prevent_user_existence_errors": "",
            "read_attributes": [],
            "refresh_token_validity": 30,
            "supported_identity_providers": [],
            "token_validity_units": [],
            "user_pool_id": "us-east-1_LWvSPFgpl",
            "write_attributes": []
          },
          "sensitive_attributes": [],
          "dependencies": [
            "module.cognito.aws_cognito_user_pool.this"
          ]
        }
      ]
    },
    {
      "module": "module.lambda",
      "mode": "managed",
      "type": "aws_lambda_function",
      "name": "index",
      "provider": "provider[\"registry.terraform.io/hashicorp/aws\"]",
      "instances": []
    },
    {
      "module": "module.sns",
      "mode": "managed",
      "type": "aws_sns_topic",
      "name": "this",
      "provider": "provider[\"registry.terraform.io/hashicorp/aws\"]",
      "instances": [
        {
          "index_key": 0,
          "schema_version": 0,
          "attributes": {
            "application_failure_feedback_role_arn": "",
            "application_success_feedback_role_arn": "",
            "application_success_feedback_sample_rate": 0,
            "arn": "arn:aws:sns:us-east-1:660107879836:condor-reports",
            "content_based_deduplication": false,
            "delivery_policy": "",
            "display_name": "condor-reports",
            "fifo_topic": false,
            "firehose_failure_feedback_role_arn": "",
            "firehose_success_feedback_role_arn": "",
            "firehose_success_feedback_sample_rate": 0,
            "http_failure_feedback_role_arn": "",
            "http_success_feedback_role_arn": "",
            "http_success_feedback_sample_rate": 0,
            "id": "arn:aws:sns:us-east-1:660107879836:condor-reports",
            "kms_master_key_id": "alias/aws/sns",
            "lambda_failure_feedback_role_arn": "",
            "lambda_success_feedback_role_arn": "",
            "lambda_success_feedback_sample_rate": 0,
            "name": "condor-reports",
            "name_prefix": "",
            "owner": "660107879836",
            "policy": "{\"Id\":\"__default_policy_ID\",\"Statement\":[{\"Action\":[\"SNS:GetTopicAttributes\",\"SNS:SetTopicAttributes\",\"SNS:AddPermission\",\"SNS:RemovePermission\",\"SNS:DeleteTopic\",\"SNS:Subscribe\",\"SNS:ListSubscriptionsByTopic\",\"SNS:Publish\"],\"Condition\":{\"StringEquals\":{\"AWS:SourceOwner\":\"660107879836\"}},\"Effect\":\"Allow\",\"Principal\":{\"AWS\":\"*\"},\"Resource\":\"arn:aws:sns:us-east-1:660107879836:condor-reports\",\"Sid\":\"__default_statement_ID\"}],\"Version\":\"2008-10-17\"}",
            "signature_version": 0,
            "sqs_failure_feedback_role_arn": "",
            "sqs_success_feedback_role_arn": "",
            "sqs_success_feedback_sample_rate": 0,
            "tags": {
              "Name": "condor-reports",
              "Namespace": "condor"
            },
            "tags_all": {
              "Name": "condor-reports",
              "Namespace": "condor",
              "author": "Grupo 4",
              "project": "Condor",
              "version": "1.0",
              "year": "2023"
            },
            "tracing_config": ""
          },
          "sensitive_attributes": [],
          "private": "bnVsbA=="
        }
      ]
    },
    {
      "module": "module.sns",
      "mode": "managed",
      "type": "aws_sns_topic_subscription",
      "name": "this",
      "provider": "provider[\"registry.terraform.io/hashicorp/aws\"]",
      "instances": [
        {
          "index_key": "opsgenie",
          "schema_version": 0,
          "attributes": {
            "arn": "arn:aws:sns:us-east-1:660107879836:condor-reports:ce6bbbc7-27d2-40df-9d1b-f522340f5639",
            "confirmation_timeout_in_minutes": 1,
            "confirmation_was_authenticated": true,
            "delivery_policy": "",
            "endpoint": "+5491135237479",
            "endpoint_auto_confirms": false,
            "filter_policy": "",
            "filter_policy_scope": "",
            "id": "arn:aws:sns:us-east-1:660107879836:condor-reports:ce6bbbc7-27d2-40df-9d1b-f522340f5639",
            "owner_id": "660107879836",
            "pending_confirmation": false,
            "protocol": "sms",
            "raw_message_delivery": false,
            "redrive_policy": "",
            "subscription_role_arn": "",
            "topic_arn": "arn:aws:sns:us-east-1:660107879836:condor-reports"
          },
          "sensitive_attributes": [],
          "private": "bnVsbA==",
          "dependencies": [
            "module.sns.aws_sns_topic.this",
            "module.sns.aws_sqs_queue.dead_letter_queue"
          ]
        }
      ]
    },
    {
      "module": "module.sns",
      "mode": "managed",
      "type": "aws_sqs_queue",
      "name": "dead_letter_queue",
      "provider": "provider[\"registry.terraform.io/hashicorp/aws\"]",
      "instances": []
    },
    {
      "module": "module.vpc",
      "mode": "managed",
      "type": "aws_db_subnet_group",
      "name": "database",
      "provider": "provider[\"registry.terraform.io/hashicorp/aws\"]",
      "instances": [
        {
          "index_key": 0,
          "schema_version": 0,
          "attributes": {
            "arn": "arn:aws:rds:us-east-1:660107879836:subgrp:main",
            "description": "Database subnet group for main",
            "id": "main",
            "name": "main",
            "name_prefix": "",
            "subnet_ids": [
              "subnet-077bfd3b219ad3763",
              "subnet-0eec1aaf509a0cf58"
            ],
            "supported_network_types": [
              "IPV4"
            ],
            "tags": {
              "Name": "main",
              "type": "vpc"
            },
            "tags_all": {
              "Name": "main",
              "author": "Grupo 4",
              "project": "Condor",
              "type": "vpc",
              "version": "1.0",
              "year": "2023"
            },
            "vpc_id": "vpc-0d10bfed9070fa2aa"
          },
          "sensitive_attributes": [],
          "private": "bnVsbA==",
          "dependencies": [
            "data.aws_availability_zones.available",
            "module.vpc.aws_subnet.database",
            "module.vpc.aws_vpc.this",
            "module.vpc.aws_vpc_ipv4_cidr_block_association.this"
          ]
        }
      ]
    },
    {
      "module": "module.vpc",
      "mode": "managed",
      "type": "aws_default_network_acl",
      "name": "this",
      "provider": "provider[\"registry.terraform.io/hashicorp/aws\"]",
      "instances": [
        {
          "index_key": 0,
          "schema_version": 0,
          "attributes": {
            "arn": "arn:aws:ec2:us-east-1:660107879836:network-acl/acl-0be1aee9e755074d2",
            "default_network_acl_id": "acl-0be1aee9e755074d2",
            "egress": [
              {
                "action": "allow",
                "cidr_block": "",
                "from_port": 0,
                "icmp_code": 0,
                "icmp_type": 0,
                "ipv6_cidr_block": "::/0",
                "protocol": "-1",
                "rule_no": 101,
                "to_port": 0
              },
              {
                "action": "allow",
                "cidr_block": "0.0.0.0/0",
                "from_port": 0,
                "icmp_code": 0,
                "icmp_type": 0,
                "ipv6_cidr_block": "",
                "protocol": "-1",
                "rule_no": 100,
                "to_port": 0
              }
            ],
            "id": "acl-0be1aee9e755074d2",
            "ingress": [
              {
                "action": "allow",
                "cidr_block": "",
                "from_port": 0,
                "icmp_code": 0,
                "icmp_type": 0,
                "ipv6_cidr_block": "::/0",
                "protocol": "-1",
                "rule_no": 101,
                "to_port": 0
              },
              {
                "action": "allow",
                "cidr_block": "0.0.0.0/0",
                "from_port": 0,
                "icmp_code": 0,
                "icmp_type": 0,
                "ipv6_cidr_block": "",
                "protocol": "-1",
                "rule_no": 100,
                "to_port": 0
              }
            ],
            "owner_id": "660107879836",
            "subnet_ids": [
              "subnet-077bfd3b219ad3763",
              "subnet-0a4963c8ac67cfb38",
              "subnet-0e7fea144819c469a",
              "subnet-0eec1aaf509a0cf58"
            ],
            "tags": {
              "Name": "main-default",
              "type": "vpc"
            },
            "tags_all": {
              "Name": "main-default",
              "author": "Grupo 4",
              "project": "Condor",
              "type": "vpc",
              "version": "1.0",
              "year": "2023"
            },
            "vpc_id": "vpc-0d10bfed9070fa2aa"
          },
          "sensitive_attributes": [],
          "private": "bnVsbA==",
          "dependencies": [
            "module.vpc.aws_vpc.this"
          ]
        }
      ]
    },
    {
      "module": "module.vpc",
      "mode": "managed",
      "type": "aws_default_route_table",
      "name": "default",
      "provider": "provider[\"registry.terraform.io/hashicorp/aws\"]",
      "instances": [
        {
          "index_key": 0,
          "schema_version": 0,
          "attributes": {
            "arn": "arn:aws:ec2:us-east-1:660107879836:route-table/rtb-06ac342afe000a4a8",
            "default_route_table_id": "rtb-06ac342afe000a4a8",
            "id": "rtb-06ac342afe000a4a8",
            "owner_id": "660107879836",
            "propagating_vgws": [],
            "route": [],
            "tags": {
              "Name": "main-default",
              "type": "vpc"
            },
            "tags_all": {
              "Name": "main-default",
              "author": "Grupo 4",
              "project": "Condor",
              "type": "vpc",
              "version": "1.0",
              "year": "2023"
            },
            "timeouts": {
              "create": "5m",
              "update": "5m"
            },
            "vpc_id": "vpc-0d10bfed9070fa2aa"
          },
          "sensitive_attributes": [],
          "private": "eyJlMmJmYjczMC1lY2FhLTExZTYtOGY4OC0zNDM2M2JjN2M0YzAiOnsiY3JlYXRlIjozMDAwMDAwMDAwMDAsInVwZGF0ZSI6MzAwMDAwMDAwMDAwfX0=",
          "dependencies": [
            "module.vpc.aws_vpc.this"
          ]
        }
      ]
    },
    {
      "module": "module.vpc",
      "mode": "managed",
      "type": "aws_default_security_group",
      "name": "this",
      "provider": "provider[\"registry.terraform.io/hashicorp/aws\"]",
      "instances": [
        {
          "index_key": 0,
          "schema_version": 1,
          "attributes": {
            "arn": "arn:aws:ec2:us-east-1:660107879836:security-group/sg-05d4e6a2f2875524c",
            "description": "default VPC security group",
            "egress": [],
            "id": "sg-05d4e6a2f2875524c",
            "ingress": [],
            "name": "default",
            "name_prefix": "",
            "owner_id": "660107879836",
            "revoke_rules_on_delete": false,
            "tags": {
              "Name": "main-default",
              "type": "vpc"
            },
            "tags_all": {
              "Name": "main-default",
              "author": "Grupo 4",
              "project": "Condor",
              "type": "vpc",
              "version": "1.0",
              "year": "2023"
            },
            "vpc_id": "vpc-0d10bfed9070fa2aa"
          },
          "sensitive_attributes": [],
          "private": "eyJzY2hlbWFfdmVyc2lvbiI6IjEifQ==",
          "dependencies": [
            "module.vpc.aws_vpc.this"
          ]
        }
      ]
    },
    {
      "module": "module.vpc",
      "mode": "managed",
      "type": "aws_route_table",
      "name": "database",
      "provider": "provider[\"registry.terraform.io/hashicorp/aws\"]",
      "instances": []
    },
    {
      "module": "module.vpc",
      "mode": "managed",
      "type": "aws_route_table",
      "name": "private",
      "provider": "provider[\"registry.terraform.io/hashicorp/aws\"]",
      "instances": [
        {
          "index_key": 0,
          "schema_version": 0,
          "attributes": {
            "arn": "arn:aws:ec2:us-east-1:660107879836:route-table/rtb-007e93029f13ac522",
            "id": "rtb-007e93029f13ac522",
            "owner_id": "660107879836",
            "propagating_vgws": [],
            "route": [],
            "tags": {
              "Name": "main-private-us-east-1a",
              "type": "vpc"
            },
            "tags_all": {
              "Name": "main-private-us-east-1a",
              "author": "Grupo 4",
              "project": "Condor",
              "type": "vpc",
              "version": "1.0",
              "year": "2023"
            },
            "timeouts": null,
            "vpc_id": "vpc-0d10bfed9070fa2aa"
          },
          "sensitive_attributes": [],
          "private": "eyJlMmJmYjczMC1lY2FhLTExZTYtOGY4OC0zNDM2M2JjN2M0YzAiOnsiY3JlYXRlIjozMDAwMDAwMDAwMDAsImRlbGV0ZSI6MzAwMDAwMDAwMDAwLCJ1cGRhdGUiOjEyMDAwMDAwMDAwMH19",
          "dependencies": [
            "data.aws_availability_zones.available",
            "module.vpc.aws_vpc.this",
            "module.vpc.aws_vpc_ipv4_cidr_block_association.this"
          ]
        },
        {
          "index_key": 1,
          "schema_version": 0,
          "attributes": {
            "arn": "arn:aws:ec2:us-east-1:660107879836:route-table/rtb-07399686c8e7e6d10",
            "id": "rtb-07399686c8e7e6d10",
            "owner_id": "660107879836",
            "propagating_vgws": [],
            "route": [],
            "tags": {
              "Name": "main-private-us-east-1b",
              "type": "vpc"
            },
            "tags_all": {
              "Name": "main-private-us-east-1b",
              "author": "Grupo 4",
              "project": "Condor",
              "type": "vpc",
              "version": "1.0",
              "year": "2023"
            },
            "timeouts": null,
            "vpc_id": "vpc-0d10bfed9070fa2aa"
          },
          "sensitive_attributes": [],
          "private": "eyJlMmJmYjczMC1lY2FhLTExZTYtOGY4OC0zNDM2M2JjN2M0YzAiOnsiY3JlYXRlIjozMDAwMDAwMDAwMDAsImRlbGV0ZSI6MzAwMDAwMDAwMDAwLCJ1cGRhdGUiOjEyMDAwMDAwMDAwMH19",
          "dependencies": [
            "data.aws_availability_zones.available",
            "module.vpc.aws_vpc.this",
            "module.vpc.aws_vpc_ipv4_cidr_block_association.this"
          ]
        }
      ]
    },
    {
      "module": "module.vpc",
      "mode": "managed",
      "type": "aws_route_table_association",
      "name": "database",
      "provider": "provider[\"registry.terraform.io/hashicorp/aws\"]",
      "instances": [
        {
          "index_key": 0,
          "schema_version": 0,
          "attributes": {
            "gateway_id": "",
            "id": "rtbassoc-0e381cfd295670d5d",
            "route_table_id": "rtb-007e93029f13ac522",
            "subnet_id": "subnet-077bfd3b219ad3763",
            "timeouts": null
          },
          "sensitive_attributes": [],
          "private": "eyJlMmJmYjczMC1lY2FhLTExZTYtOGY4OC0zNDM2M2JjN2M0YzAiOnsiY3JlYXRlIjozMDAwMDAwMDAwMDAsImRlbGV0ZSI6MzAwMDAwMDAwMDAwLCJ1cGRhdGUiOjEyMDAwMDAwMDAwMH19",
          "dependencies": [
            "data.aws_availability_zones.available",
            "module.vpc.aws_route_table.database",
            "module.vpc.aws_route_table.private",
            "module.vpc.aws_subnet.database",
            "module.vpc.aws_vpc.this",
            "module.vpc.aws_vpc_ipv4_cidr_block_association.this"
          ]
        },
        {
          "index_key": 1,
          "schema_version": 0,
          "attributes": {
            "gateway_id": "",
            "id": "rtbassoc-06233e3ca06819334",
            "route_table_id": "rtb-07399686c8e7e6d10",
            "subnet_id": "subnet-0eec1aaf509a0cf58",
            "timeouts": null
          },
          "sensitive_attributes": [],
          "private": "eyJlMmJmYjczMC1lY2FhLTExZTYtOGY4OC0zNDM2M2JjN2M0YzAiOnsiY3JlYXRlIjozMDAwMDAwMDAwMDAsImRlbGV0ZSI6MzAwMDAwMDAwMDAwLCJ1cGRhdGUiOjEyMDAwMDAwMDAwMH19",
          "dependencies": [
            "data.aws_availability_zones.available",
            "module.vpc.aws_route_table.database",
            "module.vpc.aws_route_table.private",
            "module.vpc.aws_subnet.database",
            "module.vpc.aws_vpc.this",
            "module.vpc.aws_vpc_ipv4_cidr_block_association.this"
          ]
        }
      ]
    },
    {
      "module": "module.vpc",
      "mode": "managed",
      "type": "aws_route_table_association",
      "name": "private",
      "provider": "provider[\"registry.terraform.io/hashicorp/aws\"]",
      "instances": [
        {
          "index_key": 0,
          "schema_version": 0,
          "attributes": {
            "gateway_id": "",
            "id": "rtbassoc-0c509afb76e41861e",
            "route_table_id": "rtb-007e93029f13ac522",
            "subnet_id": "subnet-0a4963c8ac67cfb38",
            "timeouts": null
          },
          "sensitive_attributes": [],
          "private": "eyJlMmJmYjczMC1lY2FhLTExZTYtOGY4OC0zNDM2M2JjN2M0YzAiOnsiY3JlYXRlIjozMDAwMDAwMDAwMDAsImRlbGV0ZSI6MzAwMDAwMDAwMDAwLCJ1cGRhdGUiOjEyMDAwMDAwMDAwMH19",
          "dependencies": [
            "data.aws_availability_zones.available",
            "module.vpc.aws_route_table.private",
            "module.vpc.aws_subnet.private",
            "module.vpc.aws_vpc.this",
            "module.vpc.aws_vpc_ipv4_cidr_block_association.this"
          ]
        },
        {
          "index_key": 1,
          "schema_version": 0,
          "attributes": {
            "gateway_id": "",
            "id": "rtbassoc-0f3a3168b18b39d1b",
            "route_table_id": "rtb-07399686c8e7e6d10",
            "subnet_id": "subnet-0e7fea144819c469a",
            "timeouts": null
          },
          "sensitive_attributes": [],
          "private": "eyJlMmJmYjczMC1lY2FhLTExZTYtOGY4OC0zNDM2M2JjN2M0YzAiOnsiY3JlYXRlIjozMDAwMDAwMDAwMDAsImRlbGV0ZSI6MzAwMDAwMDAwMDAwLCJ1cGRhdGUiOjEyMDAwMDAwMDAwMH19",
          "dependencies": [
            "data.aws_availability_zones.available",
            "module.vpc.aws_route_table.private",
            "module.vpc.aws_subnet.private",
            "module.vpc.aws_vpc.this",
            "module.vpc.aws_vpc_ipv4_cidr_block_association.this"
          ]
        }
      ]
    },
    {
      "module": "module.vpc",
      "mode": "managed",
      "type": "aws_subnet",
      "name": "database",
      "provider": "provider[\"registry.terraform.io/hashicorp/aws\"]",
      "instances": [
        {
          "index_key": 0,
          "schema_version": 1,
          "attributes": {
            "arn": "arn:aws:ec2:us-east-1:660107879836:subnet/subnet-077bfd3b219ad3763",
            "assign_ipv6_address_on_creation": false,
            "availability_zone": "us-east-1a",
            "availability_zone_id": "use1-az4",
            "cidr_block": "10.0.20.0/24",
            "customer_owned_ipv4_pool": "",
            "enable_dns64": false,
            "enable_lni_at_device_index": 0,
            "enable_resource_name_dns_a_record_on_launch": false,
            "enable_resource_name_dns_aaaa_record_on_launch": false,
            "id": "subnet-077bfd3b219ad3763",
            "ipv6_cidr_block": "",
            "ipv6_cidr_block_association_id": "",
            "ipv6_native": false,
            "map_customer_owned_ip_on_launch": false,
            "map_public_ip_on_launch": false,
            "outpost_arn": "",
            "owner_id": "660107879836",
            "private_dns_hostname_type_on_launch": "ip-name",
            "tags": {
              "Name": "Database Primary",
              "type": "vpc"
            },
            "tags_all": {
              "Name": "Database Primary",
              "author": "Grupo 4",
              "project": "Condor",
              "type": "vpc",
              "version": "1.0",
              "year": "2023"
            },
            "timeouts": null,
            "vpc_id": "vpc-0d10bfed9070fa2aa"
          },
          "sensitive_attributes": [],
          "private": "eyJlMmJmYjczMC1lY2FhLTExZTYtOGY4OC0zNDM2M2JjN2M0YzAiOnsiY3JlYXRlIjo2MDAwMDAwMDAwMDAsImRlbGV0ZSI6MTIwMDAwMDAwMDAwMH0sInNjaGVtYV92ZXJzaW9uIjoiMSJ9",
          "dependencies": [
            "data.aws_availability_zones.available",
            "module.vpc.aws_vpc.this",
            "module.vpc.aws_vpc_ipv4_cidr_block_association.this"
          ]
        },
        {
          "index_key": 1,
          "schema_version": 1,
          "attributes": {
            "arn": "arn:aws:ec2:us-east-1:660107879836:subnet/subnet-0eec1aaf509a0cf58",
            "assign_ipv6_address_on_creation": false,
            "availability_zone": "us-east-1b",
            "availability_zone_id": "use1-az6",
            "cidr_block": "10.0.21.0/24",
            "customer_owned_ipv4_pool": "",
            "enable_dns64": false,
            "enable_lni_at_device_index": 0,
            "enable_resource_name_dns_a_record_on_launch": false,
            "enable_resource_name_dns_aaaa_record_on_launch": false,
            "id": "subnet-0eec1aaf509a0cf58",
            "ipv6_cidr_block": "",
            "ipv6_cidr_block_association_id": "",
            "ipv6_native": false,
            "map_customer_owned_ip_on_launch": false,
            "map_public_ip_on_launch": false,
            "outpost_arn": "",
            "owner_id": "660107879836",
            "private_dns_hostname_type_on_launch": "ip-name",
            "tags": {
              "Name": "Database Secondary",
              "type": "vpc"
            },
            "tags_all": {
              "Name": "Database Secondary",
              "author": "Grupo 4",
              "project": "Condor",
              "type": "vpc",
              "version": "1.0",
              "year": "2023"
            },
            "timeouts": null,
            "vpc_id": "vpc-0d10bfed9070fa2aa"
          },
          "sensitive_attributes": [],
          "private": "eyJlMmJmYjczMC1lY2FhLTExZTYtOGY4OC0zNDM2M2JjN2M0YzAiOnsiY3JlYXRlIjo2MDAwMDAwMDAwMDAsImRlbGV0ZSI6MTIwMDAwMDAwMDAwMH0sInNjaGVtYV92ZXJzaW9uIjoiMSJ9",
          "dependencies": [
            "data.aws_availability_zones.available",
            "module.vpc.aws_vpc.this",
            "module.vpc.aws_vpc_ipv4_cidr_block_association.this"
          ]
        }
      ]
    },
    {
      "module": "module.vpc",
      "mode": "managed",
      "type": "aws_subnet",
      "name": "private",
      "provider": "provider[\"registry.terraform.io/hashicorp/aws\"]",
      "instances": [
        {
          "index_key": 0,
          "schema_version": 1,
          "attributes": {
            "arn": "arn:aws:ec2:us-east-1:660107879836:subnet/subnet-0a4963c8ac67cfb38",
            "assign_ipv6_address_on_creation": false,
            "availability_zone": "us-east-1a",
            "availability_zone_id": "use1-az4",
            "cidr_block": "10.0.10.0/24",
            "customer_owned_ipv4_pool": "",
            "enable_dns64": false,
            "enable_lni_at_device_index": 0,
            "enable_resource_name_dns_a_record_on_launch": false,
            "enable_resource_name_dns_aaaa_record_on_launch": false,
            "id": "subnet-0a4963c8ac67cfb38",
            "ipv6_cidr_block": "",
            "ipv6_cidr_block_association_id": "",
            "ipv6_native": false,
            "map_customer_owned_ip_on_launch": false,
            "map_public_ip_on_launch": false,
            "outpost_arn": "",
            "owner_id": "660107879836",
            "private_dns_hostname_type_on_launch": "ip-name",
            "tags": {
              "Name": "Application Primary",
              "type": "vpc"
            },
            "tags_all": {
              "Name": "Application Primary",
              "author": "Grupo 4",
              "project": "Condor",
              "type": "vpc",
              "version": "1.0",
              "year": "2023"
            },
            "timeouts": null,
            "vpc_id": "vpc-0d10bfed9070fa2aa"
          },
          "sensitive_attributes": [],
          "private": "eyJlMmJmYjczMC1lY2FhLTExZTYtOGY4OC0zNDM2M2JjN2M0YzAiOnsiY3JlYXRlIjo2MDAwMDAwMDAwMDAsImRlbGV0ZSI6MTIwMDAwMDAwMDAwMH0sInNjaGVtYV92ZXJzaW9uIjoiMSJ9",
          "dependencies": [
            "data.aws_availability_zones.available",
            "module.vpc.aws_vpc.this",
            "module.vpc.aws_vpc_ipv4_cidr_block_association.this"
          ]
        },
        {
          "index_key": 1,
          "schema_version": 1,
          "attributes": {
            "arn": "arn:aws:ec2:us-east-1:660107879836:subnet/subnet-0e7fea144819c469a",
            "assign_ipv6_address_on_creation": false,
            "availability_zone": "us-east-1b",
            "availability_zone_id": "use1-az6",
            "cidr_block": "10.0.11.0/24",
            "customer_owned_ipv4_pool": "",
            "enable_dns64": false,
            "enable_lni_at_device_index": 0,
            "enable_resource_name_dns_a_record_on_launch": false,
            "enable_resource_name_dns_aaaa_record_on_launch": false,
            "id": "subnet-0e7fea144819c469a",
            "ipv6_cidr_block": "",
            "ipv6_cidr_block_association_id": "",
            "ipv6_native": false,
            "map_customer_owned_ip_on_launch": false,
            "map_public_ip_on_launch": false,
            "outpost_arn": "",
            "owner_id": "660107879836",
            "private_dns_hostname_type_on_launch": "ip-name",
            "tags": {
              "Name": "Application Secondary",
              "type": "vpc"
            },
            "tags_all": {
              "Name": "Application Secondary",
              "author": "Grupo 4",
              "project": "Condor",
              "type": "vpc",
              "version": "1.0",
              "year": "2023"
            },
            "timeouts": null,
            "vpc_id": "vpc-0d10bfed9070fa2aa"
          },
          "sensitive_attributes": [],
          "private": "eyJlMmJmYjczMC1lY2FhLTExZTYtOGY4OC0zNDM2M2JjN2M0YzAiOnsiY3JlYXRlIjo2MDAwMDAwMDAwMDAsImRlbGV0ZSI6MTIwMDAwMDAwMDAwMH0sInNjaGVtYV92ZXJzaW9uIjoiMSJ9",
          "dependencies": [
            "data.aws_availability_zones.available",
            "module.vpc.aws_vpc.this",
            "module.vpc.aws_vpc_ipv4_cidr_block_association.this"
          ]
        }
      ]
    },
    {
      "module": "module.vpc",
      "mode": "managed",
      "type": "aws_vpc",
      "name": "this",
      "provider": "provider[\"registry.terraform.io/hashicorp/aws\"]",
      "instances": [
        {
          "index_key": 0,
          "schema_version": 1,
          "attributes": {
            "arn": "arn:aws:ec2:us-east-1:660107879836:vpc/vpc-0d10bfed9070fa2aa",
            "assign_generated_ipv6_cidr_block": false,
            "cidr_block": "10.0.0.0/16",
            "default_network_acl_id": "acl-0be1aee9e755074d2",
            "default_route_table_id": "rtb-06ac342afe000a4a8",
            "default_security_group_id": "sg-05d4e6a2f2875524c",
            "dhcp_options_id": "dopt-0a2d1a51a0c432e7c",
            "enable_dns_hostnames": true,
            "enable_dns_support": true,
            "enable_network_address_usage_metrics": false,
            "id": "vpc-0d10bfed9070fa2aa",
            "instance_tenancy": "default",
            "ipv4_ipam_pool_id": null,
            "ipv4_netmask_length": null,
            "ipv6_association_id": "",
            "ipv6_cidr_block": "",
            "ipv6_cidr_block_network_border_group": "",
            "ipv6_ipam_pool_id": "",
            "ipv6_netmask_length": 0,
            "main_route_table_id": "rtb-06ac342afe000a4a8",
            "owner_id": "660107879836",
            "tags": {
              "Name": "main",
              "type": "vpc"
            },
            "tags_all": {
              "Name": "main",
              "author": "Grupo 4",
              "project": "Condor",
              "type": "vpc",
              "version": "1.0",
              "year": "2023"
            }
          },
          "sensitive_attributes": [],
          "private": "eyJzY2hlbWFfdmVyc2lvbiI6IjEifQ==",
          "create_before_destroy": true
        }
      ]
    },
    {
      "module": "module.vpc",
      "mode": "managed",
      "type": "aws_vpc_ipv4_cidr_block_association",
      "name": "this",
      "provider": "provider[\"registry.terraform.io/hashicorp/aws\"]",
      "instances": []
    },
    {
      "module": "module.vpc_endpoints",
      "mode": "data",
      "type": "aws_vpc_endpoint_service",
      "name": "this",
      "provider": "provider[\"registry.terraform.io/hashicorp/aws\"]",
      "instances": [
        {
          "index_key": "sns",
          "schema_version": 0,
          "attributes": {
            "acceptance_required": false,
            "arn": "arn:aws:ec2:us-east-1:660107879836:vpc-endpoint-service/vpce-svc-028a2c04717c9c5b1",
            "availability_zones": [
              "us-east-1a",
              "us-east-1b",
              "us-east-1c",
              "us-east-1d",
              "us-east-1e",
              "us-east-1f"
            ],
            "base_endpoint_dns_names": [
              "sns.us-east-1.vpce.amazonaws.com"
            ],
            "filter": [
              {
                "name": "service-type",
                "values": [
                  "Interface"
                ]
              }
            ],
            "id": "830444820",
            "manages_vpc_endpoints": false,
            "owner": "amazon",
            "private_dns_name": "sns.us-east-1.amazonaws.com",
            "service": "sns",
            "service_id": "vpce-svc-028a2c04717c9c5b1",
            "service_name": "com.amazonaws.us-east-1.sns",
            "service_type": "Interface",
            "supported_ip_address_types": [
              "ipv4"
            ],
            "tags": {},
            "timeouts": null,
            "vpc_endpoint_policy_supported": true
          },
          "sensitive_attributes": []
        }
      ]
    },
    {
      "module": "module.vpc_endpoints",
      "mode": "managed",
      "type": "aws_security_group",
      "name": "this",
      "provider": "provider[\"registry.terraform.io/hashicorp/aws\"]",
      "instances": [
        {
          "index_key": 0,
          "schema_version": 1,
          "attributes": {
            "arn": "arn:aws:ec2:us-east-1:660107879836:security-group/sg-04be6cb1dc5c145c7",
            "description": "VPC security group",
            "egress": [],
            "id": "sg-04be6cb1dc5c145c7",
            "ingress": [],
            "name": "main-security-group20231014001657322000000001",
            "name_prefix": "main-security-group",
            "owner_id": "660107879836",
            "revoke_rules_on_delete": false,
            "tags": {
              "Name": "main-security-group"
            },
            "tags_all": {
              "Name": "main-security-group",
              "author": "Grupo 4",
              "project": "Condor",
              "version": "1.0",
              "year": "2023"
            },
            "timeouts": null,
            "vpc_id": "vpc-0d10bfed9070fa2aa"
          },
          "sensitive_attributes": [],
          "private": "eyJlMmJmYjczMC1lY2FhLTExZTYtOGY4OC0zNDM2M2JjN2M0YzAiOnsiY3JlYXRlIjo2MDAwMDAwMDAwMDAsImRlbGV0ZSI6OTAwMDAwMDAwMDAwfSwic2NoZW1hX3ZlcnNpb24iOiIxIn0=",
          "dependencies": [
            "module.vpc.aws_vpc.this"
          ],
          "create_before_destroy": true
        }
      ]
    },
    {
      "module": "module.vpc_endpoints",
      "mode": "managed",
      "type": "aws_vpc_endpoint",
      "name": "this",
      "provider": "provider[\"registry.terraform.io/hashicorp/aws\"]",
      "instances": [
        {
          "index_key": "sns",
          "schema_version": 0,
          "attributes": {
            "arn": "arn:aws:ec2:us-east-1:660107879836:vpc-endpoint/vpce-080d5eee0e1ea189b",
            "auto_accept": null,
            "cidr_blocks": [],
            "dns_entry": [],
            "dns_options": [
              {
                "dns_record_ip_type": "ipv4",
                "private_dns_only_for_inbound_resolver_endpoint": false
              }
            ],
            "id": "vpce-080d5eee0e1ea189b",
            "ip_address_type": "ipv4",
            "network_interface_ids": [],
            "owner_id": "660107879836",
            "policy": "{\"Statement\":[{\"Action\":\"*\",\"Effect\":\"Allow\",\"Principal\":\"*\",\"Resource\":\"*\"}]}",
            "prefix_list_id": null,
            "private_dns_enabled": false,
            "requester_managed": false,
            "route_table_ids": [],
            "security_group_ids": [
              "sg-04be6cb1dc5c145c7"
            ],
            "service_name": "com.amazonaws.us-east-1.sns",
            "state": "available",
            "subnet_ids": [],
            "tags": {},
            "tags_all": {
              "author": "Grupo 4",
              "project": "Condor",
              "version": "1.0",
              "year": "2023"
            },
            "timeouts": {
              "create": "10m",
              "delete": "10m",
              "update": "10m"
            },
            "vpc_endpoint_type": "Interface",
            "vpc_id": "vpc-0d10bfed9070fa2aa"
          },
          "sensitive_attributes": [],
          "private": "eyJlMmJmYjczMC1lY2FhLTExZTYtOGY4OC0zNDM2M2JjN2M0YzAiOnsiY3JlYXRlIjo2MDAwMDAwMDAwMDAsImRlbGV0ZSI6NjAwMDAwMDAwMDAwLCJ1cGRhdGUiOjYwMDAwMDAwMDAwMH19",
          "dependencies": [
            "data.aws_availability_zones.available",
            "module.vpc.aws_subnet.private",
            "module.vpc.aws_vpc.this",
            "module.vpc.aws_vpc_ipv4_cidr_block_association.this",
            "module.vpc_endpoints.aws_security_group.this",
            "module.vpc_endpoints.data.aws_vpc_endpoint_service.this"
          ]
        }
      ]
    }
  ],
  "check_results": null
}
