{
  "version": 4,
  "terraform_version": "1.5.7",
  "serial": 526,
  "lineage": "011c89fa-dc84-60d8-ab19-5f9c5b20d2c4",
  "outputs": {
    "cognito_client_id": {
      "value": "ag8isda8jogm50fjbev6qq21u",
      "type": "string"
    },
    "database_subnets": {
      "value": [
        "subnet-0bce70ef0ac460af4",
        "subnet-085af7e11a42c09b2"
      ],
      "type": [
        "tuple",
        [
          "string",
          "string"
        ]
      ]
    },
    "private_subnets": {
      "value": [
        "subnet-0f841941dab2235d0",
        "subnet-0f01f5b8c75279ed2"
      ],
      "type": [
        "tuple",
        [
          "string",
          "string"
        ]
      ]
    },
    "sns": {
      "value": {
        "subscriptions": {},
        "topic_arn": "arn:aws:sns:us-east-1:202815206333:Reports",
        "topic_id": "arn:aws:sns:us-east-1:202815206333:Reports",
        "topic_name": "Reports",
        "topic_owner": "202815206333"
      },
      "type": [
        "object",
        {
          "subscriptions": [
            "object",
            {}
          ],
          "topic_arn": "string",
          "topic_id": "string",
          "topic_name": "string",
          "topic_owner": "string"
        }
      ]
    },
    "vpc_arn": {
      "value": "arn:aws:ec2:us-east-1:202815206333:vpc/vpc-036c24a50fc1eb9ca",
      "type": "string"
    },
    "vpc_cidr": {
      "value": "10.0.0.0/16",
      "type": "string"
    },
    "vpc_endpoints_id": {
      "value": [
        {
          "sns": {
            "arn": "arn:aws:ec2:us-east-1:202815206333:vpc-endpoint/vpce-0544e2d7733eb6fde",
            "auto_accept": null,
            "cidr_blocks": [],
            "dns_entry": [],
            "dns_options": [
              {
                "dns_record_ip_type": "ipv4",
                "private_dns_only_for_inbound_resolver_endpoint": false
              }
            ],
            "id": "vpce-0544e2d7733eb6fde",
            "ip_address_type": "ipv4",
            "network_interface_ids": [],
            "owner_id": "202815206333",
            "policy": "{\"Statement\":[{\"Action\":\"*\",\"Effect\":\"Allow\",\"Principal\":\"*\",\"Resource\":\"*\"}]}",
            "prefix_list_id": null,
            "private_dns_enabled": false,
            "requester_managed": false,
            "route_table_ids": [],
            "security_group_ids": [
              "sg-0b3cf869678c2fdda"
            ],
            "service_name": "com.amazonaws.us-east-1.sns",
            "state": "available",
            "subnet_ids": [],
            "tags": {},
            "tags_all": {
              "author": "Grupo 4",
              "project": "Condor",
              "version": "1.0",
              "year": "2023"
            },
            "timeouts": {
              "create": "10m",
              "delete": "10m",
              "update": "10m"
            },
            "vpc_endpoint_type": "Interface",
            "vpc_id": "vpc-036c24a50fc1eb9ca"
          }
        },
        "arn:aws:ec2:us-east-1:202815206333:security-group/sg-0b3cf869678c2fdda",
        "sg-0b3cf869678c2fdda"
      ],
      "type": [
        "tuple",
        [
          [
            "object",
            {
              "sns": [
                "object",
                {
                  "arn": "string",
                  "auto_accept": "bool",
                  "cidr_blocks": [
                    "list",
                    "string"
                  ],
                  "dns_entry": [
                    "list",
                    [
                      "object",
                      {
                        "dns_name": "string",
                        "hosted_zone_id": "string"
                      }
                    ]
                  ],
                  "dns_options": [
                    "list",
                    [
                      "object",
                      {
                        "dns_record_ip_type": "string",
                        "private_dns_only_for_inbound_resolver_endpoint": "bool"
                      }
                    ]
                  ],
                  "id": "string",
                  "ip_address_type": "string",
                  "network_interface_ids": [
                    "set",
                    "string"
                  ],
                  "owner_id": "string",
                  "policy": "string",
                  "prefix_list_id": "string",
                  "private_dns_enabled": "bool",
                  "requester_managed": "bool",
                  "route_table_ids": [
                    "set",
                    "string"
                  ],
                  "security_group_ids": [
                    "set",
                    "string"
                  ],
                  "service_name": "string",
                  "state": "string",
                  "subnet_ids": [
                    "set",
                    "string"
                  ],
                  "tags": [
                    "map",
                    "string"
                  ],
                  "tags_all": [
                    "map",
                    "string"
                  ],
                  "timeouts": [
                    "object",
                    {
                      "create": "string",
                      "delete": "string",
                      "update": "string"
                    }
                  ],
                  "vpc_endpoint_type": "string",
                  "vpc_id": "string"
                }
              ]
            }
          ],
          "string",
          "string"
        ]
      ]
    },
    "vpc_id": {
      "value": "vpc-036c24a50fc1eb9ca",
      "type": "string"
    }
  },
  "resources": [
    {
      "mode": "data",
      "type": "aws_availability_zones",
      "name": "available",
      "provider": "provider[\"registry.terraform.io/hashicorp/aws\"]",
      "instances": [
        {
          "schema_version": 0,
          "attributes": {
            "all_availability_zones": null,
            "exclude_names": null,
            "exclude_zone_ids": null,
            "filter": null,
            "group_names": [
              "us-east-1"
            ],
            "id": "us-east-1",
            "names": [
              "us-east-1a",
              "us-east-1b",
              "us-east-1c",
              "us-east-1d",
              "us-east-1e",
              "us-east-1f"
            ],
            "state": "available",
            "timeouts": null,
            "zone_ids": [
              "use1-az2",
              "use1-az4",
              "use1-az6",
              "use1-az1",
              "use1-az3",
              "use1-az5"
            ]
          },
          "sensitive_attributes": []
        }
      ]
    },
    {
      "module": "module.api_gateway",
      "mode": "managed",
      "type": "aws_api_gateway_authorizer",
      "name": "this",
      "provider": "provider[\"registry.terraform.io/hashicorp/aws\"]",
      "instances": [
        {
          "schema_version": 0,
          "attributes": {
            "arn": "arn:aws:apigateway:us-east-1::/restapis/c1nt9zt25b/authorizers/a5171d",
            "authorizer_credentials": "",
            "authorizer_result_ttl_in_seconds": 300,
            "authorizer_uri": "arn:aws:cognito-idp:us-east-1:202815206333:userpool/us-east-1_Nci7kHQiQ",
            "id": "a5171d",
            "identity_source": "method.request.header.Authorization",
            "identity_validation_expression": "",
            "name": "main",
            "provider_arns": [
              "arn:aws:cognito-idp:us-east-1:202815206333:userpool/us-east-1_Nci7kHQiQ"
            ],
            "rest_api_id": "c1nt9zt25b",
            "type": "COGNITO_USER_POOLS"
          },
          "sensitive_attributes": [],
          "private": "bnVsbA==",
          "dependencies": [
            "module.api_gateway.aws_api_gateway_rest_api.this",
            "module.cognito.aws_cognito_user_pool.this"
          ],
          "create_before_destroy": true
        }
      ]
    },
    {
      "module": "module.api_gateway",
      "mode": "managed",
      "type": "aws_api_gateway_deployment",
      "name": "this",
      "provider": "provider[\"registry.terraform.io/hashicorp/aws\"]",
      "instances": [
        {
          "schema_version": 0,
          "attributes": {
            "created_date": "2023-10-17T01:51:14Z",
            "description": "",
            "execution_arn": "arn:aws:execute-api:us-east-1:202815206333:c1nt9zt25b/",
            "id": "uwe74x",
            "invoke_url": "https://c1nt9zt25b.execute-api.us-east-1.amazonaws.com/",
            "rest_api_id": "c1nt9zt25b",
            "stage_description": null,
            "stage_name": null,
            "triggers": {
              "redeploy": "6f00421663e88ffe7df8be0fb2889e912311d970"
            },
            "variables": null
          },
          "sensitive_attributes": [],
          "private": "bnVsbA==",
          "dependencies": [
            "module.api_gateway.aws_api_gateway_authorizer.this",
            "module.api_gateway.aws_api_gateway_rest_api.this",
            "module.api_gateway.module.api_gateway_endpoint.aws_api_gateway_integration.this",
            "module.api_gateway.module.api_gateway_endpoint.aws_api_gateway_integration_response.this",
            "module.api_gateway.module.api_gateway_endpoint.aws_api_gateway_method.this",
            "module.api_gateway.module.api_gateway_endpoint.aws_api_gateway_method_response.this",
            "module.api_gateway.module.api_gateway_endpoint.aws_api_gateway_resource.this",
            "module.api_gateway.module.lambda.aws_lambda_function.index",
            "module.api_gateway.module.lambda.aws_lambda_permission.apigw_lambda",
            "module.api_gateway.module.lambda.data.aws_iam_role.lambda"
          ],
          "create_before_destroy": true
        }
      ]
    },
    {
      "module": "module.api_gateway",
      "mode": "managed",
      "type": "aws_api_gateway_rest_api",
      "name": "this",
      "provider": "provider[\"registry.terraform.io/hashicorp/aws\"]",
      "instances": [
        {
          "schema_version": 0,
          "attributes": {
            "api_key_source": "HEADER",
            "arn": "arn:aws:apigateway:us-east-1::/restapis/c1nt9zt25b",
            "binary_media_types": [],
            "body": null,
            "created_date": "2023-10-17T01:26:38Z",
            "description": "",
            "disable_execute_api_endpoint": false,
            "endpoint_configuration": [
              {
                "types": [
                  "EDGE"
                ],
                "vpc_endpoint_ids": []
              }
            ],
            "execution_arn": "arn:aws:execute-api:us-east-1:202815206333:c1nt9zt25b",
            "fail_on_warnings": null,
            "id": "c1nt9zt25b",
            "minimum_compression_size": "",
            "name": "main",
            "parameters": null,
            "policy": "",
            "put_rest_api_mode": null,
            "root_resource_id": "etga71wk6k",
            "tags": {},
            "tags_all": {
              "author": "Grupo 4",
              "project": "Condor",
              "version": "1.0",
              "year": "2023"
            }
          },
          "sensitive_attributes": [],
          "private": "bnVsbA==",
          "create_before_destroy": true
        }
      ]
    },
    {
      "module": "module.api_gateway",
      "mode": "managed",
      "type": "aws_api_gateway_stage",
      "name": "this",
      "provider": "provider[\"registry.terraform.io/hashicorp/aws\"]",
      "instances": [
        {
          "schema_version": 0,
          "attributes": {
            "access_log_settings": [],
            "arn": "arn:aws:apigateway:us-east-1::/restapis/c1nt9zt25b/stages/dev",
            "cache_cluster_enabled": false,
            "cache_cluster_size": "",
            "canary_settings": [],
            "client_certificate_id": "",
            "deployment_id": "uwe74x",
            "description": "",
            "documentation_version": "",
            "execution_arn": "arn:aws:execute-api:us-east-1:202815206333:c1nt9zt25b/dev",
            "id": "ags-c1nt9zt25b-dev",
            "invoke_url": "https://c1nt9zt25b.execute-api.us-east-1.amazonaws.com/dev",
            "rest_api_id": "c1nt9zt25b",
            "stage_name": "dev",
            "tags": {},
            "tags_all": {
              "author": "Grupo 4",
              "project": "Condor",
              "version": "1.0",
              "year": "2023"
            },
            "variables": {},
            "web_acl_arn": "",
            "xray_tracing_enabled": false
          },
          "sensitive_attributes": [],
          "private": "bnVsbA==",
          "dependencies": [
            "module.api_gateway.aws_api_gateway_authorizer.this",
            "module.api_gateway.aws_api_gateway_deployment.this",
            "module.api_gateway.aws_api_gateway_rest_api.this",
            "module.api_gateway.module.api_gateway_endpoint.aws_api_gateway_integration.this",
            "module.api_gateway.module.api_gateway_endpoint.aws_api_gateway_integration_response.this",
            "module.api_gateway.module.api_gateway_endpoint.aws_api_gateway_method.this",
            "module.api_gateway.module.api_gateway_endpoint.aws_api_gateway_method_response.this",
            "module.api_gateway.module.api_gateway_endpoint.aws_api_gateway_resource.this",
            "module.api_gateway.module.lambda.aws_lambda_function.index",
            "module.api_gateway.module.lambda.aws_lambda_permission.apigw_lambda",
            "module.api_gateway.module.lambda.data.aws_iam_role.lambda"
          ]
        }
      ]
    },
    {
      "module": "module.api_gateway.module.api_gateway_endpoint[\"reports\"]",
      "mode": "managed",
      "type": "aws_api_gateway_integration",
      "name": "this",
      "provider": "provider[\"registry.terraform.io/hashicorp/aws\"]",
      "instances": [
        {
          "index_key": "GET",
          "schema_version": 0,
          "attributes": {
            "cache_key_parameters": [],
            "cache_namespace": "envdbx",
            "connection_id": "",
            "connection_type": "INTERNET",
            "content_handling": "",
            "credentials": "",
            "http_method": "GET",
            "id": "agi-c1nt9zt25b-envdbx-GET",
            "integration_http_method": "POST",
            "passthrough_behavior": "WHEN_NO_MATCH",
            "request_parameters": {},
            "request_templates": {},
            "resource_id": "envdbx",
            "rest_api_id": "c1nt9zt25b",
            "timeout_milliseconds": 29000,
            "tls_config": [],
            "type": "AWS_PROXY",
            "uri": "arn:aws:apigateway:us-east-1:lambda:path/2015-03-31/functions/arn:aws:lambda:us-east-1:202815206333:function:get_all_reports/invocations"
          },
          "sensitive_attributes": [],
          "private": "bnVsbA==",
          "dependencies": [
            "module.api_gateway.aws_api_gateway_rest_api.this",
            "module.api_gateway.module.api_gateway_endpoint.aws_api_gateway_method.this",
            "module.api_gateway.module.api_gateway_endpoint.aws_api_gateway_resource.this",
            "module.api_gateway.module.lambda.aws_lambda_function.index",
            "module.api_gateway.module.lambda.aws_lambda_permission.apigw_lambda",
            "module.api_gateway.module.lambda.data.aws_iam_role.lambda"
          ],
          "create_before_destroy": true
        },
        {
          "index_key": "POST",
          "schema_version": 0,
          "attributes": {
            "cache_key_parameters": [],
            "cache_namespace": "envdbx",
            "connection_id": "",
            "connection_type": "INTERNET",
            "content_handling": "",
            "credentials": "",
            "http_method": "POST",
            "id": "agi-c1nt9zt25b-envdbx-POST",
            "integration_http_method": "POST",
            "passthrough_behavior": "WHEN_NO_MATCH",
            "request_parameters": {},
            "request_templates": {},
            "resource_id": "envdbx",
            "rest_api_id": "c1nt9zt25b",
            "timeout_milliseconds": 29000,
            "tls_config": [],
            "type": "AWS_PROXY",
            "uri": "arn:aws:apigateway:us-east-1:lambda:path/2015-03-31/functions/arn:aws:lambda:us-east-1:202815206333:function:create_report/invocations"
          },
          "sensitive_attributes": [],
          "private": "bnVsbA==",
          "dependencies": [
            "module.api_gateway.aws_api_gateway_rest_api.this",
            "module.api_gateway.module.api_gateway_endpoint.aws_api_gateway_method.this",
            "module.api_gateway.module.api_gateway_endpoint.aws_api_gateway_resource.this",
            "module.api_gateway.module.lambda.aws_lambda_function.index",
            "module.api_gateway.module.lambda.aws_lambda_permission.apigw_lambda",
            "module.api_gateway.module.lambda.data.aws_iam_role.lambda"
          ],
          "create_before_destroy": true
        }
      ]
    },
    {
      "module": "module.api_gateway.module.api_gateway_endpoint[\"reports\"]",
      "mode": "managed",
      "type": "aws_api_gateway_integration_response",
      "name": "this",
      "provider": "provider[\"registry.terraform.io/hashicorp/aws\"]",
      "instances": [
        {
          "index_key": "GET",
          "schema_version": 0,
          "attributes": {
            "content_handling": "",
            "http_method": "GET",
            "id": "agir-c1nt9zt25b-envdbx-GET-200",
            "resource_id": "envdbx",
            "response_parameters": {},
            "response_templates": {},
            "rest_api_id": "c1nt9zt25b",
            "selection_pattern": "",
            "status_code": "200"
          },
          "sensitive_attributes": [],
          "private": "bnVsbA==",
          "dependencies": [
            "module.api_gateway.aws_api_gateway_authorizer.this",
            "module.api_gateway.aws_api_gateway_rest_api.this",
            "module.api_gateway.module.api_gateway_endpoint.aws_api_gateway_integration.this",
            "module.api_gateway.module.api_gateway_endpoint.aws_api_gateway_method.this",
            "module.api_gateway.module.api_gateway_endpoint.aws_api_gateway_method_response.this",
            "module.api_gateway.module.api_gateway_endpoint.aws_api_gateway_resource.this",
            "module.api_gateway.module.lambda.aws_lambda_function.index",
            "module.api_gateway.module.lambda.aws_lambda_permission.apigw_lambda",
            "module.api_gateway.module.lambda.data.aws_iam_role.lambda",
            "module.cognito.aws_cognito_user_pool.this"
          ],
          "create_before_destroy": true
        },
        {
          "index_key": "POST",
          "schema_version": 0,
          "attributes": {
            "content_handling": "",
            "http_method": "POST",
            "id": "agir-c1nt9zt25b-envdbx-POST-200",
            "resource_id": "envdbx",
            "response_parameters": {},
            "response_templates": {},
            "rest_api_id": "c1nt9zt25b",
            "selection_pattern": "",
            "status_code": "200"
          },
          "sensitive_attributes": [],
          "private": "bnVsbA==",
          "dependencies": [
            "module.api_gateway.aws_api_gateway_authorizer.this",
            "module.api_gateway.aws_api_gateway_rest_api.this",
            "module.api_gateway.module.api_gateway_endpoint.aws_api_gateway_integration.this",
            "module.api_gateway.module.api_gateway_endpoint.aws_api_gateway_method.this",
            "module.api_gateway.module.api_gateway_endpoint.aws_api_gateway_method_response.this",
            "module.api_gateway.module.api_gateway_endpoint.aws_api_gateway_resource.this",
            "module.api_gateway.module.lambda.aws_lambda_function.index",
            "module.api_gateway.module.lambda.aws_lambda_permission.apigw_lambda",
            "module.api_gateway.module.lambda.data.aws_iam_role.lambda",
            "module.cognito.aws_cognito_user_pool.this"
          ],
          "create_before_destroy": true
        }
      ]
    },
    {
      "module": "module.api_gateway.module.api_gateway_endpoint[\"reports\"]",
      "mode": "managed",
      "type": "aws_api_gateway_method",
      "name": "this",
      "provider": "provider[\"registry.terraform.io/hashicorp/aws\"]",
      "instances": [
        {
          "index_key": "GET",
          "schema_version": 0,
          "attributes": {
            "api_key_required": false,
            "authorization": "COGNITO_USER_POOLS",
            "authorization_scopes": [],
            "authorizer_id": "a5171d",
            "http_method": "GET",
            "id": "agm-c1nt9zt25b-envdbx-GET",
            "operation_name": "",
            "request_models": {},
            "request_parameters": {
              "method.request.path.proxy": true
            },
            "request_validator_id": "",
            "resource_id": "envdbx",
            "rest_api_id": "c1nt9zt25b"
          },
          "sensitive_attributes": [],
          "private": "bnVsbA==",
          "dependencies": [
            "module.api_gateway.aws_api_gateway_authorizer.this",
            "module.api_gateway.aws_api_gateway_rest_api.this",
            "module.api_gateway.module.api_gateway_endpoint.aws_api_gateway_resource.this",
            "module.api_gateway.module.lambda.aws_lambda_function.index",
            "module.api_gateway.module.lambda.aws_lambda_permission.apigw_lambda",
            "module.api_gateway.module.lambda.data.aws_iam_role.lambda",
            "module.cognito.aws_cognito_user_pool.this"
          ],
          "create_before_destroy": true
        },
        {
          "index_key": "POST",
          "schema_version": 0,
          "attributes": {
            "api_key_required": false,
            "authorization": "COGNITO_USER_POOLS",
            "authorization_scopes": [],
            "authorizer_id": "a5171d",
            "http_method": "POST",
            "id": "agm-c1nt9zt25b-envdbx-POST",
            "operation_name": "",
            "request_models": {},
            "request_parameters": {
              "method.request.path.proxy": true
            },
            "request_validator_id": "",
            "resource_id": "envdbx",
            "rest_api_id": "c1nt9zt25b"
          },
          "sensitive_attributes": [],
          "private": "bnVsbA==",
          "dependencies": [
            "module.api_gateway.aws_api_gateway_authorizer.this",
            "module.api_gateway.aws_api_gateway_rest_api.this",
            "module.api_gateway.module.api_gateway_endpoint.aws_api_gateway_resource.this",
            "module.api_gateway.module.lambda.aws_lambda_function.index",
            "module.api_gateway.module.lambda.aws_lambda_permission.apigw_lambda",
            "module.api_gateway.module.lambda.data.aws_iam_role.lambda",
            "module.cognito.aws_cognito_user_pool.this"
          ],
          "create_before_destroy": true
        }
      ]
    },
    {
      "module": "module.api_gateway.module.api_gateway_endpoint[\"reports\"]",
      "mode": "managed",
      "type": "aws_api_gateway_method_response",
      "name": "this",
      "provider": "provider[\"registry.terraform.io/hashicorp/aws\"]",
      "instances": [
        {
          "index_key": "GET",
          "schema_version": 0,
          "attributes": {
            "http_method": "GET",
            "id": "agmr-c1nt9zt25b-envdbx-GET-200",
            "resource_id": "envdbx",
            "response_models": {},
            "response_parameters": {
              "method.response.header.Access-Control-Allow-Origin": true
            },
            "rest_api_id": "c1nt9zt25b",
            "status_code": "200"
          },
          "sensitive_attributes": [],
          "private": "bnVsbA==",
          "dependencies": [
            "module.api_gateway.aws_api_gateway_authorizer.this",
            "module.api_gateway.aws_api_gateway_rest_api.this",
            "module.api_gateway.module.api_gateway_endpoint.aws_api_gateway_method.this",
            "module.api_gateway.module.api_gateway_endpoint.aws_api_gateway_resource.this",
            "module.api_gateway.module.lambda.aws_lambda_function.index",
            "module.api_gateway.module.lambda.aws_lambda_permission.apigw_lambda",
            "module.api_gateway.module.lambda.data.aws_iam_role.lambda",
            "module.cognito.aws_cognito_user_pool.this"
          ],
          "create_before_destroy": true
        },
        {
          "index_key": "POST",
          "schema_version": 0,
          "attributes": {
            "http_method": "POST",
            "id": "agmr-c1nt9zt25b-envdbx-POST-200",
            "resource_id": "envdbx",
            "response_models": {},
            "response_parameters": {
              "method.response.header.Access-Control-Allow-Origin": true
            },
            "rest_api_id": "c1nt9zt25b",
            "status_code": "200"
          },
          "sensitive_attributes": [],
          "private": "bnVsbA==",
          "dependencies": [
            "module.api_gateway.aws_api_gateway_authorizer.this",
            "module.api_gateway.aws_api_gateway_rest_api.this",
            "module.api_gateway.module.api_gateway_endpoint.aws_api_gateway_method.this",
            "module.api_gateway.module.api_gateway_endpoint.aws_api_gateway_resource.this",
            "module.api_gateway.module.lambda.aws_lambda_function.index",
            "module.api_gateway.module.lambda.aws_lambda_permission.apigw_lambda",
            "module.api_gateway.module.lambda.data.aws_iam_role.lambda",
            "module.cognito.aws_cognito_user_pool.this"
          ],
          "create_before_destroy": true
        }
      ]
    },
    {
      "module": "module.api_gateway.module.api_gateway_endpoint[\"reports\"]",
      "mode": "managed",
      "type": "aws_api_gateway_resource",
      "name": "this",
      "provider": "provider[\"registry.terraform.io/hashicorp/aws\"]",
      "instances": [
        {
          "schema_version": 0,
          "attributes": {
            "id": "envdbx",
            "parent_id": "etga71wk6k",
            "path": "/reports",
            "path_part": "reports",
            "rest_api_id": "c1nt9zt25b"
          },
          "sensitive_attributes": [],
          "private": "bnVsbA==",
          "dependencies": [
            "module.api_gateway.aws_api_gateway_rest_api.this"
          ],
          "create_before_destroy": true
        }
      ]
    },
    {
      "module": "module.api_gateway.module.api_gateway_endpoint[\"{id}\"]",
      "mode": "managed",
      "type": "aws_api_gateway_integration",
      "name": "this",
      "provider": "provider[\"registry.terraform.io/hashicorp/aws\"]",
      "instances": [
        {
          "index_key": "DELETE",
          "schema_version": 0,
          "attributes": {
            "cache_key_parameters": null,
            "cache_namespace": "t6tfjq",
            "connection_id": "",
            "connection_type": "INTERNET",
            "content_handling": "",
            "credentials": "",
            "http_method": "DELETE",
            "id": "agi-c1nt9zt25b-t6tfjq-DELETE",
            "integration_http_method": "POST",
            "passthrough_behavior": "WHEN_NO_MATCH",
            "request_parameters": null,
            "request_templates": null,
            "resource_id": "t6tfjq",
            "rest_api_id": "c1nt9zt25b",
            "timeout_milliseconds": 29000,
            "tls_config": [],
            "type": "AWS_PROXY",
            "uri": "arn:aws:apigateway:us-east-1:lambda:path/2015-03-31/functions/arn:aws:lambda:us-east-1:202815206333:function:delete_id/invocations"
          },
          "sensitive_attributes": [],
          "private": "bnVsbA==",
          "dependencies": [
            "module.api_gateway.aws_api_gateway_authorizer.this",
            "module.api_gateway.aws_api_gateway_rest_api.this",
            "module.api_gateway.module.api_gateway_endpoint.aws_api_gateway_method.this",
            "module.api_gateway.module.api_gateway_endpoint.aws_api_gateway_resource.this",
            "module.api_gateway.module.lambda.aws_lambda_function.index",
            "module.api_gateway.module.lambda.aws_lambda_permission.apigw_lambda",
            "module.api_gateway.module.lambda.data.aws_iam_role.lambda"
          ],
          "create_before_destroy": true
        },
        {
          "index_key": "GET",
          "schema_version": 0,
          "attributes": {
            "cache_key_parameters": null,
            "cache_namespace": "t6tfjq",
            "connection_id": "",
            "connection_type": "INTERNET",
            "content_handling": "",
            "credentials": "",
            "http_method": "GET",
            "id": "agi-c1nt9zt25b-t6tfjq-GET",
            "integration_http_method": "POST",
            "passthrough_behavior": "WHEN_NO_MATCH",
            "request_parameters": null,
            "request_templates": null,
            "resource_id": "t6tfjq",
            "rest_api_id": "c1nt9zt25b",
            "timeout_milliseconds": 29000,
            "tls_config": [],
            "type": "AWS_PROXY",
            "uri": "arn:aws:apigateway:us-east-1:lambda:path/2015-03-31/functions/arn:aws:lambda:us-east-1:202815206333:function:get_id/invocations"
          },
          "sensitive_attributes": [],
          "private": "bnVsbA==",
          "dependencies": [
            "module.api_gateway.aws_api_gateway_authorizer.this",
            "module.api_gateway.aws_api_gateway_rest_api.this",
            "module.api_gateway.module.api_gateway_endpoint.aws_api_gateway_method.this",
            "module.api_gateway.module.api_gateway_endpoint.aws_api_gateway_resource.this",
            "module.api_gateway.module.lambda.aws_lambda_function.index",
            "module.api_gateway.module.lambda.aws_lambda_permission.apigw_lambda",
            "module.api_gateway.module.lambda.data.aws_iam_role.lambda"
          ],
          "create_before_destroy": true
        },
        {
          "index_key": "PUT",
          "schema_version": 0,
          "attributes": {
            "cache_key_parameters": null,
            "cache_namespace": "t6tfjq",
            "connection_id": "",
            "connection_type": "INTERNET",
            "content_handling": "",
            "credentials": "",
            "http_method": "PUT",
            "id": "agi-c1nt9zt25b-t6tfjq-PUT",
            "integration_http_method": "POST",
            "passthrough_behavior": "WHEN_NO_MATCH",
            "request_parameters": null,
            "request_templates": null,
            "resource_id": "t6tfjq",
            "rest_api_id": "c1nt9zt25b",
            "timeout_milliseconds": 29000,
            "tls_config": [],
            "type": "AWS_PROXY",
            "uri": "arn:aws:apigateway:us-east-1:lambda:path/2015-03-31/functions/arn:aws:lambda:us-east-1:202815206333:function:update_id/invocations"
          },
          "sensitive_attributes": [],
          "private": "bnVsbA==",
          "dependencies": [
            "module.api_gateway.aws_api_gateway_authorizer.this",
            "module.api_gateway.aws_api_gateway_rest_api.this",
            "module.api_gateway.module.api_gateway_endpoint.aws_api_gateway_method.this",
            "module.api_gateway.module.api_gateway_endpoint.aws_api_gateway_resource.this",
            "module.api_gateway.module.lambda.aws_lambda_function.index",
            "module.api_gateway.module.lambda.aws_lambda_permission.apigw_lambda",
            "module.api_gateway.module.lambda.data.aws_iam_role.lambda"
          ],
          "create_before_destroy": true
        }
      ]
    },
    {
      "module": "module.api_gateway.module.api_gateway_endpoint[\"{id}\"]",
      "mode": "managed",
      "type": "aws_api_gateway_integration_response",
      "name": "this",
      "provider": "provider[\"registry.terraform.io/hashicorp/aws\"]",
      "instances": [
        {
          "index_key": "DELETE",
          "schema_version": 0,
          "attributes": {
            "content_handling": "",
            "http_method": "DELETE",
            "id": "agir-c1nt9zt25b-t6tfjq-DELETE-200",
            "resource_id": "t6tfjq",
            "response_parameters": null,
            "response_templates": null,
            "rest_api_id": "c1nt9zt25b",
            "selection_pattern": "",
            "status_code": "200"
          },
          "sensitive_attributes": [],
          "private": "bnVsbA==",
          "dependencies": [
            "module.api_gateway.aws_api_gateway_authorizer.this",
            "module.api_gateway.aws_api_gateway_rest_api.this",
            "module.api_gateway.module.api_gateway_endpoint.aws_api_gateway_integration.this",
            "module.api_gateway.module.api_gateway_endpoint.aws_api_gateway_method.this",
            "module.api_gateway.module.api_gateway_endpoint.aws_api_gateway_method_response.this",
            "module.api_gateway.module.api_gateway_endpoint.aws_api_gateway_resource.this",
            "module.api_gateway.module.lambda.aws_lambda_function.index",
            "module.api_gateway.module.lambda.aws_lambda_permission.apigw_lambda",
            "module.api_gateway.module.lambda.data.aws_iam_role.lambda"
          ],
          "create_before_destroy": true
        },
        {
          "index_key": "GET",
          "schema_version": 0,
          "attributes": {
            "content_handling": "",
            "http_method": "GET",
            "id": "agir-c1nt9zt25b-t6tfjq-GET-200",
            "resource_id": "t6tfjq",
            "response_parameters": null,
            "response_templates": null,
            "rest_api_id": "c1nt9zt25b",
            "selection_pattern": "",
            "status_code": "200"
          },
          "sensitive_attributes": [],
          "private": "bnVsbA==",
          "dependencies": [
            "module.api_gateway.aws_api_gateway_authorizer.this",
            "module.api_gateway.aws_api_gateway_rest_api.this",
            "module.api_gateway.module.api_gateway_endpoint.aws_api_gateway_integration.this",
            "module.api_gateway.module.api_gateway_endpoint.aws_api_gateway_method.this",
            "module.api_gateway.module.api_gateway_endpoint.aws_api_gateway_method_response.this",
            "module.api_gateway.module.api_gateway_endpoint.aws_api_gateway_resource.this",
            "module.api_gateway.module.lambda.aws_lambda_function.index",
            "module.api_gateway.module.lambda.aws_lambda_permission.apigw_lambda",
            "module.api_gateway.module.lambda.data.aws_iam_role.lambda"
          ],
          "create_before_destroy": true
        },
        {
          "index_key": "PUT",
          "schema_version": 0,
          "attributes": {
            "content_handling": "",
            "http_method": "PUT",
            "id": "agir-c1nt9zt25b-t6tfjq-PUT-200",
            "resource_id": "t6tfjq",
            "response_parameters": null,
            "response_templates": null,
            "rest_api_id": "c1nt9zt25b",
            "selection_pattern": "",
            "status_code": "200"
          },
          "sensitive_attributes": [],
          "private": "bnVsbA==",
          "dependencies": [
            "module.api_gateway.aws_api_gateway_authorizer.this",
            "module.api_gateway.aws_api_gateway_rest_api.this",
            "module.api_gateway.module.api_gateway_endpoint.aws_api_gateway_integration.this",
            "module.api_gateway.module.api_gateway_endpoint.aws_api_gateway_method.this",
            "module.api_gateway.module.api_gateway_endpoint.aws_api_gateway_method_response.this",
            "module.api_gateway.module.api_gateway_endpoint.aws_api_gateway_resource.this",
            "module.api_gateway.module.lambda.aws_lambda_function.index",
            "module.api_gateway.module.lambda.aws_lambda_permission.apigw_lambda",
            "module.api_gateway.module.lambda.data.aws_iam_role.lambda"
          ],
          "create_before_destroy": true
        }
      ]
    },
    {
      "module": "module.api_gateway.module.api_gateway_endpoint[\"{id}\"]",
      "mode": "managed",
      "type": "aws_api_gateway_method",
      "name": "this",
      "provider": "provider[\"registry.terraform.io/hashicorp/aws\"]",
      "instances": [
        {
          "index_key": "DELETE",
          "schema_version": 0,
          "attributes": {
            "api_key_required": false,
            "authorization": "COGNITO_USER_POOLS",
            "authorization_scopes": null,
            "authorizer_id": "a5171d",
            "http_method": "DELETE",
            "id": "agm-c1nt9zt25b-t6tfjq-DELETE",
            "operation_name": null,
            "request_models": null,
            "request_parameters": {
              "method.request.path.proxy": true
            },
            "request_validator_id": null,
            "resource_id": "t6tfjq",
            "rest_api_id": "c1nt9zt25b"
          },
          "sensitive_attributes": [],
          "private": "bnVsbA==",
          "dependencies": [
            "module.api_gateway.aws_api_gateway_authorizer.this",
            "module.api_gateway.aws_api_gateway_rest_api.this",
            "module.api_gateway.module.api_gateway_endpoint.aws_api_gateway_resource.this",
            "module.api_gateway.module.lambda.aws_lambda_function.index",
            "module.api_gateway.module.lambda.aws_lambda_permission.apigw_lambda",
            "module.api_gateway.module.lambda.data.aws_iam_role.lambda"
          ],
          "create_before_destroy": true
        },
        {
          "index_key": "GET",
          "schema_version": 0,
          "attributes": {
            "api_key_required": false,
            "authorization": "COGNITO_USER_POOLS",
            "authorization_scopes": null,
            "authorizer_id": "a5171d",
            "http_method": "GET",
            "id": "agm-c1nt9zt25b-t6tfjq-GET",
            "operation_name": null,
            "request_models": null,
            "request_parameters": {
              "method.request.path.proxy": true
            },
            "request_validator_id": null,
            "resource_id": "t6tfjq",
            "rest_api_id": "c1nt9zt25b"
          },
          "sensitive_attributes": [],
          "private": "bnVsbA==",
          "dependencies": [
            "module.api_gateway.aws_api_gateway_authorizer.this",
            "module.api_gateway.aws_api_gateway_rest_api.this",
            "module.api_gateway.module.api_gateway_endpoint.aws_api_gateway_resource.this",
            "module.api_gateway.module.lambda.aws_lambda_function.index",
            "module.api_gateway.module.lambda.aws_lambda_permission.apigw_lambda",
            "module.api_gateway.module.lambda.data.aws_iam_role.lambda"
          ],
          "create_before_destroy": true
        },
        {
          "index_key": "PUT",
          "schema_version": 0,
          "attributes": {
            "api_key_required": false,
            "authorization": "COGNITO_USER_POOLS",
            "authorization_scopes": null,
            "authorizer_id": "a5171d",
            "http_method": "PUT",
            "id": "agm-c1nt9zt25b-t6tfjq-PUT",
            "operation_name": null,
            "request_models": null,
            "request_parameters": {
              "method.request.path.proxy": true
            },
            "request_validator_id": null,
            "resource_id": "t6tfjq",
            "rest_api_id": "c1nt9zt25b"
          },
          "sensitive_attributes": [],
          "private": "bnVsbA==",
          "dependencies": [
            "module.api_gateway.aws_api_gateway_authorizer.this",
            "module.api_gateway.aws_api_gateway_rest_api.this",
            "module.api_gateway.module.api_gateway_endpoint.aws_api_gateway_resource.this",
            "module.api_gateway.module.lambda.aws_lambda_function.index",
            "module.api_gateway.module.lambda.aws_lambda_permission.apigw_lambda",
            "module.api_gateway.module.lambda.data.aws_iam_role.lambda"
          ],
          "create_before_destroy": true
        }
      ]
    },
    {
      "module": "module.api_gateway.module.api_gateway_endpoint[\"{id}\"]",
      "mode": "managed",
      "type": "aws_api_gateway_method_response",
      "name": "this",
      "provider": "provider[\"registry.terraform.io/hashicorp/aws\"]",
      "instances": [
        {
          "index_key": "DELETE",
          "schema_version": 0,
          "attributes": {
            "http_method": "DELETE",
            "id": "agmr-c1nt9zt25b-t6tfjq-DELETE-200",
            "resource_id": "t6tfjq",
            "response_models": null,
            "response_parameters": {
              "method.response.header.Access-Control-Allow-Origin": true
            },
            "rest_api_id": "c1nt9zt25b",
            "status_code": "200"
          },
          "sensitive_attributes": [],
          "private": "bnVsbA==",
          "dependencies": [
            "module.api_gateway.aws_api_gateway_authorizer.this",
            "module.api_gateway.aws_api_gateway_rest_api.this",
            "module.api_gateway.module.api_gateway_endpoint.aws_api_gateway_method.this",
            "module.api_gateway.module.api_gateway_endpoint.aws_api_gateway_resource.this",
            "module.api_gateway.module.lambda.aws_lambda_function.index",
            "module.api_gateway.module.lambda.aws_lambda_permission.apigw_lambda",
            "module.api_gateway.module.lambda.data.aws_iam_role.lambda"
          ],
          "create_before_destroy": true
        },
        {
          "index_key": "GET",
          "schema_version": 0,
          "attributes": {
            "http_method": "GET",
            "id": "agmr-c1nt9zt25b-t6tfjq-GET-200",
            "resource_id": "t6tfjq",
            "response_models": null,
            "response_parameters": {
              "method.response.header.Access-Control-Allow-Origin": true
            },
            "rest_api_id": "c1nt9zt25b",
            "status_code": "200"
          },
          "sensitive_attributes": [],
          "private": "bnVsbA==",
          "dependencies": [
            "module.api_gateway.aws_api_gateway_authorizer.this",
            "module.api_gateway.aws_api_gateway_rest_api.this",
            "module.api_gateway.module.api_gateway_endpoint.aws_api_gateway_method.this",
            "module.api_gateway.module.api_gateway_endpoint.aws_api_gateway_resource.this",
            "module.api_gateway.module.lambda.aws_lambda_function.index",
            "module.api_gateway.module.lambda.aws_lambda_permission.apigw_lambda",
            "module.api_gateway.module.lambda.data.aws_iam_role.lambda"
          ],
          "create_before_destroy": true
        },
        {
          "index_key": "PUT",
          "schema_version": 0,
          "attributes": {
            "http_method": "PUT",
            "id": "agmr-c1nt9zt25b-t6tfjq-PUT-200",
            "resource_id": "t6tfjq",
            "response_models": null,
            "response_parameters": {
              "method.response.header.Access-Control-Allow-Origin": true
            },
            "rest_api_id": "c1nt9zt25b",
            "status_code": "200"
          },
          "sensitive_attributes": [],
          "private": "bnVsbA==",
          "dependencies": [
            "module.api_gateway.aws_api_gateway_authorizer.this",
            "module.api_gateway.aws_api_gateway_rest_api.this",
            "module.api_gateway.module.api_gateway_endpoint.aws_api_gateway_method.this",
            "module.api_gateway.module.api_gateway_endpoint.aws_api_gateway_resource.this",
            "module.api_gateway.module.lambda.aws_lambda_function.index",
            "module.api_gateway.module.lambda.aws_lambda_permission.apigw_lambda",
            "module.api_gateway.module.lambda.data.aws_iam_role.lambda"
          ],
          "create_before_destroy": true
        }
      ]
    },
    {
      "module": "module.api_gateway.module.api_gateway_endpoint[\"{id}\"]",
      "mode": "managed",
      "type": "aws_api_gateway_resource",
      "name": "this",
      "provider": "provider[\"registry.terraform.io/hashicorp/aws\"]",
      "instances": [
        {
          "schema_version": 0,
          "attributes": {
            "id": "t6tfjq",
            "parent_id": "etga71wk6k",
            "path": "/{id}",
            "path_part": "{id}",
            "rest_api_id": "c1nt9zt25b"
          },
          "sensitive_attributes": [],
          "private": "bnVsbA==",
          "dependencies": [
            "module.api_gateway.aws_api_gateway_rest_api.this"
          ],
          "create_before_destroy": true
        }
      ]
    },
    {
      "module": "module.api_gateway.module.lambda[\"reports-GET\"]",
      "mode": "data",
      "type": "aws_iam_role",
      "name": "lambda",
      "provider": "provider[\"registry.terraform.io/hashicorp/aws\"]",
      "instances": [
        {
          "schema_version": 0,
          "attributes": {
            "arn": "arn:aws:iam::202815206333:role/LabRole",
            "assume_role_policy": "{\"Version\":\"2012-10-17\",\"Statement\":[{\"Effect\":\"Allow\",\"Principal\":{\"AWS\":\"arn:aws:iam::202815206333:role/LabRole\",\"Service\":[\"events.amazonaws.com\",\"databrew.amazonaws.com\",\"kinesis.amazonaws.com\",\"lambda.amazonaws.com\",\"ecs-tasks.amazonaws.com\",\"kinesisanalytics.amazonaws.com\",\"iot.amazonaws.com\",\"forecast.amazonaws.com\",\"cognito-idp.amazonaws.com\",\"servicecatalog.amazonaws.com\",\"dynamodb.amazonaws.com\",\"rds.amazonaws.com\",\"eks-fargate-pods.amazonaws.com\",\"backup.amazonaws.com\",\"datapipeline.amazonaws.com\",\"deepracer.amazonaws.com\",\"autoscaling.amazonaws.com\",\"quicksight.amazonaws.com\",\"states.amazonaws.com\",\"elasticmapreduce.amazonaws.com\",\"glue.amazonaws.com\",\"firehose.amazonaws.com\",\"robomaker.amazonaws.com\",\"iotevents.amazonaws.com\",\"batch.amazonaws.com\",\"storagegateway.amazonaws.com\",\"cloudtrail.amazonaws.com\",\"scheduler.amazonaws.com\",\"codecommit.amazonaws.com\",\"logs.amazonaws.com\",\"elasticbeanstalk.amazonaws.com\",\"secretsmanager.amazonaws.com\",\"athena.amazonaws.com\",\"redshift.amazonaws.com\",\"kms.amazonaws.com\",\"cloud9.amazonaws.com\",\"resource-groups.amazonaws.com\",\"credentials.iot.amazonaws.com\",\"kendra.amazonaws.com\",\"ssm.amazonaws.com\",\"lex.amazonaws.com\",\"apigateway.amazonaws.com\",\"sagemaker.amazonaws.com\",\"ec2.amazonaws.com\",\"iotanalytics.amazonaws.com\",\"personalize.amazonaws.com\",\"cloudfront.amazonaws.com\",\"sns.amazonaws.com\",\"s3.amazonaws.com\",\"rekognition.amazonaws.com\",\"eks.amazonaws.com\",\"application-autoscaling.amazonaws.com\",\"elasticloadbalancing.amazonaws.com\",\"cloudformation.amazonaws.com\",\"ec2.application-autoscaling.amazonaws.com\",\"sqs.amazonaws.com\",\"elasticfilesystem.amazonaws.com\",\"codedeploy.amazonaws.com\"]},\"Action\":\"sts:AssumeRole\"}]}",
            "create_date": "2023-08-09T22:41:34Z",
            "description": "",
            "id": "LabRole",
            "max_session_duration": 3600,
            "name": "LabRole",
            "path": "/",
            "permissions_boundary": "",
            "role_last_used": [
              {
                "last_used_date": "2023-10-16T22:30:11Z",
                "region": "us-east-1"
              }
            ],
            "tags": {
              "cloudlab": "c90778a1999054l4557369t1w202815206333"
            },
            "unique_id": "AROAS6OF2OO6TYCMOMHV2"
          },
          "sensitive_attributes": []
        }
      ]
    },
    {
      "module": "module.api_gateway.module.lambda[\"reports-GET\"]",
      "mode": "managed",
      "type": "aws_lambda_function",
      "name": "index",
      "provider": "provider[\"registry.terraform.io/hashicorp/aws\"]",
      "instances": [
        {
          "schema_version": 0,
          "attributes": {
            "architectures": [
              "x86_64"
            ],
            "arn": "arn:aws:lambda:us-east-1:202815206333:function:get_all_reports",
            "code_signing_config_arn": "",
            "dead_letter_config": [],
            "description": "",
            "environment": [],
            "ephemeral_storage": [
              {
                "size": 512
              }
            ],
            "file_system_config": [],
            "filename": "resources/lambda_sources/lambda.zip",
            "function_name": "get_all_reports",
            "handler": "main.handler",
            "id": "get_all_reports",
            "image_config": [],
            "image_uri": "",
            "invoke_arn": "arn:aws:apigateway:us-east-1:lambda:path/2015-03-31/functions/arn:aws:lambda:us-east-1:202815206333:function:get_all_reports/invocations",
            "kms_key_arn": "",
            "last_modified": "2023-10-17T01:50:55.898+0000",
            "layers": null,
            "memory_size": 128,
            "package_type": "Zip",
            "publish": false,
            "qualified_arn": "arn:aws:lambda:us-east-1:202815206333:function:get_all_reports:$LATEST",
            "qualified_invoke_arn": "arn:aws:apigateway:us-east-1:lambda:path/2015-03-31/functions/arn:aws:lambda:us-east-1:202815206333:function:get_all_reports:$LATEST/invocations",
            "replace_security_groups_on_destroy": null,
            "replacement_security_group_ids": null,
            "reserved_concurrent_executions": -1,
            "role": "arn:aws:iam::202815206333:role/LabRole",
            "runtime": "nodejs18.x",
            "s3_bucket": null,
            "s3_key": null,
            "s3_object_version": null,
            "signing_job_arn": "",
            "signing_profile_version_arn": "",
            "skip_destroy": false,
            "snap_start": [],
            "source_code_hash": "s6Qeji/gfUUncVygH2alKH0ucKtUAfvQ+vEAipHVnmo=",
            "source_code_size": 339,
            "tags": null,
            "tags_all": {
              "author": "Grupo 4",
              "project": "Condor",
              "version": "1.0",
              "year": "2023"
            },
            "timeout": 3,
            "timeouts": null,
            "tracing_config": [
              {
                "mode": "PassThrough"
              }
            ],
            "version": "$LATEST",
            "vpc_config": []
          },
          "sensitive_attributes": [],
          "private": "eyJlMmJmYjczMC1lY2FhLTExZTYtOGY4OC0zNDM2M2JjN2M0YzAiOnsiY3JlYXRlIjo2MDAwMDAwMDAwMDAsImRlbGV0ZSI6NjAwMDAwMDAwMDAwLCJ1cGRhdGUiOjYwMDAwMDAwMDAwMH19",
          "dependencies": [
            "module.api_gateway.module.lambda.data.aws_iam_role.lambda"
          ],
          "create_before_destroy": true
        }
      ]
    },
    {
      "module": "module.api_gateway.module.lambda[\"reports-GET\"]",
      "mode": "managed",
      "type": "aws_lambda_permission",
      "name": "apigw_lambda",
      "provider": "provider[\"registry.terraform.io/hashicorp/aws\"]",
      "instances": [
        {
          "schema_version": 0,
          "attributes": {
            "action": "lambda:InvokeFunction",
            "event_source_token": null,
            "function_name": "get_all_reports",
            "function_url_auth_type": null,
            "id": "AllowAPIInvoke",
            "principal": "apigateway.amazonaws.com",
            "principal_org_id": null,
            "qualifier": "",
            "source_account": null,
            "source_arn": "arn:aws:execute-api:us-east-1:202815206333:c1nt9zt25b/*/GETreports",
            "statement_id": "AllowAPIInvoke",
            "statement_id_prefix": ""
          },
          "sensitive_attributes": [],
          "private": "bnVsbA==",
          "dependencies": [
            "module.api_gateway.aws_api_gateway_rest_api.this"
          ],
          "create_before_destroy": true
        }
      ]
    },
    {
      "module": "module.api_gateway.module.lambda[\"reports-POST\"]",
      "mode": "data",
      "type": "aws_iam_role",
      "name": "lambda",
      "provider": "provider[\"registry.terraform.io/hashicorp/aws\"]",
      "instances": [
        {
          "schema_version": 0,
          "attributes": {
            "arn": "arn:aws:iam::202815206333:role/LabRole",
            "assume_role_policy": "{\"Version\":\"2012-10-17\",\"Statement\":[{\"Effect\":\"Allow\",\"Principal\":{\"Service\":[\"cloudfront.amazonaws.com\",\"personalize.amazonaws.com\",\"logs.amazonaws.com\",\"ec2.amazonaws.com\",\"glue.amazonaws.com\",\"credentials.iot.amazonaws.com\",\"cloudtrail.amazonaws.com\",\"cloud9.amazonaws.com\",\"codedeploy.amazonaws.com\",\"sqs.amazonaws.com\",\"elasticfilesystem.amazonaws.com\",\"application-autoscaling.amazonaws.com\",\"eks.amazonaws.com\",\"elasticloadbalancing.amazonaws.com\",\"elasticbeanstalk.amazonaws.com\",\"kms.amazonaws.com\",\"ssm.amazonaws.com\",\"redshift.amazonaws.com\",\"sns.amazonaws.com\",\"databrew.amazonaws.com\",\"iotanalytics.amazonaws.com\",\"iotevents.amazonaws.com\",\"secretsmanager.amazonaws.com\",\"codecommit.amazonaws.com\",\"storagegateway.amazonaws.com\",\"quicksight.amazonaws.com\",\"sagemaker.amazonaws.com\",\"elasticmapreduce.amazonaws.com\",\"deepracer.amazonaws.com\",\"eks-fargate-pods.amazonaws.com\",\"dynamodb.amazonaws.com\",\"kendra.amazonaws.com\",\"cognito-idp.amazonaws.com\",\"kinesisanalytics.amazonaws.com\",\"s3.amazonaws.com\",\"apigateway.amazonaws.com\",\"kinesis.amazonaws.com\",\"firehose.amazonaws.com\",\"scheduler.amazonaws.com\",\"batch.amazonaws.com\",\"robomaker.amazonaws.com\",\"events.amazonaws.com\",\"cloudformation.amazonaws.com\",\"states.amazonaws.com\",\"ec2.application-autoscaling.amazonaws.com\",\"datapipeline.amazonaws.com\",\"athena.amazonaws.com\",\"lambda.amazonaws.com\",\"rekognition.amazonaws.com\",\"ecs-tasks.amazonaws.com\",\"autoscaling.amazonaws.com\",\"resource-groups.amazonaws.com\",\"servicecatalog.amazonaws.com\",\"backup.amazonaws.com\",\"forecast.amazonaws.com\",\"lex.amazonaws.com\",\"iot.amazonaws.com\",\"rds.amazonaws.com\"],\"AWS\":\"arn:aws:iam::202815206333:role/LabRole\"},\"Action\":\"sts:AssumeRole\"}]}",
            "create_date": "2023-08-09T22:41:34Z",
            "description": "",
            "id": "LabRole",
            "max_session_duration": 3600,
            "name": "LabRole",
            "path": "/",
            "permissions_boundary": "",
            "role_last_used": [
              {
                "last_used_date": "2023-10-16T22:30:11Z",
                "region": "us-east-1"
              }
            ],
            "tags": {
              "cloudlab": "c90778a1999054l4557369t1w202815206333"
            },
            "unique_id": "AROAS6OF2OO6TYCMOMHV2"
          },
          "sensitive_attributes": []
        }
      ]
    },
    {
      "module": "module.api_gateway.module.lambda[\"reports-POST\"]",
      "mode": "managed",
      "type": "aws_lambda_function",
      "name": "index",
      "provider": "provider[\"registry.terraform.io/hashicorp/aws\"]",
      "instances": [
        {
          "schema_version": 0,
          "attributes": {
            "architectures": [
              "x86_64"
            ],
            "arn": "arn:aws:lambda:us-east-1:202815206333:function:create_report",
            "code_signing_config_arn": "",
            "dead_letter_config": [],
            "description": "",
            "environment": [],
            "ephemeral_storage": [
              {
                "size": 512
              }
            ],
            "file_system_config": [],
            "filename": "resources/lambda_sources/lambda.zip",
            "function_name": "create_report",
            "handler": "main.handler",
            "id": "create_report",
            "image_config": [],
            "image_uri": "",
            "invoke_arn": "arn:aws:apigateway:us-east-1:lambda:path/2015-03-31/functions/arn:aws:lambda:us-east-1:202815206333:function:create_report/invocations",
            "kms_key_arn": "",
            "last_modified": "2023-10-17T01:50:40.146+0000",
            "layers": null,
            "memory_size": 128,
            "package_type": "Zip",
            "publish": false,
            "qualified_arn": "arn:aws:lambda:us-east-1:202815206333:function:create_report:$LATEST",
            "qualified_invoke_arn": "arn:aws:apigateway:us-east-1:lambda:path/2015-03-31/functions/arn:aws:lambda:us-east-1:202815206333:function:create_report:$LATEST/invocations",
            "replace_security_groups_on_destroy": null,
            "replacement_security_group_ids": null,
            "reserved_concurrent_executions": -1,
            "role": "arn:aws:iam::202815206333:role/LabRole",
            "runtime": "nodejs18.x",
            "s3_bucket": null,
            "s3_key": null,
            "s3_object_version": null,
            "signing_job_arn": "",
            "signing_profile_version_arn": "",
            "skip_destroy": false,
            "snap_start": [],
            "source_code_hash": "s6Qeji/gfUUncVygH2alKH0ucKtUAfvQ+vEAipHVnmo=",
            "source_code_size": 339,
            "tags": null,
            "tags_all": {
              "author": "Grupo 4",
              "project": "Condor",
              "version": "1.0",
              "year": "2023"
            },
            "timeout": 3,
            "timeouts": null,
            "tracing_config": [
              {
                "mode": "PassThrough"
              }
            ],
            "version": "$LATEST",
            "vpc_config": []
          },
          "sensitive_attributes": [],
          "private": "eyJlMmJmYjczMC1lY2FhLTExZTYtOGY4OC0zNDM2M2JjN2M0YzAiOnsiY3JlYXRlIjo2MDAwMDAwMDAwMDAsImRlbGV0ZSI6NjAwMDAwMDAwMDAwLCJ1cGRhdGUiOjYwMDAwMDAwMDAwMH19",
          "dependencies": [
            "module.api_gateway.module.lambda.data.aws_iam_role.lambda"
          ],
          "create_before_destroy": true
        }
      ]
    },
    {
      "module": "module.api_gateway.module.lambda[\"reports-POST\"]",
      "mode": "managed",
      "type": "aws_lambda_permission",
      "name": "apigw_lambda",
      "provider": "provider[\"registry.terraform.io/hashicorp/aws\"]",
      "instances": [
        {
          "schema_version": 0,
          "attributes": {
            "action": "lambda:InvokeFunction",
            "event_source_token": null,
            "function_name": "create_report",
            "function_url_auth_type": null,
            "id": "AllowAPIInvoke",
            "principal": "apigateway.amazonaws.com",
            "principal_org_id": null,
            "qualifier": "",
            "source_account": null,
            "source_arn": "arn:aws:execute-api:us-east-1:202815206333:c1nt9zt25b/*/POSTreports",
            "statement_id": "AllowAPIInvoke",
            "statement_id_prefix": ""
          },
          "sensitive_attributes": [],
          "private": "bnVsbA==",
          "dependencies": [
            "module.api_gateway.aws_api_gateway_rest_api.this"
          ],
          "create_before_destroy": true
        }
      ]
    },
    {
      "module": "module.api_gateway.module.lambda[\"{id}-DELETE\"]",
      "mode": "data",
      "type": "aws_iam_role",
      "name": "lambda",
      "provider": "provider[\"registry.terraform.io/hashicorp/aws\"]",
      "instances": [
        {
          "schema_version": 0,
          "attributes": {
            "arn": "arn:aws:iam::202815206333:role/LabRole",
            "assume_role_policy": "{\"Version\":\"2012-10-17\",\"Statement\":[{\"Effect\":\"Allow\",\"Principal\":{\"AWS\":\"arn:aws:iam::202815206333:role/LabRole\",\"Service\":[\"events.amazonaws.com\",\"databrew.amazonaws.com\",\"kinesis.amazonaws.com\",\"lambda.amazonaws.com\",\"ecs-tasks.amazonaws.com\",\"kinesisanalytics.amazonaws.com\",\"iot.amazonaws.com\",\"forecast.amazonaws.com\",\"cognito-idp.amazonaws.com\",\"servicecatalog.amazonaws.com\",\"dynamodb.amazonaws.com\",\"rds.amazonaws.com\",\"eks-fargate-pods.amazonaws.com\",\"backup.amazonaws.com\",\"datapipeline.amazonaws.com\",\"deepracer.amazonaws.com\",\"autoscaling.amazonaws.com\",\"quicksight.amazonaws.com\",\"states.amazonaws.com\",\"elasticmapreduce.amazonaws.com\",\"glue.amazonaws.com\",\"firehose.amazonaws.com\",\"robomaker.amazonaws.com\",\"iotevents.amazonaws.com\",\"batch.amazonaws.com\",\"storagegateway.amazonaws.com\",\"cloudtrail.amazonaws.com\",\"scheduler.amazonaws.com\",\"codecommit.amazonaws.com\",\"logs.amazonaws.com\",\"elasticbeanstalk.amazonaws.com\",\"secretsmanager.amazonaws.com\",\"athena.amazonaws.com\",\"redshift.amazonaws.com\",\"kms.amazonaws.com\",\"cloud9.amazonaws.com\",\"resource-groups.amazonaws.com\",\"credentials.iot.amazonaws.com\",\"kendra.amazonaws.com\",\"ssm.amazonaws.com\",\"lex.amazonaws.com\",\"apigateway.amazonaws.com\",\"sagemaker.amazonaws.com\",\"ec2.amazonaws.com\",\"iotanalytics.amazonaws.com\",\"personalize.amazonaws.com\",\"cloudfront.amazonaws.com\",\"sns.amazonaws.com\",\"s3.amazonaws.com\",\"rekognition.amazonaws.com\",\"eks.amazonaws.com\",\"application-autoscaling.amazonaws.com\",\"elasticloadbalancing.amazonaws.com\",\"cloudformation.amazonaws.com\",\"ec2.application-autoscaling.amazonaws.com\",\"sqs.amazonaws.com\",\"elasticfilesystem.amazonaws.com\",\"codedeploy.amazonaws.com\"]},\"Action\":\"sts:AssumeRole\"}]}",
            "create_date": "2023-08-09T22:41:34Z",
            "description": "",
            "id": "LabRole",
            "max_session_duration": 3600,
            "name": "LabRole",
            "path": "/",
            "permissions_boundary": "",
            "role_last_used": [
              {
                "last_used_date": "2023-10-16T22:30:11Z",
                "region": "us-east-1"
              }
            ],
            "tags": {
              "cloudlab": "c90778a1999054l4557369t1w202815206333"
            },
            "unique_id": "AROAS6OF2OO6TYCMOMHV2"
          },
          "sensitive_attributes": []
        }
      ]
    },
    {
      "module": "module.api_gateway.module.lambda[\"{id}-DELETE\"]",
      "mode": "managed",
      "type": "aws_lambda_function",
      "name": "index",
      "provider": "provider[\"registry.terraform.io/hashicorp/aws\"]",
      "instances": [
        {
          "schema_version": 0,
          "attributes": {
            "architectures": [
              "x86_64"
            ],
            "arn": "arn:aws:lambda:us-east-1:202815206333:function:delete_id",
            "code_signing_config_arn": "",
            "dead_letter_config": [],
            "description": "",
            "environment": [],
            "ephemeral_storage": [
              {
                "size": 512
              }
            ],
            "file_system_config": [],
            "filename": "resources/lambda_sources/lambda.zip",
            "function_name": "delete_id",
            "handler": "main.handler",
            "id": "delete_id",
            "image_config": [],
            "image_uri": "",
            "invoke_arn": "arn:aws:apigateway:us-east-1:lambda:path/2015-03-31/functions/arn:aws:lambda:us-east-1:202815206333:function:delete_id/invocations",
            "kms_key_arn": "",
            "last_modified": "2023-10-17T01:50:58.997+0000",
            "layers": null,
            "memory_size": 128,
            "package_type": "Zip",
            "publish": false,
            "qualified_arn": "arn:aws:lambda:us-east-1:202815206333:function:delete_id:$LATEST",
            "qualified_invoke_arn": "arn:aws:apigateway:us-east-1:lambda:path/2015-03-31/functions/arn:aws:lambda:us-east-1:202815206333:function:delete_id:$LATEST/invocations",
            "replace_security_groups_on_destroy": null,
            "replacement_security_group_ids": null,
            "reserved_concurrent_executions": -1,
            "role": "arn:aws:iam::202815206333:role/LabRole",
            "runtime": "nodejs18.x",
            "s3_bucket": null,
            "s3_key": null,
            "s3_object_version": null,
            "signing_job_arn": "",
            "signing_profile_version_arn": "",
            "skip_destroy": false,
            "snap_start": [],
            "source_code_hash": "s6Qeji/gfUUncVygH2alKH0ucKtUAfvQ+vEAipHVnmo=",
            "source_code_size": 339,
            "tags": null,
            "tags_all": {
              "author": "Grupo 4",
              "project": "Condor",
              "version": "1.0",
              "year": "2023"
            },
            "timeout": 3,
            "timeouts": null,
            "tracing_config": [
              {
                "mode": "PassThrough"
              }
            ],
            "version": "$LATEST",
            "vpc_config": []
          },
          "sensitive_attributes": [],
          "private": "eyJlMmJmYjczMC1lY2FhLTExZTYtOGY4OC0zNDM2M2JjN2M0YzAiOnsiY3JlYXRlIjo2MDAwMDAwMDAwMDAsImRlbGV0ZSI6NjAwMDAwMDAwMDAwLCJ1cGRhdGUiOjYwMDAwMDAwMDAwMH19",
          "dependencies": [
            "module.api_gateway.module.lambda.data.aws_iam_role.lambda"
          ],
          "create_before_destroy": true
        }
      ]
    },
    {
      "module": "module.api_gateway.module.lambda[\"{id}-DELETE\"]",
      "mode": "managed",
      "type": "aws_lambda_permission",
      "name": "apigw_lambda",
      "provider": "provider[\"registry.terraform.io/hashicorp/aws\"]",
      "instances": [
        {
          "schema_version": 0,
          "attributes": {
            "action": "lambda:InvokeFunction",
            "event_source_token": null,
            "function_name": "delete_id",
            "function_url_auth_type": null,
            "id": "AllowAPIInvoke",
            "principal": "apigateway.amazonaws.com",
            "principal_org_id": null,
            "qualifier": "",
            "source_account": null,
            "source_arn": "arn:aws:execute-api:us-east-1:202815206333:c1nt9zt25b/*/DELETE{id}",
            "statement_id": "AllowAPIInvoke",
            "statement_id_prefix": ""
          },
          "sensitive_attributes": [],
          "private": "bnVsbA==",
          "dependencies": [
            "module.api_gateway.aws_api_gateway_rest_api.this"
          ],
          "create_before_destroy": true
        }
      ]
    },
    {
      "module": "module.api_gateway.module.lambda[\"{id}-GET\"]",
      "mode": "data",
      "type": "aws_iam_role",
      "name": "lambda",
      "provider": "provider[\"registry.terraform.io/hashicorp/aws\"]",
      "instances": [
        {
          "schema_version": 0,
          "attributes": {
            "arn": "arn:aws:iam::202815206333:role/LabRole",
            "assume_role_policy": "{\"Version\":\"2012-10-17\",\"Statement\":[{\"Effect\":\"Allow\",\"Principal\":{\"AWS\":\"arn:aws:iam::202815206333:role/LabRole\",\"Service\":[\"events.amazonaws.com\",\"databrew.amazonaws.com\",\"kinesis.amazonaws.com\",\"lambda.amazonaws.com\",\"ecs-tasks.amazonaws.com\",\"kinesisanalytics.amazonaws.com\",\"iot.amazonaws.com\",\"forecast.amazonaws.com\",\"cognito-idp.amazonaws.com\",\"servicecatalog.amazonaws.com\",\"dynamodb.amazonaws.com\",\"rds.amazonaws.com\",\"eks-fargate-pods.amazonaws.com\",\"backup.amazonaws.com\",\"datapipeline.amazonaws.com\",\"deepracer.amazonaws.com\",\"autoscaling.amazonaws.com\",\"quicksight.amazonaws.com\",\"states.amazonaws.com\",\"elasticmapreduce.amazonaws.com\",\"glue.amazonaws.com\",\"firehose.amazonaws.com\",\"robomaker.amazonaws.com\",\"iotevents.amazonaws.com\",\"batch.amazonaws.com\",\"storagegateway.amazonaws.com\",\"cloudtrail.amazonaws.com\",\"scheduler.amazonaws.com\",\"codecommit.amazonaws.com\",\"logs.amazonaws.com\",\"elasticbeanstalk.amazonaws.com\",\"secretsmanager.amazonaws.com\",\"athena.amazonaws.com\",\"redshift.amazonaws.com\",\"kms.amazonaws.com\",\"cloud9.amazonaws.com\",\"resource-groups.amazonaws.com\",\"credentials.iot.amazonaws.com\",\"kendra.amazonaws.com\",\"ssm.amazonaws.com\",\"lex.amazonaws.com\",\"apigateway.amazonaws.com\",\"sagemaker.amazonaws.com\",\"ec2.amazonaws.com\",\"iotanalytics.amazonaws.com\",\"personalize.amazonaws.com\",\"cloudfront.amazonaws.com\",\"sns.amazonaws.com\",\"s3.amazonaws.com\",\"rekognition.amazonaws.com\",\"eks.amazonaws.com\",\"application-autoscaling.amazonaws.com\",\"elasticloadbalancing.amazonaws.com\",\"cloudformation.amazonaws.com\",\"ec2.application-autoscaling.amazonaws.com\",\"sqs.amazonaws.com\",\"elasticfilesystem.amazonaws.com\",\"codedeploy.amazonaws.com\"]},\"Action\":\"sts:AssumeRole\"}]}",
            "create_date": "2023-08-09T22:41:34Z",
            "description": "",
            "id": "LabRole",
            "max_session_duration": 3600,
            "name": "LabRole",
            "path": "/",
            "permissions_boundary": "",
            "role_last_used": [
              {
                "last_used_date": "2023-10-16T22:30:11Z",
                "region": "us-east-1"
              }
            ],
            "tags": {
              "cloudlab": "c90778a1999054l4557369t1w202815206333"
            },
            "unique_id": "AROAS6OF2OO6TYCMOMHV2"
          },
          "sensitive_attributes": []
        }
      ]
    },
    {
      "module": "module.api_gateway.module.lambda[\"{id}-GET\"]",
      "mode": "managed",
      "type": "aws_lambda_function",
      "name": "index",
      "provider": "provider[\"registry.terraform.io/hashicorp/aws\"]",
      "instances": [
        {
          "schema_version": 0,
          "attributes": {
            "architectures": [
              "x86_64"
            ],
            "arn": "arn:aws:lambda:us-east-1:202815206333:function:get_id",
            "code_signing_config_arn": "",
            "dead_letter_config": [],
            "description": "",
            "environment": [],
            "ephemeral_storage": [
              {
                "size": 512
              }
            ],
            "file_system_config": [],
            "filename": "resources/lambda_sources/lambda.zip",
            "function_name": "get_id",
            "handler": "main.handler",
            "id": "get_id",
            "image_config": [],
            "image_uri": "",
            "invoke_arn": "arn:aws:apigateway:us-east-1:lambda:path/2015-03-31/functions/arn:aws:lambda:us-east-1:202815206333:function:get_id/invocations",
            "kms_key_arn": "",
            "last_modified": "2023-10-17T01:51:06.146+0000",
            "layers": null,
            "memory_size": 128,
            "package_type": "Zip",
            "publish": false,
            "qualified_arn": "arn:aws:lambda:us-east-1:202815206333:function:get_id:$LATEST",
            "qualified_invoke_arn": "arn:aws:apigateway:us-east-1:lambda:path/2015-03-31/functions/arn:aws:lambda:us-east-1:202815206333:function:get_id:$LATEST/invocations",
            "replace_security_groups_on_destroy": null,
            "replacement_security_group_ids": null,
            "reserved_concurrent_executions": -1,
            "role": "arn:aws:iam::202815206333:role/LabRole",
            "runtime": "nodejs18.x",
            "s3_bucket": null,
            "s3_key": null,
            "s3_object_version": null,
            "signing_job_arn": "",
            "signing_profile_version_arn": "",
            "skip_destroy": false,
            "snap_start": [],
            "source_code_hash": "s6Qeji/gfUUncVygH2alKH0ucKtUAfvQ+vEAipHVnmo=",
            "source_code_size": 339,
            "tags": null,
            "tags_all": {
              "author": "Grupo 4",
              "project": "Condor",
              "version": "1.0",
              "year": "2023"
            },
            "timeout": 3,
            "timeouts": null,
            "tracing_config": [
              {
                "mode": "PassThrough"
              }
            ],
            "version": "$LATEST",
            "vpc_config": []
          },
          "sensitive_attributes": [],
          "private": "eyJlMmJmYjczMC1lY2FhLTExZTYtOGY4OC0zNDM2M2JjN2M0YzAiOnsiY3JlYXRlIjo2MDAwMDAwMDAwMDAsImRlbGV0ZSI6NjAwMDAwMDAwMDAwLCJ1cGRhdGUiOjYwMDAwMDAwMDAwMH19",
          "dependencies": [
            "module.api_gateway.module.lambda.data.aws_iam_role.lambda"
          ],
          "create_before_destroy": true
        }
      ]
    },
    {
      "module": "module.api_gateway.module.lambda[\"{id}-GET\"]",
      "mode": "managed",
      "type": "aws_lambda_permission",
      "name": "apigw_lambda",
      "provider": "provider[\"registry.terraform.io/hashicorp/aws\"]",
      "instances": [
        {
          "schema_version": 0,
          "attributes": {
            "action": "lambda:InvokeFunction",
            "event_source_token": null,
            "function_name": "get_id",
            "function_url_auth_type": null,
            "id": "AllowAPIInvoke",
            "principal": "apigateway.amazonaws.com",
            "principal_org_id": null,
            "qualifier": "",
            "source_account": null,
            "source_arn": "arn:aws:execute-api:us-east-1:202815206333:c1nt9zt25b/*/GET{id}",
            "statement_id": "AllowAPIInvoke",
            "statement_id_prefix": ""
          },
          "sensitive_attributes": [],
          "private": "bnVsbA==",
          "dependencies": [
            "module.api_gateway.aws_api_gateway_rest_api.this"
          ],
          "create_before_destroy": true
        }
      ]
    },
    {
      "module": "module.api_gateway.module.lambda[\"{id}-PUT\"]",
      "mode": "data",
      "type": "aws_iam_role",
      "name": "lambda",
      "provider": "provider[\"registry.terraform.io/hashicorp/aws\"]",
      "instances": [
        {
          "schema_version": 0,
          "attributes": {
            "arn": "arn:aws:iam::202815206333:role/LabRole",
            "assume_role_policy": "{\"Version\":\"2012-10-17\",\"Statement\":[{\"Effect\":\"Allow\",\"Principal\":{\"AWS\":\"arn:aws:iam::202815206333:role/LabRole\",\"Service\":[\"events.amazonaws.com\",\"databrew.amazonaws.com\",\"kinesis.amazonaws.com\",\"lambda.amazonaws.com\",\"ecs-tasks.amazonaws.com\",\"kinesisanalytics.amazonaws.com\",\"iot.amazonaws.com\",\"forecast.amazonaws.com\",\"cognito-idp.amazonaws.com\",\"servicecatalog.amazonaws.com\",\"dynamodb.amazonaws.com\",\"rds.amazonaws.com\",\"eks-fargate-pods.amazonaws.com\",\"backup.amazonaws.com\",\"datapipeline.amazonaws.com\",\"deepracer.amazonaws.com\",\"autoscaling.amazonaws.com\",\"quicksight.amazonaws.com\",\"states.amazonaws.com\",\"elasticmapreduce.amazonaws.com\",\"glue.amazonaws.com\",\"firehose.amazonaws.com\",\"robomaker.amazonaws.com\",\"iotevents.amazonaws.com\",\"batch.amazonaws.com\",\"storagegateway.amazonaws.com\",\"cloudtrail.amazonaws.com\",\"scheduler.amazonaws.com\",\"codecommit.amazonaws.com\",\"logs.amazonaws.com\",\"elasticbeanstalk.amazonaws.com\",\"secretsmanager.amazonaws.com\",\"athena.amazonaws.com\",\"redshift.amazonaws.com\",\"kms.amazonaws.com\",\"cloud9.amazonaws.com\",\"resource-groups.amazonaws.com\",\"credentials.iot.amazonaws.com\",\"kendra.amazonaws.com\",\"ssm.amazonaws.com\",\"lex.amazonaws.com\",\"apigateway.amazonaws.com\",\"sagemaker.amazonaws.com\",\"ec2.amazonaws.com\",\"iotanalytics.amazonaws.com\",\"personalize.amazonaws.com\",\"cloudfront.amazonaws.com\",\"sns.amazonaws.com\",\"s3.amazonaws.com\",\"rekognition.amazonaws.com\",\"eks.amazonaws.com\",\"application-autoscaling.amazonaws.com\",\"elasticloadbalancing.amazonaws.com\",\"cloudformation.amazonaws.com\",\"ec2.application-autoscaling.amazonaws.com\",\"sqs.amazonaws.com\",\"elasticfilesystem.amazonaws.com\",\"codedeploy.amazonaws.com\"]},\"Action\":\"sts:AssumeRole\"}]}",
            "create_date": "2023-08-09T22:41:34Z",
            "description": "",
            "id": "LabRole",
            "max_session_duration": 3600,
            "name": "LabRole",
            "path": "/",
            "permissions_boundary": "",
            "role_last_used": [
              {
                "last_used_date": "2023-10-16T22:30:11Z",
                "region": "us-east-1"
              }
            ],
            "tags": {
              "cloudlab": "c90778a1999054l4557369t1w202815206333"
            },
            "unique_id": "AROAS6OF2OO6TYCMOMHV2"
          },
          "sensitive_attributes": []
        }
      ]
    },
    {
      "module": "module.api_gateway.module.lambda[\"{id}-PUT\"]",
      "mode": "managed",
      "type": "aws_lambda_function",
      "name": "index",
      "provider": "provider[\"registry.terraform.io/hashicorp/aws\"]",
      "instances": [
        {
          "schema_version": 0,
          "attributes": {
            "architectures": [
              "x86_64"
            ],
            "arn": "arn:aws:lambda:us-east-1:202815206333:function:update_id",
            "code_signing_config_arn": "",
            "dead_letter_config": [],
            "description": "",
            "environment": [],
            "ephemeral_storage": [
              {
                "size": 512
              }
            ],
            "file_system_config": [],
            "filename": "resources/lambda_sources/lambda.zip",
            "function_name": "update_id",
            "handler": "main.handler",
            "id": "update_id",
            "image_config": [],
            "image_uri": "",
            "invoke_arn": "arn:aws:apigateway:us-east-1:lambda:path/2015-03-31/functions/arn:aws:lambda:us-east-1:202815206333:function:update_id/invocations",
            "kms_key_arn": "",
            "last_modified": "2023-10-17T01:50:47.713+0000",
            "layers": null,
            "memory_size": 128,
            "package_type": "Zip",
            "publish": false,
            "qualified_arn": "arn:aws:lambda:us-east-1:202815206333:function:update_id:$LATEST",
            "qualified_invoke_arn": "arn:aws:apigateway:us-east-1:lambda:path/2015-03-31/functions/arn:aws:lambda:us-east-1:202815206333:function:update_id:$LATEST/invocations",
            "replace_security_groups_on_destroy": null,
            "replacement_security_group_ids": null,
            "reserved_concurrent_executions": -1,
            "role": "arn:aws:iam::202815206333:role/LabRole",
            "runtime": "nodejs18.x",
            "s3_bucket": null,
            "s3_key": null,
            "s3_object_version": null,
            "signing_job_arn": "",
            "signing_profile_version_arn": "",
            "skip_destroy": false,
            "snap_start": [],
            "source_code_hash": "s6Qeji/gfUUncVygH2alKH0ucKtUAfvQ+vEAipHVnmo=",
            "source_code_size": 339,
            "tags": null,
            "tags_all": {
              "author": "Grupo 4",
              "project": "Condor",
              "version": "1.0",
              "year": "2023"
            },
            "timeout": 3,
            "timeouts": null,
            "tracing_config": [
              {
                "mode": "PassThrough"
              }
            ],
            "version": "$LATEST",
            "vpc_config": []
          },
          "sensitive_attributes": [],
          "private": "eyJlMmJmYjczMC1lY2FhLTExZTYtOGY4OC0zNDM2M2JjN2M0YzAiOnsiY3JlYXRlIjo2MDAwMDAwMDAwMDAsImRlbGV0ZSI6NjAwMDAwMDAwMDAwLCJ1cGRhdGUiOjYwMDAwMDAwMDAwMH19",
          "dependencies": [
            "module.api_gateway.module.lambda.data.aws_iam_role.lambda"
          ],
          "create_before_destroy": true
        }
      ]
    },
    {
      "module": "module.api_gateway.module.lambda[\"{id}-PUT\"]",
      "mode": "managed",
      "type": "aws_lambda_permission",
      "name": "apigw_lambda",
      "provider": "provider[\"registry.terraform.io/hashicorp/aws\"]",
      "instances": [
        {
          "schema_version": 0,
          "attributes": {
            "action": "lambda:InvokeFunction",
            "event_source_token": null,
            "function_name": "update_id",
            "function_url_auth_type": null,
            "id": "AllowAPIInvoke",
            "principal": "apigateway.amazonaws.com",
            "principal_org_id": null,
            "qualifier": "",
            "source_account": null,
            "source_arn": "arn:aws:execute-api:us-east-1:202815206333:c1nt9zt25b/*/PUT{id}",
            "statement_id": "AllowAPIInvoke",
            "statement_id_prefix": ""
          },
          "sensitive_attributes": [],
          "private": "bnVsbA==",
          "dependencies": [
            "module.api_gateway.aws_api_gateway_rest_api.this"
          ],
          "create_before_destroy": true
        }
      ]
    },
    {
      "module": "module.cognito",
      "mode": "managed",
      "type": "aws_cognito_user_pool",
      "name": "this",
      "provider": "provider[\"registry.terraform.io/hashicorp/aws\"]",
      "instances": [
        {
          "schema_version": 0,
          "attributes": {
            "account_recovery_setting": [
              {
                "recovery_mechanism": [
                  {
                    "name": "verified_email",
                    "priority": 1
                  },
                  {
                    "name": "verified_phone_number",
                    "priority": 2
                  }
                ]
              }
            ],
            "admin_create_user_config": [
              {
                "allow_admin_create_user_only": false,
                "invite_message_template": []
              }
            ],
            "alias_attributes": [
              "email"
            ],
            "arn": "arn:aws:cognito-idp:us-east-1:202815206333:userpool/us-east-1_Nci7kHQiQ",
            "auto_verified_attributes": [
              "email"
            ],
            "creation_date": "2023-10-17T01:26:40Z",
            "custom_domain": "",
            "deletion_protection": "INACTIVE",
            "device_configuration": [],
            "domain": "",
            "email_configuration": [
              {
                "configuration_set": "",
                "email_sending_account": "COGNITO_DEFAULT",
                "from_email_address": "",
                "reply_to_email_address": "",
                "source_arn": ""
              }
            ],
            "email_verification_message": "Please use the following code: {####}",
            "email_verification_subject": "Your Verification Code",
            "endpoint": "cognito-idp.us-east-1.amazonaws.com/us-east-1_Nci7kHQiQ",
            "estimated_number_of_users": 0,
            "id": "us-east-1_Nci7kHQiQ",
            "lambda_config": [],
            "last_modified_date": "2023-10-17T01:50:44Z",
            "mfa_configuration": "OFF",
            "name": "this",
            "password_policy": [
              {
                "minimum_length": 6,
                "require_lowercase": true,
                "require_numbers": true,
                "require_symbols": true,
                "require_uppercase": true,
                "temporary_password_validity_days": 7
              }
            ],
            "schema": [
              {
                "attribute_data_type": "String",
                "developer_only_attribute": false,
                "mutable": true,
                "name": "email",
                "number_attribute_constraints": [],
                "required": true,
                "string_attribute_constraints": [
                  {
                    "max_length": "256",
                    "min_length": "4"
                  }
                ]
              },
              {
                "attribute_data_type": "String",
                "developer_only_attribute": false,
                "mutable": true,
                "name": "name",
                "number_attribute_constraints": [],
                "required": true,
                "string_attribute_constraints": [
                  {
                    "max_length": "256",
                    "min_length": "3"
                  }
                ]
              }
            ],
            "sms_authentication_message": "",
            "sms_configuration": [],
            "sms_verification_message": "",
            "software_token_mfa_configuration": [],
            "tags": {},
            "tags_all": {
              "author": "Grupo 4",
              "project": "Condor",
              "version": "1.0",
              "year": "2023"
            },
            "user_attribute_update_settings": [],
            "user_pool_add_ons": [],
            "username_attributes": [],
            "username_configuration": [
              {
                "case_sensitive": false
              }
            ],
            "verification_message_template": [
              {
                "default_email_option": "CONFIRM_WITH_CODE",
                "email_message": "Please use the following code: {####}",
                "email_message_by_link": "",
                "email_subject": "Your Verification Code",
                "email_subject_by_link": "",
                "sms_message": ""
              }
            ]
          },
          "sensitive_attributes": [],
          "private": "bnVsbA=="
        }
      ]
    },
    {
      "module": "module.cognito",
      "mode": "managed",
      "type": "aws_cognito_user_pool_client",
      "name": "this",
      "provider": "provider[\"registry.terraform.io/hashicorp/aws\"]",
      "instances": [
        {
          "schema_version": 0,
          "attributes": {
            "access_token_validity": 0,
            "allowed_oauth_flows": [],
            "allowed_oauth_flows_user_pool_client": false,
            "allowed_oauth_scopes": [],
            "analytics_configuration": [],
            "auth_session_validity": 3,
            "callback_urls": [],
            "client_secret": "",
            "default_redirect_uri": "",
            "enable_propagate_additional_user_context_data": false,
            "enable_token_revocation": true,
            "explicit_auth_flows": [
              "ALLOW_ADMIN_USER_PASSWORD_AUTH",
              "ALLOW_REFRESH_TOKEN_AUTH",
              "ALLOW_USER_PASSWORD_AUTH"
            ],
            "generate_secret": null,
            "id": "ag8isda8jogm50fjbev6qq21u",
            "id_token_validity": 0,
            "logout_urls": [],
            "name": "this",
            "prevent_user_existence_errors": "",
            "read_attributes": [],
            "refresh_token_validity": 30,
            "supported_identity_providers": [],
            "token_validity_units": [],
            "user_pool_id": "us-east-1_Nci7kHQiQ",
            "write_attributes": []
          },
          "sensitive_attributes": [],
          "dependencies": [
            "module.cognito.aws_cognito_user_pool.this"
          ]
        }
      ]
    },
    {
      "module": "module.frontend",
      "mode": "data",
      "type": "aws_iam_policy_document",
      "name": "frontend",
      "provider": "provider[\"registry.terraform.io/hashicorp/aws\"]",
      "instances": [
        {
          "schema_version": 0,
          "attributes": {
            "id": "1640813228",
            "json": "{\n  \"Version\": \"2012-10-17\",\n  \"Statement\": [\n    {\n      \"Sid\": \"AllowPublicRead\",\n      \"Effect\": \"Allow\",\n      \"Action\": \"s3:GetObject\",\n      \"Resource\": \"arn:aws:s3:::dev.condor.com/*\",\n      \"Principal\": {\n        \"AWS\": \"*\"\n      }\n    }\n  ]\n}",
            "override_policy_documents": null,
            "policy_id": null,
            "source_policy_documents": null,
            "statement": [
              {
                "actions": [
                  "s3:GetObject"
                ],
                "condition": [],
                "effect": "Allow",
                "not_actions": [],
                "not_principals": [],
                "not_resources": [],
                "principals": [
                  {
                    "identifiers": [
                      "*"
                    ],
                    "type": "AWS"
                  }
                ],
                "resources": [
                  "arn:aws:s3:::dev.condor.com/*"
                ],
                "sid": "AllowPublicRead"
              }
            ],
            "version": "2012-10-17"
          },
          "sensitive_attributes": []
        }
      ]
    },
    {
      "module": "module.frontend",
      "mode": "data",
      "type": "aws_iam_policy_document",
      "name": "www",
      "provider": "provider[\"registry.terraform.io/hashicorp/aws\"]",
      "instances": [
        {
          "schema_version": 0,
          "attributes": {
            "id": "3595633876",
            "json": "{\n  \"Version\": \"2012-10-17\",\n  \"Statement\": [\n    {\n      \"Sid\": \"AllowPublicRead\",\n      \"Effect\": \"Allow\",\n      \"Action\": \"s3:GetObject\",\n      \"Resource\": \"arn:aws:s3:::www.dev.condor.com/*\",\n      \"Principal\": {\n        \"AWS\": \"*\"\n      }\n    }\n  ]\n}",
            "override_policy_documents": null,
            "policy_id": null,
            "source_policy_documents": null,
            "statement": [
              {
                "actions": [
                  "s3:GetObject"
                ],
                "condition": [],
                "effect": "Allow",
                "not_actions": [],
                "not_principals": [],
                "not_resources": [],
                "principals": [
                  {
                    "identifiers": [
                      "*"
                    ],
                    "type": "AWS"
                  }
                ],
                "resources": [
                  "arn:aws:s3:::www.dev.condor.com/*"
                ],
                "sid": "AllowPublicRead"
              }
            ],
            "version": "2012-10-17"
          },
          "sensitive_attributes": []
        }
      ]
    },
    {
      "module": "module.frontend",
      "mode": "managed",
      "type": "aws_s3_bucket",
      "name": "frontend",
      "provider": "provider[\"registry.terraform.io/hashicorp/aws\"]",
      "instances": [
        {
          "schema_version": 0,
          "attributes": {
            "acceleration_status": "",
            "acl": null,
            "arn": "arn:aws:s3:::dev.condor.com",
            "bucket": "dev.condor.com",
            "bucket_domain_name": "dev.condor.com.s3.amazonaws.com",
            "bucket_prefix": "",
            "bucket_regional_domain_name": "dev.condor.com.s3.us-east-1.amazonaws.com",
            "cors_rule": [],
            "force_destroy": true,
            "grant": [
              {
                "id": "fb471ab6d2290bc5104b6686f724bd24f5b7e2f65a4423195b18157842e36074",
                "permissions": [
                  "FULL_CONTROL"
                ],
                "type": "CanonicalUser",
                "uri": ""
              }
            ],
            "hosted_zone_id": "Z3AQBSTGFYJSTF",
            "id": "dev.condor.com",
            "lifecycle_rule": [],
            "logging": [
              {
                "target_bucket": "dev.condor-logs",
                "target_prefix": "condor-logs/"
              }
            ],
            "object_lock_configuration": [],
            "object_lock_enabled": false,
            "policy": "",
            "region": "us-east-1",
            "replication_configuration": [],
            "request_payer": "BucketOwner",
            "server_side_encryption_configuration": [
              {
                "rule": [
                  {
                    "apply_server_side_encryption_by_default": [
                      {
                        "kms_master_key_id": "",
                        "sse_algorithm": "AES256"
                      }
                    ],
                    "bucket_key_enabled": false
                  }
                ]
              }
            ],
            "tags": {
              "type": "frontend"
            },
            "tags_all": {
              "author": "Grupo 4",
              "project": "Condor",
              "type": "frontend",
              "version": "1.0",
              "year": "2023"
            },
            "timeouts": null,
            "versioning": [
              {
                "enabled": false,
                "mfa_delete": false
              }
            ],
            "website": [
              {
                "error_document": "index.html",
                "index_document": "index.html",
                "redirect_all_requests_to": "",
                "routing_rules": ""
              }
            ],
            "website_domain": "s3-website-us-east-1.amazonaws.com",
            "website_endpoint": "dev.condor.com.s3-website-us-east-1.amazonaws.com"
          },
          "sensitive_attributes": [],
          "private": "eyJlMmJmYjczMC1lY2FhLTExZTYtOGY4OC0zNDM2M2JjN2M0YzAiOnsiY3JlYXRlIjoxMjAwMDAwMDAwMDAwLCJkZWxldGUiOjM2MDAwMDAwMDAwMDAsInJlYWQiOjEyMDAwMDAwMDAwMDAsInVwZGF0ZSI6MTIwMDAwMDAwMDAwMH19"
        }
      ]
    },
    {
      "module": "module.frontend",
      "mode": "managed",
      "type": "aws_s3_bucket",
      "name": "www",
      "provider": "provider[\"registry.terraform.io/hashicorp/aws\"]",
      "instances": [
        {
          "schema_version": 0,
          "attributes": {
            "acceleration_status": "",
            "acl": null,
            "arn": "arn:aws:s3:::www.dev.condor.com",
            "bucket": "www.dev.condor.com",
            "bucket_domain_name": "www.dev.condor.com.s3.amazonaws.com",
            "bucket_prefix": "",
            "bucket_regional_domain_name": "www.dev.condor.com.s3.us-east-1.amazonaws.com",
            "cors_rule": [],
            "force_destroy": true,
            "grant": [
              {
                "id": "fb471ab6d2290bc5104b6686f724bd24f5b7e2f65a4423195b18157842e36074",
                "permissions": [
                  "FULL_CONTROL"
                ],
                "type": "CanonicalUser",
                "uri": ""
              }
            ],
            "hosted_zone_id": "Z3AQBSTGFYJSTF",
            "id": "www.dev.condor.com",
            "lifecycle_rule": [],
            "logging": [],
            "object_lock_configuration": [],
            "object_lock_enabled": false,
            "policy": "",
            "region": "us-east-1",
            "replication_configuration": [],
            "request_payer": "BucketOwner",
            "server_side_encryption_configuration": [
              {
                "rule": [
                  {
                    "apply_server_side_encryption_by_default": [
                      {
                        "kms_master_key_id": "",
                        "sse_algorithm": "AES256"
                      }
                    ],
                    "bucket_key_enabled": false
                  }
                ]
              }
            ],
            "tags": {
              "type": "frontend"
            },
            "tags_all": {
              "author": "Grupo 4",
              "project": "Condor",
              "type": "frontend",
              "version": "1.0",
              "year": "2023"
            },
            "timeouts": null,
            "versioning": [
              {
                "enabled": false,
                "mfa_delete": false
              }
            ],
            "website": [
              {
                "error_document": "",
                "index_document": "",
                "redirect_all_requests_to": "dev.condor.com.s3.amazonaws.com",
                "routing_rules": ""
              }
            ],
            "website_domain": "s3-website-us-east-1.amazonaws.com",
            "website_endpoint": "www.dev.condor.com.s3-website-us-east-1.amazonaws.com"
          },
          "sensitive_attributes": [],
          "private": "eyJlMmJmYjczMC1lY2FhLTExZTYtOGY4OC0zNDM2M2JjN2M0YzAiOnsiY3JlYXRlIjoxMjAwMDAwMDAwMDAwLCJkZWxldGUiOjM2MDAwMDAwMDAwMDAsInJlYWQiOjEyMDAwMDAwMDAwMDAsInVwZGF0ZSI6MTIwMDAwMDAwMDAwMH19"
        }
      ]
    },
    {
      "module": "module.frontend",
      "mode": "managed",
      "type": "aws_s3_bucket_server_side_encryption_configuration",
      "name": "frontend",
      "provider": "provider[\"registry.terraform.io/hashicorp/aws\"]",
      "instances": [
        {
          "schema_version": 0,
          "attributes": {
            "bucket": "dev.condor.com",
            "expected_bucket_owner": "",
            "id": "dev.condor.com",
            "rule": [
              {
                "apply_server_side_encryption_by_default": [
                  {
                    "kms_master_key_id": "",
                    "sse_algorithm": "AES256"
                  }
                ],
                "bucket_key_enabled": false
              }
            ]
          },
          "sensitive_attributes": [],
          "private": "bnVsbA==",
          "dependencies": [
            "module.frontend.aws_s3_bucket.frontend"
          ]
        }
      ]
    },
    {
      "module": "module.frontend",
      "mode": "managed",
      "type": "aws_s3_bucket_server_side_encryption_configuration",
      "name": "www",
      "provider": "provider[\"registry.terraform.io/hashicorp/aws\"]",
      "instances": [
        {
          "schema_version": 0,
          "attributes": {
            "bucket": "www.dev.condor.com",
            "expected_bucket_owner": "",
            "id": "www.dev.condor.com",
            "rule": [
              {
                "apply_server_side_encryption_by_default": [
                  {
                    "kms_master_key_id": "",
                    "sse_algorithm": "AES256"
                  }
                ],
                "bucket_key_enabled": false
              }
            ]
          },
          "sensitive_attributes": [],
          "private": "bnVsbA==",
          "dependencies": [
            "module.frontend.aws_s3_bucket.www"
          ]
        }
      ]
    },
    {
      "module": "module.frontend",
      "mode": "managed",
      "type": "aws_s3_bucket_website_configuration",
      "name": "frontend",
      "provider": "provider[\"registry.terraform.io/hashicorp/aws\"]",
      "instances": [
        {
          "schema_version": 0,
          "attributes": {
            "bucket": "dev.condor.com",
            "error_document": [
              {
                "key": "index.html"
              }
            ],
            "expected_bucket_owner": "",
            "id": "dev.condor.com",
            "index_document": [
              {
                "suffix": "index.html"
              }
            ],
            "redirect_all_requests_to": [],
            "routing_rule": [],
            "routing_rules": "",
            "website_domain": "s3-website-us-east-1.amazonaws.com",
            "website_endpoint": "dev.condor.com.s3-website-us-east-1.amazonaws.com"
          },
          "sensitive_attributes": [],
          "private": "bnVsbA==",
          "dependencies": [
            "module.frontend.aws_s3_bucket.frontend"
          ]
        }
      ]
    },
    {
      "module": "module.frontend",
      "mode": "managed",
      "type": "aws_s3_bucket_website_configuration",
      "name": "www",
      "provider": "provider[\"registry.terraform.io/hashicorp/aws\"]",
      "instances": [
        {
          "schema_version": 0,
          "attributes": {
            "bucket": "www.dev.condor.com",
            "error_document": [],
            "expected_bucket_owner": "",
            "id": "www.dev.condor.com",
            "index_document": [],
            "redirect_all_requests_to": [
              {
                "host_name": "dev.condor.com.s3.amazonaws.com",
                "protocol": ""
              }
            ],
            "routing_rule": [],
            "routing_rules": "",
            "website_domain": "s3-website-us-east-1.amazonaws.com",
            "website_endpoint": "www.dev.condor.com.s3-website-us-east-1.amazonaws.com"
          },
          "sensitive_attributes": [],
          "private": "bnVsbA==",
          "dependencies": [
            "module.frontend.aws_s3_bucket.frontend",
            "module.frontend.aws_s3_bucket.www"
          ]
        }
      ]
    },
    {
      "module": "module.frontend",
      "mode": "managed",
      "type": "aws_s3_object",
      "name": "frontend",
      "provider": "provider[\"registry.terraform.io/hashicorp/aws\"]",
      "instances": [
        {
          "index_key": "index.html",
          "schema_version": 0,
          "attributes": {
            "acl": null,
            "bucket": "dev.condor.com",
            "bucket_key_enabled": false,
            "cache_control": "",
            "checksum_algorithm": null,
            "checksum_crc32": "",
            "checksum_crc32c": "",
            "checksum_sha1": "",
            "checksum_sha256": "",
            "content": null,
            "content_base64": null,
            "content_disposition": "",
            "content_encoding": "",
            "content_language": "",
            "content_type": "text/html",
            "etag": "06aec403c6804f66cebeec3b07a04753",
            "force_destroy": false,
            "id": "index.html",
            "key": "index.html",
            "kms_key_id": null,
            "metadata": {},
            "object_lock_legal_hold_status": "",
            "object_lock_mode": "",
            "object_lock_retain_until_date": "",
            "server_side_encryption": "AES256",
            "source": "./resources/frontend/index.html",
            "source_hash": null,
            "storage_class": "STANDARD",
            "tags": {},
            "tags_all": {
              "author": "Grupo 4",
              "project": "Condor",
              "version": "1.0",
              "year": "2023"
            },
            "version_id": "",
            "website_redirect": ""
          },
          "sensitive_attributes": [],
          "private": "bnVsbA==",
          "dependencies": [
            "module.frontend.aws_s3_bucket.frontend"
          ]
        },
        {
          "index_key": "styles.css",
          "schema_version": 0,
          "attributes": {
            "acl": null,
            "bucket": "dev.condor.com",
            "bucket_key_enabled": false,
            "cache_control": "",
            "checksum_algorithm": null,
            "checksum_crc32": "",
            "checksum_crc32c": "",
            "checksum_sha1": "",
            "checksum_sha256": "",
            "content": null,
            "content_base64": null,
            "content_disposition": "",
            "content_encoding": "",
            "content_language": "",
            "content_type": "text/css",
            "etag": "3fce2cf18995e5c1378dd297ffb484be",
            "force_destroy": false,
            "id": "styles.css",
            "key": "styles.css",
            "kms_key_id": null,
            "metadata": {},
            "object_lock_legal_hold_status": "",
            "object_lock_mode": "",
            "object_lock_retain_until_date": "",
            "server_side_encryption": "AES256",
            "source": "./resources/frontend/styles.css",
            "source_hash": null,
            "storage_class": "STANDARD",
            "tags": {},
            "tags_all": {
              "author": "Grupo 4",
              "project": "Condor",
              "version": "1.0",
              "year": "2023"
            },
            "version_id": "",
            "website_redirect": ""
          },
          "sensitive_attributes": [],
          "private": "bnVsbA==",
          "dependencies": [
            "module.frontend.aws_s3_bucket.frontend"
          ]
        }
      ]
    },
    {
      "module": "module.logging",
      "mode": "data",
      "type": "aws_iam_policy_document",
      "name": "this",
      "provider": "provider[\"registry.terraform.io/hashicorp/aws\"]",
      "instances": [
        {
          "schema_version": 0,
          "attributes": {
            "id": "3168835618",
            "json": "{\n  \"Version\": \"2012-10-17\",\n  \"Statement\": [\n    {\n      \"Sid\": \"AllowPublicRead\",\n      \"Effect\": \"Allow\",\n      \"Action\": \"s3:GetObject\",\n      \"Resource\": \"arn:aws:s3:::dev.condor-logs/*\",\n      \"Principal\": {\n        \"AWS\": \"*\"\n      }\n    }\n  ]\n}",
            "override_policy_documents": null,
            "policy_id": null,
            "source_policy_documents": null,
            "statement": [
              {
                "actions": [
                  "s3:GetObject"
                ],
                "condition": [],
                "effect": "Allow",
                "not_actions": [],
                "not_principals": [],
                "not_resources": [],
                "principals": [
                  {
                    "identifiers": [
                      "*"
                    ],
                    "type": "AWS"
                  }
                ],
                "resources": [
                  "arn:aws:s3:::dev.condor-logs/*"
                ],
                "sid": "AllowPublicRead"
              }
            ],
            "version": "2012-10-17"
          },
          "sensitive_attributes": []
        }
      ]
    },
    {
      "module": "module.logging",
      "mode": "managed",
      "type": "aws_s3_bucket",
      "name": "this",
      "provider": "provider[\"registry.terraform.io/hashicorp/aws\"]",
      "instances": [
        {
          "schema_version": 0,
          "attributes": {
            "acceleration_status": "",
            "acl": null,
            "arn": "arn:aws:s3:::dev.condor-logs",
            "bucket": "dev.condor-logs",
            "bucket_domain_name": "dev.condor-logs.s3.amazonaws.com",
            "bucket_prefix": "",
            "bucket_regional_domain_name": "dev.condor-logs.s3.us-east-1.amazonaws.com",
            "cors_rule": [],
            "force_destroy": false,
            "grant": [
              {
                "id": "fb471ab6d2290bc5104b6686f724bd24f5b7e2f65a4423195b18157842e36074",
                "permissions": [
                  "FULL_CONTROL"
                ],
                "type": "CanonicalUser",
                "uri": ""
              }
            ],
            "hosted_zone_id": "Z3AQBSTGFYJSTF",
            "id": "dev.condor-logs",
            "lifecycle_rule": [],
            "logging": [],
            "object_lock_configuration": [],
            "object_lock_enabled": false,
            "policy": "",
            "region": "us-east-1",
            "replication_configuration": [],
            "request_payer": "BucketOwner",
            "server_side_encryption_configuration": [
              {
                "rule": [
                  {
                    "apply_server_side_encryption_by_default": [
                      {
                        "kms_master_key_id": "",
                        "sse_algorithm": "AES256"
                      }
                    ],
                    "bucket_key_enabled": false
                  }
                ]
              }
            ],
            "tags": {},
            "tags_all": {
              "author": "Grupo 4",
              "project": "Condor",
              "version": "1.0",
              "year": "2023"
            },
            "timeouts": null,
            "versioning": [
              {
                "enabled": false,
                "mfa_delete": false
              }
            ],
            "website": [],
            "website_domain": null,
            "website_endpoint": null
          },
          "sensitive_attributes": [],
          "private": "eyJlMmJmYjczMC1lY2FhLTExZTYtOGY4OC0zNDM2M2JjN2M0YzAiOnsiY3JlYXRlIjoxMjAwMDAwMDAwMDAwLCJkZWxldGUiOjM2MDAwMDAwMDAwMDAsInJlYWQiOjEyMDAwMDAwMDAwMDAsInVwZGF0ZSI6MTIwMDAwMDAwMDAwMH19"
        }
      ]
    },
    {
      "module": "module.logging",
      "mode": "managed",
      "type": "aws_s3_bucket_logging",
      "name": "this",
      "provider": "provider[\"registry.terraform.io/hashicorp/aws\"]",
      "instances": [
        {
          "schema_version": 0,
          "attributes": {
            "bucket": "dev.condor.com",
            "expected_bucket_owner": "",
            "id": "dev.condor.com",
            "target_bucket": "dev.condor-logs",
            "target_grant": [],
            "target_prefix": "condor-logs/"
          },
          "sensitive_attributes": [],
          "private": "bnVsbA==",
          "dependencies": [
            "module.frontend.aws_s3_bucket.frontend",
            "module.logging.aws_s3_bucket.this"
          ]
        }
      ]
    },
    {
      "module": "module.sns",
      "mode": "data",
      "type": "aws_caller_identity",
      "name": "current",
      "provider": "provider[\"registry.terraform.io/hashicorp/aws\"]",
      "instances": [
        {
          "schema_version": 0,
          "attributes": {
            "account_id": "202815206333",
            "arn": "arn:aws:sts::202815206333:assumed-role/voclabs/user2690933=GALARZA,_AGUSTIN_EZEQUIEL",
            "id": "202815206333",
            "user_id": "AROAS6OF2OO6ZEK6J6HT7:user2690933=GALARZA,_AGUSTIN_EZEQUIEL"
          },
          "sensitive_attributes": []
        }
      ]
    },
    {
      "module": "module.sns",
      "mode": "data",
      "type": "aws_iam_policy_document",
      "name": "this",
      "provider": "provider[\"registry.terraform.io/hashicorp/aws\"]",
      "instances": [
        {
          "index_key": 0,
          "schema_version": 0,
          "attributes": {
            "id": "1870778398",
            "json": "{\n  \"Version\": \"2012-10-17\",\n  \"Statement\": [\n    {\n      \"Sid\": \"__default_statement_ID\",\n      \"Effect\": \"Allow\",\n      \"Action\": [\n        \"sns:Subscribe\",\n        \"sns:SetTopicAttributes\",\n        \"sns:RemovePermission\",\n        \"sns:Receive\",\n        \"sns:Publish\",\n        \"sns:ListSubscriptionsByTopic\",\n        \"sns:GetTopicAttributes\",\n        \"sns:DeleteTopic\",\n        \"sns:AddPermission\"\n      ],\n      \"Resource\": \"arn:aws:sns:us-east-1:202815206333:Reports\",\n      \"Principal\": {\n        \"AWS\": \"*\"\n      },\n      \"Condition\": {\n        \"StringEquals\": {\n          \"AWS:SourceOwner\": \"202815206333\"\n        }\n      }\n    }\n  ]\n}",
            "override_policy_documents": null,
            "policy_id": null,
            "source_policy_documents": null,
            "statement": [
              {
                "actions": [
                  "sns:AddPermission",
                  "sns:DeleteTopic",
                  "sns:GetTopicAttributes",
                  "sns:ListSubscriptionsByTopic",
                  "sns:Publish",
                  "sns:Receive",
                  "sns:RemovePermission",
                  "sns:SetTopicAttributes",
                  "sns:Subscribe"
                ],
                "condition": [
                  {
                    "test": "StringEquals",
                    "values": [
                      "202815206333"
                    ],
                    "variable": "AWS:SourceOwner"
                  }
                ],
                "effect": "Allow",
                "not_actions": [],
                "not_principals": [],
                "not_resources": [],
                "principals": [
                  {
                    "identifiers": [
                      "*"
                    ],
                    "type": "AWS"
                  }
                ],
                "resources": [
                  "arn:aws:sns:us-east-1:202815206333:Reports"
                ],
                "sid": "__default_statement_ID"
              }
            ],
            "version": "2012-10-17"
          },
          "sensitive_attributes": []
        }
      ]
    },
    {
      "module": "module.sns",
      "mode": "managed",
      "type": "aws_sns_topic",
      "name": "this",
      "provider": "provider[\"registry.terraform.io/hashicorp/aws\"]",
      "instances": [
        {
          "index_key": 0,
          "schema_version": 0,
          "attributes": {
            "application_failure_feedback_role_arn": "",
            "application_success_feedback_role_arn": "",
            "application_success_feedback_sample_rate": 0,
            "arn": "arn:aws:sns:us-east-1:202815206333:Reports",
            "content_based_deduplication": false,
            "delivery_policy": "",
            "display_name": "",
            "fifo_topic": false,
            "firehose_failure_feedback_role_arn": "",
            "firehose_success_feedback_role_arn": "",
            "firehose_success_feedback_sample_rate": 0,
            "http_failure_feedback_role_arn": "",
            "http_success_feedback_role_arn": "",
            "http_success_feedback_sample_rate": 0,
            "id": "arn:aws:sns:us-east-1:202815206333:Reports",
            "kms_master_key_id": "",
            "lambda_failure_feedback_role_arn": "",
            "lambda_success_feedback_role_arn": "",
            "lambda_success_feedback_sample_rate": 0,
            "name": "Reports",
            "name_prefix": "",
            "owner": "202815206333",
            "policy": "{\"Statement\":[{\"Action\":[\"sns:Subscribe\",\"sns:SetTopicAttributes\",\"sns:RemovePermission\",\"sns:Receive\",\"sns:Publish\",\"sns:ListSubscriptionsByTopic\",\"sns:GetTopicAttributes\",\"sns:DeleteTopic\",\"sns:AddPermission\"],\"Condition\":{\"StringEquals\":{\"AWS:SourceOwner\":\"202815206333\"}},\"Effect\":\"Allow\",\"Principal\":{\"AWS\":\"*\"},\"Resource\":\"arn:aws:sns:us-east-1:202815206333:Reports\",\"Sid\":\"__default_statement_ID\"}],\"Version\":\"2012-10-17\"}",
            "signature_version": 0,
            "sqs_failure_feedback_role_arn": "",
            "sqs_success_feedback_role_arn": "",
            "sqs_success_feedback_sample_rate": 0,
            "tags": {},
            "tags_all": {
              "author": "Grupo 4",
              "project": "Condor",
              "version": "1.0",
              "year": "2023"
            },
            "tracing_config": ""
          },
          "sensitive_attributes": [],
          "private": "bnVsbA=="
        }
      ]
    },
    {
      "module": "module.sns",
      "mode": "managed",
      "type": "aws_sns_topic_policy",
      "name": "this",
      "provider": "provider[\"registry.terraform.io/hashicorp/aws\"]",
      "instances": [
        {
          "index_key": 0,
          "schema_version": 0,
          "attributes": {
            "arn": "arn:aws:sns:us-east-1:202815206333:Reports",
            "id": "arn:aws:sns:us-east-1:202815206333:Reports",
            "owner": "202815206333",
            "policy": "{\"Statement\":[{\"Action\":[\"sns:Subscribe\",\"sns:SetTopicAttributes\",\"sns:RemovePermission\",\"sns:Receive\",\"sns:Publish\",\"sns:ListSubscriptionsByTopic\",\"sns:GetTopicAttributes\",\"sns:DeleteTopic\",\"sns:AddPermission\"],\"Condition\":{\"StringEquals\":{\"AWS:SourceOwner\":\"202815206333\"}},\"Effect\":\"Allow\",\"Principal\":{\"AWS\":\"*\"},\"Resource\":\"arn:aws:sns:us-east-1:202815206333:Reports\",\"Sid\":\"__default_statement_ID\"}],\"Version\":\"2012-10-17\"}"
          },
          "sensitive_attributes": [],
          "private": "bnVsbA==",
          "dependencies": [
            "module.sns.aws_sns_topic.this",
            "module.sns.data.aws_caller_identity.current",
            "module.sns.data.aws_iam_policy_document.this"
          ]
        }
      ]
    },
    {
      "module": "module.vpc",
      "mode": "managed",
      "type": "aws_db_subnet_group",
      "name": "database",
      "provider": "provider[\"registry.terraform.io/hashicorp/aws\"]",
      "instances": [
        {
          "index_key": 0,
          "schema_version": 0,
          "attributes": {
            "arn": "arn:aws:rds:us-east-1:202815206333:subgrp:main",
            "description": "Database subnet group for main",
            "id": "main",
            "name": "main",
            "name_prefix": "",
            "subnet_ids": [
              "subnet-085af7e11a42c09b2",
              "subnet-0bce70ef0ac460af4"
            ],
            "supported_network_types": [
              "IPV4"
            ],
            "tags": {
              "Name": "main",
              "type": "vpc"
            },
            "tags_all": {
              "Name": "main",
              "author": "Grupo 4",
              "project": "Condor",
              "type": "vpc",
              "version": "1.0",
              "year": "2023"
            },
            "vpc_id": "vpc-036c24a50fc1eb9ca"
          },
          "sensitive_attributes": [],
          "private": "bnVsbA==",
          "dependencies": [
            "data.aws_availability_zones.available",
            "module.vpc.aws_subnet.database",
            "module.vpc.aws_vpc.this",
            "module.vpc.aws_vpc_ipv4_cidr_block_association.this"
          ]
        }
      ]
    },
    {
      "module": "module.vpc",
      "mode": "managed",
      "type": "aws_default_network_acl",
      "name": "this",
      "provider": "provider[\"registry.terraform.io/hashicorp/aws\"]",
      "instances": [
        {
          "index_key": 0,
          "schema_version": 0,
          "attributes": {
            "arn": "arn:aws:ec2:us-east-1:202815206333:network-acl/acl-08f259cb701cbd42d",
            "default_network_acl_id": "acl-08f259cb701cbd42d",
            "egress": [
              {
                "action": "allow",
                "cidr_block": "",
                "from_port": 0,
                "icmp_code": 0,
                "icmp_type": 0,
                "ipv6_cidr_block": "::/0",
                "protocol": "-1",
                "rule_no": 101,
                "to_port": 0
              },
              {
                "action": "allow",
                "cidr_block": "0.0.0.0/0",
                "from_port": 0,
                "icmp_code": 0,
                "icmp_type": 0,
                "ipv6_cidr_block": "",
                "protocol": "-1",
                "rule_no": 100,
                "to_port": 0
              }
            ],
            "id": "acl-08f259cb701cbd42d",
            "ingress": [
              {
                "action": "allow",
                "cidr_block": "",
                "from_port": 0,
                "icmp_code": 0,
                "icmp_type": 0,
                "ipv6_cidr_block": "::/0",
                "protocol": "-1",
                "rule_no": 101,
                "to_port": 0
              },
              {
                "action": "allow",
                "cidr_block": "0.0.0.0/0",
                "from_port": 0,
                "icmp_code": 0,
                "icmp_type": 0,
                "ipv6_cidr_block": "",
                "protocol": "-1",
                "rule_no": 100,
                "to_port": 0
              }
            ],
            "owner_id": "202815206333",
            "subnet_ids": [
              "subnet-085af7e11a42c09b2",
              "subnet-0bce70ef0ac460af4",
              "subnet-0f01f5b8c75279ed2",
              "subnet-0f841941dab2235d0"
            ],
            "tags": {
              "Name": "main-default",
              "type": "vpc"
            },
            "tags_all": {
              "Name": "main-default",
              "author": "Grupo 4",
              "project": "Condor",
              "type": "vpc",
              "version": "1.0",
              "year": "2023"
            },
            "vpc_id": "vpc-036c24a50fc1eb9ca"
          },
          "sensitive_attributes": [],
          "private": "bnVsbA==",
          "dependencies": [
            "module.vpc.aws_vpc.this"
          ]
        }
      ]
    },
    {
      "module": "module.vpc",
      "mode": "managed",
      "type": "aws_default_route_table",
      "name": "default",
      "provider": "provider[\"registry.terraform.io/hashicorp/aws\"]",
      "instances": [
        {
          "index_key": 0,
          "schema_version": 0,
          "attributes": {
            "arn": "arn:aws:ec2:us-east-1:202815206333:route-table/rtb-0895dca3370ccc0be",
            "default_route_table_id": "rtb-0895dca3370ccc0be",
            "id": "rtb-0895dca3370ccc0be",
            "owner_id": "202815206333",
            "propagating_vgws": [],
            "route": [],
            "tags": {
              "Name": "main-default",
              "type": "vpc"
            },
            "tags_all": {
              "Name": "main-default",
              "author": "Grupo 4",
              "project": "Condor",
              "type": "vpc",
              "version": "1.0",
              "year": "2023"
            },
            "timeouts": {
              "create": "5m",
              "update": "5m"
            },
            "vpc_id": "vpc-036c24a50fc1eb9ca"
          },
          "sensitive_attributes": [],
          "private": "eyJlMmJmYjczMC1lY2FhLTExZTYtOGY4OC0zNDM2M2JjN2M0YzAiOnsiY3JlYXRlIjozMDAwMDAwMDAwMDAsInVwZGF0ZSI6MzAwMDAwMDAwMDAwfX0=",
          "dependencies": [
            "module.vpc.aws_vpc.this"
          ]
        }
      ]
    },
    {
      "module": "module.vpc",
      "mode": "managed",
      "type": "aws_default_security_group",
      "name": "this",
      "provider": "provider[\"registry.terraform.io/hashicorp/aws\"]",
      "instances": [
        {
          "index_key": 0,
          "schema_version": 1,
          "attributes": {
            "arn": "arn:aws:ec2:us-east-1:202815206333:security-group/sg-04c9eb290ad8188eb",
            "description": "default VPC security group",
            "egress": [],
            "id": "sg-04c9eb290ad8188eb",
            "ingress": [],
            "name": "default",
            "name_prefix": "",
            "owner_id": "202815206333",
            "revoke_rules_on_delete": false,
            "tags": {
              "Name": "main-default",
              "type": "vpc"
            },
            "tags_all": {
              "Name": "main-default",
              "author": "Grupo 4",
              "project": "Condor",
              "type": "vpc",
              "version": "1.0",
              "year": "2023"
            },
            "vpc_id": "vpc-036c24a50fc1eb9ca"
          },
          "sensitive_attributes": [],
          "private": "eyJzY2hlbWFfdmVyc2lvbiI6IjEifQ==",
          "dependencies": [
            "module.vpc.aws_vpc.this"
          ]
        }
      ]
    },
    {
      "module": "module.vpc",
      "mode": "managed",
      "type": "aws_route_table",
      "name": "private",
      "provider": "provider[\"registry.terraform.io/hashicorp/aws\"]",
      "instances": [
        {
          "index_key": 0,
          "schema_version": 0,
          "attributes": {
            "arn": "arn:aws:ec2:us-east-1:202815206333:route-table/rtb-044d3ac696a16682f",
            "id": "rtb-044d3ac696a16682f",
            "owner_id": "202815206333",
            "propagating_vgws": [],
            "route": [],
            "tags": {
              "Name": "main-private-us-east-1a",
              "type": "vpc"
            },
            "tags_all": {
              "Name": "main-private-us-east-1a",
              "author": "Grupo 4",
              "project": "Condor",
              "type": "vpc",
              "version": "1.0",
              "year": "2023"
            },
            "timeouts": null,
            "vpc_id": "vpc-036c24a50fc1eb9ca"
          },
          "sensitive_attributes": [],
          "private": "eyJlMmJmYjczMC1lY2FhLTExZTYtOGY4OC0zNDM2M2JjN2M0YzAiOnsiY3JlYXRlIjozMDAwMDAwMDAwMDAsImRlbGV0ZSI6MzAwMDAwMDAwMDAwLCJ1cGRhdGUiOjEyMDAwMDAwMDAwMH19",
          "dependencies": [
            "data.aws_availability_zones.available",
            "module.vpc.aws_vpc.this",
            "module.vpc.aws_vpc_ipv4_cidr_block_association.this"
          ]
        },
        {
          "index_key": 1,
          "schema_version": 0,
          "attributes": {
            "arn": "arn:aws:ec2:us-east-1:202815206333:route-table/rtb-0210dd925bb687025",
            "id": "rtb-0210dd925bb687025",
            "owner_id": "202815206333",
            "propagating_vgws": [],
            "route": [],
            "tags": {
              "Name": "main-private-us-east-1b",
              "type": "vpc"
            },
            "tags_all": {
              "Name": "main-private-us-east-1b",
              "author": "Grupo 4",
              "project": "Condor",
              "type": "vpc",
              "version": "1.0",
              "year": "2023"
            },
            "timeouts": null,
            "vpc_id": "vpc-036c24a50fc1eb9ca"
          },
          "sensitive_attributes": [],
          "private": "eyJlMmJmYjczMC1lY2FhLTExZTYtOGY4OC0zNDM2M2JjN2M0YzAiOnsiY3JlYXRlIjozMDAwMDAwMDAwMDAsImRlbGV0ZSI6MzAwMDAwMDAwMDAwLCJ1cGRhdGUiOjEyMDAwMDAwMDAwMH19",
          "dependencies": [
            "data.aws_availability_zones.available",
            "module.vpc.aws_vpc.this",
            "module.vpc.aws_vpc_ipv4_cidr_block_association.this"
          ]
        }
      ]
    },
    {
      "module": "module.vpc",
      "mode": "managed",
      "type": "aws_route_table_association",
      "name": "database",
      "provider": "provider[\"registry.terraform.io/hashicorp/aws\"]",
      "instances": [
        {
          "index_key": 0,
          "schema_version": 0,
          "attributes": {
            "gateway_id": "",
            "id": "rtbassoc-0a5eee068be2c7071",
            "route_table_id": "rtb-044d3ac696a16682f",
            "subnet_id": "subnet-0bce70ef0ac460af4",
            "timeouts": null
          },
          "sensitive_attributes": [],
          "private": "eyJlMmJmYjczMC1lY2FhLTExZTYtOGY4OC0zNDM2M2JjN2M0YzAiOnsiY3JlYXRlIjozMDAwMDAwMDAwMDAsImRlbGV0ZSI6MzAwMDAwMDAwMDAwLCJ1cGRhdGUiOjEyMDAwMDAwMDAwMH19",
          "dependencies": [
            "data.aws_availability_zones.available",
            "module.vpc.aws_route_table.database",
            "module.vpc.aws_route_table.private",
            "module.vpc.aws_subnet.database",
            "module.vpc.aws_vpc.this",
            "module.vpc.aws_vpc_ipv4_cidr_block_association.this"
          ]
        },
        {
          "index_key": 1,
          "schema_version": 0,
          "attributes": {
            "gateway_id": "",
            "id": "rtbassoc-0ec8bc24b3dcebad1",
            "route_table_id": "rtb-0210dd925bb687025",
            "subnet_id": "subnet-085af7e11a42c09b2",
            "timeouts": null
          },
          "sensitive_attributes": [],
          "private": "eyJlMmJmYjczMC1lY2FhLTExZTYtOGY4OC0zNDM2M2JjN2M0YzAiOnsiY3JlYXRlIjozMDAwMDAwMDAwMDAsImRlbGV0ZSI6MzAwMDAwMDAwMDAwLCJ1cGRhdGUiOjEyMDAwMDAwMDAwMH19",
          "dependencies": [
            "data.aws_availability_zones.available",
            "module.vpc.aws_route_table.database",
            "module.vpc.aws_route_table.private",
            "module.vpc.aws_subnet.database",
            "module.vpc.aws_vpc.this",
            "module.vpc.aws_vpc_ipv4_cidr_block_association.this"
          ]
        }
      ]
    },
    {
      "module": "module.vpc",
      "mode": "managed",
      "type": "aws_route_table_association",
      "name": "private",
      "provider": "provider[\"registry.terraform.io/hashicorp/aws\"]",
      "instances": [
        {
          "index_key": 0,
          "schema_version": 0,
          "attributes": {
            "gateway_id": "",
            "id": "rtbassoc-05205cdb239d084fb",
            "route_table_id": "rtb-044d3ac696a16682f",
            "subnet_id": "subnet-0f841941dab2235d0",
            "timeouts": null
          },
          "sensitive_attributes": [],
          "private": "eyJlMmJmYjczMC1lY2FhLTExZTYtOGY4OC0zNDM2M2JjN2M0YzAiOnsiY3JlYXRlIjozMDAwMDAwMDAwMDAsImRlbGV0ZSI6MzAwMDAwMDAwMDAwLCJ1cGRhdGUiOjEyMDAwMDAwMDAwMH19",
          "dependencies": [
            "data.aws_availability_zones.available",
            "module.vpc.aws_route_table.private",
            "module.vpc.aws_subnet.private",
            "module.vpc.aws_vpc.this",
            "module.vpc.aws_vpc_ipv4_cidr_block_association.this"
          ]
        },
        {
          "index_key": 1,
          "schema_version": 0,
          "attributes": {
            "gateway_id": "",
            "id": "rtbassoc-059c21495de4d5f8e",
            "route_table_id": "rtb-0210dd925bb687025",
            "subnet_id": "subnet-0f01f5b8c75279ed2",
            "timeouts": null
          },
          "sensitive_attributes": [],
          "private": "eyJlMmJmYjczMC1lY2FhLTExZTYtOGY4OC0zNDM2M2JjN2M0YzAiOnsiY3JlYXRlIjozMDAwMDAwMDAwMDAsImRlbGV0ZSI6MzAwMDAwMDAwMDAwLCJ1cGRhdGUiOjEyMDAwMDAwMDAwMH19",
          "dependencies": [
            "data.aws_availability_zones.available",
            "module.vpc.aws_route_table.private",
            "module.vpc.aws_subnet.private",
            "module.vpc.aws_vpc.this",
            "module.vpc.aws_vpc_ipv4_cidr_block_association.this"
          ]
        }
      ]
    },
    {
      "module": "module.vpc",
      "mode": "managed",
      "type": "aws_subnet",
      "name": "database",
      "provider": "provider[\"registry.terraform.io/hashicorp/aws\"]",
      "instances": [
        {
          "index_key": 0,
          "schema_version": 1,
          "attributes": {
            "arn": "arn:aws:ec2:us-east-1:202815206333:subnet/subnet-0bce70ef0ac460af4",
            "assign_ipv6_address_on_creation": false,
            "availability_zone": "us-east-1a",
            "availability_zone_id": "use1-az2",
            "cidr_block": "10.0.20.0/24",
            "customer_owned_ipv4_pool": "",
            "enable_dns64": false,
            "enable_lni_at_device_index": 0,
            "enable_resource_name_dns_a_record_on_launch": false,
            "enable_resource_name_dns_aaaa_record_on_launch": false,
            "id": "subnet-0bce70ef0ac460af4",
            "ipv6_cidr_block": "",
            "ipv6_cidr_block_association_id": "",
            "ipv6_native": false,
            "map_customer_owned_ip_on_launch": false,
            "map_public_ip_on_launch": false,
            "outpost_arn": "",
            "owner_id": "202815206333",
            "private_dns_hostname_type_on_launch": "ip-name",
            "tags": {
              "Name": "Database Primary",
              "type": "vpc"
            },
            "tags_all": {
              "Name": "Database Primary",
              "author": "Grupo 4",
              "project": "Condor",
              "type": "vpc",
              "version": "1.0",
              "year": "2023"
            },
            "timeouts": null,
            "vpc_id": "vpc-036c24a50fc1eb9ca"
          },
          "sensitive_attributes": [],
          "private": "eyJlMmJmYjczMC1lY2FhLTExZTYtOGY4OC0zNDM2M2JjN2M0YzAiOnsiY3JlYXRlIjo2MDAwMDAwMDAwMDAsImRlbGV0ZSI6MTIwMDAwMDAwMDAwMH0sInNjaGVtYV92ZXJzaW9uIjoiMSJ9",
          "dependencies": [
            "data.aws_availability_zones.available",
            "module.vpc.aws_vpc.this",
            "module.vpc.aws_vpc_ipv4_cidr_block_association.this"
          ]
        },
        {
          "index_key": 1,
          "schema_version": 1,
          "attributes": {
            "arn": "arn:aws:ec2:us-east-1:202815206333:subnet/subnet-085af7e11a42c09b2",
            "assign_ipv6_address_on_creation": false,
            "availability_zone": "us-east-1b",
            "availability_zone_id": "use1-az4",
            "cidr_block": "10.0.21.0/24",
            "customer_owned_ipv4_pool": "",
            "enable_dns64": false,
            "enable_lni_at_device_index": 0,
            "enable_resource_name_dns_a_record_on_launch": false,
            "enable_resource_name_dns_aaaa_record_on_launch": false,
            "id": "subnet-085af7e11a42c09b2",
            "ipv6_cidr_block": "",
            "ipv6_cidr_block_association_id": "",
            "ipv6_native": false,
            "map_customer_owned_ip_on_launch": false,
            "map_public_ip_on_launch": false,
            "outpost_arn": "",
            "owner_id": "202815206333",
            "private_dns_hostname_type_on_launch": "ip-name",
            "tags": {
              "Name": "Database Secondary",
              "type": "vpc"
            },
            "tags_all": {
              "Name": "Database Secondary",
              "author": "Grupo 4",
              "project": "Condor",
              "type": "vpc",
              "version": "1.0",
              "year": "2023"
            },
            "timeouts": null,
            "vpc_id": "vpc-036c24a50fc1eb9ca"
          },
          "sensitive_attributes": [],
          "private": "eyJlMmJmYjczMC1lY2FhLTExZTYtOGY4OC0zNDM2M2JjN2M0YzAiOnsiY3JlYXRlIjo2MDAwMDAwMDAwMDAsImRlbGV0ZSI6MTIwMDAwMDAwMDAwMH0sInNjaGVtYV92ZXJzaW9uIjoiMSJ9",
          "dependencies": [
            "data.aws_availability_zones.available",
            "module.vpc.aws_vpc.this",
            "module.vpc.aws_vpc_ipv4_cidr_block_association.this"
          ]
        }
      ]
    },
    {
      "module": "module.vpc",
      "mode": "managed",
      "type": "aws_subnet",
      "name": "private",
      "provider": "provider[\"registry.terraform.io/hashicorp/aws\"]",
      "instances": [
        {
          "index_key": 0,
          "schema_version": 1,
          "attributes": {
            "arn": "arn:aws:ec2:us-east-1:202815206333:subnet/subnet-0f841941dab2235d0",
            "assign_ipv6_address_on_creation": false,
            "availability_zone": "us-east-1a",
            "availability_zone_id": "use1-az2",
            "cidr_block": "10.0.10.0/24",
            "customer_owned_ipv4_pool": "",
            "enable_dns64": false,
            "enable_lni_at_device_index": 0,
            "enable_resource_name_dns_a_record_on_launch": false,
            "enable_resource_name_dns_aaaa_record_on_launch": false,
            "id": "subnet-0f841941dab2235d0",
            "ipv6_cidr_block": "",
            "ipv6_cidr_block_association_id": "",
            "ipv6_native": false,
            "map_customer_owned_ip_on_launch": false,
            "map_public_ip_on_launch": false,
            "outpost_arn": "",
            "owner_id": "202815206333",
            "private_dns_hostname_type_on_launch": "ip-name",
            "tags": {
              "Name": "Application Primary",
              "type": "vpc"
            },
            "tags_all": {
              "Name": "Application Primary",
              "author": "Grupo 4",
              "project": "Condor",
              "type": "vpc",
              "version": "1.0",
              "year": "2023"
            },
            "timeouts": null,
            "vpc_id": "vpc-036c24a50fc1eb9ca"
          },
          "sensitive_attributes": [],
          "private": "eyJlMmJmYjczMC1lY2FhLTExZTYtOGY4OC0zNDM2M2JjN2M0YzAiOnsiY3JlYXRlIjo2MDAwMDAwMDAwMDAsImRlbGV0ZSI6MTIwMDAwMDAwMDAwMH0sInNjaGVtYV92ZXJzaW9uIjoiMSJ9",
          "dependencies": [
            "data.aws_availability_zones.available",
            "module.vpc.aws_vpc.this",
            "module.vpc.aws_vpc_ipv4_cidr_block_association.this"
          ]
        },
        {
          "index_key": 1,
          "schema_version": 1,
          "attributes": {
            "arn": "arn:aws:ec2:us-east-1:202815206333:subnet/subnet-0f01f5b8c75279ed2",
            "assign_ipv6_address_on_creation": false,
            "availability_zone": "us-east-1b",
            "availability_zone_id": "use1-az4",
            "cidr_block": "10.0.11.0/24",
            "customer_owned_ipv4_pool": "",
            "enable_dns64": false,
            "enable_lni_at_device_index": 0,
            "enable_resource_name_dns_a_record_on_launch": false,
            "enable_resource_name_dns_aaaa_record_on_launch": false,
            "id": "subnet-0f01f5b8c75279ed2",
            "ipv6_cidr_block": "",
            "ipv6_cidr_block_association_id": "",
            "ipv6_native": false,
            "map_customer_owned_ip_on_launch": false,
            "map_public_ip_on_launch": false,
            "outpost_arn": "",
            "owner_id": "202815206333",
            "private_dns_hostname_type_on_launch": "ip-name",
            "tags": {
              "Name": "Application Secondary",
              "type": "vpc"
            },
            "tags_all": {
              "Name": "Application Secondary",
              "author": "Grupo 4",
              "project": "Condor",
              "type": "vpc",
              "version": "1.0",
              "year": "2023"
            },
            "timeouts": null,
            "vpc_id": "vpc-036c24a50fc1eb9ca"
          },
          "sensitive_attributes": [],
          "private": "eyJlMmJmYjczMC1lY2FhLTExZTYtOGY4OC0zNDM2M2JjN2M0YzAiOnsiY3JlYXRlIjo2MDAwMDAwMDAwMDAsImRlbGV0ZSI6MTIwMDAwMDAwMDAwMH0sInNjaGVtYV92ZXJzaW9uIjoiMSJ9",
          "dependencies": [
            "data.aws_availability_zones.available",
            "module.vpc.aws_vpc.this",
            "module.vpc.aws_vpc_ipv4_cidr_block_association.this"
          ]
        }
      ]
    },
    {
      "module": "module.vpc",
      "mode": "managed",
      "type": "aws_vpc",
      "name": "this",
      "provider": "provider[\"registry.terraform.io/hashicorp/aws\"]",
      "instances": [
        {
          "index_key": 0,
          "schema_version": 1,
          "attributes": {
            "arn": "arn:aws:ec2:us-east-1:202815206333:vpc/vpc-036c24a50fc1eb9ca",
            "assign_generated_ipv6_cidr_block": false,
            "cidr_block": "10.0.0.0/16",
            "default_network_acl_id": "acl-08f259cb701cbd42d",
            "default_route_table_id": "rtb-0895dca3370ccc0be",
            "default_security_group_id": "sg-04c9eb290ad8188eb",
            "dhcp_options_id": "dopt-08a37e8f06c659348",
            "enable_dns_hostnames": true,
            "enable_dns_support": true,
            "enable_network_address_usage_metrics": false,
            "id": "vpc-036c24a50fc1eb9ca",
            "instance_tenancy": "default",
            "ipv4_ipam_pool_id": null,
            "ipv4_netmask_length": null,
            "ipv6_association_id": "",
            "ipv6_cidr_block": "",
            "ipv6_cidr_block_network_border_group": "",
            "ipv6_ipam_pool_id": "",
            "ipv6_netmask_length": 0,
            "main_route_table_id": "rtb-0895dca3370ccc0be",
            "owner_id": "202815206333",
            "tags": {
              "Name": "main",
              "type": "vpc"
            },
            "tags_all": {
              "Name": "main",
              "author": "Grupo 4",
              "project": "Condor",
              "type": "vpc",
              "version": "1.0",
              "year": "2023"
            }
          },
          "sensitive_attributes": [],
          "private": "eyJzY2hlbWFfdmVyc2lvbiI6IjEifQ==",
          "create_before_destroy": true
        }
      ]
    },
    {
      "module": "module.vpc_endpoints",
      "mode": "data",
      "type": "aws_vpc_endpoint_service",
      "name": "this",
      "provider": "provider[\"registry.terraform.io/hashicorp/aws\"]",
      "instances": [
        {
          "index_key": "sns",
          "schema_version": 0,
          "attributes": {
            "acceptance_required": false,
            "arn": "arn:aws:ec2:us-east-1:202815206333:vpc-endpoint-service/vpce-svc-028a2c04717c9c5b1",
            "availability_zones": [
              "us-east-1a",
              "us-east-1b",
              "us-east-1c",
              "us-east-1d",
              "us-east-1e",
              "us-east-1f"
            ],
            "base_endpoint_dns_names": [
              "sns.us-east-1.vpce.amazonaws.com"
            ],
            "filter": [
              {
                "name": "service-type",
                "values": [
                  "Interface"
                ]
              }
            ],
            "id": "830444820",
            "manages_vpc_endpoints": false,
            "owner": "amazon",
            "private_dns_name": "sns.us-east-1.amazonaws.com",
            "service": "sns",
            "service_id": "vpce-svc-028a2c04717c9c5b1",
            "service_name": "com.amazonaws.us-east-1.sns",
            "service_type": "Interface",
            "supported_ip_address_types": [
              "ipv4"
            ],
            "tags": {},
            "timeouts": null,
            "vpc_endpoint_policy_supported": true
          },
          "sensitive_attributes": []
        }
      ]
    },
    {
      "module": "module.vpc_endpoints",
      "mode": "managed",
      "type": "aws_security_group",
      "name": "this",
      "provider": "provider[\"registry.terraform.io/hashicorp/aws\"]",
      "instances": [
        {
          "index_key": 0,
          "schema_version": 1,
          "attributes": {
            "arn": "arn:aws:ec2:us-east-1:202815206333:security-group/sg-0b3cf869678c2fdda",
            "description": "VPC security group",
            "egress": [],
            "id": "sg-0b3cf869678c2fdda",
            "ingress": [],
            "name": "main-security-group20231017012655406100000001",
            "name_prefix": "main-security-group",
            "owner_id": "202815206333",
            "revoke_rules_on_delete": false,
            "tags": {
              "Name": "main-security-group"
            },
            "tags_all": {
              "Name": "main-security-group",
              "author": "Grupo 4",
              "project": "Condor",
              "version": "1.0",
              "year": "2023"
            },
            "timeouts": null,
            "vpc_id": "vpc-036c24a50fc1eb9ca"
          },
          "sensitive_attributes": [],
          "private": "eyJlMmJmYjczMC1lY2FhLTExZTYtOGY4OC0zNDM2M2JjN2M0YzAiOnsiY3JlYXRlIjo2MDAwMDAwMDAwMDAsImRlbGV0ZSI6OTAwMDAwMDAwMDAwfSwic2NoZW1hX3ZlcnNpb24iOiIxIn0=",
          "dependencies": [
            "module.vpc.aws_vpc.this"
          ],
          "create_before_destroy": true
        }
      ]
    },
    {
      "module": "module.vpc_endpoints",
      "mode": "managed",
      "type": "aws_vpc_endpoint",
      "name": "this",
      "provider": "provider[\"registry.terraform.io/hashicorp/aws\"]",
      "instances": [
        {
          "index_key": "sns",
          "schema_version": 0,
          "attributes": {
            "arn": "arn:aws:ec2:us-east-1:202815206333:vpc-endpoint/vpce-0544e2d7733eb6fde",
            "auto_accept": null,
            "cidr_blocks": [],
            "dns_entry": [],
            "dns_options": [
              {
                "dns_record_ip_type": "ipv4",
                "private_dns_only_for_inbound_resolver_endpoint": false
              }
            ],
            "id": "vpce-0544e2d7733eb6fde",
            "ip_address_type": "ipv4",
            "network_interface_ids": [],
            "owner_id": "202815206333",
            "policy": "{\"Statement\":[{\"Action\":\"*\",\"Effect\":\"Allow\",\"Principal\":\"*\",\"Resource\":\"*\"}]}",
            "prefix_list_id": null,
            "private_dns_enabled": false,
            "requester_managed": false,
            "route_table_ids": [],
            "security_group_ids": [
              "sg-0b3cf869678c2fdda"
            ],
            "service_name": "com.amazonaws.us-east-1.sns",
            "state": "available",
            "subnet_ids": [],
            "tags": {},
            "tags_all": {
              "author": "Grupo 4",
              "project": "Condor",
              "version": "1.0",
              "year": "2023"
            },
            "timeouts": {
              "create": "10m",
              "delete": "10m",
              "update": "10m"
            },
            "vpc_endpoint_type": "Interface",
            "vpc_id": "vpc-036c24a50fc1eb9ca"
          },
          "sensitive_attributes": [],
          "private": "eyJlMmJmYjczMC1lY2FhLTExZTYtOGY4OC0zNDM2M2JjN2M0YzAiOnsiY3JlYXRlIjo2MDAwMDAwMDAwMDAsImRlbGV0ZSI6NjAwMDAwMDAwMDAwLCJ1cGRhdGUiOjYwMDAwMDAwMDAwMH19",
          "dependencies": [
            "data.aws_availability_zones.available",
            "module.vpc.aws_subnet.private",
            "module.vpc.aws_vpc.this",
            "module.vpc.aws_vpc_ipv4_cidr_block_association.this",
            "module.vpc_endpoints.aws_security_group.this",
            "module.vpc_endpoints.data.aws_vpc_endpoint_service.this"
          ]
        }
      ]
    }
  ],
  "check_results": null
}
